{
  "version": 4,
  "terraform_version": "1.1.2",
  "serial": 12,
  "lineage": "97bfd00b-ebec-c7d8-d44c-09bcd7dc997e",
  "outputs": {
    "aws_security_group_nginx_server_details": {
      "value": {
        "arn": "arn:aws:ec2:ap-south-1:785798706630:security-group/sg-0835b4237c71bdf1c",
        "description": "Managed by Terraform",
        "egress": [
          {
            "cidr_blocks": [
              "0.0.0.0/0"
            ],
            "description": "",
            "from_port": 0,
            "ipv6_cidr_blocks": [],
            "prefix_list_ids": [],
            "protocol": "-1",
            "security_groups": [],
            "self": false,
            "to_port": 0
          }
        ],
        "id": "sg-0835b4237c71bdf1c",
        "ingress": [
          {
            "cidr_blocks": [
              "0.0.0.0/0"
            ],
            "description": "",
            "from_port": 22,
            "ipv6_cidr_blocks": [],
            "prefix_list_ids": [],
            "protocol": "tcp",
            "security_groups": [],
            "self": false,
            "to_port": 22
          },
          {
            "cidr_blocks": [
              "0.0.0.0/0"
            ],
            "description": "",
            "from_port": 80,
            "ipv6_cidr_blocks": [],
            "prefix_list_ids": [],
            "protocol": "tcp",
            "security_groups": [],
            "self": false,
            "to_port": 80
          }
        ],
        "name": "nginx_server_sg",
        "name_prefix": "",
        "owner_id": "785798706630",
        "revoke_rules_on_delete": false,
        "tags": {
          "name": "http_server_sg"
        },
        "tags_all": {
          "name": "http_server_sg"
        },
        "timeouts": null,
        "vpc_id": "vpc-7caf4517"
      },
      "type": [
        "object",
        {
          "arn": "string",
          "description": "string",
          "egress": [
            "set",
            [
              "object",
              {
                "cidr_blocks": [
                  "list",
                  "string"
                ],
                "description": "string",
                "from_port": "number",
                "ipv6_cidr_blocks": [
                  "list",
                  "string"
                ],
                "prefix_list_ids": [
                  "list",
                  "string"
                ],
                "protocol": "string",
                "security_groups": [
                  "set",
                  "string"
                ],
                "self": "bool",
                "to_port": "number"
              }
            ]
          ],
          "id": "string",
          "ingress": [
            "set",
            [
              "object",
              {
                "cidr_blocks": [
                  "list",
                  "string"
                ],
                "description": "string",
                "from_port": "number",
                "ipv6_cidr_blocks": [
                  "list",
                  "string"
                ],
                "prefix_list_ids": [
                  "list",
                  "string"
                ],
                "protocol": "string",
                "security_groups": [
                  "set",
                  "string"
                ],
                "self": "bool",
                "to_port": "number"
              }
            ]
          ],
          "name": "string",
          "name_prefix": "string",
          "owner_id": "string",
          "revoke_rules_on_delete": "bool",
          "tags": [
            "map",
            "string"
          ],
          "tags_all": [
            "map",
            "string"
          ],
          "timeouts": [
            "object",
            {
              "create": "string",
              "delete": "string"
            }
          ],
          "vpc_id": "string"
        }
      ]
    }
  },
  "resources": [
    {
      "mode": "data",
      "type": "aws_ami",
      "name": "aws_linux_2_latest",
      "provider": "provider[\"registry.terraform.io/hashicorp/aws\"]",
      "instances": [
        {
          "schema_version": 0,
          "attributes": {
            "architecture": "x86_64",
            "arn": "arn:aws:ec2:ap-south-1::image/ami-0651f1bab1a933ae5",
            "block_device_mappings": [
              {
                "device_name": "/dev/xvda",
                "ebs": {
                  "delete_on_termination": "true",
                  "encrypted": "false",
                  "iops": "0",
                  "snapshot_id": "snap-0d858e8d9790dd922",
                  "throughput": "0",
                  "volume_size": "8",
                  "volume_type": "gp2"
                },
                "no_device": "",
                "virtual_name": ""
              }
            ],
            "creation_date": "2022-01-25T05:40:17.000Z",
            "description": "Amazon Linux 2 AMI 2.0.20220121.0 x86_64 HVM gp2",
            "ena_support": true,
            "executable_users": null,
            "filter": [
              {
                "name": "name",
                "values": [
                  "amzn2-ami-hvm-*"
                ]
              }
            ],
            "hypervisor": "xen",
            "id": "ami-0651f1bab1a933ae5",
            "image_id": "ami-0651f1bab1a933ae5",
            "image_location": "amazon/amzn2-ami-hvm-2.0.20220121.0-x86_64-gp2",
            "image_owner_alias": "amazon",
            "image_type": "machine",
            "kernel_id": null,
            "most_recent": true,
            "name": "amzn2-ami-hvm-2.0.20220121.0-x86_64-gp2",
            "name_regex": null,
            "owner_id": "137112412989",
            "owners": [
              "amazon"
            ],
            "platform": null,
            "platform_details": "Linux/UNIX",
            "product_codes": [],
            "public": true,
            "ramdisk_id": null,
            "root_device_name": "/dev/xvda",
            "root_device_type": "ebs",
            "root_snapshot_id": "snap-0d858e8d9790dd922",
            "sriov_net_support": "simple",
            "state": "available",
            "state_reason": {
              "code": "UNSET",
              "message": "UNSET"
            },
            "tags": {},
            "usage_operation": "RunInstances",
            "virtualization_type": "hvm"
          },
          "sensitive_attributes": []
        }
      ]
    },
    {
      "mode": "data",
      "type": "aws_ami_ids",
      "name": "aws_linux_2_latest_ids",
      "provider": "provider[\"registry.terraform.io/hashicorp/aws\"]",
      "instances": [
        {
          "schema_version": 0,
          "attributes": {
            "executable_users": null,
            "filter": null,
            "id": "3395604195",
            "ids": [
              "ami-05cd0688eae19ae8e",
              "ami-04eaf3f64a4ebd1d4",
              "ami-006b7165319637cf3",
              "ami-08363d622eadeeacd",
              "ami-071c5a10007b056e7",
              "ami-0aa3ddfb6d2c2c151",
              "ami-06b90f03c80a097ab",
              "ami-0d5bfa8a58d882d2d",
              "ami-062639a5f1093d55f",
              "ami-08ced9ff6248be6b1",
              "ami-0deaa889e871db82d",
              "ami-0f56fb0ae870874ca",
              "ami-00205ef6b1799605b",
              "ami-0e4fa772627d1b100",
              "ami-0859c918bf4103376",
              "ami-019218d3331ce2479",
              "ami-03b8446f57548b1c5",
              "ami-0633b2fec0cdffb1a",
              "ami-0e4bccb17e2070426",
              "ami-08079d8d960a005df",
              "ami-0c4f0f73acbf1bf97",
              "ami-0ea31c0aa54646c3d",
              "ami-04915f62d95f6e4e1",
              "ami-05a2670b6e82ccd06",
              "ami-0f4b63fc61b48b1be",
              "ami-0a021f6d0e9432628",
              "ami-08cabe9d34b0fc62b",
              "ami-0a3b47cb0a2089f49",
              "ami-0244ca3f20739c9f1",
              "ami-06b094cc532537875",
              "ami-058bb19d6a9ec1222",
              "ami-08f7c1676a1c74853",
              "ami-02dcf23e6004eb904",
              "ami-07c507969ac2804d0",
              "ami-081bc090ff17ebc67",
              "ami-0bd3e681d76eab409",
              "ami-0c23b8df47915c6ee",
              "ami-00b0c180f9cb0f21a",
              "ami-0bb8305810c2e0c7e",
              "ami-062fe198d08658ba0",
              "ami-06d24f045364582b3",
              "ami-0e87d31b5d7ee776b",
              "ami-03f47c9c49d551ae0",
              "ami-0082a5f45d1966404",
              "ami-020c51e946f7349c0",
              "ami-0ab4192a560ff6844",
              "ami-0ae15befe5306d167",
              "ami-0aa633b7a802cc590",
              "ami-0a3368749720034a7",
              "ami-0b86d9f3b75a04d0c",
              "ami-0c3338a48dcbe968f",
              "ami-0b4dd9b80a0f0fb35",
              "ami-09c53384bb4b8bd93",
              "ami-08b1c20559dd389c8",
              "ami-06746b3ea07e8a1e0",
              "ami-0ec64ff593349fa97",
              "ami-0c9ebb8aa78b49831",
              "ami-0f4491c2508447537",
              "ami-0f52b5a4913f2993a",
              "ami-04376724f19fcd786",
              "ami-0cb03f0e79476d3af",
              "ami-001e26d8101b6ebb8",
              "ami-0d2ea3d30e3b612a6",
              "ami-012cc77b68c283b54",
              "ami-05e7e9dde05a11be7",
              "ami-0c06777e258e1dce1",
              "ami-006bf1adbb09dd301",
              "ami-0a72699f2acff9694",
              "ami-02b7e5fa4da5a1be7",
              "ami-03d8ecfbe31b11c01",
              "ami-0a393dd3b6f033f5e",
              "ami-0b3fdc5d4bed43f44",
              "ami-089f7c6e990c2b815",
              "ami-0f0f92d960034993d",
              "ami-03e2ad576cf73d48d",
              "ami-0118b59112d5fff3a",
              "ami-0b3b053d1ca0fc882",
              "ami-00acaad38e1e9877e",
              "ami-0c17b19eab8cf0f0a",
              "ami-0154d9a99e8e432ae",
              "ami-0ffc089c79120d4dd",
              "ami-0cd0df790d768c2c8",
              "ami-08f87fe525224b826",
              "ami-06de48f28a917701b",
              "ami-05e8ed918b9489660",
              "ami-046a78469aee3d3b4",
              "ami-030f2857cef0aca42",
              "ami-01e78862825cef192",
              "ami-0fc9051ef126acad4",
              "ami-0b1bae3062cca8aaf",
              "ami-07077e56301d2b60a",
              "ami-0df1b1b402aeccff2",
              "ami-0f52088c1911b2864",
              "ami-053d1d0f9d5d1bcc5",
              "ami-0e9b81056b84621f5",
              "ami-0f978619b609ee74a",
              "ami-03e377c1fe72b25d9",
              "ami-08ce9081bda781db3",
              "ami-0d09dff0711e75dab",
              "ami-0ce0b7fac8cd8bbc2",
              "ami-05075e62257b0b63f",
              "ami-079550872ce23821b",
              "ami-08a2e8a52c9aaada4",
              "ami-066ea8a0250af3c02",
              "ami-0a2644d040ee853eb",
              "ami-002096f03d6aaab5b",
              "ami-07593231d18de86cc",
              "ami-02cfcfe936c2ee086",
              "ami-0a29212b9d8f07755",
              "ami-0f53a7614fb5ea214",
              "ami-0129a5b706a1aaff6",
              "ami-0cd27129c0ac85a6b",
              "ami-0cb8d302a13e01604",
              "ami-03118b45f560aeb2a",
              "ami-08a8ec940adade0ff",
              "ami-001567849fb57c949",
              "ami-05121dde54ac55006",
              "ami-0efb9181cd97e0c25",
              "ami-0ab89a9689daa9503",
              "ami-03fa4afc89e4a8a09",
              "ami-0871b9ab4e08a423d",
              "ami-09a43bc00b1a0bf80",
              "ami-0651f1bab1a933ae5",
              "ami-0adc0b88350f9b992",
              "ami-06f05e846c3394b20",
              "ami-0a227da0cb07f6dfd",
              "ami-08f7c76f1d08153fc",
              "ami-05075e4e96b39f8c9",
              "ami-09f267363e99b67ca",
              "ami-07559e1dec6df009c",
              "ami-0becb169ddb0d8ea7",
              "ami-0285676acba227bdd",
              "ami-00312438c300cec70",
              "ami-050462a6e55705ab2",
              "ami-0a46541242038936c",
              "ami-0d5994459d676d40c",
              "ami-046e3612870ea20c5",
              "ami-032848978c547f89d",
              "ami-0c7cf8f2d2a06bce3",
              "ami-0234a519abda31bb8",
              "ami-0ebfc4e142cce3c06",
              "ami-0391c5952e3c92620",
              "ami-0a857e4a37fb4c470",
              "ami-0fac531de2d718905",
              "ami-02f0b412de8ba39e2",
              "ami-0961cfd79a04df2de",
              "ami-07df68d375409967d",
              "ami-0b18158424155c90e",
              "ami-0927804d3a915bbd9",
              "ami-00fae846b06716e8f",
              "ami-0a65b28591a7090cc",
              "ami-082aa7118d9ebead2",
              "ami-093122d9b8fb6312e",
              "ami-0edf70939c0b04585",
              "ami-018410e7cefe1d15f",
              "ami-011a4a02ee215abe7",
              "ami-0dc6742152caa54e9",
              "ami-0f4a6ee5ad4062a58",
              "ami-0cf6d40a19ed29b24",
              "ami-09b4b024b901afaec",
              "ami-053a337ba7a8c1cb1",
              "ami-0a493f6d8c0886281",
              "ami-07474759dd2725bb7",
              "ami-07f8a770bef507971",
              "ami-0f031b8183b10b3d1",
              "ami-01af83cdf362f9417",
              "ami-0013505bebcca4b25",
              "ami-0d069d79472165149",
              "ami-0a8cccea02a4203c6",
              "ami-0ff6dd37bc91bedad",
              "ami-068de3a3fc0aadea9",
              "ami-07d7480d90025231d",
              "ami-070d4b8f204e2249b",
              "ami-083903f84ffca8d89",
              "ami-0579178b9f56dea64",
              "ami-09d8e9f1a74cb118e",
              "ami-017aec15e924891ae",
              "ami-0113223aa6b202244",
              "ami-0098de82a46190eef",
              "ami-0c802dc1e7a2d9b53",
              "ami-0ad0cfca3d07b0d2c",
              "ami-0bf3c6d80b4063c02",
              "ami-0315e68b25d073e0c",
              "ami-0f20ba1b13494b7e8",
              "ami-0c9b05548eb9b4603",
              "ami-0decb68de19108920",
              "ami-068b12e2f5ee80923",
              "ami-015f4e82bfae82314",
              "ami-0e6daf9927313168f",
              "ami-0719443dab24dea31",
              "ami-029ab4d8ece762b5b",
              "ami-06b5b5cbdcc127a09",
              "ami-0cca45b6d3a77a7be",
              "ami-03fc7e8a3a9a1d881",
              "ami-0229d3a118c714c6f",
              "ami-0bd14a4a0eb90aa8f",
              "ami-0d408929ffbe1dc3a",
              "ami-04666e5f476486247",
              "ami-00d090f178330ae4e",
              "ami-0fe2843cf81fb86b8",
              "ami-03bf78b6c170e6dd1",
              "ami-02035552ebc31f9f7",
              "ami-0f6175e6a9a00bc86",
              "ami-03268e1708e92999e",
              "ami-05c2fa2a1350063a8",
              "ami-0ae227be3bc841099",
              "ami-0f4dd81149a6a2db6",
              "ami-0d1803ae21128e61a",
              "ami-0f3b4b09567d24c39",
              "ami-05e10eee73a7d6753",
              "ami-0655ae8c2d875ed66",
              "ami-00e2d5fba2f054612",
              "ami-0824d8315e5d2295d",
              "ami-0acd73071ad861329",
              "ami-04cf02676f19cfc3f",
              "ami-0068f93dfe7b2102c",
              "ami-0db8e24db5c5fc731",
              "ami-0d7f9ad2effb26b06",
              "ami-09e2865da831d5446",
              "ami-0c5ccd5ed7ec7272a",
              "ami-08d7187002bd8d3ec",
              "ami-09a62265663319ef5",
              "ami-0676abfcef5d73620",
              "ami-037de2dfbc4eb2c63",
              "ami-0703f543be5ad1365",
              "ami-09734b74f58b7db7b",
              "ami-0c4c096ba904dc5b8",
              "ami-0e70f53994e6ea3d6",
              "ami-03c8c69608318a4f3",
              "ami-04f95e2d1f421a18e",
              "ami-0e8af7e5c70dda1ff",
              "ami-09b98bfed18bcc3b9",
              "ami-07b9c0f3f5fd23035",
              "ami-0603280b528296101",
              "ami-0ecf94c82f0e1a151",
              "ami-0a7d0f7f7035e973e",
              "ami-0793d3cc9e78bf35f",
              "ami-035d4774986f31e1a",
              "ami-0039197a34afb1d98",
              "ami-0bc9795eccc7a8bea",
              "ami-0797e07d66e88f97c",
              "ami-040f6a63201873b66",
              "ami-05a885a50a03acf26",
              "ami-06123de7a97bd0b06",
              "ami-0978645381f535bf4",
              "ami-0fffdd01392cd7628",
              "ami-03d0bf5303d0c476c",
              "ami-05057cf4fdc97a6ab",
              "ami-0266b3a81e02517c5",
              "ami-071f1e5fee18873aa",
              "ami-0b28d3c06611726ae",
              "ami-05bfe9f855ea3fa95",
              "ami-04170efe4374faeb9",
              "ami-073b385f14449cbf9",
              "ami-09e0b4f08f437551d",
              "ami-07067267117c3f3fc",
              "ami-08bfb97f4c689be0f",
              "ami-01a0bc66b4627e29e",
              "ami-0e520dccb6601797e",
              "ami-0896e0caacb6df2c5",
              "ami-027c5a4845ded13d3",
              "ami-0478171a3283216c8",
              "ami-0e6210f7c48d7d933",
              "ami-016caebf288e5a9f3",
              "ami-0e6a4acd513aa3fdd",
              "ami-0d3c5b4dbfca8e7bf",
              "ami-0767bb38f06ef176e",
              "ami-05f076716fcb7572d",
              "ami-0f1267232cd6de659",
              "ami-02bfb40d7954fde3d",
              "ami-06c41304428421fd3",
              "ami-01dc8c0d84e46456f",
              "ami-0de7ffaae8425b86f",
              "ami-02100786864edf52e",
              "ami-0ddb1b5cc8669219e",
              "ami-0d822f2a5e9f096a1",
              "ami-01aabdb2cb527e2fc",
              "ami-000a23939ddac86fa",
              "ami-062524664ed598602",
              "ami-045afacf384cfce88",
              "ami-05c370770bd771494",
              "ami-014b289e3646d6630",
              "ami-06c40855de1e5bc5e",
              "ami-0b41888ed126ded38",
              "ami-0528efa0a0a4583a4",
              "ami-0fd564736f6463b0f",
              "ami-09efe42573fa88510",
              "ami-0fc4fe3e295ae1fef",
              "ami-0839cf31c3e11f31b",
              "ami-0d2550470cb2e6fa4",
              "ami-0be5d19c6e2055fbb",
              "ami-09a6436858ed8f02f",
              "ami-017a5e9ee0c9276c3",
              "ami-08bfc5c0873d4b668",
              "ami-0f245d28fc1256101",
              "ami-080608e8b78ea2eb3",
              "ami-042508f483afff47f",
              "ami-00e6be4e7decddec3",
              "ami-09e3019b5fd8532f6",
              "ami-0fcb624750e3ee192",
              "ami-06eedda1ea45123d4",
              "ami-0f889ca1da5c5714e",
              "ami-01bdb7177e3972a4d",
              "ami-0f44b4e3b96a9ff54",
              "ami-0089934ad60f0cbb5",
              "ami-03bfd375dae7a3f3a",
              "ami-040dacf7fb2de3002",
              "ami-02aa3ff0ea6235327",
              "ami-0725619afc928bb84",
              "ami-06a44613899fecbdd",
              "ami-02bcc5136089f8b12",
              "ami-045104fb12202ce0c",
              "ami-0d9b7e149a19b44ad",
              "ami-0ffb14e72b2288603",
              "ami-0315c044b26a52a9a",
              "ami-02469023eff6b576b",
              "ami-05cf254c2d03b5aed",
              "ami-064d0eff05d221fdb",
              "ami-07e9ae53dc40da7a6",
              "ami-05a420fce264b14b7",
              "ami-02fc900474a17c295",
              "ami-0f0a4244a6fec9847",
              "ami-070a976a1ce7d4d0a",
              "ami-010ca283431cf7b04",
              "ami-0427bfa4e7878d36f",
              "ami-0c6afa8a9e6979d31",
              "ami-0c18891bec1962544",
              "ami-0a42e3a8415e3e800",
              "ami-09c17827ae6c959d8",
              "ami-0de6385925d080793",
              "ami-019bad12c26019c9b",
              "ami-0c61a25381249b933",
              "ami-052c549bc1c786d6e",
              "ami-0f73d9ef4b74c523a",
              "ami-0bdd2977a2eb2ea1c",
              "ami-044328a254f8705ef",
              "ami-04fe0791e480a2df7",
              "ami-080778d4a664ea39b",
              "ami-0e3b0fbf51c13cfb1",
              "ami-0f58346155a88659e",
              "ami-0633765b4e13b9a60",
              "ami-0b46271a559c559ed",
              "ami-083425f97b3b213b0",
              "ami-0d2a5d2cc02b77a69",
              "ami-056fe40a9b3da1c18",
              "ami-053de7baf98a62386",
              "ami-032d00ca302f055ea",
              "ami-0d623f3567f75f691",
              "ami-0e69cf4a19601ccd5",
              "ami-0e9c300b4fb6d8012",
              "ami-07010a1ab36e4cce3",
              "ami-0eaac7d93f60822f3",
              "ami-067b855104e50e792",
              "ami-01f1ca25addf67bcb",
              "ami-0fb088acdf4648e45",
              "ami-06f433b9fe80cba47",
              "ami-0eb81a0b7f952af06",
              "ami-0dee93ec01f91ecc0",
              "ami-0711825bbf5f292d5",
              "ami-0cd1e08c8c3a96100",
              "ami-0fed5b0d25df3047c",
              "ami-08d415655824f6ef0",
              "ami-03625a61967986525",
              "ami-0e4d08adcc14fb66b",
              "ami-0a0ab0459d61b29c1",
              "ami-01dbe572d35c0decf",
              "ami-0f695c60bc446c07e",
              "ami-019f873fccf4fa318",
              "ami-0f3b38f5ca9df5695",
              "ami-0065e2f7c0df785ef",
              "ami-043b5cb5d2b39183c",
              "ami-020b2826d9843c403",
              "ami-0cf0073c127a26c97",
              "ami-052548e4e243e2fbd",
              "ami-017231bab37d33a3a",
              "ami-08cff02c6934a1006",
              "ami-0d711427cc03c17d0",
              "ami-012303a8b979ccee1",
              "ami-07b73477f701940a8",
              "ami-06bb1c511d7377190",
              "ami-05f74a40d7b2545c1",
              "ami-0e12ed213aee6b749",
              "ami-09c081b86592441ae",
              "ami-00ad91b37d56c1d08",
              "ami-08b2f9b6563a10319",
              "ami-0dbc1847be12200ff",
              "ami-0056a32e0e83e585d",
              "ami-0ddf3ae627a696cda",
              "ami-076f305f46b63aafd",
              "ami-07196b0ef67ca8956",
              "ami-066b30e4b314e08c6",
              "ami-07411911fb8e50e3a",
              "ami-0d47679e0de9867c2",
              "ami-0bfa4db1dc22b7794",
              "ami-0a2b758c804f1a4cc",
              "ami-09c42cca9063f4a89",
              "ami-0aa5b55c3b8809ff2",
              "ami-0d59e5fbad7cf2719",
              "ami-0e4f209c6f456405c",
              "ami-0fb8a6cc0725f723f",
              "ami-096f6bf68341bee82",
              "ami-097841c56fc245659",
              "ami-0a1b6cd51b8e9b745",
              "ami-0817a9a7583b5dfa5",
              "ami-014548640feebfa6d",
              "ami-030148ba0018956fd",
              "ami-0f136cfd0c042a078",
              "ami-02fba1b6e192930e1",
              "ami-04e02569ac67e096a",
              "ami-018ac5bf4d33369b9",
              "ami-0ce2c7c737876b84c",
              "ami-08759fcd67c9b8dca",
              "ami-0d2e6cbde5e52fda8",
              "ami-0ccee53dc7c8119bd",
              "ami-0aa96960b27e44dc9",
              "ami-07d0f61ed61de0f23",
              "ami-0d6de0d1b7e7120ef",
              "ami-01f9b24f85ad9696a",
              "ami-047c9613ca823ec22",
              "ami-0a195704c8d6304a7",
              "ami-080e9c3af9136489a",
              "ami-094c0ecfaae090153",
              "ami-0720c8d31be8d3bfe",
              "ami-0958c3f20a163c00e",
              "ami-03029b8337c0b1e3f",
              "ami-003fa0a98c6c50946",
              "ami-0904d2d647f6811c1",
              "ami-0ba1ad64e0df38065",
              "ami-05d26aa2ebbcaff74",
              "ami-0bda2ccd68f6d3c5c",
              "ami-086f7f9fb5d6c6297",
              "ami-0daddfb553308f0d9",
              "ami-025202d4267df52fd",
              "ami-054e96fd365160334",
              "ami-07819fd4f8a7d02b1",
              "ami-0b0abfbf7715e5b7f",
              "ami-04b7da8fd8ca7e9eb",
              "ami-04870682c325973a4",
              "ami-05b2145e747d9e03f",
              "ami-0ec297d2dc118a74e",
              "ami-0331d747de4459864",
              "ami-0587be2b749dcb646",
              "ami-0296db4fbbadb5887",
              "ami-02790ca53cb496a8f",
              "ami-0351dce9c25c9f153",
              "ami-07c3a4f5dc43ec362",
              "ami-059d090c8f4828c25",
              "ami-0a9bdec4403dc98c6",
              "ami-0125f1753af25a746",
              "ami-0d8aa68f89c25c14f",
              "ami-040547b0219ca13a8",
              "ami-0c9abf1262360dab4",
              "ami-0f1262e11d5974e3a",
              "ami-09acef04c1001a278",
              "ami-0e37a12e16a18f33d",
              "ami-0953f9896b8b17c44",
              "ami-0d2d4bc58e108e094",
              "ami-0e17e995ebe5ba902",
              "ami-0b1160a1f50049607",
              "ami-047312dafb44efa66",
              "ami-09dd600b65607613e",
              "ami-0d57953c00266385f",
              "ami-041be17fdbe9ae13b",
              "ami-012180578ebc41cb3",
              "ami-0dcd136e1c0ee674b",
              "ami-0f3667c0491233536",
              "ami-0429e55d603391a2f",
              "ami-087432f2787653876",
              "ami-0a0bb67e57c5ece6c",
              "ami-08ef4889383a1d7af",
              "ami-0e5b3d72853aeec4d",
              "ami-0fe8d25df10d168bd",
              "ami-0c3196d9059349254",
              "ami-0b5141f9eff8fc0c2",
              "ami-04021a0f4999536b5",
              "ami-0496ff50005003026",
              "ami-088fd94e91d59b17e",
              "ami-06b7d5906ef6cbef2",
              "ami-04c9918c4577ab419",
              "ami-0575b5a3133e6d0c8",
              "ami-0077283017dc4c4fc",
              "ami-0e09e46f13f0ba16c",
              "ami-0cd25ec47b2ad7f43",
              "ami-0dde4a068e559b85f",
              "ami-03adaabfcac4b8ef5",
              "ami-0c5d8cada28fa4bae",
              "ami-017b669610985cf5d",
              "ami-0ebbe47f060d31b84",
              "ami-024988e6818940a7c",
              "ami-0a71ca3752c7d4c98",
              "ami-0d496c32b6cdf55c6",
              "ami-0f92f40697bf34ed1",
              "ami-0ba186f74903e1bfc",
              "ami-02c68d4d3520826d3",
              "ami-01fccbdcbdb931638",
              "ami-0b09990dd10ca2e48",
              "ami-0c6b32c2d4615c167",
              "ami-00fc0af7bd0b86f85",
              "ami-0b9c4c3f916ec571c",
              "ami-0735bca68a40fc2d1",
              "ami-0b2530aad522132a9",
              "ami-0219035c9436c0379",
              "ami-04c5a268cc7492841",
              "ami-07f2ee51c93228930",
              "ami-039377a51d9f434ab",
              "ami-0d95c1f4cbc6fdc03",
              "ami-02a4d6c56412bc7d3",
              "ami-00d833ad24598d510",
              "ami-0525ef5fd25e14ca3",
              "ami-074a5ee84e5c0fb0a",
              "ami-095632683091e5a4c",
              "ami-04ac411b2bc63f55b",
              "ami-0945e20abdbc0a201",
              "ami-053d9302b8a9bdc4d",
              "ami-07a68f3ca6b84dea8",
              "ami-016f3bcb0f3fdb166",
              "ami-07f0903d79eb44810",
              "ami-0c35eb98989e2bd38",
              "ami-0d6fee1478ae04651",
              "ami-0bd1813182462f040",
              "ami-0d96053e0bafc9b08",
              "ami-0c5df6a9705e8c77d",
              "ami-09cbda64c675fd0b5",
              "ami-021527b351d4f6a12",
              "ami-000183a0eafac1178",
              "ami-0f245135329e9ce37",
              "ami-015be8fdf2ad97301",
              "ami-0b13b498236d257d3",
              "ami-01c40e6ac39ac420d",
              "ami-0c4b453a8f3f15d0e",
              "ami-0af8f35ebcf8289dc",
              "ami-0ae6c99e605279f87",
              "ami-0754e9551fbd60dc5",
              "ami-06363bc4927e8686f",
              "ami-06a32b08cf892e7ad",
              "ami-0d376c878675717c5",
              "ami-0f784f3f5b795bbe9",
              "ami-092d98c671eaeb18f",
              "ami-0b5abbc197f71ad86",
              "ami-0632f392ed8c229f3",
              "ami-0b3e7b9a85764cc6a",
              "ami-07e6127a98f72e602",
              "ami-0b063a2da751f67d0",
              "ami-021f4c84349da0370",
              "ami-0fba4eaae47e436f8",
              "ami-0ccfe3ce0cdfb03e1",
              "ami-0ed1ad558c0a0b6ad",
              "ami-066f243f929be5207",
              "ami-029a3b3fec177581c",
              "ami-028f0f18d6a129ac2",
              "ami-0abf56d94384950cd",
              "ami-0c45d3cc4a25229d0",
              "ami-0df83283c7bdf23b9",
              "ami-0672c8070087e2270",
              "ami-0bdb56df294ba619f",
              "ami-0a0c154b0de5c16e8",
              "ami-0efe438f246d142c0",
              "ami-0fb797ad9f1186785",
              "ami-0455b2a93aa95653f",
              "ami-0d29a6b0a5b6b4823",
              "ami-0b769949583b1d29b",
              "ami-025ca647629a84333",
              "ami-070b41b1d6ea76cb2",
              "ami-0864f3f34fad0c030",
              "ami-0807cd11131a6f327",
              "ami-0b241dbb42015c28e",
              "ami-0eba51f86c90688a6",
              "ami-06cf17d4b3b3840d3",
              "ami-035448470629f3f55",
              "ami-0d52c0ff03e6b6727",
              "ami-083eaa90c2eff9be7",
              "ami-0008fa152b749b27b",
              "ami-0c857c63057b830e8",
              "ami-09bef0feec16e301e",
              "ami-08f694e6c227bfaad",
              "ami-0941e481dacd0f1a9",
              "ami-0076ea6f99c755f18",
              "ami-0125d50623ce8d4c6",
              "ami-08b33ef77120682d0",
              "ami-00173049dae38b5ae",
              "ami-03d18d926359404a6",
              "ami-00f6e89070e510e5a",
              "ami-05023c6d97fcc6773",
              "ami-0400bb1bab4736e2c",
              "ami-09b0abbb79f323417",
              "ami-0c5c48ef5baba3a0f",
              "ami-047ea8cf8ec754bdf",
              "ami-0abbb0f601a7c180a",
              "ami-0e34c8d013858343b",
              "ami-05aeff3d37ef0e971",
              "ami-0ad73c01a21aef069",
              "ami-0f6fb586b39ddf90d",
              "ami-002238192ed8011dd",
              "ami-079a1fd4226ad07e3",
              "ami-050ec8e6c3d6898e0",
              "ami-043c021ff4d8b6b02",
              "ami-04d1a01eff6d70927",
              "ami-0fac01f221e2470c7",
              "ami-0a7e9515e6505a907",
              "ami-0c8d1f5382cabb970",
              "ami-01053fed524dbb71d",
              "ami-0f5683bd36b856ab1",
              "ami-0fa8645255687dd86",
              "ami-07a6eab77915c1559",
              "ami-0185691cd2aab5db2",
              "ami-08a204189f6bcbd87",
              "ami-06861985573a8bcb3",
              "ami-009a7ce69242e0620",
              "ami-0c11be5a1ee42d7e3",
              "ami-06e588c7b403d585d",
              "ami-020b5737987dd5d32",
              "ami-021348644af8f2d56",
              "ami-05c6f93b9c49fe272",
              "ami-05fac2fe5cfd29a13",
              "ami-0013accebebcebab8",
              "ami-0afd5fadb3e5d3364",
              "ami-0435611342a52a602",
              "ami-0a668b6184ab56005",
              "ami-09f5401a30c873842",
              "ami-053cdca006cc24586",
              "ami-05ba80a9ea4a82813",
              "ami-0bbd23674e0eb96b2",
              "ami-0fb8ba41dd29eb389",
              "ami-0f246e8d91dd1fc1d",
              "ami-0d29053a14a392df8",
              "ami-009eafe68434c4f68",
              "ami-0f35eb3c8bd1a454c",
              "ami-04c4b100ad90a1149",
              "ami-0348d408da10e5c64",
              "ami-021e6effb34629457",
              "ami-056f0f384d0d3725e",
              "ami-06820ca1196c6dee3",
              "ami-0ce52b0c8bd2aa9bd",
              "ami-0a83e1ee3aa448d29",
              "ami-00b57e564a10da9db",
              "ami-0d20a3418d0de2d51",
              "ami-02e971f9e17d5e77b",
              "ami-0b52331ed59efb6e6",
              "ami-0c285ceed304aa044",
              "ami-03d223dcba91629e9",
              "ami-02e9e2f5221aff141",
              "ami-0e3d0a86e84f88072",
              "ami-0bbfccb7a333d0141",
              "ami-041a6c55d9f1ba18c",
              "ami-06d4942b9c9de8b0c",
              "ami-01c29204b55cf2a9e",
              "ami-0ae2d02fbe06b82cc",
              "ami-03bad2621e4d80ddb",
              "ami-0c246919ff55c1ab6",
              "ami-0e56062e1ce2213df",
              "ami-041b167afaf6b48c0",
              "ami-034f40d56ffbcdbd4",
              "ami-02409ff3b6a0e9480",
              "ami-035145a7faacaf610",
              "ami-084f5946a47e85d2b",
              "ami-0ab20262cb828b241",
              "ami-0a5ec43c68214b20b",
              "ami-05d26dc08ddabc812",
              "ami-0470a19cf1499d406",
              "ami-05392efd5e1cbbb7c",
              "ami-006c1d761e2ba68ac",
              "ami-01538185181b5facb",
              "ami-004a682a4ee44505c",
              "ami-0b687b22653b6102c",
              "ami-0532d20c60b1a4594",
              "ami-0d045a048b5f1f440",
              "ami-0a296740a18777841",
              "ami-0d52ce6645eb424ac",
              "ami-01d05f1230a85f065",
              "ami-0b13271a165102845",
              "ami-03fa84f2b030e5366",
              "ami-029de377b497a1a09",
              "ami-040a06270a2138f25",
              "ami-04e1a4750221015a5",
              "ami-0a552001985961e52",
              "ami-0a8d2cd9d708ccb06",
              "ami-06e533319293fe74d",
              "ami-0d8b4312b17909338",
              "ami-05de311dad6554a21",
              "ami-0f85ce45fca1a98e5",
              "ami-0d92b548e0e8ddb7a",
              "ami-001f2352ecc926d18",
              "ami-0ef5f0b9331b28876",
              "ami-0688b3026caabec28",
              "ami-031ab4760110b3f9d",
              "ami-05508201368c62ee2",
              "ami-09f02e74dcbc53c6e",
              "ami-0484a053357a725a5",
              "ami-011bb3edcc7222f4c",
              "ami-0129af70fca9183d4",
              "ami-06f3129beb9adc005",
              "ami-003ad8eff7a75f0ae",
              "ami-0f8b888992f9a4848",
              "ami-08787eb060e4c1d49",
              "ami-0ae58236c2a521189",
              "ami-0047791b2ac8442bb",
              "ami-0c2b78d6c20391aed",
              "ami-018e13d15ffcea31a",
              "ami-003d64000a213c4bb",
              "ami-0ea7b53a0c78fa1c0",
              "ami-02e2c017a731b645c",
              "ami-0004b176b613d0c12",
              "ami-04930d7fd348831a2",
              "ami-02dfae27beb303451",
              "ami-07f148dce2c042444",
              "ami-0f245f5767330ce0b",
              "ami-0cbcda2c1e8badd48",
              "ami-002cd8fb66637d558",
              "ami-047830630199c93ef",
              "ami-057e1704303c2390a",
              "ami-0639a43b9ded8eb94",
              "ami-07fd5bfd0409453cd",
              "ami-0b50fc3a5336c751d",
              "ami-0b59aa4f6beccf2f0",
              "ami-06a4e86f03a1540b9",
              "ami-06c8d170851209392",
              "ami-0150e876a30eab14b",
              "ami-02257042b46492f50",
              "ami-0eb499146bdfe6c76",
              "ami-018ca516c39062968",
              "ami-08028c4e512f7e1c9",
              "ami-001dc7ad933f3f600",
              "ami-0a623123137d976c9",
              "ami-03e4df1a06c0e05ff",
              "ami-03e36da7562b2d16c",
              "ami-006de5ad03493c581",
              "ami-0eceb1f8f3b3517dd",
              "ami-0330b207041ec8af3",
              "ami-004dfdfcab3c7c900",
              "ami-04673d2592f9d7b45",
              "ami-0d317f87cf4a295a0",
              "ami-0cceea09ded3a984a",
              "ami-013d497c40cdbc71b",
              "ami-032c71ca902f06f62",
              "ami-0aca5ab5c4150f3f7",
              "ami-047af91977ab2801f",
              "ami-0b337736eb87afef0",
              "ami-089b073103508f99d",
              "ami-0b24ef6c0ad5d99bd",
              "ami-07775ff74ce32a3d3",
              "ami-03d9ea161258e0546",
              "ami-05bf57fe975dace19",
              "ami-01303027aab79149d",
              "ami-0fb2399284428cc97",
              "ami-0559567630b8ee850",
              "ami-0efc32ddd4c66595e",
              "ami-0667f3468901cd8b2",
              "ami-0d1bc0797beb08a59",
              "ami-09605ec4062747706",
              "ami-097245085f5d6946c",
              "ami-03b0e4a0900e9a1d5",
              "ami-01f13edade731d304",
              "ami-027f46640b4a71d12",
              "ami-0fa4c5fe41870a851",
              "ami-014c2de3595bd9748",
              "ami-047c1c0cc5beb271a",
              "ami-09e6fa78e7fd0d895",
              "ami-06bf3bc64ed445fba",
              "ami-0a8791f1762fd9251",
              "ami-0cd69d951ae348528",
              "ami-0ffe0fe08fc1b11d1",
              "ami-0f51d885f4c039315",
              "ami-0cb8ca06f37221b43",
              "ami-05f19b8d658f90c50",
              "ami-0af25d0df86db00c1",
              "ami-0f79ca91c0299c5b3",
              "ami-03ad97333634ac046",
              "ami-08181691f669ef7d2",
              "ami-097e216d5ae38b50f",
              "ami-051539afaeede8ed3",
              "ami-0a0e2241200ee6c49",
              "ami-02085663f89f6faa5",
              "ami-080330f56e5ffa4f3",
              "ami-003ede32e23218704",
              "ami-036c895e4999a3073",
              "ami-0434feb522b5fda64",
              "ami-05ede5603a92906ad",
              "ami-0724865e7fc0aeff4",
              "ami-06d79402e1be89f41",
              "ami-0e1e414ec0ee90945",
              "ami-07b7af341f4ca8f28",
              "ami-0f8db75885ffcead4",
              "ami-00c9bffe3803cc02f",
              "ami-0f3513f12c8fd38c8",
              "ami-01b0e2bdc15dbe130",
              "ami-0d15467f3a7b47000",
              "ami-075e310667da894c1",
              "ami-05a8b5082ba0983cc",
              "ami-0ddf1ae119c067e06",
              "ami-062bf2ff550334fc5",
              "ami-03cf71bedacefb5cd",
              "ami-078aca12fd2f43974",
              "ami-0ff4cee84b3b87e2c",
              "ami-025a6cc79b7976c73",
              "ami-0b00b7816fa80b810",
              "ami-00a593cb286b56c42",
              "ami-0426a85012cb00cca",
              "ami-03161269ce977c464",
              "ami-01589892587b0e41f",
              "ami-06a7980573200a571",
              "ami-0cd90fabd00a01cec",
              "ami-09f9d7fd80c272764",
              "ami-03723fd1df906c5ea",
              "ami-0c54c81808141ba8f",
              "ami-0c38d33a5d97d959d",
              "ami-0ec43c079c145e002",
              "ami-002c94be40ec99397",
              "ami-0dcc9773f5cb0bf92",
              "ami-0e0c0770ec0119c16",
              "ami-02bf2da376b067b38",
              "ami-0ec51adb8f2abaf09",
              "ami-0d8ca0a8de2bb7b95",
              "ami-09b55c0008c6a4649",
              "ami-0b0c41da97d12c478",
              "ami-0820f883a9cf1c48c",
              "ami-02cb68e9ea5d521b3",
              "ami-0ae6f02fd0404d38f",
              "ami-0c2876a5c9c811770",
              "ami-07de2069505fe4f6c",
              "ami-05a60900ee457d3cb",
              "ami-007ab66319da206ef",
              "ami-08d1ec0f6cb97fb32",
              "ami-01db4266f89f420da",
              "ami-09f8a1c57def7816e",
              "ami-090709b2acc91831e",
              "ami-0a5913d4e1f80fe79",
              "ami-04f838f94cad7daaa",
              "ami-02dcd17ab193d940e",
              "ami-0f4e4b5b907931c23",
              "ami-066d11f39a1407ee8",
              "ami-05d9b62e86f0601e4",
              "ami-042a309849b6d0cbe",
              "ami-02a067814d33b36bf",
              "ami-0742221921f522317",
              "ami-071f609f3ef7f7346",
              "ami-0bd1e000ac6920fa5",
              "ami-0ced106a533187a2b",
              "ami-02694213dfd61cee8",
              "ami-0002996709af56d94",
              "ami-0fa1c4ba8120520c7",
              "ami-08b6ff1b1c664cdcf",
              "ami-07eb7c0390c8f571f",
              "ami-0c5037c9aa638c5fe",
              "ami-0ae6e06dfc4e9ce00",
              "ami-06a178358c1ef98ef",
              "ami-0069c85677997fd9a",
              "ami-0678eed2454cb1c1d",
              "ami-095397e4b122e9bc0",
              "ami-02f3d0d08a8c09234",
              "ami-00a6eb02f8c6cdc77",
              "ami-0c10df13ae59c7c44",
              "ami-01a1d4b9d764f8de1",
              "ami-000a8eda790e1d08c",
              "ami-0fc72367cfd249a02",
              "ami-07814497437cadf73",
              "ami-024ed834106440906",
              "ami-0e58d8c1f9d2ec8df",
              "ami-05decf894c37d4e76",
              "ami-0569a909d3c623d57",
              "ami-06554062dd12c0b2f",
              "ami-0caa9eb76ab5abe01",
              "ami-0983452363c051bec",
              "ami-00d94c33b22fcd308",
              "ami-077dadf40dcccb537",
              "ami-07e2f09a2f505a659",
              "ami-078e223897be1cf59",
              "ami-08709ae0fd9bdaf7c",
              "ami-0e0a206b24e376300",
              "ami-0d3f3ac8d1479ccc8",
              "ami-07f7a257d5551d655",
              "ami-004acb75f9d62826a",
              "ami-03e6403de3f94b3f8",
              "ami-05afb92ea6808030c",
              "ami-02a6f8f35e111037f",
              "ami-06c998449265fdc53",
              "ami-054d75bc810161bf5",
              "ami-0e525d6af864b814d",
              "ami-0a9217e63a4b9c158",
              "ami-0c58c182b35d28781",
              "ami-016a29585e3cf9e31",
              "ami-0c25776e614252adc",
              "ami-07492b2f1be89aaa0",
              "ami-08cb06c6b2f74b2f8",
              "ami-067c9e9cb8a8a9d15",
              "ami-08ceb0832742f3782",
              "ami-02f721a4279072916",
              "ami-011f27bfaa8aee618",
              "ami-02965c83bca2c159c",
              "ami-0afca4afeb3d35ff9",
              "ami-0b6017dd782b21580",
              "ami-04728a6385d752e27",
              "ami-0c7a0ca4a18a50aac",
              "ami-095018920c9b5e36a",
              "ami-0283674920189f03c",
              "ami-059855a79180e4ab6",
              "ami-04980cece2c6082f6",
              "ami-0098329d1ae375ad3",
              "ami-02a1bdf5b1e1fe464",
              "ami-04a5f9b10392ffd7c",
              "ami-0c4f762b90f2ff4fc",
              "ami-003939db78298c0f0",
              "ami-0b90364d10fdac967",
              "ami-051a753fc8e02d5b4",
              "ami-0636aa9bcf85fd0ca",
              "ami-0492c6a098d15ce9b",
              "ami-00b616c67ef2ec06b",
              "ami-009772677d5804a89",
              "ami-069af462ce4722c82",
              "ami-0657cbea6cb60493b",
              "ami-0db83bf975e6521d0",
              "ami-0e001807aee033288",
              "ami-0ecc3d15fe513e39b",
              "ami-0dcfc0b0aab37ff0a",
              "ami-05977086530a91d9d",
              "ami-060f365a858a31641",
              "ami-013c91f60fb1db701",
              "ami-09af0e60ab8b1fe18",
              "ami-005fd4f06f7f5073f",
              "ami-0554df994a8694fd6",
              "ami-0a7afb6d65b12753b",
              "ami-08126f6364866faf0",
              "ami-0785a872dd9c06489",
              "ami-04e108dc62ab15ee4",
              "ami-05fcb2132485a1676",
              "ami-0118fa576396cfd55",
              "ami-0ff2158fb2f093ac8",
              "ami-0d979b2e8a50adfd1",
              "ami-00bd2f3a63aaff18d",
              "ami-0ecab03d9c9eb1e8f",
              "ami-0b0f03996889e0d27",
              "ami-020f8d74eec69827a",
              "ami-0fc11734086b26f71",
              "ami-05c5d4b634e53a862",
              "ami-0db53f481c6c06d40",
              "ami-03903a15c652175ac",
              "ami-0cf08c92093edaaa2",
              "ami-050ca8814f4c8c28d",
              "ami-03bdb3fc46e6510d0",
              "ami-065d934b3b0cf91bf",
              "ami-0c619f86ede11fe37",
              "ami-0e82528782350b3b5",
              "ami-0ae5a4a0e49ffcb9c",
              "ami-085f5e1bd95400758",
              "ami-0560ba60bb1ebd602",
              "ami-0daafec07fd52f28f",
              "ami-00d0ec8c2310e0c19",
              "ami-00858be7f2aec3034",
              "ami-0c5444daefd26eeab",
              "ami-00c4a17688f525efc",
              "ami-0d30631f2b451f33f",
              "ami-06f97220c6755ac04",
              "ami-07bae2cedc9baa6d2",
              "ami-0af3edff37796084b",
              "ami-0dfc8fd7244d19348",
              "ami-00f73960d2ada3857",
              "ami-0d6439248f860ac7d",
              "ami-0ed8f2bab6dee9682",
              "ami-0cfdbb5ab9bda8da5",
              "ami-02b685caa80e12433",
              "ami-0f7c1aa1717b168fb",
              "ami-04d4373d4cb405126",
              "ami-09969832d865f8123",
              "ami-0f4711fea10375d91",
              "ami-01bf9c7af9bf0f6d1",
              "ami-08e10419431a6ba9b",
              "ami-0c4ae3072e1b232a4",
              "ami-015936567bb2026bc",
              "ami-0ccfa71fae0f6fcd1",
              "ami-0f0f465a044014d74",
              "ami-0038943f0f73bbbc3",
              "ami-03bf9db49d498b06f",
              "ami-0fd8abddd60c32624",
              "ami-0cbe1270cdfb58123",
              "ami-0abe4533422900a6d",
              "ami-008fe34ea07e3b225",
              "ami-0d810591537235cc4",
              "ami-015df8a51089222af",
              "ami-0824ed25abca280af",
              "ami-0ebbdb25c0f7a295d",
              "ami-069c39b6b0f012457",
              "ami-03668a9f3eccfe2e4",
              "ami-0f10eafd44d43f177",
              "ami-02116423dab8fc195",
              "ami-0aa6b0b688b108cfd",
              "ami-09dab399e5f9ff253",
              "ami-00f084b464bc5133a",
              "ami-0f4f5b578102d3ad8",
              "ami-08949f0c2e1b9d12e",
              "ami-052ca55608394382a",
              "ami-0f7c46e3c2bc2c4e0",
              "ami-0d9fc6cc970a053e0",
              "ami-04b21e29a03aa7701",
              "ami-070beb7fe6e75cf04",
              "ami-0e7a734cb81113425",
              "ami-0fa981b3880c482e5",
              "ami-01368f3319c85359e",
              "ami-0ef33ada4dd6fec13",
              "ami-09778e7375d44eb2e",
              "ami-0d94b6759e357e8bd",
              "ami-0cbe46ceb8b788411",
              "ami-09018cb02160d3b8d",
              "ami-0bc10813525bacef4",
              "ami-078376e98d3854578",
              "ami-0cafb09da25091e9f",
              "ami-075a3c5e3ca4df330",
              "ami-088b86a47110e364f",
              "ami-0cd3465d5dad7e60c",
              "ami-0472855a181c2cc35",
              "ami-091a9ac09b764f065",
              "ami-063e6a634387ce4d2",
              "ami-05db761fb3b9dd437",
              "ami-0747f612f94455574",
              "ami-0fc844f2cdbda545d",
              "ami-0f55abf225e339447",
              "ami-07b048cecc963314c",
              "ami-011ef645a1085c5f0",
              "ami-0b1cf25efbe9e97bb",
              "ami-036f544ee4d692a89",
              "ami-002059316d156d5fb",
              "ami-0f91b57cfcd1692d1",
              "ami-06317c562f04f10e2",
              "ami-05b96bceb9a57f4be",
              "ami-080ad087efc74becf",
              "ami-011225db5f05cdb4b",
              "ami-0973b1f3dc5b9750d",
              "ami-0e65986624da966d2",
              "ami-0a6478f031e603b66",
              "ami-0b55ba9a42e83a2fd",
              "ami-0859a67cb59296ec3",
              "ami-00299a0bd270afa90",
              "ami-01d6d064601cfea15",
              "ami-05321f020eb544e07",
              "ami-0e462c0b94e67a989",
              "ami-0167da46ae66ab58c",
              "ami-0a1cf2fbc62736cfa",
              "ami-059e795c824ba32b9",
              "ami-03a90873936783a18",
              "ami-088f73e5fdd508774",
              "ami-053f01e9a95db5b3a",
              "ami-0b19a56153f381fc9",
              "ami-043b829c57806ef3e",
              "ami-023e21492e654eeef",
              "ami-069d46752ae944367",
              "ami-07c6be4053b1e52cd",
              "ami-095e867bdd102fc29",
              "ami-0ab4a9bf1151452b4",
              "ami-0696f424aad53c82d",
              "ami-0a49a5b0027d744d1",
              "ami-046dc9d1e2fea4989",
              "ami-0d2265f32252c8ef1",
              "ami-030aff8af85953e56",
              "ami-07fffed8295987fb0",
              "ami-024b4105a83b017f6",
              "ami-05d98d0567e97e9dc",
              "ami-0c90d165358ba1be4",
              "ami-0d4c873c0933945d7",
              "ami-037eecdaef5e8623e",
              "ami-030c536c72d046620",
              "ami-09713b31805bb12c7",
              "ami-0e586fb772d7f14c0",
              "ami-07bedb75d1f7dc8ba",
              "ami-0851d427331eef219",
              "ami-0c005e8f4b36d529e",
              "ami-0e541738adbeb1874",
              "ami-052e24e22a2a24614",
              "ami-022a931bba31f6117",
              "ami-06f34765916771d1a",
              "ami-0d9a78c328aa827cd",
              "ami-04a8844fce592a5b9",
              "ami-0dd3f7f14113b9cb4",
              "ami-0d4377250f95836c7",
              "ami-03f6ee4bfe746b2c9",
              "ami-02926b43151e74eea",
              "ami-003db8c28936224b4",
              "ami-09b69e2f8cfb46410",
              "ami-02d7c762bc5e1de5c",
              "ami-0df150592a20ad3ac",
              "ami-0b93932428de818e1",
              "ami-0cd056fa0a9c5d256",
              "ami-038c990cd92a97f91",
              "ami-0ef18d3aa4d24c20f",
              "ami-0deed2d3f14504d94",
              "ami-0d61733622b5f1364",
              "ami-00f1e71b78a434315",
              "ami-018f3366f3e22ff3d",
              "ami-0f8f76c31353b74aa",
              "ami-06b4b53bf5a20b523",
              "ami-0222cf27fb4c0e218",
              "ami-095466d01218ec783",
              "ami-05df0222e967137fa",
              "ami-08e0139cb5c606c0b",
              "ami-06d1c6edecb98a259",
              "ami-0930bae078db166f0",
              "ami-02c3158dc3ac514cc",
              "ami-015058692c4bfcd77",
              "ami-0c210688953536410",
              "ami-01dd74154c6fdff6b",
              "ami-0fc7172e23d43ffff",
              "ami-0a25ab69970c1feca",
              "ami-06a32911325d219e7",
              "ami-0631b963b6ba0b31f",
              "ami-0caff842ef729b803",
              "ami-08b3cbb09a3efc61a",
              "ami-049ba0694c3794821",
              "ami-09edee05ed1ecdacf",
              "ami-0d68815505a7c33b0",
              "ami-07171dc711d83eec8",
              "ami-04198abff82fc5112",
              "ami-03474b84d754973db",
              "ami-062665b0991ba411e",
              "ami-09975425fbdb0f5e3",
              "ami-02c96eef929f39c63",
              "ami-0a316173c6447a05b",
              "ami-0b4f0c3ac523b9688",
              "ami-08fdacab09993db66",
              "ami-072aa7c78efabdb7f",
              "ami-0aca81a4a291d59d0",
              "ami-0007c774ed404b352",
              "ami-01b08772617325836",
              "ami-0d0b8f87e70d6a049",
              "ami-0ec4f85f481e003ab",
              "ami-05efa9f941ddb7acb",
              "ami-0d8973730efc2ca9e",
              "ami-0100892898db2c4c2",
              "ami-08e931fe220fba243",
              "ami-073bd353e2544e448",
              "ami-09ceda75dd9d07868",
              "ami-0294519cfa7d1f75b",
              "ami-0fa8cf3d27b42ce64",
              "ami-0158f5a33093e396a",
              "ami-0e4ddc22e4e637b59",
              "ami-07c7301b7495a4afb",
              "ami-0a89e7cfaf5f021a8",
              "ami-08aefa549c674f59f",
              "ami-0fdad62cdbe7629f9",
              "ami-06b2e38d9b8ce142b",
              "ami-047c648504b1ed9df",
              "ami-01299840163397853",
              "ami-06510cd6782ca273f",
              "ami-020d30fb093127a00",
              "ami-0637abaf70c2eadee",
              "ami-03a0ca8195b9576c1",
              "ami-02044c5facebcceb5",
              "ami-070adacbb8a5e7fbf",
              "ami-0c7b6889ef1d5ee94",
              "ami-087d0ab5cc5dcb9a4",
              "ami-0a4487d42f2bb42b9",
              "ami-0edde754c590695dd",
              "ami-03e829fca0040849e",
              "ami-0adfb83c5dc25a8f7",
              "ami-01ae5d2ff84530ba3",
              "ami-0559d19b4d74f93b6",
              "ami-08da7ebf1c6a42a09",
              "ami-08e10bc864fd5ad70",
              "ami-0166095d1937786b6",
              "ami-0dd820b8e758c7d28",
              "ami-00a2da234405080e6",
              "ami-0afa1187ca1ddc5ef",
              "ami-0130cce0c7ae66d63",
              "ami-0c93321bce1b83a34",
              "ami-0a2b2af64a74278ec",
              "ami-0daa19befa4cb5774",
              "ami-02dce6cbe7dbff0f9",
              "ami-02b46c7a920dfc811",
              "ami-0a8e9ac9dd116ef02",
              "ami-0d275ab671565384f",
              "ami-0daf2d4072ef25b5b",
              "ami-0116a38c746c0598c",
              "ami-051c8b073a1f41a7a",
              "ami-068ba845a9ba7dde5",
              "ami-0ebe38066927aa5c6",
              "ami-0a805a69ac8ddec63",
              "ami-0ebcf06e36b47838b",
              "ami-05ad2e8c5019b5b5a",
              "ami-0b7136aadb75c89b7",
              "ami-0a51644412db49409",
              "ami-099acceb7c530ef4a",
              "ami-090ec3392456271db",
              "ami-066545ef102f04a39",
              "ami-0cee667aab3e2f833",
              "ami-018b96d516dcec7f6",
              "ami-0f967c196cab9d8aa",
              "ami-0bb49312afbf01480",
              "ami-0d1bafb6941a2aeb1",
              "ami-06b9518eda80ecf56",
              "ami-0f679c00ddee37bc4",
              "ami-0e7eb29d308281e64",
              "ami-0a76b38c0cd3b6fe7",
              "ami-0a279b4fe3d88a96c",
              "ami-01c4d7557e03813d4",
              "ami-02dba8c2f04eb8652",
              "ami-0343e98622d4644e8",
              "ami-021b5fd0c515c1805",
              "ami-0f66b275922edf646",
              "ami-02182d1fbfeb5a19c",
              "ami-0c5af2757ec8ca9ec",
              "ami-0bf0ad0fd97a653e4",
              "ami-035d0307fa2917d40",
              "ami-0bee7b30dba2febde",
              "ami-0bbb8c3ab50e14732",
              "ami-02db866a82a823643",
              "ami-068c79e8642613ad7",
              "ami-0f2786775e5f57fec",
              "ami-0f3bb0fc4e183ded7",
              "ami-0d3d0b362a5698cf4",
              "ami-08f62c73efc86b277",
              "ami-0a5ebb84bd8973371",
              "ami-0d2dd0a1a025f4793",
              "ami-0d92e9d228ef10345",
              "ami-0f581826b1b98677b",
              "ami-004d5220d40083b1e",
              "ami-02ed9ef1b95f6c7a1",
              "ami-0b3859b57dd53cea9",
              "ami-04adc81abf003aea9",
              "ami-0af634afd1e04ea0e",
              "ami-0d4fbb8ff74443df5",
              "ami-035b2844f3189140d",
              "ami-0ca812a3b6c7209cf",
              "ami-06e8fcf105b70d725",
              "ami-078b422ce8b7f9740",
              "ami-0002d245df6bcf037",
              "ami-065c80410646429d3",
              "ami-07de3eb5dee6d7772",
              "ami-075fd0605d57c1fd7",
              "ami-036eacfabda54e15d",
              "ami-0b983deeee810ceb9",
              "ami-03be688810ba38bb6",
              "ami-0063a3ef88feebf3f",
              "ami-0a41f5e404987e084",
              "ami-06a00c2d80afc2e91",
              "ami-0a5f305ec20b2b6d2",
              "ami-04eeeb592d29f17c7",
              "ami-06e1ad1e7ae0f84ed",
              "ami-059a4c0515406c046",
              "ami-0472f884e46eb9223",
              "ami-04713d0a9d5f98136",
              "ami-0b3a7311c41f50691",
              "ami-082ec4f76d75e003c",
              "ami-0db9018d7dcba5203",
              "ami-07b34e51d6d88dec3",
              "ami-0361bd7e3a9a56673",
              "ami-08ba8ac460276ed6d",
              "ami-076e1c5cdfcdf9f23",
              "ami-0bd74d013309e9dff",
              "ami-00638900b24880da0",
              "ami-07e1e45fb0f23666d",
              "ami-00671f337692dc327",
              "ami-0b3c6e8fa2719d306",
              "ami-008a6575f36223cd1",
              "ami-008732a10b4a8c8d6",
              "ami-0fd06dc1cfd35fcf7",
              "ami-00e23d38a7cf66891",
              "ami-0bdfc231bc07dd717",
              "ami-0939f166dc5229add",
              "ami-0a11edaf4ae8b5a1f",
              "ami-0a7b049697326f626",
              "ami-028a4634be35af84f",
              "ami-0f673524fd59e74d5",
              "ami-0cde5c0a1af8c6162",
              "ami-0a40b365416aff0ee",
              "ami-0a0765e5094d260bc",
              "ami-05fd2c50d992beedd",
              "ami-0ffb03854df25412c",
              "ami-0c0e96762f94fc8c9",
              "ami-0ffa459174af31848",
              "ami-0569c65a31a5cece2",
              "ami-0aa14824774c6c24d",
              "ami-048eb3163e8a0cf0f",
              "ami-099c5eda45af84964",
              "ami-06eee6a3e29ef45a3",
              "ami-020073a43afe48c86",
              "ami-0beec0b820db7e4f0",
              "ami-0e93e297b2de3a28a",
              "ami-0745cae093d1e1470",
              "ami-0916bb3223f0d5d88",
              "ami-04f98a663c8b4e66f",
              "ami-06eda2f6c64a69b64",
              "ami-0c4e73dcf05c87c7f",
              "ami-073e3fdb3ff85bce5",
              "ami-03ebcce17f900fa83",
              "ami-0418c66f99795eee6",
              "ami-03e79b76e74079237",
              "ami-04d4174dfc3405da7",
              "ami-0a85586faecb0ab6f",
              "ami-05dc48b8cd048f21c",
              "ami-0fa49f1ca2dac2129",
              "ami-00936e5fb554fb6d0",
              "ami-00248d277c4760548",
              "ami-05a0724c934fdd069",
              "ami-0d4162d933b53c9d8",
              "ami-07f8d57811d81c779",
              "ami-0b1f7cebd4338161e",
              "ami-0b85d74449886bde4",
              "ami-01e1b5962fde15e2d",
              "ami-0071964cb9fe2f778",
              "ami-002c1cb0137bf2470",
              "ami-076af515d6a0d1d61",
              "ami-08f86849af01d0463",
              "ami-03f856c03c39f1cfb",
              "ami-06c20a10623eb39af",
              "ami-0e3589f19114c3806",
              "ami-04f38cdd3771ae087",
              "ami-0e03d11af2b65051c",
              "ami-02efbeae7f4858a6a",
              "ami-03424df0fa35f7c76",
              "ami-0d8e5e6693639006a",
              "ami-0290122f9becfaffc",
              "ami-0bd61d7c2594f25bc",
              "ami-0b0b82f48c7b383d4",
              "ami-00a780b3c1421e0a7",
              "ami-0a04312dacd8ce1e5",
              "ami-07ca17b9035b38b8d",
              "ami-0074e3a1a4b3153b2",
              "ami-018cc744441f10bdc",
              "ami-01278994eb11b81a5",
              "ami-057a75b0b53bec50f",
              "ami-0961099a131838b2c",
              "ami-0d0aafb816cca569a",
              "ami-06c6558fcb79fe6ce",
              "ami-0476e546068fc9684",
              "ami-04b7f2b351c2970cd",
              "ami-0f55dffcae315a8a4",
              "ami-0ea0bae9d15c861ba",
              "ami-0f49b54df17409f00",
              "ami-053c07a0567ef97d9",
              "ami-0174eacae24318b12",
              "ami-04c882e7e875c0532",
              "ami-05c965bf5566e4071",
              "ami-08796ade55563e7d1",
              "ami-0cf59931bc28b2427",
              "ami-0b9dfe4689a228111",
              "ami-013f35eac268b63f7",
              "ami-065fea076e20a04a9",
              "ami-0a239896fd3a11b82",
              "ami-0080bb66b11cb6762",
              "ami-0eb2b2d5bb3c22907",
              "ami-064c005ac38648113",
              "ami-09601d9ab96936b47",
              "ami-03eff0df889f9ea07",
              "ami-0c2ea9048e3064757",
              "ami-054f6321136b55fef",
              "ami-05ba9b5b149aba613",
              "ami-06dbefca5d9fb8363",
              "ami-0e147e5a516daa1bb",
              "ami-00f8315061d5fa30f",
              "ami-0a0ab5ce1c9899c3b",
              "ami-0edbe45823d638545",
              "ami-0d40ed75ff2b8bfd8",
              "ami-0794f9406b9a933a3",
              "ami-03f435ae45a05281a",
              "ami-07c32fc1c6e77b994",
              "ami-084dda8ace245d31a",
              "ami-044906ce6dd9f1bce",
              "ami-0c4cc0e7a09e5552d",
              "ami-0d396d41afca50a6e",
              "ami-0eb3748671e71f697",
              "ami-0ba7a365b4f3b8bdf",
              "ami-0feb78840cd99fe38",
              "ami-092a1a25508f9c3b5",
              "ami-0627eb2d768655262",
              "ami-0baf3fdc22af5bc62",
              "ami-0bac94c9edf0999e2",
              "ami-0fae3a7cc56ed51a2",
              "ami-0821f9d318882624e",
              "ami-048b982ad1341d2b9",
              "ami-030d8ac9360146ff6",
              "ami-06e9cfbfdabf3ac45",
              "ami-0938d7419941a3eaa",
              "ami-0881ac27d416a10fb",
              "ami-0fec2c8e20994780b",
              "ami-04e6d0b756fb15abd",
              "ami-0ae9575f94009d1cd",
              "ami-0fba157743f0b9d1d",
              "ami-0201076353cdec3bf",
              "ami-0598b4db7312bb797",
              "ami-0efbc59af3111e1ce",
              "ami-02942a1da01e5128b",
              "ami-08072e661d0d2b05d",
              "ami-03ae21eea2b320025",
              "ami-0ef9caf42b5f39a80",
              "ami-0113e019b93a70680",
              "ami-0422b225b2bf83370",
              "ami-0046d459331656a8b",
              "ami-06d0c2274680b31d9",
              "ami-02179bfe4dc6a53de",
              "ami-0eacabf972c23fd71",
              "ami-04f3f10a916d8a2d7",
              "ami-0bc5f72301f48136e",
              "ami-0093ae6b7ebff7e97",
              "ami-082d9fc38cab18225",
              "ami-08c46033b8f0682d2",
              "ami-03879cf3f98c1b596",
              "ami-0de83a263acdcbb3e",
              "ami-0cc94dad310653a7e",
              "ami-010f2715e5a98d8a8",
              "ami-0f22aa5328dfe8059",
              "ami-055144e7ae1a5f79a",
              "ami-035b5929635b0fc1d",
              "ami-0186194ed048bc6f0",
              "ami-0cc7ca4f4778da12d",
              "ami-03daeb472691c79d5",
              "ami-0e46480ea2d718ee1",
              "ami-051bd4f4eb48c4a8b",
              "ami-04134a25a5d5e9212",
              "ami-0d87a6af8901b6465",
              "ami-0faee607f3705cdef",
              "ami-0ee66a5373684dd32",
              "ami-0d2301d7d1aa5894d",
              "ami-099d770c762dfd4dc",
              "ami-018ed554329fcbffa",
              "ami-095af617b471a22c0",
              "ami-083d8fcc0782b1f1a",
              "ami-0664da880171c6b53",
              "ami-0b5c01052ad4f51b2",
              "ami-0d14317785406eb86",
              "ami-086de7a7af267b2ef",
              "ami-025735297758eddfa",
              "ami-0fe56f5a34c946c18",
              "ami-0c50067690db0b08f",
              "ami-063e6abc79e424c12",
              "ami-03afe5d09b4176889",
              "ami-096973da96ec31895",
              "ami-02c3cbdb4f56d81b0",
              "ami-0c44063f9f41538f4",
              "ami-086424d969e2f7548",
              "ami-0e7cb5639c78c4726",
              "ami-069f36f238d4a8738",
              "ami-04e6bc78f3f456d27",
              "ami-02598c6774b20bf01",
              "ami-0b17316e5720d2f1b",
              "ami-0012258a1208e85b5",
              "ami-0a07c1683aeb7d763",
              "ami-0a95e4d326ba85837",
              "ami-0d2c3fd049e018606",
              "ami-01e8e51160f778526",
              "ami-07ee12359d392fd8c",
              "ami-052cef05d01020f1d",
              "ami-03062d18aa43cc603",
              "ami-054793fd1a81b4c5e",
              "ami-08ace51c6c7eb5d15",
              "ami-0db0e697b94e80882",
              "ami-0002bdad91f793433",
              "ami-05b3ae519376c8728",
              "ami-044eed8ca29423542",
              "ami-0796d5827bf005da2",
              "ami-07a4db51302058e77",
              "ami-0dd81014dec22e45a",
              "ami-04f9693497145c702",
              "ami-005d492f446757bfe",
              "ami-0e2c90331e3ac681b",
              "ami-068c855f58e6e56a3",
              "ami-06f01ef7bfc011b34",
              "ami-05f4d4328c0f5dcae",
              "ami-05e0a9ea5e343c203",
              "ami-0501a863953edb97d",
              "ami-04a4b0972ee0ec952",
              "ami-0d7fef3b9f872a7dc",
              "ami-0f5ff99986b113af1",
              "ami-0d4fcd958b601aaa9",
              "ami-0a1bf14b4ddf1a34d",
              "ami-0caae960880589ab6",
              "ami-00418229f6452aa3a",
              "ami-00103c413c2e65dd1",
              "ami-0bec6a22052da0062",
              "ami-019f2a68dbbd93c41",
              "ami-0fbaa58d093f12c48",
              "ami-0ff169b4afbf1cb9f",
              "ami-0c6f466e82ea361a9",
              "ami-0860f2ba704878db3",
              "ami-0f9adeab5b98f21cf",
              "ami-0abf89102c69bd572",
              "ami-070be55d064df100c",
              "ami-01c8cc0fd76f47073",
              "ami-0a2f63aa59afb9ee3",
              "ami-029d4fea346d72fd4",
              "ami-095ff7f48d6ae85aa",
              "ami-0c52f2748817118f8",
              "ami-0a89091e6a966125c",
              "ami-08c823cc920545405",
              "ami-0208e544a1c671b2d",
              "ami-0175b17040b8b566d",
              "ami-05830533f46550368",
              "ami-0bdfd11dc3d541a77",
              "ami-0c39513ead49a2a61",
              "ami-02fb9fc4a1f9039b8",
              "ami-0c87af6f17b1d9785",
              "ami-0b591c3947a24b1c3",
              "ami-0ffbbf4fdd5bb4f69",
              "ami-003ad6943328bb546",
              "ami-0b704c3e169042466",
              "ami-037157aa11e4684f4",
              "ami-07a4a756cf79d87b2",
              "ami-0a52111cfa659147f",
              "ami-0ec5103ecbeb81bcb",
              "ami-0b1dd536ab4a2fd43",
              "ami-080be93eb35f767cf",
              "ami-0f04fdf66f7c12b3b",
              "ami-024d181d70665f8a3",
              "ami-079bd9b20ad08531f",
              "ami-0aad2d4854f4b05be",
              "ami-0d4b16bc92155c5f3",
              "ami-01b6aaf27ab8fe252",
              "ami-0064285da1de303ca",
              "ami-0fdaf9ff93a13efa8",
              "ami-060124d16435c4c10",
              "ami-0a927ab9826f10511",
              "ami-0a87ff06d1168d073",
              "ami-095e4d7806c4a1e28",
              "ami-0b866437ee26fbd70",
              "ami-03339d6851f7bcbd7",
              "ami-0be3337963e906d1a",
              "ami-0ff811bfcd8be0389",
              "ami-04b81986850abea25",
              "ami-08e25ed1d052dbf5a",
              "ami-00538b511dd6cf201",
              "ami-0f21df53a4ecfd527",
              "ami-0feb227485add768c",
              "ami-07567a039bdfd5f24",
              "ami-07e2ba0b9e37e54f0",
              "ami-0b5d895c95e2564b1",
              "ami-08ca3b4b88d67a8ec",
              "ami-0a5479bd8cb06f614",
              "ami-0986941c7f6200a6b",
              "ami-0ceffeb71e8e0d7a9",
              "ami-06c46c7311ba9d307",
              "ami-0973aa5b9e7b2ae42",
              "ami-03697895cd92af456",
              "ami-0e3d3faf1705df0b8",
              "ami-07d9cb9a74a5451e0",
              "ami-04f14c6f1e25d1bb2",
              "ami-0d7a5445d63578d32",
              "ami-03e172a006a65208b",
              "ami-048d8c050dc221982",
              "ami-00b02b45bde96e213",
              "ami-0b98baf6bc242a703",
              "ami-03cfc57fe0c9242c5",
              "ami-0f20e5bc132f85ca4",
              "ami-0316148dd5f865fcc",
              "ami-0634f2505193bfbda",
              "ami-06591f6572adcac54",
              "ami-04f0382b7ddb5867f",
              "ami-00c7dbcc1310fd066",
              "ami-0fc326ae649eedd3c",
              "ami-0277f1ee128329913",
              "ami-07e76d043ee78e0b9",
              "ami-03b5b21c411cd821e",
              "ami-0b06bfa7099c0f0f8",
              "ami-0849902a982afbb53",
              "ami-03446de44d6705a1b",
              "ami-0ea563b14ee57874e",
              "ami-0ba3560f64f76dd07",
              "ami-0fa857438ccad343e",
              "ami-0bc9cc4b79789c30a",
              "ami-0ffbc6b7ecb49848e",
              "ami-04b91a2411650d5e6",
              "ami-0fd01491afcd3de47",
              "ami-032b2065bbb2c5027",
              "ami-0b3e06c0557bb307c",
              "ami-0ebed88e8a2cf3015",
              "ami-0da58121f4c1b399d",
              "ami-0d6a4ea2a239694c4",
              "ami-0ce2922c00e0d70f4",
              "ami-0439847fbe938a5b0",
              "ami-03ab2aea2f4c4b849",
              "ami-04c2a1d500a27b90e",
              "ami-074cad2e1addd59ca",
              "ami-0285666c1014f1c0a",
              "ami-0f2db522fbe58bb02",
              "ami-0d8ee60858ccfde25",
              "ami-0ea4e6d84aefdd634",
              "ami-070357b238ee5ad81",
              "ami-0db9aa1d55ffc1634",
              "ami-02f612f13d11327f9",
              "ami-03007a38912793c01",
              "ami-05f2ffffbf7851ff0",
              "ami-0de2d0d4992ff6c8b",
              "ami-0cfcc4dfb5f0636fa",
              "ami-042ff42ee8c30c993",
              "ami-0ec921f04ce2257c8",
              "ami-003c83a7a86dc0677",
              "ami-02d02137f75fd41f3",
              "ami-077d366d45085be86",
              "ami-00121ef366376d8cd",
              "ami-009e8916eb1227629",
              "ami-067fae942790fc6ae",
              "ami-0feb45a0dccc4f7eb",
              "ami-07a582be8de64dd7e",
              "ami-0f78049e6faa5a098",
              "ami-0a850ed842b706a63",
              "ami-0eef10ae29ac15650",
              "ami-0db015c27963cacdd",
              "ami-03efc5b279c3eb9a0",
              "ami-0b6229a5b1dd186fb",
              "ami-0642c7e4cad3d3f3a",
              "ami-00d5e6797f1829ee0",
              "ami-049a2aab6e87ad4a6",
              "ami-0e5f0ba47a4849db2",
              "ami-0ad377b7dac20589e",
              "ami-05b4ea98135a65883",
              "ami-0d2dcf590707856eb",
              "ami-0d9fdf693f62e4e7e",
              "ami-059ed8d1cba4cb671",
              "ami-072b1f5f0536d3440",
              "ami-0987001effce5ea9c",
              "ami-0b0425c5d2d119fbb",
              "ami-07013e755c843a20c",
              "ami-08188b11c1eac529a",
              "ami-0fb51e6767a29de3d",
              "ami-05c1fc1aba36a4bed",
              "ami-0fc336559613af9b6",
              "ami-0294ce8ae22eb18f1",
              "ami-06621adf4d7f1055a",
              "ami-05dd39307bcee7cc9",
              "ami-09d8e5edd0b00e128",
              "ami-0d273d0e0f31e33fd",
              "ami-09ca4939f0c0f34f6",
              "ami-048729ec3d5aace9a",
              "ami-02bad2156690a061f",
              "ami-06db8a15fe89fb846",
              "ami-0f4ceec48dc9b0894",
              "ami-03882b5413b792d5f",
              "ami-00fe3033d57d29909",
              "ami-0b4821f908e8a291c",
              "ami-0295362952ad70bb1",
              "ami-0f639ab5facf33390",
              "ami-05e2a6bf1ad71c4b7",
              "ami-05c59bd81973fd758",
              "ami-025e144c01451c58f",
              "ami-0cc0c240e7f85c2ed",
              "ami-0d165e19c98930739",
              "ami-053dc0611c9b9e2e0",
              "ami-0b79b51c3c5933967",
              "ami-0322856c2a889d119",
              "ami-0bcf9b388c283f879",
              "ami-0a34b1344016b7c18",
              "ami-04179e0e8e1501c5f",
              "ami-0d602778d94b49193",
              "ami-06e38a96d55c2c36d",
              "ami-0ebf54b1a39ee2567",
              "ami-0aba657853385d2bd",
              "ami-08ea77d2a63973088",
              "ami-0b070c508ba03b65e",
              "ami-0868146fc21310539",
              "ami-036e6c706d31e9c91",
              "ami-08b0814fa8706effd",
              "ami-0e0dd4e2338640455",
              "ami-0079610598fa0d5bf",
              "ami-01906520530679f86",
              "ami-0e962b1359c62531f",
              "ami-043ded94f06504344",
              "ami-0552e2f51028996a7",
              "ami-05dfffeab4417845f",
              "ami-0ecef6ee7d623c6c5",
              "ami-099149adbe309f790",
              "ami-018170d13a5a5c4c8",
              "ami-0e054bc2831814d32",
              "ami-0e469530cb12193e1",
              "ami-047231da774ef086b",
              "ami-01b8a1f9f73262839",
              "ami-0d18e0882213432cc",
              "ami-09c4b9031381df84b",
              "ami-07c31e6704ac91845",
              "ami-05c79b912768b9d21",
              "ami-0758517dda33d8a06",
              "ami-07ab8173d4815388d",
              "ami-06b86c8bd3676aa22",
              "ami-0672a3691beeecd74",
              "ami-0bb34e6883c74e5c2",
              "ami-037c0c7484e39a4f9",
              "ami-09c8c18bf537357cb",
              "ami-07535aa759c3e8858",
              "ami-067bc9a9ad2ef03e9",
              "ami-0b8a97101a13ddb50",
              "ami-04160c07e6296667f",
              "ami-054e46d9d45818058",
              "ami-0a62ae0e5f4f1d920",
              "ami-0fd08044578e78a0c",
              "ami-0d7033c2bb5d74c33",
              "ami-0a7bf9a90d32b86a6",
              "ami-0daedb6db12e19219",
              "ami-045ecb3475f6e962c",
              "ami-00ef13a45ecb9475c",
              "ami-0e98cb949af0d0687",
              "ami-0b8fefdffbdb859b0",
              "ami-05ad896c862465e0d",
              "ami-0c1a4123cbb60f397",
              "ami-06eb67509a7535e1e",
              "ami-0cbe98b77362f83f2",
              "ami-055022b93f345b8ea",
              "ami-042f95874c1f739a4",
              "ami-046a0c623e2e68deb",
              "ami-07182c2c4f0636984",
              "ami-0b25b11c9288e53ac",
              "ami-0e8b6cef21f7a3ff0",
              "ami-0108d6a82a783b352",
              "ami-0f78570aad7eeb5aa",
              "ami-0bb4b6f704a33803c",
              "ami-05d0b3d070f5d9891",
              "ami-0311c77643fb09c2b",
              "ami-0dd5a3f893dad9ebb",
              "ami-0573e05d4d33603b9",
              "ami-06c3365aae23a3838",
              "ami-084f6d8745cf15892",
              "ami-029e44d155a75ec11",
              "ami-02b4a006ac5901c93",
              "ami-08b450c05048e561a",
              "ami-09df71a4e057e65b2",
              "ami-023b7fd9056dec547",
              "ami-02a13860df3ec137a",
              "ami-08795243f35822c4d",
              "ami-07ab07e77d8e78ab5",
              "ami-05612d2c2188038ad",
              "ami-0d5a4107b42c5270b",
              "ami-04d939e4b0350f0ca",
              "ami-0cade9ff40a15b749",
              "ami-0d686c8647633406f",
              "ami-0bece5c6d80032fc3",
              "ami-014dc2e0d035130d0",
              "ami-0acccd76208f19d0f",
              "ami-07f1d66caadca7d73",
              "ami-0e8940a0db449b00b",
              "ami-058872d4524234d28",
              "ami-0f5212fb5c16b3846",
              "ami-09aed3987fd57739b",
              "ami-0071d4441513be190",
              "ami-0355f69033ebd4850",
              "ami-0d52aac54225c47e8",
              "ami-0985d1fba4d10044c",
              "ami-0e7ddae5ade92e784",
              "ami-0c8080c22a8eab1ba",
              "ami-000e4b3f0c9f06ffb",
              "ami-03ca81473d8346627",
              "ami-0d1dfa096680f3fbb",
              "ami-0fcc1fc92f993570a",
              "ami-076cfab7aec3542ad",
              "ami-0206c730bc669b6c8",
              "ami-0efb93a2ce5356a17",
              "ami-05aa9f3298291df7c",
              "ami-0b722ff514f572958",
              "ami-02665f709ad4c9f08",
              "ami-04c5bac470cd35f9b",
              "ami-0a37c836ead56672e",
              "ami-0912ac025e10a964c",
              "ami-018e1cc07b602c007",
              "ami-067eb4cbaf92d98b6",
              "ami-03d70e8fa9a5a66c7",
              "ami-03758d8ed0d093809",
              "ami-023e4029569265131",
              "ami-01538753752c3f6a5",
              "ami-0af55ae1f73cee8da",
              "ami-01eef91b8e7caed3d",
              "ami-0378ddc082ba94280",
              "ami-04fec19828ee91e55",
              "ami-0d7b8d3612edc97e1",
              "ami-0bbf6f285f2fdecbe",
              "ami-0e5f989fa71b125da",
              "ami-066aa6413ad3781c1",
              "ami-011cbd5c76e30c623",
              "ami-068e2d14c842a932e",
              "ami-0f7ea17390ba833db",
              "ami-06b0369918a8231b4",
              "ami-0e484bf317f6e99fe",
              "ami-0cdc6f652f25836df",
              "ami-08e4f62fd990be4fc",
              "ami-09365fce7a119ce04",
              "ami-0f1cef92993d2e844",
              "ami-0706b530f7c44057c",
              "ami-02b6759b42510e9df",
              "ami-05d98cfe505500056",
              "ami-091b780163b117e97",
              "ami-020bafd6e7bb746d3",
              "ami-081b8d86fdf6eca02",
              "ami-0f9a7202451916c5b",
              "ami-0408b7a9b8dc34690",
              "ami-043c40c5c8f02b7e5",
              "ami-077c39ba4e35279a7",
              "ami-08cb349fbbc71a9ba",
              "ami-026d85b8ea2f84ba0",
              "ami-0eb685a4e87870f9b",
              "ami-07dac7615ac8c3bd4",
              "ami-027d2e0ab343a0d06",
              "ami-028e2b4b3b532ae0c",
              "ami-03ea6ca617ba26e46",
              "ami-036673b5f73851c71",
              "ami-003e67f455d175ddf",
              "ami-0c581fdf0fccfe7ec",
              "ami-0d591e64385ffb46d",
              "ami-03f18ae8d018ce6dc",
              "ami-0f9dcfe86f790dc0c",
              "ami-00b37c92be3ba4cd6",
              "ami-0b53899e7c85f83a0",
              "ami-028c2e8d7af5a75b7",
              "ami-09c34983b8ef62606",
              "ami-030f8c09fd231e934",
              "ami-052ab5e6e166f372a",
              "ami-06b4ff7040ee86908",
              "ami-09b2135b033d74600",
              "ami-08cb0ef8a1fb8dd9e",
              "ami-0690821787d857afc",
              "ami-091a88a9715e21716",
              "ami-03458ea8fdfc916be",
              "ami-0bb1d464572b4866d",
              "ami-07d280422a9f5ee93",
              "ami-0514f698261977ff8",
              "ami-0c459c1b20306db2d",
              "ami-0c3bee9fa1f5cf52a",
              "ami-0e5c072578ba1f6db",
              "ami-09427e714e0c720aa",
              "ami-0c39c0bc273ddfceb",
              "ami-0a302f1c37dcb6d3c",
              "ami-0f914ac4404a28d1e",
              "ami-02d2ae97894b7ef26",
              "ami-0782fecbfc09fa4e3",
              "ami-0f322e4aab8e3806e",
              "ami-0656dfc60b19ebb5f",
              "ami-0d6ba7a7915c830fa",
              "ami-015a4739397fb481b",
              "ami-0ee656aa6cf7f3fb7",
              "ami-0d32f213547b6491f",
              "ami-04b4b28c9e61ff841",
              "ami-001286320f8f5cfc7",
              "ami-089cad421aed21253",
              "ami-02abe2544308e1e2a",
              "ami-0eb567eba23e9d1d5",
              "ami-01e49676e43ed409f",
              "ami-0840d76bf95ca973f",
              "ami-0fb25e7735c96534d",
              "ami-0e38bcc603ae7a598",
              "ami-090e8f5923403b7d4",
              "ami-05d1e7f438cd80b42",
              "ami-0c6bff65390c9bcfe",
              "ami-0c9fe2cded2c2631f",
              "ami-05bf00a3fc65e39e9",
              "ami-01589fa663099f544",
              "ami-0225e08dd0bd1c239",
              "ami-0e8f05674beba3db8",
              "ami-0481d1165dbfb32d6",
              "ami-058fe16f1aff09b8a",
              "ami-04fdd20d0e8392105",
              "ami-089edc8fa5fdf1ee5",
              "ami-0cc5aec506dca0e55",
              "ami-08e5bcc66fc968a24",
              "ami-0ea4e75dee5ef9c06",
              "ami-07b4de2992428e217",
              "ami-0e420898c9d9a736d",
              "ami-003df25314ce10b31",
              "ami-0bbccd72e7fd8da6e",
              "ami-097e5bda4b75da757",
              "ami-0776e832db731ffe6",
              "ami-0ee94214eeea9b8ea",
              "ami-003a0934af59aad7a",
              "ami-080fe6271eb50de86",
              "ami-0d70ffd5257035869",
              "ami-01e0e7faf7207d238",
              "ami-0ad6677e3bbf202a4",
              "ami-02ec009112bcb31ed",
              "ami-0bf795914389578c9",
              "ami-02d1cb6812add949a",
              "ami-0c042dabaf66747c4",
              "ami-0c8eae034cea093c7",
              "ami-044457c85073ab3d3",
              "ami-040b2f46dcecf74e0",
              "ami-07b90628974b0674a",
              "ami-049455d1969293906",
              "ami-0a13ecb93d96ab3aa",
              "ami-0a3b681880714e9ec",
              "ami-01e003ad4e62f46d1",
              "ami-07f10270a28f59805",
              "ami-06ca20dfb46999d7e",
              "ami-0997241abc0b8b25d",
              "ami-018bfe6abebae1b97",
              "ami-02e9ad51b7043facf",
              "ami-01aaff62f30d368c3",
              "ami-08a1578f679f0c545",
              "ami-0aaaa3f04bb001712",
              "ami-02b3cbac6675c07d5",
              "ami-0aa3435e99cce1bc2",
              "ami-08604c31c7b82da5d",
              "ami-0a25e6fa4d60da1f2",
              "ami-0f3144c5990e3a9e8",
              "ami-0f4441e7e54cd5a8d",
              "ami-069b8123a5ff22adb",
              "ami-0f47df065cce8b6e4",
              "ami-068179b7195da3848",
              "ami-0077e0cc251ce6258",
              "ami-05ae3ee3231b4a085",
              "ami-0168dbe9bf61b215d",
              "ami-0da13371a40d154e3",
              "ami-06fafe00fafe44707",
              "ami-09448ac13c7262874",
              "ami-0a83c9a716eaeefad",
              "ami-00f86dd5826006255",
              "ami-08beba1e3648fe7d5",
              "ami-0f47c3b3ded41669c",
              "ami-021558306df09edb1",
              "ami-0fc6acfae9f56e4ff",
              "ami-074b7e25b9d8eac58",
              "ami-07577ef7af4adc897",
              "ami-0d25d0a84c8965615",
              "ami-0b91d3e2e1746c4c7",
              "ami-0405e69d0a122c9a2",
              "ami-050b85344759c49be",
              "ami-0819e5423210313ac",
              "ami-075e6d30ccbedc2d5",
              "ami-052da82a29b7069a1",
              "ami-04121754e9f526150",
              "ami-0576330e8a944aa2c",
              "ami-03a16715d7fae6208",
              "ami-082f28dc245f00949",
              "ami-08cfd24766fab36fa",
              "ami-0cc20b3106e61d19f",
              "ami-09ab8b68afe83d0bd",
              "ami-00a35df7f3f70a6b7",
              "ami-0f83a898bfa24b06f",
              "ami-02d0d991b83e68c85",
              "ami-0d741d4518b7c600c",
              "ami-0f071ebc7ad80ebc1",
              "ami-07e3bc265440e05ec",
              "ami-0059abab1bb7bc587",
              "ami-029b0b8755ad7f453",
              "ami-0111bf5a17c6c3533",
              "ami-0f0b997f5e7c04f06",
              "ami-0225e372826842c23",
              "ami-068bc21028ebc3eb0",
              "ami-0c2aed7cbe644730d",
              "ami-08ee202a5892f1907",
              "ami-02a471572dd33a642",
              "ami-0938cdf788aff1eb2",
              "ami-0d31fc1f4a5cee579",
              "ami-045b04555c468d305",
              "ami-0c16139a1977c54b9",
              "ami-0b1628eb2004c1c7e",
              "ami-0db6aa6df04c559bf",
              "ami-0926877605c597887",
              "ami-0f92d6918aa7701b7",
              "ami-0cb2e1c4f80cddb64",
              "ami-0092630e0cd515f68",
              "ami-02d47a75bafe6e320",
              "ami-088956851856187e2",
              "ami-054c5c5b21d818e57",
              "ami-0054d59da6e8052fd",
              "ami-0499306b88562ed50",
              "ami-0443f2d607fe16592",
              "ami-019581b01c1ff4b0e",
              "ami-0d1837b98903c260c",
              "ami-011bd62c26e095851",
              "ami-05affbfe18c1ef952",
              "ami-024c4b2a4163a4245",
              "ami-0968b46c3f01c6194",
              "ami-064e11b0abe7d5627",
              "ami-0d2f528f3a21313a7",
              "ami-0eb4bf838bf7a3533",
              "ami-07ac85a3f5f10f312",
              "ami-0946f1df09c7dc2eb",
              "ami-025f4580308383c86",
              "ami-07a22599cd3c46297",
              "ami-0f1be4fcdaaf848a1",
              "ami-0a9e687be9724e4ce",
              "ami-0dbab27ac32111f18",
              "ami-077e307693c4b5c2c",
              "ami-0d1df6d486d408165",
              "ami-0a0b5b223e8fd314a",
              "ami-0014ec1c0cf68edf4",
              "ami-07b94dc03c84f5836",
              "ami-03a3056fb197630e1",
              "ami-0be390b36947ecdbc",
              "ami-022d7d3bd61b993d6",
              "ami-03b909f8ba26e2f44",
              "ami-01d0d9537c1044687",
              "ami-0f249fe5578762810",
              "ami-0974caa53b3592049",
              "ami-0c7129924a52efaab",
              "ami-0743d10593f786aa0",
              "ami-0354af88dfad29bce",
              "ami-0cf509cd11b815d3e",
              "ami-04933c67c3e7de520",
              "ami-067a8a90fa0019977",
              "ami-0f5e312d40d0b6691",
              "ami-072699731b18471a0",
              "ami-08a6d92fb478767d3",
              "ami-0d5620929971a9fab",
              "ami-05c354daa09aca3ca",
              "ami-0a7f937454245e840",
              "ami-02a2953fa43324715",
              "ami-03a6f420794aab222",
              "ami-0cf9828cf059d75c3",
              "ami-0a997d776b6bed2fd",
              "ami-03b7333b5f1f7fce9",
              "ami-0c54c7adfb13af245",
              "ami-09000447427749633",
              "ami-0a8fa640166cae78b",
              "ami-05f2ef44a4002db76",
              "ami-067d88ad289d0e079",
              "ami-0cfe31fbf6e062eab",
              "ami-051319d951ae9c443",
              "ami-0372507e76b618474",
              "ami-0ec13f9403736067a",
              "ami-089d13caf941e076e",
              "ami-020da8a4aa035f9c4",
              "ami-04b5a343f638d911e",
              "ami-028cfecf6c9f8f445",
              "ami-0c51658a74c4e835e",
              "ami-02b07f970fea917a4",
              "ami-04a79ab750f8eef5a",
              "ami-0d6815749f39c745d",
              "ami-0fc14506563160a11",
              "ami-08b1a9207f9ffb2f9",
              "ami-06fbb1d7d5f41cb35",
              "ami-067540beb8eead6b2",
              "ami-0674b3b2dea3c0912",
              "ami-0717123862060e4c8",
              "ami-0d3f7602b12e3bcdc",
              "ami-03b4d64ac3b9c79cb",
              "ami-08077935cd8e0fa7e",
              "ami-06dbbbd4a5048533b",
              "ami-0500aecd25c40154a",
              "ami-02fbe03906d505cc6",
              "ami-0f83d852de45f7d25",
              "ami-022751adc10bef23e",
              "ami-046c121fe0f1808c9",
              "ami-03345d08aa1ca5c83",
              "ami-08faa373682a103e6",
              "ami-0760ceef6029a9c48",
              "ami-0a0ebc5a35ca237df",
              "ami-0f7812ce63430bd1e",
              "ami-0998f4a7e735e2bee",
              "ami-053434b0b900a05ef",
              "ami-0f22e3b04a484f81e",
              "ami-023e11193ccf7495e",
              "ami-0744d7ceee376a342",
              "ami-01c324fd41f67fd57",
              "ami-0cf48ed0632288e22",
              "ami-0238899287ec72392",
              "ami-0204e23f864e07679",
              "ami-000cbf14ae570511d",
              "ami-0e25cd9a25a01d069",
              "ami-06831f5e06ee6ffd6",
              "ami-0d35efdf0cdae6b54",
              "ami-037ad7e49cc30c4ca",
              "ami-0f1fb91a596abf28d",
              "ami-03a9fa8b618cf397f",
              "ami-0bde5283c2d5f139c",
              "ami-00ef1eec2f326bedc",
              "ami-059150cc43ff13d66",
              "ami-097c151d90a34e5e4",
              "ami-07cd6a50d5c5e4ce4",
              "ami-0d3f3b2b221bd2c83",
              "ami-034c9289984ce22b7",
              "ami-0cbb1b585319e7e4b",
              "ami-0383d59e1aec8b556",
              "ami-0c48b42eeedf262d2",
              "ami-0cace0c933d8e4da9",
              "ami-024369f55ba9b70e1",
              "ami-083a642427e459e67",
              "ami-0fbdb3b509778b544",
              "ami-031a3528c204c2425",
              "ami-080e495c7d2a4c24e",
              "ami-0d0d64926a40bde22",
              "ami-0d2695143b8b6a8c0",
              "ami-0a14ce36021ad9c2f",
              "ami-01eb672a8218ae5fc",
              "ami-052f21f2e9f268c4b",
              "ami-05775f9581801eab8",
              "ami-06f79ecf084262da7",
              "ami-0f926d7441007205f",
              "ami-02cb43c6a30bb00bf",
              "ami-0cc591bb06adbaf98",
              "ami-0ad81a059b0cb6a74",
              "ami-0ec663e1f36dbe522",
              "ami-0c5446f4f7b97b6a3",
              "ami-0f478b128e549deef",
              "ami-0362cf5d2a7badd25",
              "ami-0121d2f5ae0e5eadf",
              "ami-04839a6a122b706b2",
              "ami-04bcb41b8db548587",
              "ami-09bb5573320f15258",
              "ami-0cefe3f8270a79bfe",
              "ami-052f8ba0534599f36",
              "ami-0fc4484bfd6e877a9",
              "ami-0b8392baebaa713ed",
              "ami-05a3b642e2f084e50",
              "ami-0b21123624308e305",
              "ami-05b733a5c4c2f6dce",
              "ami-02ba25f3322e5eabf",
              "ami-09767902e175adab0",
              "ami-060382f2936f6bb1d",
              "ami-0bf43c0ecc2e4df5f",
              "ami-05b49aef1d825d333",
              "ami-032010844f997f066",
              "ami-065a23f57f83ffa05",
              "ami-0530cee1ec34a3f38",
              "ami-00ff786307dd3788c",
              "ami-0fcd8948a3fb11303",
              "ami-085cec44bcb3bb744",
              "ami-0f72c28b8526e43f4",
              "ami-01236f1c51c5a4caa",
              "ami-0aea66095a24a9139",
              "ami-0a9641400fba0440f",
              "ami-0a3feecf84468031d",
              "ami-0622ac5ac694bb421",
              "ami-0b47c961155bfb24e",
              "ami-05867ff2141bf2d5d",
              "ami-06b8b6c6b66f4940e",
              "ami-074c4bdb8ea8cd1dc",
              "ami-08b1f4a74413562bb",
              "ami-0b32e45930db66d2d",
              "ami-07ab7111aed19c55f",
              "ami-01b67fe7ad876759e",
              "ami-06c31b9dfcc565946",
              "ami-0dd18621be8cf4191",
              "ami-0b4c1c9c40632c65b",
              "ami-0850153ac4a40a86b",
              "ami-06d09d1ce3c2b925f",
              "ami-0aec565d190f8efce",
              "ami-024616ed4a53b9539",
              "ami-0f5ce15ef86c34fd7",
              "ami-0cda705e094a01ba1",
              "ami-0366b642deb504a12",
              "ami-0430047dfe7252d61",
              "ami-0921d9cd7f65b6d1e",
              "ami-0708fdd9cc5aaeef7",
              "ami-08ffb97ed16852b0d",
              "ami-05a7213850ed5ea71",
              "ami-0f21d06820ccd2b41",
              "ami-07c179422a75b9fb7",
              "ami-0da5376c93a4f0b73",
              "ami-052e449e86ad8ead5",
              "ami-00ea5393cd2f0c277",
              "ami-0abfeed5f323d08ad",
              "ami-03963cf2bf1d69d4f",
              "ami-037420ca11d82fedf",
              "ami-057e6e481aea4c0a3",
              "ami-0326758664c2ac872",
              "ami-00a8172909f7c03a7",
              "ami-0c6419a109b0f59ee",
              "ami-04fc3bd2e765a3e97",
              "ami-07fea4373233e62ce",
              "ami-067525d4da493adcb",
              "ami-0f5aa104dcff332ee",
              "ami-0eb139b94152b2141",
              "ami-07f11629141b81c05",
              "ami-0a0780f6d8cb42d7a",
              "ami-0bbc3a7d9cb45feea",
              "ami-08096b1737eb9ed85",
              "ami-0cf61d3f4cad7cb22",
              "ami-017d4a8ff4b3fb977",
              "ami-00e0410e19a1839d9",
              "ami-0ad51c912626e8f16",
              "ami-0181bfc59ad644c5b",
              "ami-0bbffb8b8d52dabe5",
              "ami-02458e20c6ebc4aa3",
              "ami-0819667a00a58408a",
              "ami-02216b562e7b39e2d",
              "ami-0d8a50146853dea10",
              "ami-0d2f9006c348b4ac7",
              "ami-01d96ef1c8ccff903",
              "ami-0a7cf3890e8242035",
              "ami-0aca0414350bd180a",
              "ami-031102d49fd792f54",
              "ami-05c56d0d4e5e65676",
              "ami-0a022c5535af85c9a",
              "ami-054fc9bd0da97e283",
              "ami-066d9424e29081921",
              "ami-0ed3fac36fb6a711b",
              "ami-00f5bbc3530b6b430",
              "ami-0935eefb1799c7f35",
              "ami-072aec386bbf8970f",
              "ami-032b37fd0e3962024",
              "ami-0b643e4b5c84c5247",
              "ami-0f3049d80ba02db00",
              "ami-05279c56c35a4b4d1",
              "ami-0aaab4f54d5a57eec",
              "ami-023486a7013e36753",
              "ami-0690e6dff58f678d2",
              "ami-06317e4ae2bf33758",
              "ami-00f1084af74b7233a",
              "ami-09c08011feeb8137b",
              "ami-0e7637a5ed2232d32",
              "ami-008fcbbb1546143d0",
              "ami-009038c0c315bfc23",
              "ami-01aab8e60f85bc1e2",
              "ami-053c648b18eb7e13e",
              "ami-009b7b3b61a634cab",
              "ami-0d992f4f4795f9dbc",
              "ami-0fbcbb29940b47660",
              "ami-08fb89e29d66ed2b5",
              "ami-04c652eff963e4168",
              "ami-05774238c338fccb7",
              "ami-0b17296f228fc3178",
              "ami-0c26d0f8ffa1832ec",
              "ami-01839ebd6c81a3788",
              "ami-0712f4cb54b613e29",
              "ami-01fc6de2d023c1e2c",
              "ami-0879e0bc7faba7f26",
              "ami-05b9f4240364f2c4f",
              "ami-0c649a47b8f6d9df5",
              "ami-0c5f0e0882083027a",
              "ami-00d98d93fdd175b85",
              "ami-02118b8c48b2e755c",
              "ami-0f137097221a895c3",
              "ami-0b98b0678d4d4dfc1",
              "ami-0d7a3b9b93b533bf6",
              "ami-059d68717b1ef7a51",
              "ami-09732d1d6e5997ba1",
              "ami-0d16505e0678e1b10",
              "ami-01d8000bb5abecfbd",
              "ami-067a12b35c1723672",
              "ami-06e2f7973ae948234",
              "ami-0e487e523a9966d70",
              "ami-0929f377f3df6cdbd",
              "ami-09df1e27e1875c506",
              "ami-077276ec250b8d57e",
              "ami-06913aa9d4d45efd3",
              "ami-08b8813d52d8f33cd",
              "ami-08025f05dbb619394",
              "ami-005af9e8979b894df",
              "ami-0030c6d71ab8f7569",
              "ami-0b1dd03ace8775cdf",
              "ami-02dbce9eabcfdf496",
              "ami-0a7dba220bf88f76e",
              "ami-0a89825de6edf7696",
              "ami-05d0d2957ecb8b742",
              "ami-002c37b94c9224ac0",
              "ami-022e7134962e43f7a",
              "ami-0afab995a48697030",
              "ami-0b81574327b664b5c",
              "ami-0ae2f00fa12adfdf8",
              "ami-063dd92e888d1c75c",
              "ami-0fb30cc5cf8149c1b",
              "ami-09f011da2ba5937b9",
              "ami-0662827ec3c19e734",
              "ami-037cf64feddb597b3",
              "ami-0243bf2aa97197e01",
              "ami-0c723b0c5a7735c79",
              "ami-0a60d431ba359b796",
              "ami-0a480e7af5f5f98ab",
              "ami-080476d44d6ba5208",
              "ami-0951ac151579f16e7",
              "ami-0ed578fcd9c1c6921",
              "ami-02e4e2051e9be16ae",
              "ami-017b6338974b29fcd",
              "ami-0364a464103eb4cc7",
              "ami-0106228ac02fc2eb7",
              "ami-055551e929890cf8e",
              "ami-090d682b3d0548117",
              "ami-0f6d665e332b921d6",
              "ami-0afc2b01450f84758",
              "ami-055f9789b9ae3e3df",
              "ami-0aeeb5776d22536f1",
              "ami-0f93e69c2f41bc501",
              "ami-005ffe376570bc96b",
              "ami-0686af40f61a5fcce",
              "ami-0c926c69839e8e7a8",
              "ami-0ffecb19b4dffad22",
              "ami-09940b3f33a0eed62",
              "ami-0bcbf4b6161895c16",
              "ami-0820977d6fa78219b",
              "ami-02c7d1d477ee72d8a",
              "ami-0cace66942ec48558",
              "ami-0b06d0c5aeee021bf",
              "ami-0dea87a8949f8148e",
              "ami-021f0ea0a014b3d4c",
              "ami-013ba18cb033752a2",
              "ami-02b1c2a66f96bf2ec",
              "ami-0540d82b6b9ad0c48",
              "ami-071b299b1e7aa0fb8",
              "ami-0febb1b71c82d1338",
              "ami-0081e911ea0f138fe",
              "ami-0802381feb910c803",
              "ami-0d4a8ad9fd0eedb17",
              "ami-07bf17b2763b7cb37",
              "ami-01d009da6137342ed",
              "ami-0e23f356b75df4092",
              "ami-09cf1ec9bb7b6d90f",
              "ami-0de51fcbcf284374e",
              "ami-01af27a9fd1206473",
              "ami-09adae22ed7a95bcf",
              "ami-0c3d043da76095313",
              "ami-00a2ec176f7a99c50",
              "ami-04f85f43bf734dcca",
              "ami-0dd94497598df3cdb",
              "ami-025c2b3a2f2110d17",
              "ami-01cf10a2ca5e5aea6",
              "ami-010406097f95e3034",
              "ami-066f0f42c94160f15",
              "ami-06950254a57bd324a",
              "ami-0ac42833d15627da4",
              "ami-097a4e5ab38c22be1",
              "ami-0c0ab35f580e7b765",
              "ami-032ed2381f6aa4372",
              "ami-0e744012d7de4c36f",
              "ami-0bac459fe8309bab7",
              "ami-003c9a863934bc965",
              "ami-0786c463e9c0a0ddc",
              "ami-0e8b2ced396b93176",
              "ami-06599287e10e0bf98",
              "ami-03d0c9c847538b30b",
              "ami-0128f64a04fb3175c",
              "ami-0c870d6d57ef6699b",
              "ami-070a0e04474e4cfed",
              "ami-0e88a211a5331cea1",
              "ami-0c5af6ffb2b7530dc",
              "ami-01983a7d30f4f9799",
              "ami-0edf06b07543ffd40",
              "ami-015db7f2156e362ad",
              "ami-02aa143e8e18e9bbb",
              "ami-0d06d1255e280bb95",
              "ami-0e932ae268855ee62",
              "ami-01db02148f1c2eaab",
              "ami-047480f2865ba4fd8",
              "ami-0c3ec04058d9a26a6",
              "ami-0022394749dc2e807",
              "ami-0cdad9e33d3965455",
              "ami-0efc8674a5d21e2ae",
              "ami-0a5473c3285e599d9",
              "ami-028ad67750c1c4953",
              "ami-017fb449a79bb79f8",
              "ami-07c3cd17340321b2e",
              "ami-04980232e1ef1c120",
              "ami-0e530f12811a2ff38",
              "ami-04f2fe7da51e47301",
              "ami-0735f7038d2eb53bd",
              "ami-0b1ae7af6e45d4286",
              "ami-0ac353045f8e5de0d",
              "ami-0f1fa8cba7abc76cf",
              "ami-0d325ac25778e0a66",
              "ami-0a025e611f2683250",
              "ami-079d0a6e3e1473c27",
              "ami-0df62330df0ec00e5",
              "ami-0cb8c0ce7a84b7ea8",
              "ami-0c52a1ca34aeb013d",
              "ami-0c5f847fa224a1ad6",
              "ami-0926b2535d169a2ea",
              "ami-0c25933865fff16fe",
              "ami-08845ae7ac84b1e29",
              "ami-0b4bf6391948571aa",
              "ami-080d808ecdcdfc955",
              "ami-041172701632a19e2",
              "ami-0cd6077bade6ee82a",
              "ami-081f3c20fbde5dfc0",
              "ami-020e91dc2df9226be",
              "ami-0fbddfb2737a96e7d",
              "ami-022c877f3cd7a0072",
              "ami-0d2a9c77a70b39306",
              "ami-0786c68175d282a03",
              "ami-0f4cbb606506f7d81",
              "ami-0be82ef19d8a0c5da",
              "ami-053446bc0e705ed32",
              "ami-0b29a88bd12d61daf",
              "ami-0afc598ce7fe217f1",
              "ami-0a7afd940a2f4101a",
              "ami-0ba514aa851352a24",
              "ami-03337e3c95f82784e",
              "ami-0f4c2e8b1e33fc2e9",
              "ami-0c50344154200fefa",
              "ami-05d56c7d8388f3388",
              "ami-054f30fff8960ec62",
              "ami-0912129b89cf88e4b",
              "ami-03dd7cad714a197fb",
              "ami-0221615986cb78a14",
              "ami-08570af0750b71a5b",
              "ami-06e3de4a33630ac45",
              "ami-0382be7ee844abd2b",
              "ami-0c54dbcb2e8e5c2d9",
              "ami-07f5ce9362ba8d911",
              "ami-036871a078196c9de",
              "ami-051c6bb63ddac763f",
              "ami-0ca7ad82a6323270f",
              "ami-047e12882c7782cb1",
              "ami-058d42f870a4f2432",
              "ami-0835159c562abd2fd",
              "ami-05336583017debff6",
              "ami-04166479c5b224d1e",
              "ami-0916e47692693b046",
              "ami-07ddae80bf830a765",
              "ami-002f8d04afb9755cb",
              "ami-09e5a479b0df8bc5a",
              "ami-0e6efa9db3dfac23c",
              "ami-06284f1f3b9856448",
              "ami-062f685bf639117fb",
              "ami-047b7af7a60bcba48",
              "ami-0f430de6eac88ea70",
              "ami-04583d6e0db2a6ad5",
              "ami-0eb8e1eac91469ffb",
              "ami-021f5ff66d3487e70",
              "ami-099843d5d9926a5b4",
              "ami-0533afbf93f93891a",
              "ami-0ab6495ddd025ef43",
              "ami-08fc90eaf60a9f53a",
              "ami-03e7ab3669302fe69",
              "ami-0efe100b1035419f9",
              "ami-0acdb0a71ca135f93",
              "ami-0a843bc88dfbb15ef",
              "ami-03679a870fe1ab4a4",
              "ami-07064e586eeb2f1e6",
              "ami-0faa1a17ad06ef096",
              "ami-038d71986190af0f0",
              "ami-09ed38e12a29cf656",
              "ami-0e41f6e659a78a062",
              "ami-0d26637e75ffab1d9",
              "ami-0b521c37a92ca6d48",
              "ami-0e057c12e14857bc2",
              "ami-078c9e508111c3ce8",
              "ami-090a358dbe670aacf",
              "ami-078f0989eabe360b9",
              "ami-03fdc0fecf32ef9a4",
              "ami-0d8606c5708ff668e",
              "ami-07356fea309d5cba0",
              "ami-08864c17d91800520",
              "ami-0d3be0b5832c418d1",
              "ami-029bb037c4be65fe2",
              "ami-0edc62a7295c65042",
              "ami-0dcecaa441baa3310",
              "ami-00292997333ffa27b",
              "ami-06217a43473b6ba90",
              "ami-0d2fd1b44a078383e",
              "ami-0d54e04b7bd126a17",
              "ami-0d706556121813dcb",
              "ami-0be36c75cb5fccc0b",
              "ami-05cff1090da05af4f",
              "ami-0fba75560db61c1fa",
              "ami-024fe36ab7a5420fd",
              "ami-0e6dfea0bece80c69",
              "ami-03c3c018501bfe4e3",
              "ami-015fdd4b3ca8a5e00",
              "ami-00562b91413729042",
              "ami-0dfaad7cf9dd74146",
              "ami-0c451b71cff303a72",
              "ami-01efb4afd17aceebc",
              "ami-0d760174b83fb9d1c",
              "ami-0aa9a46e9f948fc64",
              "ami-0c7c73afe03625552",
              "ami-0276844331ae9c3b2",
              "ami-0f60aef2f171f5a9a",
              "ami-063cb41b993fc999b",
              "ami-053948b71d46f1c70",
              "ami-0a8c6002e1c9e63c0",
              "ami-0d7e38e124c13c968",
              "ami-0678854a77e671b58",
              "ami-0342c0f98c0f09881",
              "ami-0b487c94be154a3ac",
              "ami-0487a92c866d4063c",
              "ami-09f2ea48da4ea251e",
              "ami-0885e8e4ca24d2d38",
              "ami-0c86f00c23a2b7d22",
              "ami-0bb042d123489d68c",
              "ami-066692fa3e3828006",
              "ami-057efc713bb78d443",
              "ami-06e411e78ccd78d7b",
              "ami-07b5504fc75f30dc0",
              "ami-0a97fd66b720ad023",
              "ami-0aaa00ab68ad1ee6b",
              "ami-0438961dc015783f1",
              "ami-02aec2422d7670ba6",
              "ami-0de92a1fdb911e182",
              "ami-05f64af286bff56ae",
              "ami-0d208d12384994a02",
              "ami-0aa5b5ca421d47a93",
              "ami-05ba49b9d8b51ae29",
              "ami-03fa8e58261c7eb11",
              "ami-056e1da9295f02175",
              "ami-018623e33e8ed0bd4",
              "ami-08bc3ea8ddcd6cb33",
              "ami-0ce703bb960a618db",
              "ami-0759d3a09c5e5764f",
              "ami-0b2adfb098125b8ad",
              "ami-0e3979cfd06708d62",
              "ami-034f4da43abfbaad8",
              "ami-0db97d9fe850a3ba8",
              "ami-007bed641373de484",
              "ami-08e1fa6aec83b6cd6",
              "ami-04a666484390cf500",
              "ami-0e6549ffe4fd0f8f5",
              "ami-0d26868f61468d457",
              "ami-0a81546beb3624334",
              "ami-0884e3d3077bed29f",
              "ami-06d59fe7ea9f6e4f0",
              "ami-0026865ca7f93c7c6",
              "ami-0170065c12675733f",
              "ami-03241498238d68d3a",
              "ami-09e99ecc6126d3d36",
              "ami-0b897257ebe8984d1",
              "ami-0f3ee5a784b3c7fe7",
              "ami-02128d7332a9914d0",
              "ami-0ba1c75ffea409d71",
              "ami-09f9396cff54f0f87",
              "ami-003c195f8f080b001",
              "ami-07281017b5ba45a23",
              "ami-02e38e9bbc3bf405b",
              "ami-08192065f26a2181a",
              "ami-06234cf46752cb88a",
              "ami-0f2bbdcd7e83db87b",
              "ami-05e349d8d4b5ed827",
              "ami-05ca8e0dbb577bbcc",
              "ami-02b4d0b2b017bdf87",
              "ami-0607378f30b098ab9",
              "ami-02dba9fa66c8820d2",
              "ami-00c252e73a933270e",
              "ami-0cdfad5ffd9ac18f9",
              "ami-0e8c49dbcde676ad2",
              "ami-08e775d07b63537ca",
              "ami-09dd5c6b7747253bd",
              "ami-0709199e0eb87d737",
              "ami-026ca8b5c16cd0d86",
              "ami-0ffdc0c82ed476443",
              "ami-04fe4645acb3c61ee",
              "ami-040b5d8493a060c2d",
              "ami-0e7d76dfc4fac48d6",
              "ami-04f090d00c53ca9e1",
              "ami-02cba24ff6127e601",
              "ami-0d40f13401327e924",
              "ami-096a1f5ae756f5922",
              "ami-01b634464a63c94cf",
              "ami-0a19aead28022132b",
              "ami-034d6c528e98bcf17",
              "ami-05882c08a5ccbfc56",
              "ami-0ad8dcefb224676a2",
              "ami-0e91a7ca338281b77",
              "ami-0de8c27d087d5d77f",
              "ami-062f5342fd0e1282f",
              "ami-034d8b63c534596cf",
              "ami-0fed61414b4d6fbd6",
              "ami-0cc0c5158f3aab9da",
              "ami-05668d8408e659de2",
              "ami-05566143e3a1f4ce8",
              "ami-057d0e7327f93ffb2",
              "ami-0fc896b57b9e426b6",
              "ami-0d3d813fd74ae9a38",
              "ami-0f084ec6fe3a73ee2",
              "ami-05b8e1ae6060b24b3",
              "ami-0674e07d84721060d",
              "ami-016e75da389dbd69e",
              "ami-0bc140dd941710fc2",
              "ami-07df3ac2afa5120ef",
              "ami-0b44214b3550a718c",
              "ami-00523fd5abb0d93ca",
              "ami-05cf90d96a8f1c658",
              "ami-0f6cd1251d0e9d71e",
              "ami-0d4622405efd8c7e8",
              "ami-023ad3a83c090a0b4",
              "ami-0ee55b0ddfe4e59df",
              "ami-04d835dbecdfc6418",
              "ami-0a8e16d3bf6b1bd4d",
              "ami-0b77a57497513ec77",
              "ami-0a810cbf1e4aff569",
              "ami-0b88c1baf3c2a5eee",
              "ami-02ab8e54a3687622e",
              "ami-0d20877f1099962e9",
              "ami-019cd04a183bfee83",
              "ami-0af5b3e1017463270",
              "ami-061a7dcf0115e0287",
              "ami-020d2d1641bfdd0fa",
              "ami-0b7476681fcc25ed7",
              "ami-026416cbe52e4e783",
              "ami-08decbfbdc0e7ce17",
              "ami-0c014d7d1576b5602",
              "ami-0ec1003f3badecabf",
              "ami-00cf4a22ba012c233",
              "ami-0ad862bb971fab49f",
              "ami-0faadc407644bd169",
              "ami-06816187401986121",
              "ami-031588d19631a5a41",
              "ami-038a8f3ce5510fca3",
              "ami-0db4ceb171323ae33",
              "ami-085b74437c1df21ac",
              "ami-0434b15bfc596c6e4",
              "ami-0943e84018870a6ff",
              "ami-0307978f05c3d63c0",
              "ami-0e713c4c79346deb1",
              "ami-0fd103c841371b335",
              "ami-07cf4ba05b77a50a4",
              "ami-0dded1ab83731a0a3",
              "ami-017ed00a56f956868",
              "ami-02ef3cbab758effab",
              "ami-01e75894f9c853963",
              "ami-07a8361641428d67b",
              "ami-0f2cce42bd5493946",
              "ami-0473c0d38525187f6",
              "ami-0ef30c05f53a23414",
              "ami-0b1dfeb2cffa501bc",
              "ami-00d11a12b3a142cb6",
              "ami-02f279ba07ae961b5",
              "ami-0484740f8640d7ced",
              "ami-04869a597eed410d9",
              "ami-053b32c2220a7ca9f",
              "ami-0bc84c2407844e5fa",
              "ami-05f47512271112bd8",
              "ami-041db4a969fe3eb68",
              "ami-0d152e7787fe71a61",
              "ami-0e696a532e32a4399",
              "ami-02fdd31ac4838b685",
              "ami-0797455770f4a82af",
              "ami-04cfd3213bd145442",
              "ami-005c0aab1722675cd",
              "ami-0f2d1eb63339fb667",
              "ami-084be380c626004bc",
              "ami-0dac00757d3028cfc",
              "ami-01f182a66af3666f3",
              "ami-00e496538978696a3",
              "ami-0de9f8cfa9227062e",
              "ami-02bd3f0793746ff11",
              "ami-030d2276a22ec5416",
              "ami-0206c564c559da929",
              "ami-00f3a6a7b3dc6e7af",
              "ami-09b93484f508c4322",
              "ami-07873b8282b02246b",
              "ami-0bf51e5fc3e613bbf",
              "ami-063d17225c57e35e7",
              "ami-087efe8a34d2dfa6e",
              "ami-0845d19370f31738b",
              "ami-079589c4f201e1da4",
              "ami-095b14812b9fcf5d3",
              "ami-068f31c5a4d7c1ea9",
              "ami-09546876b9ec2c9f4",
              "ami-0bc4c63ddd1bb7aee",
              "ami-0dd4ea3d9d545427b",
              "ami-02c190bf8eb5667aa",
              "ami-0c173197827d0859c",
              "ami-088ecbb5b265d4387",
              "ami-09bb1ce4d04349b6b",
              "ami-03e7ecdc3c9e3d45e",
              "ami-0efd9bb98581be014",
              "ami-09975abd8ae8a569e",
              "ami-073e1c9b08df9a6df",
              "ami-04e028d380dd223e4",
              "ami-0b394e2643895580a",
              "ami-0acedea90e55be983",
              "ami-06e3316652252c0bb",
              "ami-027d135d42a174751",
              "ami-017efde832b70b89b",
              "ami-03315718f571de05b",
              "ami-092cee6fdf106a537",
              "ami-0926ee96447e710ff",
              "ami-0010d9c1977f5d8fc",
              "ami-04ae9220a056d9240",
              "ami-051bf89436c25f97d",
              "ami-0ba9b25ee89705cba",
              "ami-093563f5e9ca8521c",
              "ami-0e6341f45d41d2c98",
              "ami-0371c34655bff5515",
              "ami-04d8b1357cde0858f",
              "ami-0b1b88a65a8f6c6d8",
              "ami-05e86fc1f3c21630b",
              "ami-02c3198c239b628b5",
              "ami-0e34e7b435243ee50",
              "ami-06536099d6fc9a676",
              "ami-081bc337b4ab2a368",
              "ami-0eba4baac667ea0c7",
              "ami-0366d11df28f6a1f9",
              "ami-0b1bd22ed4710e080",
              "ami-0796117ad03296301",
              "ami-0d665c55ff51b685f",
              "ami-020fff39391caf90c",
              "ami-0ced29f384adcae3b",
              "ami-085667c35d27c9aed",
              "ami-0e8fee154ff28ca7e",
              "ami-089f8991257f2b13b",
              "ami-076dc53647d0a8a5f",
              "ami-027647dded081b787",
              "ami-0de6cf591821e792e",
              "ami-06def3ce40a6c6aa7",
              "ami-09d5a7357c2483942",
              "ami-03fdeab8ae18b8797",
              "ami-09e044b4a936f990b",
              "ami-037cd82c583992297",
              "ami-0ca17ba624e50127e",
              "ami-0adb31eca582c3e49",
              "ami-000d7b7304a45eb31",
              "ami-0965f50fa70c60da4",
              "ami-0eaf3668e2808dcbb",
              "ami-093f29beafc6ead04",
              "ami-010f0b376694126ea",
              "ami-0d1c29bf88eccbfa6",
              "ami-0d0817fecaf2fc075",
              "ami-0c4c195e5defd48b5",
              "ami-07e48c50741aae132",
              "ami-0b7eb14c0d3024c3d",
              "ami-0db4bb7bc77f96b8a",
              "ami-041d86495901ba99d",
              "ami-0b5fa2df68cb0ed51",
              "ami-0b530bf77772efb9e",
              "ami-0395218dadb2ba227",
              "ami-0cc2022f1ccbf661d",
              "ami-0ca33c8afeb8ec4d7",
              "ami-05505991da2c8d937",
              "ami-01878437f0c2e56a6",
              "ami-0687d519b6a10c6ec",
              "ami-04cd1fdab54c188cc",
              "ami-01dc6413555bc8086",
              "ami-0c9569b2aea47ac69",
              "ami-0a26068186838e542",
              "ami-07e7310b0af6fd028",
              "ami-041d6256ed0f2061c",
              "ami-019ae1aab5abe98a1",
              "ami-0e3df13f7c221749e",
              "ami-0eec831ad7a701673",
              "ami-0713b3f1f6edd993c",
              "ami-0405ea06ab2621cff",
              "ami-0e196aaed0566a553",
              "ami-05170ff18d0136657",
              "ami-0de756b9364882063",
              "ami-00f391bd5b80327a4",
              "ami-02a0a96f65e7a33b8",
              "ami-0652ec82bd81f4bda",
              "ami-0baea542d0370febf",
              "ami-0631c35b2182255a6",
              "ami-0f6693f590f2abd3a",
              "ami-0c03e9eaad27ad6c0",
              "ami-0eab9c8444a7a7e69",
              "ami-03dca50e1ec57aa93",
              "ami-0e33b5dfe8b17b629",
              "ami-03f5bc38e0c6b9380",
              "ami-080f22e31d428d0f0",
              "ami-0f2477beec34a7a7f",
              "ami-00f12dc0790388077",
              "ami-091ba9abab4f3fab0",
              "ami-06275e6a4bdbea5e9",
              "ami-0e71622ce3edca439",
              "ami-0e6e3d8fc02d57eb0",
              "ami-08074f159044d0021",
              "ami-06a099d464d674739",
              "ami-0050da06ef8a2b6d9",
              "ami-0106265eba7d52fd2",
              "ami-08481a284822f0e96",
              "ami-0e30b09bc336c5c19",
              "ami-0b5c09001e617451a",
              "ami-0f428e3cf1c36852c",
              "ami-0fc8d1a444b7e5439",
              "ami-0d78f9c500733429b",
              "ami-06a42cbe224571ff4",
              "ami-00ff7dc91ae4e7d05",
              "ami-08b715b1ad2ce8cd4",
              "ami-04f1f3f4974e28f2e",
              "ami-04039a6f85e68ad2e",
              "ami-0cf91787e60591829",
              "ami-0c2379bf4c0b23672",
              "ami-0505124979a7f6721",
              "ami-04244d6f46d155a79",
              "ami-0801e149ae131ce1d",
              "ami-048815337112e7d0f",
              "ami-075fcd7057f082baa",
              "ami-039d9670e2aa44d24",
              "ami-0bc960a2cc03fd431",
              "ami-01abc28fe44d9ca52",
              "ami-09dc318618c7b4e53",
              "ami-07d714c634323ae46",
              "ami-0fd09841e9cd815a1",
              "ami-0375d97985de2f654",
              "ami-00abb9c6ad1cff9a6",
              "ami-0c81ea4e99eba7ee0",
              "ami-01bf282b496e0f069",
              "ami-05ddd735988d896ea",
              "ami-040d4d54c9199246a",
              "ami-0231a7bb38c32118e",
              "ami-0c819588064bdad0d",
              "ami-04c6ba6ebe0e82057",
              "ami-047ee809d5218fa0f",
              "ami-0f24b747dc7079da6",
              "ami-004dacacc9197282d",
              "ami-00db53cebb66be7f5",
              "ami-029d0fbde0809d494",
              "ami-03c2bfcdb82e125c0",
              "ami-0744b8a5e2460f113",
              "ami-025eff057a71bf09a",
              "ami-0c5646f31c39cc872",
              "ami-0b8524db1f466f32e",
              "ami-0af0baeddbbc95f8e",
              "ami-0e6a858ca986e9e0e",
              "ami-06c9e34e48c808b5b",
              "ami-085d246ad4f7c4bf1",
              "ami-022335223316944f5",
              "ami-051d91724f6e6f770",
              "ami-03014bdcb56bff57c",
              "ami-0a5d593e9e6571938",
              "ami-026be9656bc2e3edb",
              "ami-063107b83cee4526b",
              "ami-07fe0e5bf54e51a38",
              "ami-025a87474fdff1687",
              "ami-017ce11af44385723",
              "ami-0ff6bb820dce4174c",
              "ami-0cc2a1ff220792ec7",
              "ami-0b72f639c8d052071",
              "ami-013320de56a42ef37",
              "ami-05f1aa2dd79fd6d4b",
              "ami-05f8b40ad2056ccc4",
              "ami-0d82f4c31cb2a49f5",
              "ami-0114a2c5ae5d4515d",
              "ami-0d8dbe3fd2169ad7b",
              "ami-0139be5a9780aee0e",
              "ami-08696f306458d6d05",
              "ami-057d9828f3f43da38",
              "ami-065e1fc4d59b3263b",
              "ami-08a82f09e13f860fd",
              "ami-0fdad0038f06f5340",
              "ami-02eabc5b7d32116e2",
              "ami-094eeb6e12696e246",
              "ami-0c682dd739908aa97",
              "ami-04be984054be7913c",
              "ami-0191c186f68e8a8e7",
              "ami-00c51e88e3d968eab",
              "ami-01a266d87f3c6879c",
              "ami-0cfac14f028fa9b43",
              "ami-0a666c357ae66fc8a",
              "ami-01d8e934607289250",
              "ami-0b7097f89d96288e9",
              "ami-04dfcc427072958fb",
              "ami-095ab2d81a932251e",
              "ami-0b4ddf8d7b1f6adf2",
              "ami-0db0dde917a9b81b1",
              "ami-001d4802b684b0bad",
              "ami-08a13b218432ed0e1",
              "ami-0c4ab3c019443b670",
              "ami-07e5a18c1185eff47",
              "ami-054e233f191622597",
              "ami-00016d5b72bff2ca9",
              "ami-0a58809eee80aa0aa",
              "ami-0118163f2aed854d0",
              "ami-0d40b87d9f5dca735",
              "ami-01eaa30ba75101c35",
              "ami-049425273c74ba317",
              "ami-0cd446c9d3c4c7ef6",
              "ami-043b406b3cc63ab75",
              "ami-00a2f25e65ed880eb",
              "ami-0de56ebff4c8e0885",
              "ami-0285fa9b7736b53f6",
              "ami-0fe4b240e0c0892d8",
              "ami-046ccf723c73c4316",
              "ami-0bfad31580acf2e87",
              "ami-04f59d62cd6e952ee",
              "ami-0d404f6eab22069b0",
              "ami-092f35d7b0effb6f2",
              "ami-020bf56ce2a1a11e5",
              "ami-09713e9805741931f",
              "ami-049068fe82f47ca7e",
              "ami-0121ad7f08a2d7722",
              "ami-07eda623eeda290ff",
              "ami-040dbb871362683f2",
              "ami-02083d2f1f27db991",
              "ami-0d299f3c7c4221c96",
              "ami-006364bdcbc9b85a8",
              "ami-0522b53f2d1916b4c",
              "ami-09d4f1669e0d62f11",
              "ami-0fddbef56f2c3fb17",
              "ami-0c8944b718f2f9c6f",
              "ami-09e863a59e22bd465",
              "ami-09505875fa5364efc",
              "ami-069f1a5a7c23117fa",
              "ami-0ca7f1d16cf19b986",
              "ami-06ef05f4519e67a4e",
              "ami-01cf0753cb2a5a86e",
              "ami-01d2ae4fcaffd2dba",
              "ami-065f11c696a5c24b1",
              "ami-00a22c0c8f1335e90",
              "ami-0f977961c567c3431",
              "ami-0900602e3729f23f7",
              "ami-02e8089e8098b648a",
              "ami-08bd5ff8d2be53271",
              "ami-0a5af2afda1ef810b",
              "ami-0441fb13017025808",
              "ami-065b95f1db1265697",
              "ami-09258da773de9c96d",
              "ami-0ec547d2b0d3be4c7",
              "ami-0fe00dffe63b0981e",
              "ami-0e56f3ea785290e2d",
              "ami-0a79160964c27e2bb",
              "ami-0d8d9456667b2e71c",
              "ami-0a7961ff661f44798",
              "ami-0eb29c1acdfee4f6d",
              "ami-036f95343c73c6ca2",
              "ami-02414808098d9e5de",
              "ami-00bcaf717ef90ab03",
              "ami-0c5b758b33858b59c",
              "ami-00b2570b355a65da3",
              "ami-0a908762f601fa1fe",
              "ami-064d4d409962ff0d9",
              "ami-056dbad30e8345cfb",
              "ami-0a3ab363de88593d2",
              "ami-01d2fbff411bd2875",
              "ami-0e55818062c2b87c2",
              "ami-06691f6404314d807",
              "ami-08672bcc095dbe453",
              "ami-03c2241a2bd57546c",
              "ami-0b3b4072fea72b3f4",
              "ami-07ae381842a4b273c",
              "ami-0459aef46fc2e18ce",
              "ami-03910764ba9df0169",
              "ami-028feb6e9ceb5d14e",
              "ami-07de01767d7b40e27",
              "ami-0436a293c33cd2449",
              "ami-0713d2f9ad9aaebac",
              "ami-0c65998d508e7402e",
              "ami-0345edac33bbb5d13",
              "ami-09acc0efb5afd7822",
              "ami-0efea91c7816f9556",
              "ami-0ffb1032bad27fd24",
              "ami-0733b29f54377425b",
              "ami-0f4c4e3eed43ae727",
              "ami-055b5ee1512e86959",
              "ami-06d0b582c7922b692",
              "ami-0f8ad3404bafe9938",
              "ami-07a47ee27f655ab86",
              "ami-00d5083b5a2e3bcc8",
              "ami-0b39718f429e05e52",
              "ami-0a3f22c530a6f7df4",
              "ami-0f47a6194bbff5ba3",
              "ami-05a533a1665a9baa6",
              "ami-04635c1624c4702fc",
              "ami-03585a77283328212",
              "ami-07705a0ec45874886",
              "ami-0b731fe819c44c521",
              "ami-08733363138f75ef9",
              "ami-0bc77ab497ec5b41b",
              "ami-0365faa3c29dc6ca8",
              "ami-01bbfa1cb5a3192b9",
              "ami-099ba8c7cb5955560",
              "ami-08e87cb7c8b43261f",
              "ami-082b9fdd488a0e847",
              "ami-0e545a7e6020b737c",
              "ami-00f4792a9504ac134",
              "ami-0f7c739b3ff5594d7",
              "ami-029c83b0716f85083",
              "ami-0da40b1a44af9368b",
              "ami-05e98d9157f5293f1",
              "ami-0bba3cd10670615fb",
              "ami-02eed6cca13d70553",
              "ami-05de6843cdef5a66b",
              "ami-0560c6a3f2dae2c01",
              "ami-054ec426658de36f2",
              "ami-0a2a39d9879b4bf69",
              "ami-054d3c8678e0d1822",
              "ami-00b75841f3b1dba3e",
              "ami-0e5223fc6d56c55fa",
              "ami-0d34b4793f730fcdb",
              "ami-0681b232e0ccd6562",
              "ami-0f4683147b90e8aa6",
              "ami-0afb680d9dd33cce9",
              "ami-0459de4bd55aee6fa",
              "ami-0cc6b8cf3ed4d3ac0",
              "ami-03e7cc3f520d39354",
              "ami-00c4b4226112e9cf7",
              "ami-0cc7e002434dec840",
              "ami-0eb6afe78a44fa96b",
              "ami-08fdabe79338294c2",
              "ami-0f6a88a0106a3eb0a",
              "ami-06523e9c56953df7d",
              "ami-05d9eb62bb8bbcc48",
              "ami-04ecf2d649d89f279",
              "ami-014598da8faaf1570",
              "ami-01c0f9f7b3026fddc",
              "ami-04f468e20a1927ab3",
              "ami-0572b71b6df6644ca",
              "ami-0cacfa7e7b65edcb5",
              "ami-007dddacdac6d8c10",
              "ami-0e151364f5d1238c2",
              "ami-0d37c38b2180fda85",
              "ami-01ec60500bee50f28",
              "ami-08ba9936bce33f020",
              "ami-08511b9e2b504a0d3",
              "ami-0e0fcb36e62f915e9",
              "ami-09f065c3394e86f0d",
              "ami-04a5ebccd24474397",
              "ami-0b860e8c0e78c1e38",
              "ami-07ef5088c91384144",
              "ami-063fb488b5c6b17d7",
              "ami-07c513b29eb29ac2e",
              "ami-003d9d31920638502",
              "ami-07c3a9fcd142c612e",
              "ami-0c47cf54f8a9400b6",
              "ami-0eb5d8c3aefb854b7",
              "ami-0bba09eb929ca4144",
              "ami-0bd9e008be4f34d70",
              "ami-0b747a53108292b35",
              "ami-0381ce7b09d5d5f89",
              "ami-009fc2c8b44d97858",
              "ami-0e3db2f3a0ad70ac1",
              "ami-0a00b7a30d89f5567",
              "ami-0f7a7f47d57e2f212",
              "ami-040313a0a603eccb2",
              "ami-06803d42e6a880b49",
              "ami-095462b4c3296aebe",
              "ami-037a48e310807d08d",
              "ami-09035ad7f636e9ab8",
              "ami-0a017c57e4d983253",
              "ami-07043c8661d636b64",
              "ami-067bcf0b90d59c284",
              "ami-0d3453b286246cd32",
              "ami-005a45572e84fa1d4",
              "ami-005deb0d8317cb582",
              "ami-0c1233c06ffd68506",
              "ami-0f0844589ba3db5f5",
              "ami-0aa04a193f12dd3d5",
              "ami-0c4b4c40db9d45010",
              "ami-0e6cb14e838f7846e",
              "ami-0500165e570f83743",
              "ami-0565ee768f27ab9b8",
              "ami-0e9ecf7e57d745f0a",
              "ami-0f1da5cac9a5ebe14",
              "ami-0e0497a5bf89d2ef6",
              "ami-0ba33397467305e3f",
              "ami-0300fb7cc08ef020a",
              "ami-0423bed192e9978d0",
              "ami-03492336fc3337d53",
              "ami-0749c3f32af0d7b98",
              "ami-09377da6954aa79c9",
              "ami-03bb4710defd35b92",
              "ami-0928d51f13dec513b",
              "ami-06d2111cd087380ec",
              "ami-0788aaf3c13bd2612",
              "ami-08bb84fd6b6be5e2c",
              "ami-02991315a6a291960",
              "ami-046988afb76714d97",
              "ami-01fb4d50422c8b4ed",
              "ami-0fcd20fe663757a56",
              "ami-0489f5fbf19541323",
              "ami-0e70ee1aa9eb1fcb6",
              "ami-00a4d13097df79e76",
              "ami-0212cd1b03cac7591",
              "ami-06143937df74bca2d",
              "ami-0cf2930e0e1387df2",
              "ami-0184ae9d6881c1fc5",
              "ami-0bf15c19c94ff6b37",
              "ami-0a8da99c3f747810b",
              "ami-04be82323d626f895",
              "ami-0828fa4b90847f0ed",
              "ami-085e890ffc818307b",
              "ami-0496a83863a5efa53",
              "ami-02d2f18e255663b32",
              "ami-09cb52a799854b4d5",
              "ami-033d410ea55497a9c",
              "ami-0f529d854657692ba",
              "ami-0657484a7e9482978",
              "ami-0aeb4ac927e9c86df",
              "ami-0de32179251c9a4e8",
              "ami-014baf96e86e9b53e",
              "ami-03960e1953a37f7bd",
              "ami-05c3795b3fa7f292a",
              "ami-0154faace315d9173",
              "ami-065da81aa9b005adf",
              "ami-0883f212659159ce1",
              "ami-01f37cc71f9cadf97",
              "ami-047f2cdbb66a452ba",
              "ami-080b832cf72e16491",
              "ami-0700954f319261dc7",
              "ami-068e713bb340045ec",
              "ami-08af764c2b6eb5a89",
              "ami-0d0d5d02157afdf29",
              "ami-05c8e69767e6c2537",
              "ami-0bc19dda37ce6f643",
              "ami-0144811ac2ca52047",
              "ami-071c7a51a459583f1",
              "ami-0f5fcaf5378930dbe",
              "ami-050d2828313efee04",
              "ami-05895c40644c0b6b1",
              "ami-0cf8d3b0bc0524e8c",
              "ami-0aecc845bc3bca5f2",
              "ami-05981917fcdb81967",
              "ami-03df2bfa202a972bc",
              "ami-09e140e0b43c52576",
              "ami-0a87d4856467ee431",
              "ami-094cd99e961affe7c",
              "ami-04ba988223f34d45f",
              "ami-0e59f1102194f913f",
              "ami-0a38f2a0850468752",
              "ami-0b8279b0b8ae950a3",
              "ami-053b5f0f8b999a91c",
              "ami-07b4325795686638e",
              "ami-080e8b497f450e698",
              "ami-045b741f2dee02f2e",
              "ami-08f9c9eab3f8c692c",
              "ami-069b9600583d2ba17",
              "ami-094c472a37d5a215c",
              "ami-0aa6a7dd427680780",
              "ami-0963a297590027c58",
              "ami-0fa4d10c5589082fe",
              "ami-05d84cd86de3d7385",
              "ami-05ea83c0b727ccd11",
              "ami-0bc33fdc3edaa3e07",
              "ami-0f9dbd15e6f8a863d",
              "ami-0b597432b44cb82d0",
              "ami-03760dc77d8f9d97f",
              "ami-0583a9fc28303965e",
              "ami-09e978f10816f15d3",
              "ami-078bcbd19f75798f9",
              "ami-033557f52b2eb30e4",
              "ami-07c6ee5621d22d977",
              "ami-0d8f0ba0f8fd29142",
              "ami-00a3b1dd3e2e4b435",
              "ami-0b38f0e526d2025ff",
              "ami-0defe3a184292687e",
              "ami-092100fef1703a5c4",
              "ami-0bb553cf160f28407",
              "ami-020a75ff97664c424",
              "ami-0c6c0edd30330a6a6",
              "ami-05243b83957a63d66",
              "ami-0325f9e79e8057318",
              "ami-0b5d52abe625e757b",
              "ami-0a22b0758ef324a77",
              "ami-0be587306f6c31ae6",
              "ami-025290a8ad19d22ab",
              "ami-01ce3880e1adf5256",
              "ami-0361e6f7d82c578ab",
              "ami-0b8087b9a726c87de",
              "ami-01cd6576c4d06dccc",
              "ami-09003f2435eec80d2",
              "ami-02184088183b253b4",
              "ami-0db3e11adce78aef1",
              "ami-022a8767d94603d03",
              "ami-0f5cfad8ea4c056de",
              "ami-03676385650d763b0",
              "ami-0f8099d6164bfefc3",
              "ami-0992a5673657bd9b9",
              "ami-0f02ac7fe1daec781",
              "ami-0024a7c334904d63b",
              "ami-043821f701792e29f",
              "ami-0de728def5af4e6fb",
              "ami-0a4b65f4829eb6615",
              "ami-06fa28efa86db7125",
              "ami-0c27731f091476c9e",
              "ami-09bbf58a199483316",
              "ami-0143549372abf3a84",
              "ami-085f10c4768247639",
              "ami-0a1357a90760d9a26",
              "ami-0cb3b1e60de334fbb",
              "ami-0166f855f9ac323bf",
              "ami-0e5c22a63b1602858",
              "ami-0c7c1df40cdf209ad",
              "ami-0f0acf24460bfaa72",
              "ami-035bef0d2e95d1baf",
              "ami-03dbd29e5c5adadf8",
              "ami-004900bd220aabd7b",
              "ami-0c9b3d3cd0a6f9fed",
              "ami-0dfa03bccb53676ec",
              "ami-0d38f6d2a096ac8a4",
              "ami-069184ad9d8c1437a",
              "ami-02fec9dfc8b7f830e",
              "ami-08db41a06958dae89",
              "ami-0a53e1ac3db173d3a",
              "ami-0813a6eaef5700c6a",
              "ami-07f1e0e747a8bdbc1",
              "ami-0950a0f6619b8356a",
              "ami-08341101a96195e5c",
              "ami-056397b83754173f6",
              "ami-0739165f47d4b8bcf",
              "ami-0b038ad67195daf1e",
              "ami-00fda31e0cfe655ba",
              "ami-080c24c3e8860994c",
              "ami-0f51c945b33e71e2a",
              "ami-009cebcb888b064bd",
              "ami-0a843fb2e3b421a58",
              "ami-072786c2dafb0d5eb",
              "ami-0c31370f48178d8b1",
              "ami-02488316814cba5a8",
              "ami-0a8823fa9e21bbafc",
              "ami-0fe11c42594bb1b97",
              "ami-0288169178c6fbaf9",
              "ami-08c3537d9cb8d2e23",
              "ami-0473b55846f30bfa3",
              "ami-0413f45f66ba0eabc",
              "ami-056b6e54ce1f8c875",
              "ami-0a1b89664d28fe70f",
              "ami-02d06f75689400c1e",
              "ami-0677b5504aff2274e",
              "ami-09929a7f878fe54e5",
              "ami-0df391060a4ade430",
              "ami-0918ccfa0062c7505",
              "ami-0c3900c58d3db111c",
              "ami-064b2bd0b00221879",
              "ami-0986cf32dd11a9fd0",
              "ami-00100e3bd565ddfb7",
              "ami-07700bcf9543a3401",
              "ami-006197cbd21ed898e",
              "ami-01dac5e2d473aa5db",
              "ami-0c7df5c93750a1a7a",
              "ami-03980c47794823991",
              "ami-098443991bdb81fad",
              "ami-0101874efe359cfd5",
              "ami-092269fe0998e9566",
              "ami-0d97a49bf65ac3651",
              "ami-0a37de8f330fcebdf",
              "ami-0ba1156112026846e",
              "ami-0234e84f797648d04",
              "ami-0b79245bd5376c0eb",
              "ami-0f36525d79484d6b9",
              "ami-06a85a19f2bae73f9",
              "ami-055a38ba35965dccf",
              "ami-0d34d40c584894925",
              "ami-0dab604621b44984c",
              "ami-070836e34eca412fc",
              "ami-01be919cc73584075",
              "ami-00f9202f0bb1f5c56",
              "ami-0d8d47ee80cb95d7b",
              "ami-0cc7f204f73bbed43",
              "ami-05634faab27696d0b",
              "ami-0d0b4d8967e2641d9",
              "ami-08a9872ee14c3d5f6",
              "ami-0c4ecf4ac9cf88a10",
              "ami-00852102c8fc2ffc9",
              "ami-057407edb48dee40f",
              "ami-053064b3c804aacc5",
              "ami-0e316c99001483624",
              "ami-0ac8eae8272ebc3ee",
              "ami-06c2988c6031267e6",
              "ami-07a0b21a19243fd5f",
              "ami-05ccc71cdcc6371dc",
              "ami-0471e2d07d4889c43",
              "ami-0cbdba817cd6ff976",
              "ami-092170c0e8cf5ed81",
              "ami-073e4a09020633f8f",
              "ami-0815580b2a5876585",
              "ami-071a51453792aab66",
              "ami-03cc999680f80b859",
              "ami-03d471987520651ba",
              "ami-069def2dd6ebff76d",
              "ami-066d4ccbd179fca42",
              "ami-0529bbd8901c432a0",
              "ami-0a272015a1d502f15",
              "ami-02454761c6f7ce858",
              "ami-03443f7e510433224",
              "ami-03a1b3509dc9af461",
              "ami-0e1645cf9bb5b72be",
              "ami-082483c69d872a686",
              "ami-038c13e5dffee29b7",
              "ami-06764f824ea59b091",
              "ami-08652b83f1cd81f2e",
              "ami-05c1b1730ab33e923",
              "ami-010922c8316bf7413",
              "ami-0d60e6237f3eb5935",
              "ami-080297d482541ba9f",
              "ami-005c3cf8e657575ea",
              "ami-08fa00fef93aeb242",
              "ami-0b5f47c0dc8a4a5a4",
              "ami-047bb5305e3da5823",
              "ami-0f0f9d16700e1391c",
              "ami-0571d7999c41e36de",
              "ami-0e0b6a3941c8d2c2e",
              "ami-006ffd13ede13ee94",
              "ami-015b6b96fae2367d1",
              "ami-0646d3a22c499deee",
              "ami-0ce657131b24d422e",
              "ami-047a741be8d51745d",
              "ami-012a8967beaabc7d5",
              "ami-0d03faa951a539717",
              "ami-0946e7c31c799273b",
              "ami-033e6d5e41b06d4ee",
              "ami-0a23ccb2cdd9286bb",
              "ami-080f986ec0ce887c1",
              "ami-020d7e8639c3d3e2e",
              "ami-0142d7f3657d14c51",
              "ami-080c1148a83cea662",
              "ami-0029682ad8bdc31d7",
              "ami-015ff365e133e997c",
              "ami-0021ead1ff8533d51",
              "ami-0d91a6589b3229669",
              "ami-0561623a01ca57819",
              "ami-03aa2ba8a75524766",
              "ami-084857b4a6059e8e7",
              "ami-02af2eb405cc52793",
              "ami-08a1324f600987735",
              "ami-0d62c496e6b84e0ff",
              "ami-04fc84182a2b124e4",
              "ami-0d3cf8d33e4a171d0",
              "ami-026a039b4fcf06adb",
              "ami-08b20b579d2e16f83",
              "ami-09db33559a1c83dfa",
              "ami-0fa49d8f4129cd57a",
              "ami-0b64e81e698ef5e8a",
              "ami-02fa18414f5d5d1a8",
              "ami-0b15142eaaafe9d16",
              "ami-0d4c48be85dacded2",
              "ami-0e8ea3e862fd0ac91",
              "ami-0b38decbe1ee725bb",
              "ami-09c83b8f818c157c5",
              "ami-0c3109eb2a59c8827",
              "ami-0ad2cc02aeece585a",
              "ami-0c3173dda7e6a9a2f",
              "ami-0795eaa559dfbe009",
              "ami-05ab3ed9fd0f0ddcf",
              "ami-072c351b687a23e9d",
              "ami-0de523f27001b54cf",
              "ami-0ddd4956a81a425ac",
              "ami-08ee433bf95676808",
              "ami-0bdd89326038c1506",
              "ami-032bb2a5575fafc6e",
              "ami-0263392f439c343ad",
              "ami-01b09c2ec6b71ecf1",
              "ami-08b68dfd5b50ce626",
              "ami-0829950cb7d69c817",
              "ami-07e9f8b4afb45dfd5",
              "ami-0df7a53affdc7cb92",
              "ami-0c5d71e470f406a14",
              "ami-0581cf0a1191fa7ec",
              "ami-0522bb23857608773",
              "ami-0bd25d2acaaf3b529",
              "ami-099173cc35e6f7e3c",
              "ami-0cc60079822e614b6",
              "ami-018e483a978ff6d1c",
              "ami-0f7cd581d9ac86d6b",
              "ami-0f3f2af84e499715e",
              "ami-0c7352c4d5c421d01",
              "ami-05fe782bdf4318c42",
              "ami-03e3d5d2ffab4d872",
              "ami-0c2e68f290c929984",
              "ami-0251abf96c5dca124",
              "ami-0d6f3d9b7cb9e6177",
              "ami-0b10e69622135af95",
              "ami-0df19c964057b674d",
              "ami-01d6fb2835dc1d136",
              "ami-09e856c4be5130e44",
              "ami-01cbf8e46da193d26",
              "ami-0cfa0f3018c7cce6c",
              "ami-02ed39370a8bf2d3a",
              "ami-063ae3657e881cd4d",
              "ami-07f660c6995402481",
              "ami-02544f742a8bdc98d",
              "ami-0106ba0cf2d0cd1c0",
              "ami-00110aa4f8fb45254",
              "ami-07c52eaa43bcf0b2c",
              "ami-01129297374e5760b",
              "ami-07c026ea7eb2020a8",
              "ami-08c8934de180e5bd1",
              "ami-0996b2ae7d4aa43ea",
              "ami-0b6f90cbb8a01288e",
              "ami-035e10e20e1d35f63",
              "ami-0a356c76c0be52622",
              "ami-02bb08a1d507b5074",
              "ami-0da77b25c31618d24",
              "ami-03d5a93b185eaab80",
              "ami-00081e39ac0ac7d02",
              "ami-0128e2f868859a7f2",
              "ami-02473a52efbd53c3b",
              "ami-0822fd9199e8575d5",
              "ami-09c8be94e346410b9",
              "ami-0c546cf1f25eb0755",
              "ami-0244756096848b667",
              "ami-02ed7a8c932a52f82",
              "ami-07b2f3fb8a322d511",
              "ami-0be0f8949b7e3ee53",
              "ami-0054c14c3509d1e70",
              "ami-0eb67eec60fba7dda",
              "ami-0dcfc943940dad2db",
              "ami-06d4a7fae5408cb06",
              "ami-066016a33caf08ce7",
              "ami-0b56a560b72fe60bd",
              "ami-021e1cc5688c12324",
              "ami-0942048e80a404d27",
              "ami-045047e22b0d878cd",
              "ami-04d1cb87ef692cdb8",
              "ami-0b36101bf5dff80c3",
              "ami-0921ed37b87f804a6",
              "ami-02069d2d1a176193e",
              "ami-0031823be7a4d2763",
              "ami-05a346a6d1e8b0cd3",
              "ami-02d7cec3bc997cc40",
              "ami-0e59237271d3dd068",
              "ami-06f4e4554b76ca098",
              "ami-033c8a8106d4f8895",
              "ami-0dcdaf951dfb708ee",
              "ami-0caf99b9560489f03",
              "ami-08f16939bd39f8f95",
              "ami-08f367d500618b447",
              "ami-0788fb3fc7676fff3",
              "ami-0b03fc979a66721b4",
              "ami-052ca134760a1820a",
              "ami-0646c8c12fea3f2f6",
              "ami-04eb5c51de88f343c",
              "ami-09566df33ee7acf01",
              "ami-08e8a36fcddb35aed",
              "ami-0550cf73ff2c155c6",
              "ami-068fe1f876fc52672",
              "ami-0ab28312067a4699f",
              "ami-0ee425b9c56da05f1",
              "ami-016207020ff68316c",
              "ami-0e34eba1af6c31ac5",
              "ami-0a0cfa8169a1e28dd",
              "ami-0028aafa1e3734d98",
              "ami-0ff35d13aeef2db11",
              "ami-0d1b7d83c037ef433",
              "ami-0666d8d3ac4e2cc01",
              "ami-05efe9867d82b2729",
              "ami-03dc1b3d89c1a1345",
              "ami-0feb742cb227ae89f",
              "ami-0fd436b524d16ca3e",
              "ami-04b231d9bcd2b8000",
              "ami-07cf4522df625a736",
              "ami-0aa7ac6b074b2da9a",
              "ami-0e0f74354703b2e19",
              "ami-0828b754909baff3c",
              "ami-0fbf9cdd361008a38",
              "ami-017cab36e4ddda18b",
              "ami-0815f3e39d3163bff",
              "ami-0ee715c4547690f2e",
              "ami-04d13dea6f320b80f",
              "ami-00a00a527525231fc",
              "ami-05716f1b0487961de",
              "ami-09ee3e21e2c2cf46c",
              "ami-0a56d2d6f9f2cd73e",
              "ami-0979d1022a6b0f09c",
              "ami-0b6d821e0b6aec4fd",
              "ami-03219d6a1e0c72e45",
              "ami-0047eefd29da0bb90",
              "ami-0871eb1ef0e792c88",
              "ami-06377764dea6b75b5",
              "ami-050430d99f1674a1e",
              "ami-09561b8ac4d971a1d",
              "ami-089e9fbca0fcc145a",
              "ami-03ade7025e54b15e9",
              "ami-0d46644ae863af727",
              "ami-0185cdb9273489543",
              "ami-09d69e6acf82c2fe6",
              "ami-0484435043a4a343c",
              "ami-027e6956b6a656717",
              "ami-052bdc03b06ef9357",
              "ami-016576e0a93c57e81",
              "ami-05620b8b57b2388e0",
              "ami-03d964a569462bcba",
              "ami-096730f8dd3171a88",
              "ami-06a3107ec8dae87a9",
              "ami-0e33c3a54d06c4567",
              "ami-09eb8a9896700e36d",
              "ami-0e158e9a9a2b8cf5e",
              "ami-09cfdd1685c807981",
              "ami-0efbffb3197b431a8",
              "ami-091687330ab32bd4d",
              "ami-029e20bbc9d2a85e7",
              "ami-095f48cd727801a0c",
              "ami-061ef3e5fc485468a",
              "ami-0a43ac8de9ded8e41",
              "ami-0f7bb16fa063b25af",
              "ami-0e8549e3eca0dcfe2",
              "ami-0301660d78e82a74e",
              "ami-04df61b4abc46abb2",
              "ami-0d3606dc0678235be",
              "ami-06f7b93c24b975e6c",
              "ami-0d7a41d3f4d85d0d4",
              "ami-0662e4506965c611e",
              "ami-068405f79a5da39d0",
              "ami-05dd92fa5b68b7980",
              "ami-0bc8ddece7589ee39",
              "ami-00f2e2d88b8cd98bf",
              "ami-055c44c0668326c40",
              "ami-087e89c6379624375",
              "ami-08b24e409d3b5d215",
              "ami-00ac601395afb9f38",
              "ami-02dab21febcd5c37e",
              "ami-0f5dfdc40d4c721a4",
              "ami-0b44f55ab0d911e07",
              "ami-02e4e26644f5a1fb8",
              "ami-0c9e7a38ec3b76717",
              "ami-0f5216190315f1cb1",
              "ami-0ebbbbcb16f8980d9",
              "ami-0900729bc27106d2d",
              "ami-0b593ccc90801ed64",
              "ami-02d587633fae8f6cc",
              "ami-0262603e05fcfc68e",
              "ami-055b2fb3d76ff9450",
              "ami-0be73ee41650eeb0a",
              "ami-06e27add89010404b",
              "ami-07d5bc7638e860a30",
              "ami-0c5b86e4228ef25a1",
              "ami-07e3931142ba283a9",
              "ami-0279387bc47e2073d",
              "ami-07ef37fbf20e17357",
              "ami-03fc5f4d93be616e4",
              "ami-0378afd9eba0235aa",
              "ami-049846f9ea2e4c767",
              "ami-04b89725773d0ea5a",
              "ami-0d2fc3f782dee9744",
              "ami-03a90e20aaf40368d",
              "ami-0fe8857cbcb137b56",
              "ami-03d33bf08141dc59a",
              "ami-0efe12e3c0de9e4e5",
              "ami-02bfc302fe6626898",
              "ami-0f003e14443f64789",
              "ami-087ccb9cc055b1fee",
              "ami-07058363933ec48e1",
              "ami-0f7d2d2480a0c6638",
              "ami-07d8b322626f8366b",
              "ami-04d52e6674a56c514",
              "ami-0496bfe38893988c1",
              "ami-050e347e8a8bba281",
              "ami-06c285dc43e919271",
              "ami-0d5bda1e89e66bbcb",
              "ami-0d65e11b5d41cc2ba",
              "ami-09b6e36f1f756f6d3",
              "ami-01a879d168884aa78",
              "ami-08bb663797b3a3c5a",
              "ami-0a08bf8e5b264d23e",
              "ami-0827838e3e59f86d9",
              "ami-018b0e309d8326f9f",
              "ami-043f4e3b3c26215fb",
              "ami-00c9675c34fa45fd8",
              "ami-0dd586a3a2ded138a",
              "ami-03a57d888ed4c6710",
              "ami-04a425f58fa90d8c4",
              "ami-0a19dbaf73b920e50",
              "ami-0f6c8ccb20c93ac4e",
              "ami-0aaa180c78db4f32b",
              "ami-0d27e4f50eb680b33",
              "ami-08aa61a77f79bd45c",
              "ami-06dd4d48fba695949",
              "ami-043cfac2f9e2f2211",
              "ami-0fb60caa507bea9b6",
              "ami-095fd7f1572b495c9",
              "ami-0fab4a8c759797c0f",
              "ami-0032196d5013b37de",
              "ami-077041a79918d82f3",
              "ami-0861c12ba1cea7661",
              "ami-07c8852db705b91f2",
              "ami-0dc0e1db95d3cbede",
              "ami-0f93653e57934dc68",
              "ami-06d8e29f7f2b571c6",
              "ami-0db3c492b8491f0ce",
              "ami-02645a3ac222c8b3a",
              "ami-07e2bd1ce57e9cac5",
              "ami-09271df87c2f4961d",
              "ami-0b3c4d0b62b998ae4",
              "ami-0e4e82be7bf9230a2",
              "ami-01f058d321a5dbdae",
              "ami-07d0e06421d3465f2",
              "ami-00a81c73c34dfc020",
              "ami-04db49c0fb2215364",
              "ami-04f0287c8b54cecc4",
              "ami-0a7c22d6adb83da40",
              "ami-08fce8bbccef0bf9d",
              "ami-0086e63bfa49c3b49",
              "ami-036306cdc00c214e9",
              "ami-07b362c57fac13f55",
              "ami-090d5f89e85004e99",
              "ami-00125cb40b9ae814f",
              "ami-0f859abb47961238a",
              "ami-0e296af2ff52c1dba",
              "ami-06aa62de01f83d9b1",
              "ami-06e4196448dcf8bf3",
              "ami-009855b8bd5049315",
              "ami-03e23b0135b790dc4",
              "ami-0e0bb235e9c4d0918",
              "ami-0c60839819ce555fb",
              "ami-01292f12ea3517f8c",
              "ami-0ae2763018e0fbd72",
              "ami-037e74d2cae6e49d0",
              "ami-0e7ee8dd8a26feb07",
              "ami-0fd39ae05e1da03c0",
              "ami-0732dbc19efa3ffc7",
              "ami-06e8cacc0be67827e",
              "ami-0226e08aed09d81dd",
              "ami-0137f1b6640fed302",
              "ami-050e1529db59157c9",
              "ami-0d767a3bd0522fdbf",
              "ami-046867b611ca852cf",
              "ami-047d42d03f8109eb6",
              "ami-0ecb1bff88efec381",
              "ami-01fd9b45a3656f0ba",
              "ami-01891de7eec794255",
              "ami-04cfe3f4b9d466718",
              "ami-0c0e12a84e3e60064",
              "ami-0e5c8708f2ea493c8",
              "ami-082ca6657ce6ee5a2",
              "ami-07a3bf81983a58da4",
              "ami-0a32b98e4115f7b8c",
              "ami-0f878dc5de9b6cea3",
              "ami-00229cef9cc04e14a",
              "ami-0bf021cf880aa2378",
              "ami-0d0b1074fdbd13d88",
              "ami-02f0aa3e38ac8c3b0",
              "ami-0e118ff52592f70f8",
              "ami-0f2d1214f94caf227",
              "ami-052de4719e69c00d1",
              "ami-0c5bdc0656379cdfb",
              "ami-0aa86cd1833837aaf",
              "ami-0e0c50c88e989ad72",
              "ami-0c0bf720c4232d5e5",
              "ami-01e649faf6b9469e6",
              "ami-0c7bcb01a85f9adc6",
              "ami-0ec9c9e7119d29d63",
              "ami-0eb1c11e76a700dc1",
              "ami-08da82d63f7d1efd4",
              "ami-0b8a83c274c0fd9d2",
              "ami-0de922cd9587c9279",
              "ami-086caabf8b13c6088",
              "ami-0322278521ccb1947",
              "ami-0b45c381c63afad6c",
              "ami-09ab6e8e3d80a522e",
              "ami-047d920bdc3c3a481",
              "ami-04cec65cf91eff81c",
              "ami-0ba9263c132a39ee2",
              "ami-0985ef145eb83db25",
              "ami-089c513e0a82b8cb2",
              "ami-09602d9e90caefa6b",
              "ami-0d21cc3ade598ab0d",
              "ami-019d94bfc86bb3fe0",
              "ami-082623cd95e9692e6",
              "ami-0e86e3fc360c088e9",
              "ami-0394699791ee2cec2",
              "ami-04f9e3f3d01a73d7c",
              "ami-0f06873efc56454a9",
              "ami-07da691698fe253b8",
              "ami-09484bac6fd886e24",
              "ami-01fc88d76d4c75212",
              "ami-03c5a5301943fd4e8",
              "ami-0faee8fec537b3d64",
              "ami-03a429759443ffffc",
              "ami-0a13b7628f450e786",
              "ami-042f65fc5b491c818",
              "ami-02e440ab29aa08a26",
              "ami-0f884e265a38b6aad",
              "ami-0b888207e91706e5c",
              "ami-08000b7303428a815",
              "ami-0ef548bba9f365673",
              "ami-0102e9dbe7f34e301",
              "ami-0027fad2d391271ba",
              "ami-0d9c4ba8b0c06e179",
              "ami-0807297ccff1a2706",
              "ami-0213dc80a25cae083",
              "ami-0e0259d5603e7e9a3",
              "ami-0e69fc5bacd3ad1f5",
              "ami-0cfbcff2d2e4467dc",
              "ami-06410471cd4522c18",
              "ami-0adbfe12b9b9f1b7c",
              "ami-0302df4b8a5b5c6e8",
              "ami-0f21b2ced57014bf4",
              "ami-0391baa5ce1ea2e8f",
              "ami-070512f3e2a6e603f",
              "ami-087383232b9d64bb6",
              "ami-0148fc5ff0a803631",
              "ami-0dc385785033a6fa7",
              "ami-097134484449074ec",
              "ami-0fcc82a77c142808d",
              "ami-0cd4ec20f666a9d98",
              "ami-0c4399af9fe955de4",
              "ami-03ec4c857d986ff0b",
              "ami-0dce777b6f8ebf317",
              "ami-0374c893584e7c001",
              "ami-038d566ea0412b6a3",
              "ami-04187ebe7417f5bbb",
              "ami-0b47d80e1cb425239",
              "ami-0fc112e101156f778",
              "ami-034c9b8e1fd9299d5",
              "ami-01056cfff3fc3d184",
              "ami-0c52974ff8f7fe533",
              "ami-0ed2b9b1366f4ca0c",
              "ami-0cc754e2f8998e6af",
              "ami-0c12756d6a02300df",
              "ami-003fc87e88a52a912",
              "ami-0382d7b6b06424fac",
              "ami-0e35295654d4eaef6",
              "ami-03b1816323fdb557b",
              "ami-0ced95b531140e39d",
              "ami-021aa29be072ebd45",
              "ami-0392e37fd6154f6c4",
              "ami-0251f8e0ff52c6a4e",
              "ami-06ae3c2a7d745a873",
              "ami-00f826dc03413fd67",
              "ami-0bf4b8f2f86f3a99d",
              "ami-0a86ebec18a4a480b",
              "ami-070e5c0be51ccd770",
              "ami-03db034d069b050e5",
              "ami-04b9a9212bb7dc36c",
              "ami-0cad2f31134395dea",
              "ami-067440f45533103b0",
              "ami-08b66a9611e3851df",
              "ami-0f5a473096614f03a",
              "ami-0d7b099cea8667dcf",
              "ami-0077e643723f142cf",
              "ami-07f5f51714e6243ea",
              "ami-073c649efcb2cf62f",
              "ami-05537495e001f1b4b",
              "ami-0a171bc6612978140",
              "ami-0738dd822639c07b0",
              "ami-0ddf2e2e7ca4fce52",
              "ami-0e06ba3dec3bd3e36",
              "ami-08d80b7fded72a208",
              "ami-06db8bab700b98ca5",
              "ami-0dd5d09e679c9ed8f",
              "ami-0735fa60bb9d35f7b",
              "ami-0be9c0bb46a13b1e3",
              "ami-01eabbcecf2c5eebe",
              "ami-018bd67081396e828",
              "ami-040659609a3c1c03f",
              "ami-08b174b82017f9ec6",
              "ami-0910cf4d1b9eba051",
              "ami-0f28f95f723c1a4b9",
              "ami-09b743fd4b71711aa",
              "ami-0783fedb83c157afa",
              "ami-0301d31aea9f5a5e0",
              "ami-0819cab4282816acb",
              "ami-0d1c1cebffde43638",
              "ami-052642a08920d2906",
              "ami-01f2de82400f8c533",
              "ami-02bac8fa4dfe9cc48",
              "ami-0ff5ad576aff75d80",
              "ami-00c42932b8fd1be58",
              "ami-069ceb99a3496805c",
              "ami-030abfa360250cd89",
              "ami-0554a5ce3ee4e94ea",
              "ami-06f150808512aa357",
              "ami-048df8585006e6226",
              "ami-0bc434332c60b9f74",
              "ami-04b2c324478cecfd1",
              "ami-05176fe5c9abe7d43",
              "ami-03e5d3e3991088021",
              "ami-064933d71a4f2085e",
              "ami-0d2478a2e4553bf05",
              "ami-0ebb980715def5e6b",
              "ami-04325294e9712a119",
              "ami-01468717b15e0eac9",
              "ami-0a31836d7265f9eca",
              "ami-053d53ce17dcc02c2",
              "ami-046ef033b3577240a",
              "ami-08aa9bb6a21bed6f5",
              "ami-0eb925e21bfb174e6",
              "ami-0a741f7b73f46f504",
              "ami-07c06a13da614921c",
              "ami-04ddc08376774225e",
              "ami-087829dc6d904ce76",
              "ami-078cb817d36a73b75",
              "ami-001ec23e43192ebd2",
              "ami-0c418157be406b506",
              "ami-066e0b83ee758baab",
              "ami-0e1888dec471f1a94",
              "ami-09b5a856df09ba80a",
              "ami-00ac0c72cdb72ad3e",
              "ami-0906f12e64469a317",
              "ami-086c09c7bdf2faafa",
              "ami-01b2049a9035cd79d",
              "ami-068fe6ea0e4511865",
              "ami-0b83ca35ef98dbf57",
              "ami-0cfc00d547bbbef33",
              "ami-070789a71915e891c",
              "ami-0bcef4a210857ed5a",
              "ami-094273e11f7243fe0",
              "ami-0514c37039f843dcb",
              "ami-0693bec9636067f64",
              "ami-0cd70f2e433c9f11f",
              "ami-0e5a2fad201827a62",
              "ami-0840510097d7aee4d",
              "ami-0898d55af0135a5eb",
              "ami-03cfd5792bbb758e6",
              "ami-09286e7d720d1a6c4",
              "ami-0be1019f736e52807",
              "ami-00afe77f2f4c919dd",
              "ami-0ea62d4f118bb7019",
              "ami-0551b4018823051d1",
              "ami-09acc0b25b1d06ba5",
              "ami-0da58c06d39e7109f",
              "ami-076a0f6cedf5a84f8",
              "ami-0dbf104124077bfab",
              "ami-008a526c98eeffda9",
              "ami-05a44b961686913be",
              "ami-00dd62661ecbc46f1",
              "ami-0f26d62c49d147f63",
              "ami-013721789ecc64ec3",
              "ami-040407f4ff50ce10f",
              "ami-0224c792e44b12ef0",
              "ami-0a1c37ce2d0c4f81c",
              "ami-0f77af26fe4ec0130",
              "ami-03f70b1d5fb8860f7",
              "ami-02a8ae18473185d8b",
              "ami-092203b27c0a3cbe2",
              "ami-0b22054118bd6c966",
              "ami-033055870c5077bd1",
              "ami-065cb1f6761c4b171",
              "ami-0075274a883077451",
              "ami-08eebb28dcaa3c9de",
              "ami-089baf607f461f005",
              "ami-0061e85431477b9dd",
              "ami-0ae05fa33aad9ac5a",
              "ami-068cc1b2c31fb22b3",
              "ami-04dd6586e19302ac4",
              "ami-0daaadd15bae5a22c",
              "ami-00c3edaa1a2aaec11",
              "ami-04fc2d154c373c58c",
              "ami-01d4cd1361d8f76d8",
              "ami-096437711842faed5",
              "ami-0b8bb6a4ab4c94ebd",
              "ami-0ad350cfe4ba13879",
              "ami-06d4556e2f58baefe",
              "ami-065d98a1bc7b3b7af",
              "ami-0d627ea19cfbfaf47",
              "ami-0e7b71d6af6786f31",
              "ami-09cf1f661f0b4c84f",
              "ami-01f4b6288cedb795f",
              "ami-0266420221d2c4c9f",
              "ami-085d57d732d8ccd63",
              "ami-0e628ed1fa6d86246",
              "ami-0b2631c5d428a3dc4",
              "ami-0226228d7ed5aed69",
              "ami-0120cef60b1f87dde",
              "ami-09fa405a1f385aa4a",
              "ami-0517a1b77deb5fd07",
              "ami-08ebd76102c8952fd",
              "ami-0be0c55d23499b6c7",
              "ami-02b5ebfe076b78fec",
              "ami-000d64352fa992182",
              "ami-0c22194571cbc7f59",
              "ami-0b4b320bbceb0d3ba",
              "ami-038ea0ea11cf3fc41",
              "ami-0aa1e2de91020be2e",
              "ami-08ef671e0a85a792e",
              "ami-06f44dcdb53dd42d2",
              "ami-051e3ff06200c07e2",
              "ami-01aed92e6d1998920",
              "ami-0633517ff8e4b0309",
              "ami-080a40921eb9ba3dd",
              "ami-0a05449130b5545a5",
              "ami-0b9eaed12971c402f",
              "ami-0b5d92e78a3aa0e6b",
              "ami-00aa0ed5b5f4f348a",
              "ami-016b83b0d934c5aa6",
              "ami-0e7f3c661d62fabb4",
              "ami-0ecc700305df1c742",
              "ami-0a9263731e343b179",
              "ami-0832d19756a0dee4d",
              "ami-00bf4ae5a7909786c",
              "ami-03a2e26e5f5d30b49",
              "ami-086fd627ca153bc3e",
              "ami-0e42cb8ae0f047d61",
              "ami-059d1007dcf297b22",
              "ami-092020b3ad7dc2933",
              "ami-0da55f8099f3d3cc9",
              "ami-0676d0fcb584df859",
              "ami-053e5258f47f66549",
              "ami-05380424f66b6e9a5",
              "ami-0154698ecdba405b4",
              "ami-0c0dfd60e36027d74",
              "ami-0e527527a28c49588",
              "ami-021ca5df13f86a942",
              "ami-03b29223336c5fc02",
              "ami-04a28bbaa774b86d8",
              "ami-02f29a5c8735ff82d",
              "ami-02827d0e077566c30",
              "ami-0a13a5ef0a5e1a74d",
              "ami-051e245e1a117aec2",
              "ami-0386ed02ea1a0a6fc",
              "ami-09f97c4098b8d3307",
              "ami-0f8e8b49afd1f2ee2",
              "ami-0a22fce85bfaa7b17",
              "ami-0058e264f734a9620",
              "ami-07b2b8945ea64f434",
              "ami-048026102ce74fe97",
              "ami-085bc5628395f60ad",
              "ami-041bf83d10c5166c8",
              "ami-098a098c9a4e2bba9",
              "ami-0116a561b06bd2702",
              "ami-024af82c89b7750ab",
              "ami-037d0dabd7c75cf23",
              "ami-0654624b93553ea7a",
              "ami-003c3e9174352141c",
              "ami-0b2a35d88d1a89a95",
              "ami-0dc2e7a86cc2c636e",
              "ami-0c57e2a4fbb781acc",
              "ami-05fd6c1658c8f9886",
              "ami-0a8e4afe66cd9c5cb",
              "ami-0598d8a42eef2bf80",
              "ami-0b9e5cd8084ba2a92",
              "ami-060c8a4efae7d4883",
              "ami-0a08efbf9406e00ad",
              "ami-018b895380cd28f52",
              "ami-011b36cd4646d36d0",
              "ami-06e0b9967597e8b8d",
              "ami-0eaac2828ddc1f8d4",
              "ami-0b603bb010deda4eb",
              "ami-04403505b0fd6d2e3",
              "ami-08a34525d27e289b3",
              "ami-030622bb4974c9fd4",
              "ami-02385140d5663cfe5",
              "ami-0b1711cabacadffb9",
              "ami-0d1152d5a7207c8b7",
              "ami-018d31a007d677350",
              "ami-08506967124803d8e",
              "ami-0f21aac69f7994762",
              "ami-0448ce0692cb796a8",
              "ami-0b62156e7529e0c46",
              "ami-0416a430804e90ebf",
              "ami-06910d5152d917447",
              "ami-077b6b91d3f499dee",
              "ami-075fbf5e472f42e76",
              "ami-0399dcf6d17f7c1a1",
              "ami-08ec99bff1574a099",
              "ami-03b20a1dc8b1f1f96",
              "ami-068da083cafd57a1d",
              "ami-01c961357354860cc",
              "ami-03f11980dba300bba",
              "ami-0344e9fc0aea17617",
              "ami-0ab23c5c726b8c96f",
              "ami-0d8c9236e941fa9fb",
              "ami-02116767eec13d483",
              "ami-08b23f78d761561fa",
              "ami-0bcc785359fda47de",
              "ami-064fe00536ec5e3ef",
              "ami-00c34bf0a5553d5a8",
              "ami-0c0484e48613dc322",
              "ami-0465aa1bbdb66c34f",
              "ami-0a63ed467a73efb3c",
              "ami-0b7819f16757e0a5d",
              "ami-0c29f53fd741814f7",
              "ami-059c5fc08728c9987",
              "ami-086bde2f6f6cd9c06",
              "ami-027b3834bdf1e1b21",
              "ami-051994ff8ef38fc8c",
              "ami-0777b3c6d6f7d02f4",
              "ami-0fe77f9366948aa53",
              "ami-03b80ad3aeaedce44",
              "ami-043d613114a12c58d",
              "ami-0399264e44f0b5921",
              "ami-0de3d367807e9e950",
              "ami-04f41124339ed0254",
              "ami-0354afefa0206acfe",
              "ami-0e6efe8447d8b1ccd",
              "ami-04c3f8eae61b586bd",
              "ami-0ecb59a2db75aa73e",
              "ami-084b0924e3b4f8942",
              "ami-0a533b64ea2623271",
              "ami-092bff0ce09e2f833",
              "ami-08c2633e41727395a",
              "ami-0f6ddd5cd06387305",
              "ami-08ff53c332bcfa360",
              "ami-07b3bd74668f3e3ca",
              "ami-0367861b57b01cfb2",
              "ami-051d2c2b332b8e8e1",
              "ami-09e544dda12de8b51",
              "ami-004ccbbd093880219",
              "ami-0a198b7d0836f0381",
              "ami-06327554f6748d4e3",
              "ami-0cded5ae501b16573",
              "ami-0061409fb32691ac9",
              "ami-03fa4a27c0914a5a9",
              "ami-00d59011a8829a0d8",
              "ami-062df647917e3f24c",
              "ami-05cf7a63a8b1d9f1e",
              "ami-09d02da0a03d086c5",
              "ami-07d4a7ed9f8318302",
              "ami-0de1c1fac11f33647",
              "ami-0e1e03b475e6bc86e",
              "ami-04ada6e82804547d0",
              "ami-08ebc0f8eebe5993a",
              "ami-0897a631cb02340ad",
              "ami-0b1ae66a3623844d6",
              "ami-0620d2a2d40594ad3",
              "ami-07d95501d423811f7",
              "ami-06dbaefd2c7bc8ad3",
              "ami-0d441dfd39371122d",
              "ami-0275b14d6e9f52718",
              "ami-0b6692354ed966a88",
              "ami-043fa0fb8fd3521be",
              "ami-09c9a89d762d8fe4a",
              "ami-0f472bff6ee0ed4fc",
              "ami-01d8180e086ecf981",
              "ami-0e26fe64aec692051",
              "ami-03cfda2bf90e7a607",
              "ami-026e248716c040755",
              "ami-0c6cf5c94aed76bbb",
              "ami-08d7d2296b210487b",
              "ami-03b2c92bf72de9725",
              "ami-09e97d628d90797ea",
              "ami-0c24466e56a5c3037",
              "ami-0c80fc12762c206fb",
              "ami-04d2d7e9c61c717dc",
              "ami-08f11f98848a96f06",
              "ami-0d7e29c79bc296ddc",
              "ami-06ca19e70a9686612",
              "ami-019fb369f340b6d49",
              "ami-02a664900c36895d7",
              "ami-0fa243a8c86975c0f",
              "ami-07946fe44ae6ea5b3",
              "ami-02b88383c2c2a2176",
              "ami-04a57293d1c3bb5c0",
              "ami-07405ad43506cca37",
              "ami-02704d89255b838a0",
              "ami-0890697095cae0c89",
              "ami-0f0c06ac8516185c9",
              "ami-0f32c510376521e5e",
              "ami-0805876c2d83d503d",
              "ami-04618dd0f04bea021",
              "ami-075bbaddd0c802a88",
              "ami-086fdc3b043b174d4",
              "ami-052a577aecdd6cdd7",
              "ami-078f9ed2a59296051",
              "ami-0f321e0fe59422867",
              "ami-03334a80b9922fd9c",
              "ami-0de4e64e3d659c09f",
              "ami-0524cd3ade80eb987",
              "ami-0ae95ed83cbc498ba",
              "ami-0ea52460ce2434403",
              "ami-0b234a179ea344826",
              "ami-029d71643cc9b053e",
              "ami-0810accd744779a6b",
              "ami-09aaaa311326121c0",
              "ami-0ab402c401e58479b",
              "ami-0c186eb1ed0574fab",
              "ami-0f8a47f238c05d0fd",
              "ami-03af29c0c2ba08494",
              "ami-0bcb983bacdc3f013",
              "ami-033e2d9c61eb18952",
              "ami-0461a29c8cb41ec70",
              "ami-02d120ef4f0a67140",
              "ami-0ded605a7cb98248d",
              "ami-0afe4675073a4e445",
              "ami-00806220f777dfd6c",
              "ami-0d965abd68a6e4ae7",
              "ami-039475a8dafc52c8b",
              "ami-084ff9f8a5df19dbd",
              "ami-094148824de7f5ec7",
              "ami-071da10341232b249",
              "ami-0a96428d8d1f0eb41",
              "ami-0fb1a3bef2a770b27",
              "ami-0bb42e52cc1e7dc21",
              "ami-090c21e95115589cc",
              "ami-054298accb076c878",
              "ami-06dbbabf97ee2769d",
              "ami-0b6a2539ac740aa10",
              "ami-0af816d4b89600962",
              "ami-04cf78d71755e7b49",
              "ami-00076809e162ead57",
              "ami-04cad1c23d0f504c2",
              "ami-0ad98d652f32b7650",
              "ami-082fb98170efb0906",
              "ami-0a348e52636caccda",
              "ami-01fe419e79e0edf97",
              "ami-00cbf55c531253475",
              "ami-02ad5ea5f22789e5e",
              "ami-0f6c9714d63f81545",
              "ami-09c7fe3dbaea4833d",
              "ami-027e4cceed8c00142",
              "ami-0b5bb4464fa1bbac7",
              "ami-0484347357718c067",
              "ami-0b640c5d030d6db35",
              "ami-0695535106b3e69ce",
              "ami-01104178667d17573",
              "ami-0ffb39554f3a6f04a",
              "ami-063ddfe28edafb27a",
              "ami-06b6b9dcbea53b6e0",
              "ami-0ecdb10791d43598e",
              "ami-0670f6107f05b019c",
              "ami-03c47f891d3e0a01d",
              "ami-02e38b89458f6dac8",
              "ami-06d7d628374c75f15",
              "ami-046cbe114e44123b0",
              "ami-09f968b7f44931f4e",
              "ami-0cffd651a1cf5f5a1",
              "ami-0d14ca9976e4b21f0",
              "ami-0c06945fde46e804a",
              "ami-0b0b0f0df6687cda5",
              "ami-0e424523eadc213cc",
              "ami-0922685c2f5d12f6d",
              "ami-0b7904d1a7afcd3f0",
              "ami-0faadef8f89da6d4a",
              "ami-0d8234b1513c43a6b",
              "ami-0723f833bac73f7b5",
              "ami-0b421a22c92c149c8",
              "ami-0db2b02636fcb8996",
              "ami-02e4584088f395c48",
              "ami-05f9d94b57e18b6e3",
              "ami-067bef18a270a93d6",
              "ami-04374f3701f5b47c7",
              "ami-024efb7456921d469",
              "ami-0ba311a26c2c45c32",
              "ami-0e35588ae3d969fe7",
              "ami-0e408d6e5c9a8a2df",
              "ami-003514e8aff88c7b3",
              "ami-08b9cecfb0c56a609",
              "ami-0d80cf4469e977d7e",
              "ami-011c99152163a87ae",
              "ami-099932623ac4e32e4",
              "ami-03085f16dd298d2b7",
              "ami-0fcc3ea54be0b9c73",
              "ami-04a280934873e31fd",
              "ami-0117272f513498a65",
              "ami-0b217d0f330b09e00",
              "ami-021803e5298db0bfd",
              "ami-0c00e6208cade1de9",
              "ami-06d8d1a2d47d9be08",
              "ami-0f7525360f4d13b29",
              "ami-0bfb6481e1bbb520a",
              "ami-0c981eed1bb9db92d",
              "ami-05110c9512338b4eb",
              "ami-02c326ee5da13794f",
              "ami-09e52f6fb571b542b",
              "ami-09821d478cfe3eaa8",
              "ami-03804fd4cc56dfbc3",
              "ami-0aa859b6ca7448151",
              "ami-07ba3cfe87a8f83a0",
              "ami-09c8988711ab44ec4",
              "ami-02fd1c19768bdf9e8",
              "ami-0087507f82e6f9dd2",
              "ami-05a5ee00506b03880",
              "ami-0458214aca69763bc",
              "ami-0fd08bfe77ce66e57",
              "ami-0b267a48373b60ec7",
              "ami-00bc8f60880521db7",
              "ami-0c56212eadcaaa339",
              "ami-0e763b7d95714a574",
              "ami-0717fa150fe338234",
              "ami-0f80145795c6583f5",
              "ami-03833386a5ea9b37b",
              "ami-06c039319723b59cb",
              "ami-0ed3c8b83c86abf3b",
              "ami-0a4aac88b4f0da4a6",
              "ami-0be48267e607513db",
              "ami-0b0b37120ef285c14",
              "ami-0e64613c7e8923f34",
              "ami-07a8eeaad35203958",
              "ami-084180050e510ab8a",
              "ami-068c7d34185db8a08",
              "ami-045cc98ffb98b0199",
              "ami-0aa0645eab516e4db",
              "ami-0da06b208c75ac7a8",
              "ami-0c9650f4e5a5814ae",
              "ami-058d2dcb19e4dbe71",
              "ami-02704edb2becb49b9",
              "ami-0308a896e4ffb6794",
              "ami-0f1906ddc905492d6",
              "ami-034cc6209be135c7f",
              "ami-0aae431f4c80eacee",
              "ami-0a0a96d52fe131390",
              "ami-078f051ea2677b6b6",
              "ami-0bf14b489e843745f",
              "ami-084267f4069f64b0a",
              "ami-06be3da2b142c7372",
              "ami-0671a99072813baf2",
              "ami-0b1fa72a9f2c875be",
              "ami-00659a00b61ab143f",
              "ami-05b972db9422cab7e",
              "ami-091f672e1a603a6aa",
              "ami-0c2349850d9a6aaa8",
              "ami-00c4ea1a2972100c7",
              "ami-0d799f722ef59997e",
              "ami-0e981fd08e9ad8db8",
              "ami-0b3efd51e737edfd3",
              "ami-0b4a3ab923d2dc017",
              "ami-0a02eb5161c0e855e",
              "ami-0f76519c02bac8dd6",
              "ami-068f179a11229e61c",
              "ami-08e632eae5df6ce1e",
              "ami-098948160dc22179e",
              "ami-0f839ed4ad51353e8",
              "ami-0015f61afacfe6481",
              "ami-054e8db1fde4aabc9",
              "ami-06de97ce1f524fad6",
              "ami-01522bd87a5dee440",
              "ami-090f75996cde43d3a",
              "ami-0f3f69ce442546363",
              "ami-01f21db5cde309997",
              "ami-005f42da5b45466d5",
              "ami-023d09cd9da233dae",
              "ami-07bda83f5d5e5b52b",
              "ami-022663b8c0878e502",
              "ami-0655a89330dfa0dce",
              "ami-0abef8a614fd9af0e",
              "ami-070ede1efdf994558",
              "ami-0de744861295971d6",
              "ami-045ad17ca4fbb256c",
              "ami-0cc151c4d38f55bbc",
              "ami-0c7ac32fac79faa70",
              "ami-0089e5d32ee9cd308",
              "ami-0a031e3112237bd7e",
              "ami-001a85a3ac698cf61",
              "ami-099a680daa0577cef",
              "ami-064ce3b868a490410",
              "ami-062ee8834a9bbcf1f",
              "ami-0db9314f4e7791480",
              "ami-00edb51073aa32363",
              "ami-0639a68f662fa3a6a",
              "ami-0d77dd3f4a777bd57",
              "ami-06620803a8b4a17ef",
              "ami-05e199d509f40d6dc",
              "ami-05a852801231b7efe",
              "ami-0432628766ae7b880",
              "ami-08abcd096f7fd2f81",
              "ami-0c2b00906f67b73d3",
              "ami-06588fb99ffd0965e",
              "ami-033aa51c26bfe3716",
              "ami-0f7e518b66617dd96",
              "ami-0ad704c126371a549",
              "ami-09a704cc019c71ef4",
              "ami-0f87dfc060599251f",
              "ami-0a05821577033f94d",
              "ami-06a831d5dc1b8115a",
              "ami-0ba4eb55ea31d7603",
              "ami-0027131af993ec47b",
              "ami-0566929276a0339aa",
              "ami-0d791989ccf2236de",
              "ami-077d6cd01bc46732d",
              "ami-0e28d0a1bcb74ffd9",
              "ami-04a98b4f82b6df61e",
              "ami-08d2bd48f0d4f0fdd",
              "ami-0c390d1623ea542e8",
              "ami-0bf7bdc1d94ef8eed",
              "ami-0bd230aa943f61cf8",
              "ami-03721ed4b18f0b2dd",
              "ami-099905e65c2d9e1bc",
              "ami-0d97503815e3f56fa",
              "ami-0c9cc02cf37824a38",
              "ami-02d85c2aa8572fbe5",
              "ami-0f4b06c5b75eb1ab4",
              "ami-08e7c7f049e197cba",
              "ami-02895d19c213e472e",
              "ami-0c128c385627a490d",
              "ami-0c5596ae41ac9a301",
              "ami-0b87f4a716d69ff84",
              "ami-07ac161f4cd89fc2e",
              "ami-05f9209ca3d438050",
              "ami-0e35db00018c690be",
              "ami-02731797a655f058b",
              "ami-0504a504bae9135ad",
              "ami-0a3b7414c5a61eabd",
              "ami-02dc5ac48b9d38efc",
              "ami-0a070aaa900d7f8c1",
              "ami-0e4cd3c2bdf077952",
              "ami-0273fa8ede6d7a6c9",
              "ami-0176a0410e4233845",
              "ami-036ee2c803b7ce380",
              "ami-0cd4fe3818a82c780",
              "ami-071197b561ea4f4fb",
              "ami-03b4d5e27a8c888ce",
              "ami-089156d16471799ee",
              "ami-03e26ef2aa4b4767f",
              "ami-017fda63fc2ccbac3",
              "ami-006b942a4eb54590b",
              "ami-04cefc375703e832f",
              "ami-09cbfdb0da2fdb6b5",
              "ami-006e817c556943b64",
              "ami-0659f21ff0e094b5c",
              "ami-0c8f673d75d63adcc",
              "ami-05caa760d9689b831",
              "ami-01120673ea64c5b62",
              "ami-0b9223b7cb2420451",
              "ami-098008b808088da8a",
              "ami-0ae2a4a456bc1014d",
              "ami-03a91a991b857bca6",
              "ami-0243f03f19f525545",
              "ami-0fef05d0a7e4bdf7e",
              "ami-07d8916abc70971ba",
              "ami-0db8edcc7e88d494c",
              "ami-011302087b3ff923b",
              "ami-0652b30523016af03",
              "ami-0cc5ec3063f06b6e1",
              "ami-03efa29beacbd61ce",
              "ami-0f45343f00f2a6b79",
              "ami-0b508373e6af9a2f7",
              "ami-0330b7ac45fb77f8c",
              "ami-072c6c1b13f19e7e6",
              "ami-0468b337b0af4db2c",
              "ami-03c977177f79a7504",
              "ami-0abad0103bc08e212",
              "ami-0ea21d0dc4035e91d",
              "ami-0379acbcfc13723c7",
              "ami-0bf6d71990e1b96d7",
              "ami-099153219b3a198ec",
              "ami-0295095246b60b8da",
              "ami-0e6fa096fb6b97686",
              "ami-09aa5789180870cf6",
              "ami-0522dee219c717982",
              "ami-0ab11363c12d54664",
              "ami-0b0688f2da3280adc",
              "ami-087f0cfa0f2c4aab4",
              "ami-0f47088e89308b122",
              "ami-07dc362b7f27738c2",
              "ami-0045173dbfc544fb2",
              "ami-0042441236feae802",
              "ami-0605d13ec1ad1b527",
              "ami-0656ed8149cdc047c",
              "ami-086a8ff4ed7eec145",
              "ami-0c068f5bfde3d2537",
              "ami-093a662209a70d015",
              "ami-04df973c89e108413",
              "ami-077de4548cd40cff8",
              "ami-05e531ac43bf1b952",
              "ami-02060caf302b122c8",
              "ami-0707cd2a72b8679e8",
              "ami-095606cccc376dd73",
              "ami-018ad103064da8b95",
              "ami-06aef3e960f8df57b",
              "ami-09940fc800716e8cc",
              "ami-06b8f2fa28de4449c",
              "ami-0c08a795f1a2b5fe3",
              "ami-05021d3f470ab7d1f",
              "ami-0c65c912db25cc7b8",
              "ami-0d3faffa2fc2ca550",
              "ami-0ab8c43b8d16242b0",
              "ami-0968693f99d766c69",
              "ami-06ef239dd250d186b",
              "ami-0face26d5e9e3e4cd",
              "ami-04ab666e68b577017",
              "ami-0e267d7622f73c870",
              "ami-0095413580c9eeb7a",
              "ami-05de4705acec95e6f",
              "ami-0080f1c2342298160",
              "ami-09cd2b8445611a7cb",
              "ami-0eb834faa8750809e",
              "ami-00c943456f74dc2f0",
              "ami-016bce572e1bf739b",
              "ami-04dc6fcd435ccbef2",
              "ami-0255cc094156340cf",
              "ami-0713fc8663fe451cd",
              "ami-09cc3b00d4bfdcce0",
              "ami-087632d3a5a48acf4",
              "ami-0f043be8735b75459",
              "ami-01c02e0d26ed93fb7",
              "ami-04f1229b0123fa989",
              "ami-05bbd4399cb34d228",
              "ami-0d50dd6537e4e7328",
              "ami-0f487e3a46595ac78",
              "ami-05dd5c83eb4c4dd96",
              "ami-08f26f790f46b9ad0",
              "ami-0ad7b01ca1ff7f2eb",
              "ami-05fbde3f8db3e7fc8",
              "ami-0e8d4b2913c8c3cf1",
              "ami-04f390e99298a4184",
              "ami-03e23a3cfdc8b32ea",
              "ami-097dd31fd1d369ea6",
              "ami-036332af469a6ac8c",
              "ami-0ae293ffa05d0b080",
              "ami-06f8c8653d934e37d",
              "ami-0a6cc8da8262adba5",
              "ami-060b304e1be07804e",
              "ami-0ca01b3f563ddfb1a",
              "ami-0fb7b472d2014afcb",
              "ami-0d5310c53da18ef1e",
              "ami-0f26dfa723ec98c0a",
              "ami-051d9af1d895841e1",
              "ami-0f2b360d50b6b5031",
              "ami-073d048f410256e59",
              "ami-06ec0226dde783248",
              "ami-0293433f971b132ca",
              "ami-0dbe7616c86aee301",
              "ami-0834efc2f568aa5b4",
              "ami-095cc64ac199d2731",
              "ami-0cbc587d376a1b890",
              "ami-0eb3426fa5fd40643",
              "ami-0b24c8481a8d55150",
              "ami-0248a6175a79ab85c",
              "ami-04350918a1bea9331",
              "ami-00cd36b76aa7d5dfe",
              "ami-011b5a9350c6e775e",
              "ami-06624ac7775ef8d48",
              "ami-01e1ec7cd6392ac36",
              "ami-062b7861aea61e506",
              "ami-0e11fa7aac92a9b5a",
              "ami-06e336950c88525ad",
              "ami-089c12944407d2442",
              "ami-0d7b7e9b3e8b6cd63",
              "ami-06edad3bbc435cd17",
              "ami-06b7b0717be37a0cb",
              "ami-0dea7a02eb276b425",
              "ami-06b6cab2a0995ae31",
              "ami-044a607d2a40c6679",
              "ami-00eed3e1e55f322f4",
              "ami-0ce121c2f2ae5f190",
              "ami-0e5ed6dc2ebb16929",
              "ami-00347d3321716b431",
              "ami-0e01b74c643d46837",
              "ami-03038162558f3396e",
              "ami-0d774e4dbfba2fe80",
              "ami-07f31d1a3a4964660",
              "ami-01b0dc1450261ab57",
              "ami-002aa5f47023cefcc",
              "ami-05f906a86c96ae35d",
              "ami-0af1f2d7c90f407da",
              "ami-0864996577e158ec6",
              "ami-0b1ffbcdfcdfc140b",
              "ami-0ae365daaf3c2483d",
              "ami-0cadb981d6e019f44",
              "ami-016da8cef72e504ef",
              "ami-037116935704bc5f6",
              "ami-0201e4a83f29d1712",
              "ami-05819f18d4046d411",
              "ami-04cd848f1edcb979b",
              "ami-0367a87187fe039b7",
              "ami-06f87f4daa57e45ff",
              "ami-004fa9168277364ec",
              "ami-024bac390daf5c8f7",
              "ami-06818818b274d154f",
              "ami-01600e672cfee57ee",
              "ami-0b25ef945709f5579",
              "ami-0eeb4441d3cb369ae",
              "ami-0fe2e6b3379bb6d4f",
              "ami-066d1ec3742f0d145",
              "ami-00a32cadcf734d224",
              "ami-076df33ecf633c513",
              "ami-08384febe2d8595d9",
              "ami-036ae551b27bef1dd",
              "ami-060cd2c5f4192851e",
              "ami-03c6e8b4e6b4d247c",
              "ami-0b8e8b615f9c97aa2",
              "ami-0a5d4ac655d0c1536",
              "ami-02e31a6e4f25a3da2",
              "ami-0b5da5fef4ffdcae0",
              "ami-004f76685695146d4",
              "ami-044843ce9db8acc30",
              "ami-0b948665b52b6ac61",
              "ami-0ae40eddc34124a59",
              "ami-004215729a787af39",
              "ami-07267aeee0d451c3f",
              "ami-0e675ec5717b40c89",
              "ami-01b97e61819efd98d",
              "ami-02f51075742cf6f0d",
              "ami-02488da0b673486de",
              "ami-0419821c033781cee",
              "ami-0582f2721e602ca29",
              "ami-082bab29680fdb745",
              "ami-0f1246a26dcc0ff80",
              "ami-0aee0d2926c107049",
              "ami-04e001ba1449759de",
              "ami-0d665159ebe46595a",
              "ami-0ab0721cc37aaf1fa",
              "ami-0043e2dd9ed32e1c2",
              "ami-0002c684c462babf3",
              "ami-0fba1653b9688fa19",
              "ami-0163b0afea81fe96c",
              "ami-0b22f13bfd964983a",
              "ami-0d9f16361791724b8",
              "ami-0a0aeb8843fca6388",
              "ami-04e2a1bd18314fc43",
              "ami-0ca95af0419d025ee",
              "ami-04f9b43adf3e390c4",
              "ami-0c335851c6398e10d",
              "ami-01569d7bfb49c262d",
              "ami-0fbf9e0d236eda00e",
              "ami-03dc930a67301b317",
              "ami-029de442797cf0ca8",
              "ami-0aa8346ee087d9842",
              "ami-05a04c1bf1116010f",
              "ami-00add325d6b3977fd",
              "ami-0a3e245de5c0705fb",
              "ami-0e2df18301f39833a",
              "ami-0c2fdc1d2c54f8959",
              "ami-0a102eeb61a65b22c",
              "ami-0c95058d7305d0473",
              "ami-0bf409b9175d15ab1",
              "ami-0a9cdda5f617e086d",
              "ami-0e4b7d393d66843a1",
              "ami-09f74227a908ac8bb",
              "ami-0ecd8d7f752f3f50f",
              "ami-0afb6fa21b8559efe",
              "ami-082a0ebde989b9416",
              "ami-0e975e0ee5f4a0896",
              "ami-0c4a914a16d8d0885",
              "ami-07006758f94c693bb",
              "ami-0f3db7f2fa5e0422e",
              "ami-05c905b4b58381563",
              "ami-0e20d8a592dc6fee5",
              "ami-0421a35766dceeafe",
              "ami-0abc7ba3e3658bedf",
              "ami-08b065197141d12aa",
              "ami-02af45f632e0c8bff",
              "ami-0ab4aca817cb491e6",
              "ami-060d993e4cc27f2e8",
              "ami-0a120e2c03f33145b",
              "ami-09ed650934d2dccd9",
              "ami-0338f704d0d025752",
              "ami-0699f9de4c8b2618d",
              "ami-0579bc6a7d8606c84",
              "ami-09ae01df7d8cbdb9b",
              "ami-0850acfa361138975",
              "ami-0f85fd86dd824ec7b",
              "ami-000a7d38a163a62ee",
              "ami-033810549f7e9db86",
              "ami-0635801de3b178ab7",
              "ami-0358c45cba80a68ab",
              "ami-0ddf8a3e9875c2405",
              "ami-0fd201e29fc1d55ff",
              "ami-097fee068cad660c0",
              "ami-04da3993e8c8e024c",
              "ami-018d7729af194982c",
              "ami-0cd73c19e54a79eeb",
              "ami-0f6aef59177251c38",
              "ami-0620f7b4ab17a29b9",
              "ami-0b902654b861d06ac",
              "ami-068a4520f4095ffd8",
              "ami-07c3cd4e210b02946",
              "ami-034e51178c5de16fb",
              "ami-0a1d8b32e9ad907fb",
              "ami-009a83559f4d8d105",
              "ami-063031e8b2fdb7a54",
              "ami-0835814c47ba38947",
              "ami-04ace8ba3a71b57a1",
              "ami-0fb6238e606fbadf8",
              "ami-031494fc4a965aad6",
              "ami-0f02d90c1929627cd",
              "ami-04dbb276059e682aa",
              "ami-0a52ea3591360a598",
              "ami-07153a57d86aa3411",
              "ami-0fdd747668f0e72fd",
              "ami-04b4b04ad9aa2066d",
              "ami-0cb9dc2a2a6f8882a",
              "ami-0c87ac31e2e542ae1",
              "ami-05c0166092754b546",
              "ami-06273ecb28d7aac2a",
              "ami-0b59be6dc03478b7e",
              "ami-00cbf45e4540b440b",
              "ami-022f5a91fd18ea5cf",
              "ami-0025aa06eb835bc63",
              "ami-0dc303244dea5a3c8",
              "ami-0e59f8ecbac8d6fa0",
              "ami-0aef8535356b03a45",
              "ami-017896734b589e11e",
              "ami-0a4774221ec3c620a",
              "ami-082f1fa40568f57c3",
              "ami-084831193efa8f5ac",
              "ami-0c4921c59f3f4736a",
              "ami-074384505741fe2e0",
              "ami-0411555ba81d509c4",
              "ami-0ee8bf6f460180084",
              "ami-0bcb59d73c5a2a9b6",
              "ami-0f6ac307396f6998f",
              "ami-092b521464edf5035",
              "ami-0471aaee2523fa8bc",
              "ami-042f3989e22821b8c",
              "ami-0f2a54d0691de003f",
              "ami-056e6fb4a747a493c",
              "ami-0d23601d061a23cfe",
              "ami-0aa3fd41ad4517d17",
              "ami-0217f7f7357562f54",
              "ami-0dd19c110feeefcd9",
              "ami-0be8454209c75b1e3",
              "ami-0a9ef46956bcb3929",
              "ami-01cd9ae7d53e2de73",
              "ami-066cb4e362c89c7f4",
              "ami-087bd29648e59f5d5",
              "ami-073fb961a3b43df9e",
              "ami-079b0373488c3c36c",
              "ami-0d0ad6e67d5605ba9",
              "ami-0362c6256946ffaae",
              "ami-0439793967c5f840d",
              "ami-0c22aa961b54ab38d",
              "ami-0cc88f03c631970f4",
              "ami-029712c6b4d6d372d",
              "ami-0181b5290cd006f54",
              "ami-02b94fabbbb51f9c0",
              "ami-09ce8245ac9579646",
              "ami-02b80fdd766dd300f",
              "ami-01fa0fdd58b40f0b4",
              "ami-08da261e58b5487d4",
              "ami-06a7c6165c561424c",
              "ami-0c981691430030479",
              "ami-0809503f66729f32f",
              "ami-03a951e315a62cc30",
              "ami-089d7329df9721d91",
              "ami-0a6dd47f185ee818e",
              "ami-06aa849a897c6de73",
              "ami-0bf42e6ec8b44ea7e",
              "ami-0872dcd6b92aed8df",
              "ami-03af475348f092858",
              "ami-0b729f6e2aae89c8f",
              "ami-0b8d14ce8e1b9c5ac",
              "ami-0db9113b0f355ee55",
              "ami-0f9c8600ba1a87187",
              "ami-0ffdddd2834752c10",
              "ami-0fcb9c4a7beced1c5",
              "ami-0461413448b4cb152",
              "ami-009e0ce0902348c63",
              "ami-0c36a94343617f22d",
              "ami-0023628d2fa5471b6",
              "ami-000d3b6ec5b6b0447",
              "ami-0fb8c092f9bb5f3d0",
              "ami-0b119909f52dbf0a6",
              "ami-09f40d3cab21021c6",
              "ami-0b6195f1da1f859cb",
              "ami-0149be0b74c1c48ad",
              "ami-079b930e4007d1ddb",
              "ami-07b662afa0129e0cc",
              "ami-00eccc9237185ac4d",
              "ami-016f4c88c95c443b1",
              "ami-0ab1f2890997ebe6a",
              "ami-08d1782100e34f30a",
              "ami-0ca74feda0373bd22",
              "ami-09ae6ca8c9c0d205d",
              "ami-08f1fd62072777ac9",
              "ami-0947e13a658d46731",
              "ami-0ac38839a0d9f0037",
              "ami-0eb892971cfa6e03b",
              "ami-03350d67ee5f36beb",
              "ami-0b5e9b56a777a5e97",
              "ami-01b6d130cec25bff4",
              "ami-0a73e281830ac10f1",
              "ami-07cdac963bc7cbdb2",
              "ami-0409ef7057a1b1699",
              "ami-0fcc9e9c41314db23",
              "ami-03c5efc48be791f62",
              "ami-0475398c6f2411a4b",
              "ami-083056ff8d0b147d4",
              "ami-05986161b2346d6b0",
              "ami-0d9136f356157adb5",
              "ami-01b46f71494db18c7",
              "ami-006526fc5f3552a1c",
              "ami-0d99f09163924c76f",
              "ami-05240ab18487e8461",
              "ami-096b82d3eee1e1093",
              "ami-0ba3eeb20f5dbdcc1",
              "ami-024d14951cd74b53b",
              "ami-02d5636948445303f",
              "ami-08250c4407e12ebf0",
              "ami-04cee9171418efb72",
              "ami-0acbc9132c07fecfe",
              "ami-0e24bce277d34ef8b",
              "ami-00fcbe4d3cfb6f95b",
              "ami-06dbee0b3dc3817df",
              "ami-00d2b9b4536c6c819",
              "ami-083f0d6f84f7e63bc",
              "ami-08483797fca881490",
              "ami-0f8cee55962185b11",
              "ami-0863420bfadf91efa",
              "ami-04dd0115f07e119d8",
              "ami-07e303fd9751ac011",
              "ami-0075d3400fc809771",
              "ami-048c78daceb65de15",
              "ami-0c7651fd4d1acb3c7",
              "ami-00183d52442d85361",
              "ami-044e264ef34401027",
              "ami-0111689799c05b446",
              "ami-09f5aeaa9f0264454",
              "ami-040525882554d3878",
              "ami-04fdb722e98a94b24",
              "ami-0059c733829dab03e",
              "ami-0292ab596da7a706e",
              "ami-07343e7d5ac759670",
              "ami-098cf17147a309c13",
              "ami-06d35734d1c0f9a15",
              "ami-0855ce079213d50f5",
              "ami-0e72e49bf5896a72c",
              "ami-09880821d05d730e6",
              "ami-0d45f50ef89796105",
              "ami-0858d544d011ad57d",
              "ami-01ec7688ceb523030",
              "ami-04fe9e0d193dd32c9",
              "ami-010aff33ed5991201",
              "ami-0e6a8bf73bd7e079b",
              "ami-0bc78c367b6b877e2",
              "ami-0d047172bbd2570b6",
              "ami-06c73135a5d20c0a9",
              "ami-00c01d66f99abd430",
              "ami-07caf5288cf813e06",
              "ami-040589e8273e08d6e",
              "ami-0c4aa8649062ba92b",
              "ami-06455a54808f89aca",
              "ami-0ec51eb7b1367289b",
              "ami-0b0d0bf0ec17d6e3e",
              "ami-08f6df6e59ed5d92b",
              "ami-02a41776c3536a6c5",
              "ami-08ddce069c90a1f89",
              "ami-000364d0b6a55ec55",
              "ami-020c5c471b5d5e2d8",
              "ami-0ed91679e7b03b104",
              "ami-0f399c67536ca6c9a",
              "ami-0ae7f2cd08a7ba310",
              "ami-0a33a0499e4c5a583",
              "ami-0ca3d145f6f4dcaaf",
              "ami-00665e30fc590122f",
              "ami-0677db2d6af8889f3",
              "ami-02fd4f28a75ac7f14",
              "ami-0ef7a0c28ee4ff31c",
              "ami-0897ab1a426e6a026",
              "ami-06aec0147be2112df",
              "ami-03fa673803e98b77d",
              "ami-0260a3aaf531ede63",
              "ami-00d4cbe9969d1a9a4",
              "ami-0c9243afed72ec1d4",
              "ami-0e325545533278241",
              "ami-045e6fa7127ab1ac4",
              "ami-0f2ba73195c055eca",
              "ami-0a87eace84b699210",
              "ami-0f859e83a622eacfd",
              "ami-0e6658a4ead79ca75",
              "ami-0b5f01a8ba27785cd",
              "ami-0cb18abf4d2ae99e2",
              "ami-01e3f3b0fdf316549",
              "ami-0aacd556e51a49d89",
              "ami-0f1286e8620c0a6c4",
              "ami-0a60bea8e24b5a380",
              "ami-06e6edd4dd4192247",
              "ami-0c1f318474b678253",
              "ami-0b4652ff8ab63fee9",
              "ami-0979db8c141610a4b",
              "ami-05c76f0827bd02c2d",
              "ami-08388bee8fd1fa2e0",
              "ami-02052df785f50d3ff",
              "ami-069506ae0e4d24030",
              "ami-0d8d786671c91e5cc",
              "ami-04e2b4b5e71898cdc",
              "ami-0cd130e96648875a9",
              "ami-01943c6f59b22537a",
              "ami-02469f27543d18a4a",
              "ami-07a7d6e5999d40e71",
              "ami-0902e2e37c4bdf58f",
              "ami-06c2c8be690fd9949",
              "ami-04e7c7e2509a3e25b",
              "ami-05af749bc07a97855",
              "ami-0075fee6395c62e94",
              "ami-0441726f2ccf59aa7",
              "ami-07a8a0cd9da26e049",
              "ami-060a573572dc14dd6",
              "ami-0f522a7ddd3751474",
              "ami-01dec5c087e8083f8",
              "ami-03d9183aec74860af",
              "ami-0a11f211d7216523a",
              "ami-03869862dff465ff6",
              "ami-0afe0ddeb2eeaef24",
              "ami-08b15256d69e18dde",
              "ami-05dd2b20f047a5848",
              "ami-0ac7d9737207dc1e6",
              "ami-0dd0e8dac0296f19b",
              "ami-09fb934d1a5a44d9f",
              "ami-0374e28f1de4164e1",
              "ami-07b51094536d34fdd",
              "ami-07140b493fb1c9af0",
              "ami-002a552030f516dd3",
              "ami-0d1fdd50969390563",
              "ami-03eec670321c9baaf",
              "ami-04079a41983c9a715",
              "ami-0265414791079b915",
              "ami-0ea0cb4393f56b6ec",
              "ami-0b1c8e97826702791",
              "ami-0c83a547e86f7d698",
              "ami-080468409cd0e99c0",
              "ami-057dadf0e6a535f81",
              "ami-0441e68740c0aea39",
              "ami-04df9e37173dc240b",
              "ami-08d5a4ab3f9e15f02",
              "ami-0ffe35354600e110f",
              "ami-053589e40b835d25c",
              "ami-0e26fff1f5e5be1df",
              "ami-03740a8a16185146b",
              "ami-0751416a70673d7b2",
              "ami-0fa8893d875f66dba",
              "ami-08f4a463357509d2e",
              "ami-05658a88ef01d4c77",
              "ami-0197567a1742f4350",
              "ami-05d03775212ae1520",
              "ami-07c20f16bd252fa32",
              "ami-0323329b34cd95e16",
              "ami-025525be4aaea81e2",
              "ami-01bf776de858a6a7d",
              "ami-08052e2f3866fb705",
              "ami-0aba71d3614d36ef0",
              "ami-0da495ed56f978dd3",
              "ami-05ca7c830f7365abd",
              "ami-0963cf21922bc7030",
              "ami-02d797a3a749633b3",
              "ami-08375b8285f2c9d76",
              "ami-0ea45caaaa02e3f49",
              "ami-0bedef805f688202f",
              "ami-017c848c630eeb805",
              "ami-0d534901ac3d06cc7",
              "ami-03fbbf4fc30a7c041",
              "ami-0949e7e2f519412fb",
              "ami-057043791620b7bc4",
              "ami-0f66aafa349091559",
              "ami-04b8e7e7f5edc303f",
              "ami-01e3dce92467b7e1c",
              "ami-0059f9d6f7ad8ef6d",
              "ami-0ff2c257210678156",
              "ami-0132bdd324e526c0e",
              "ami-0bba43643cd475a41",
              "ami-0dbf5d7e298061d28",
              "ami-0e38acb05b6b463c1",
              "ami-0554d906c091a6611",
              "ami-029d2d5a915db8c4e",
              "ami-0f3b080db0ada13af",
              "ami-0023849d5d923ec9a",
              "ami-064462d4d6fa097a3",
              "ami-0f9c2d050b6852ebd",
              "ami-01724483a9ee23ded",
              "ami-0f608342caec85fec",
              "ami-0dd7b0d0414d9bed2",
              "ami-008ee3e24a9a0c3d8",
              "ami-04ec270d53afb670f",
              "ami-00b61a90b0271eb94",
              "ami-040c86d053120bf05",
              "ami-04ba2c227ddd5b311",
              "ami-0ca9d209714695aad",
              "ami-09bf035a318eca5c2",
              "ami-0196e1e52039f4a79",
              "ami-0641fbc3cceacc2fc",
              "ami-073fdfa186102c034",
              "ami-025557b2ed6bc7abb",
              "ami-0ac63921486798399",
              "ami-0029e63588761883c",
              "ami-0ca7beae9a70d9295",
              "ami-0384033a76c4265e3",
              "ami-0c359b151e0b3ad1a",
              "ami-036a25e5a2160d660",
              "ami-098b80b2bb9965408",
              "ami-0efc588d42668b1db",
              "ami-08f4ad2004b7fdca9",
              "ami-0316a5b0792aeb937",
              "ami-0255868a51ba27a09",
              "ami-07561cc8f7de37ce8",
              "ami-03d2815d3d7f19158",
              "ami-0ccc3ff650e5ce987",
              "ami-0e891112d4d721830",
              "ami-02dfa59832a881555",
              "ami-02e78d30d63f67ae5",
              "ami-04d6989391cb25b2a",
              "ami-0c624bfcd6d05ea9b",
              "ami-0713eeb5ca06ee569",
              "ami-0d4eff1186fdee41e",
              "ami-09524ae300a5907b8",
              "ami-06b1031eed8dd6f7c",
              "ami-013acf4c3ed8f9206",
              "ami-0a3e6ead1efe0557e",
              "ami-0b666a8c5eecb64de",
              "ami-077ab52d1b0eea75e",
              "ami-01e2ee9197759b097",
              "ami-0d645a0f4b1456220",
              "ami-0bd30b9cc1b45e5ff",
              "ami-0ece0f2308adf05db",
              "ami-0520a52c94745d2e9",
              "ami-01bc35e065e729120",
              "ami-0be84f190eb87333b",
              "ami-050270b110b539f40",
              "ami-09985553e26a43646",
              "ami-09507eb331fc6a264",
              "ami-09c077ad3043b88cc",
              "ami-0e6470da9a411e5d4",
              "ami-00aa315db0f2a5433",
              "ami-0f246f6c95314dbbf",
              "ami-074192a64ff10aa67",
              "ami-0a0e105759e3cd539",
              "ami-048368e8e2a94aa84",
              "ami-0240c90231782f52f",
              "ami-022f3c3835f194020",
              "ami-0d4304f1bb621ae46",
              "ami-055f23d463ec6fce4",
              "ami-0de4b7ce72aa2eb71",
              "ami-08293a06813977f0a",
              "ami-04df4c3f6b35dcfaf",
              "ami-067c3cbae41f5201e",
              "ami-0c1ace85e5f2848b0",
              "ami-085c5d3444bb16fad",
              "ami-03e3a0d46b55de63e",
              "ami-0adbd65185473d2ee",
              "ami-0433bef1cce9aaeb5",
              "ami-074a1a27310c19c4e",
              "ami-0fc6cfe56f3e2c03c",
              "ami-017be05b9e08457c1",
              "ami-011e60f684b980015",
              "ami-041ac8c0b27d8b242",
              "ami-0eb1aaca4fce1770a",
              "ami-0cf22207c3fa09058",
              "ami-009c784b86e2d9348",
              "ami-05eb422dea5d3a598",
              "ami-097bac8a8799ff608",
              "ami-03ca0524d36324bd9",
              "ami-04e04f9e0b374ae85",
              "ami-0bb215f100faec39b",
              "ami-0ef68bdc366a870ae",
              "ami-06fe7bdc26226d8cb",
              "ami-08901adcab6d40706",
              "ami-0c5516d50498e9aa6",
              "ami-0e443b7398eb77de5",
              "ami-02e367a1da16fb549",
              "ami-06fd82dd07c9ea48c",
              "ami-016102edba4b2b33c",
              "ami-0179dc669b1537304",
              "ami-0f95e1c613eb72ce7",
              "ami-0d2db751da6165a56",
              "ami-0f3e9282040b452ad",
              "ami-03c1508c029ccaf60",
              "ami-042cb23624611bfc3",
              "ami-076c80acc359400e5",
              "ami-0e051c3a1e6b9b3ba",
              "ami-0960f0992bd448ead",
              "ami-09bf1dc4e1883bb89",
              "ami-04aef360c805f4d1e",
              "ami-01566a2bb6f30f4e4",
              "ami-047e2a051eaa2b719",
              "ami-09d708310c2803a6e",
              "ami-01835fba4ee34674f",
              "ami-0070323057d1fb5d6",
              "ami-0677fbbe340fad626",
              "ami-08a9dc06350779828",
              "ami-0e9e14af0a4f60a2e",
              "ami-00c6e54c46f45365b",
              "ami-0245410ddba19ef49",
              "ami-0f3a0363890e2a885",
              "ami-0df7af23f2a2eedf2",
              "ami-090ed12d33a5d170f",
              "ami-09e587b5482a8280e",
              "ami-0fd160a7865beb453",
              "ami-078cc922e4b4838aa",
              "ami-0dd99c8f8b4bb2547",
              "ami-0c6163f76c3c64cff",
              "ami-0f40368f3b8795588",
              "ami-0a188a43aecb3565d",
              "ami-0f5a04912c84e7092",
              "ami-00a8b0b5dca79193b",
              "ami-0ce9571093480283b",
              "ami-018ba727f479f304a",
              "ami-0c355ae8a1e99ac08",
              "ami-0afd04605508d00b9",
              "ami-0af1a3b01583a1f71",
              "ami-0ad3d27f7ad9753fa",
              "ami-087cbd20853329123",
              "ami-082431f66ab74e341",
              "ami-0fa603faa364d6029",
              "ami-093d6efae50ca94ca",
              "ami-03a9a27d0cd2d672a",
              "ami-0fd4665e1dd314633",
              "ami-073377de29a3ea511",
              "ami-090afc13323d9d638",
              "ami-09dce9656ad887c1d",
              "ami-0b5af2985c448e66d",
              "ami-0fa00986199667fdc",
              "ami-0b7da9976a45ea32a",
              "ami-0ca39692f40ce3a0a",
              "ami-07b1030b05af79a05",
              "ami-019d0c6a9ca47319a",
              "ami-07e6a5cfba06a165d",
              "ami-035a34c9f03b3d0cc",
              "ami-0e39f328f981c6468",
              "ami-071f5b2ac12c0cba4",
              "ami-0f8814108b364e5f5",
              "ami-0e0fa7091be627b12",
              "ami-0f50a52aabebcba39",
              "ami-00179b2ee61e7e0e1",
              "ami-03465af89fb1e4753",
              "ami-0071f2ffc75d1cc16",
              "ami-08e1157133b841c20",
              "ami-07f3e39190f17a6de",
              "ami-05f89c459da401efb",
              "ami-03952fd447f9374b6",
              "ami-0ab97cf3791988786",
              "ami-03867026e03bfabd6",
              "ami-045db581c1a1fb2ed",
              "ami-0402534c2f53222ae",
              "ami-0afdb21eacf5ca499",
              "ami-09d933d51d34bb379",
              "ami-0eae2231b62247ab2",
              "ami-0dd4a1e4582269e40",
              "ami-0ca4bc37d5b6cb195",
              "ami-077d3766a147a356e",
              "ami-081a4641100fa25ea",
              "ami-08e1e71ae5923a728",
              "ami-024d23ca242cf9f58",
              "ami-0ceb15bc7492b5183",
              "ami-02df7c1c386f1b05f",
              "ami-04a4a2a3e16788901",
              "ami-0961d182fcbe76697",
              "ami-0e923c4b1e15ef59b",
              "ami-0d69933a766e7a2db",
              "ami-09f12dc51645152b0",
              "ami-0d76a3f04f4567674",
              "ami-0258cac33677a66fb",
              "ami-00df8933fa82b7acb",
              "ami-0f0d4ebf5f0cbef3c",
              "ami-0c3e0f60e1349c3ec",
              "ami-0a867eb1282f894a3",
              "ami-0b4d8a50fc68d441b",
              "ami-04225150dc8b76555",
              "ami-0000934373a300620",
              "ami-06f2f1edefd153a9f",
              "ami-0509fcb13e277e04d",
              "ami-07c8fef6bc1e2815e",
              "ami-0112bc21987affac2",
              "ami-0bf1207a42a38fcd9",
              "ami-0e5afaefecb246675",
              "ami-07833d68a577e33e0",
              "ami-0f8306c9177f91ae0",
              "ami-078ca21fed998640a",
              "ami-0c5ba79d00da04b2a",
              "ami-08cb06c2890e203a3",
              "ami-0d5b761cabc757ce4",
              "ami-0bcf5425cdc1d8a85",
              "ami-03bd9b28a23320cf5",
              "ami-0f9b8aa3144b61509",
              "ami-003025fed2eb22f59",
              "ami-06c510b8935e57ddb",
              "ami-041b983393b49fdfe",
              "ami-0641d82c96f2f6cb7",
              "ami-02069ca9bce813d68",
              "ami-0546b405ece26c21d",
              "ami-03d7e100f98919f93",
              "ami-05de7e84ba63aaa6f",
              "ami-036629efe981bcb3a",
              "ami-0dc043dcc68f76ca6",
              "ami-0b308441ca7f8fbe9",
              "ami-0a80e000ffb42943d",
              "ami-0a0a665304cf674f9",
              "ami-0b43df7b7dec63492",
              "ami-0a7fff6c91db938a5",
              "ami-0ce6445d558e63044",
              "ami-0e3a482a6c20b8dca",
              "ami-0bda84397ce88f1a3",
              "ami-0fbaa4d23315cd050",
              "ami-04c0c3f47f91dee1a",
              "ami-08584287f3f2be048",
              "ami-005bc2a9632c9044b",
              "ami-0357b511e629d5243",
              "ami-01fc2b36440f9cc76",
              "ami-031cad17d7b11aa56",
              "ami-09fdcbc1dd31ef565",
              "ami-048c2bc646ee149e2",
              "ami-09b811765b4958b8c",
              "ami-01aed1e77b4ed8b97",
              "ami-02014fdff9bd93ca6",
              "ami-075a282cf1f1d0d07",
              "ami-04aabb1068302545e",
              "ami-0a6fe3220a63533d2",
              "ami-04d0a8d6dab2a1e8b",
              "ami-01f008cc8785b839c",
              "ami-021a464f4562603cd",
              "ami-0128d3366067c3e20",
              "ami-030690f7ec3f2d34b",
              "ami-064b7639098fa1d05",
              "ami-01ea80d946a7432c5",
              "ami-0d6d5d8c1f5649aea",
              "ami-0e6b8ed64dc7b4965",
              "ami-0e8dcacb643cb3871",
              "ami-00ba3c17cbe549509",
              "ami-05c74d5866fd899b5",
              "ami-054272ef07ab2c800",
              "ami-00118109a0c433726",
              "ami-040c299e9e1239bb5",
              "ami-08fbd721c8f8fea45",
              "ami-0699106c49189fce1",
              "ami-06fe6ec403d32f9a8",
              "ami-0d8421fa7c8b05deb",
              "ami-02ad18dc718524b9a",
              "ami-0270061e50a35d273",
              "ami-0df153c7b21ec111a",
              "ami-0454f0e11a62d1dbf",
              "ami-00f89534aea893f98",
              "ami-0f2637c9180e4b363",
              "ami-0690cf510e4d56048",
              "ami-0550da6b5c0e81e5d",
              "ami-0259e23edacf2e578",
              "ami-0df9ce914b6a191fe",
              "ami-0326cab9d910a4f79",
              "ami-0521e8e7171ea468e",
              "ami-09cc9812734b6cd18",
              "ami-0ea714a07a04e4998",
              "ami-069e87a44b7825169",
              "ami-0334e3dc691239030",
              "ami-037836d71637b7f04",
              "ami-08b98e8859cbb41e5",
              "ami-0592c1cae6fd41215",
              "ami-05ceab190633c0021",
              "ami-0937079e1319cc54c",
              "ami-048a1b3e48224a489",
              "ami-0f0e6fe5f58394f86",
              "ami-005064bc93bfb08f8",
              "ami-054d40cc8c2520c35",
              "ami-0a8e523d5787309f2",
              "ami-04348c6d0d58c0fd1",
              "ami-068d43a544160b7ef",
              "ami-00bc0c6f240db2350",
              "ami-0f6ae62cba3af6eb8",
              "ami-0785f4e90873d27e7",
              "ami-0cc36f92f51870270",
              "ami-0833e2c1c5e0008bf",
              "ami-020d0031a622ad4e6",
              "ami-094b46e47e85d5cbe",
              "ami-0e1595331646f4df1",
              "ami-0a469bf17c57f2e2c",
              "ami-0d26edc6385d1f809",
              "ami-0b48c95efc0d23d7c",
              "ami-0f35ed0b33da8762b",
              "ami-0f450123367db6d88",
              "ami-040524979cf5f9779",
              "ami-0abfa15f22cd87d63",
              "ami-03bc31168d4b1e042",
              "ami-0e3f3dc8e18e27cca",
              "ami-00d7fb17c81f6a970",
              "ami-0d7b3d22982242150",
              "ami-068e91f2c4123d0c4",
              "ami-0fa6f71af2f0c58e3",
              "ami-0423e5b64367f6694",
              "ami-09578963cc82f0f2e",
              "ami-00053b1581a9a4d07",
              "ami-0fc8542b3eeab5b08",
              "ami-038f09a836e4d8d17",
              "ami-04525be6e6b5e114f",
              "ami-00a14ea11bf676985",
              "ami-0d47122143dffa2f1",
              "ami-06f7cac3e268e4229",
              "ami-0eab19ae9e8e1a3fc",
              "ami-0067b969a007dbcca",
              "ami-03a5cd48299f9e663",
              "ami-058e67489ce0bda57",
              "ami-06d34e8fd90b969c5",
              "ami-0e4d5f69a90672c2e",
              "ami-090a3c9cb39bc632b",
              "ami-0287d682a91379135",
              "ami-0ee445e35480584cf",
              "ami-016571b51859f59f5",
              "ami-009922d0368fd8abb",
              "ami-024e49f6cecf4daec",
              "ami-036eaa870decb368d",
              "ami-0f9f373e72f75628e",
              "ami-0e8052a85d57460d7",
              "ami-0b9e4ef5570cc4506",
              "ami-05ae8a383dfeeb0f7",
              "ami-0a3a27704024c2535",
              "ami-03c8468c3746754d2",
              "ami-08e300f952659929a",
              "ami-0b2990f9de566f0bc",
              "ami-045106418d6cdf1bb",
              "ami-0834d778010095c89",
              "ami-07134f6abf4f7db24",
              "ami-028c28a9fc8622d1a",
              "ami-0cc1dab2ad42c6c91",
              "ami-0ac4106a34a1bf357",
              "ami-0393fc6a95da2c1e7",
              "ami-09b9a0af49da9bdcf",
              "ami-0395afab2fe8b2ca8",
              "ami-0ef1d1667001162ea",
              "ami-0475f02472ae34471",
              "ami-0743541c814584473",
              "ami-024e905f1b6c0af66",
              "ami-04968ac124b47520e",
              "ami-0233868216fb75961",
              "ami-06d3c694e56c539f7",
              "ami-0ab6ead69d2313140",
              "ami-069c5a4523f38f34c",
              "ami-000c31aab4f915cd3",
              "ami-0c46ffa63a7d9183b",
              "ami-01d074b9add17418f",
              "ami-0a12184187e771b26",
              "ami-0dbb41ab76dfa7131",
              "ami-06eb2b44c439d9fa8",
              "ami-0de466b7368d1a2d9",
              "ami-053ba29ef30aad06d",
              "ami-083642fbd91ee82d1",
              "ami-092db8eff053cd041",
              "ami-05c807ee5c24aa99f",
              "ami-039f75902667052fc",
              "ami-0c821f8fdee714d3f",
              "ami-07cf0acad0e7f0573",
              "ami-01617533636dda90e",
              "ami-04d2d4a5640a19012",
              "ami-05c9bc500fc19ef67",
              "ami-0d8d1aef593c9d974",
              "ami-0ff960bb7742aa2a8",
              "ami-0907a902b71bc41b6",
              "ami-0cb31a5b6c3ac4cb6",
              "ami-0c2331e483a5d582c",
              "ami-0c9005c1080938019",
              "ami-0a249492cde7d947f",
              "ami-0c75f8140a663b63b",
              "ami-0adca2c2d742232bc",
              "ami-099b297c3f5b37a04",
              "ami-090e2715338870b2d",
              "ami-0964193909f3b17da",
              "ami-0eb782d7ec5fa37e9",
              "ami-0189cf29280d2f8fa",
              "ami-087162fbf6437ecbd",
              "ami-015b4b2548379442f",
              "ami-02aca940a9322d8bb",
              "ami-0e231c2fd13b02d0d",
              "ami-0171f9711eafdfeb7",
              "ami-0170c13450af8e65b",
              "ami-09b8faf7e11a88580",
              "ami-0ed11b624ff041614",
              "ami-09281f481f6452109",
              "ami-02aca35f3f3b46284",
              "ami-02b74f69336dc0a7e",
              "ami-0d12e2c17f7808f68",
              "ami-056e0095fdca55d05",
              "ami-020bc7e8e934d0dad",
              "ami-0d0352e471db90844",
              "ami-083b22b57f783080d",
              "ami-05940b7f7bcaaf6c8",
              "ami-0ce4e4b38febd3e45",
              "ami-084c2c31ff6385560",
              "ami-07d02dd07fff65670",
              "ami-02741c484061742c1",
              "ami-060d73be98ef00379",
              "ami-075aed164f155cade",
              "ami-01eb5efb69420ab42",
              "ami-075b58bda8afe2cd9",
              "ami-043d610b3eb7667f9",
              "ami-0c96b521cfc44497c",
              "ami-0fd01e2f6eb733227",
              "ami-05451e6d756cc9e06",
              "ami-005ba0a2a45d04a38",
              "ami-05c81760d086f2bb6",
              "ami-06c514df51d3262a4",
              "ami-0d4226c2b47d5e3ec",
              "ami-093efa11dfa7c5b16",
              "ami-0784628867b37ef44",
              "ami-0c4311ecf21c640af",
              "ami-054738f531ca1c671",
              "ami-0efac14330185e57f",
              "ami-08ab569584b2f35f7",
              "ami-099315e56cb5623d3",
              "ami-01c583b13bcd89665",
              "ami-0716ec8a2002fda48",
              "ami-097942b7b647d66ce",
              "ami-058c3ba45b33d129c",
              "ami-0fe8672f586ce392e",
              "ami-0ba4acca5bf38394a",
              "ami-07addf6156765ce43",
              "ami-06595460286824ce2",
              "ami-01997cd9972b987d1",
              "ami-0ed70eaf88384fdca",
              "ami-06b2ec43d087eb5ad",
              "ami-04f99c0eef643d761",
              "ami-0714438ff2cb2b3ab",
              "ami-0d02020d4843b0888",
              "ami-088d3d57b1c9f877d",
              "ami-00388a2b160b823b1",
              "ami-0b929c2216000f589",
              "ami-05ad9d346ec4a7a1a",
              "ami-0d20c7cc3685a37d2",
              "ami-09dae0f7ca59054ca",
              "ami-03ed23b58b7e7fcc0",
              "ami-0de0ec58e07f26a23",
              "ami-081bb417559035fe8",
              "ami-07bd202e9627b1410",
              "ami-02ff0d68de7391122",
              "ami-0c5ce28df130113cb",
              "ami-0dfdbf5924fe8a6c9",
              "ami-00f8aca76e001e676",
              "ami-0b28b6e28248ab92e",
              "ami-0258f6674f9b78547",
              "ami-0c4a36083d1df64b8",
              "ami-09194b2dab2f9f6c1",
              "ami-03eb3186922f29fb7",
              "ami-028a710e210d51fc1",
              "ami-08678aedd82ec7716",
              "ami-0f41bd909fd160e29",
              "ami-0d66c5136fccaf7fc",
              "ami-04b67ab8b2409bf2f",
              "ami-01e9dc164f721198f",
              "ami-003c595507bf669ad",
              "ami-064a82b5767f705e2",
              "ami-07024b0dd6f9b622f",
              "ami-030619e799f7715f9",
              "ami-006e46ee50a916468",
              "ami-0d7b924be427bae33",
              "ami-059347d0d582e2bc4",
              "ami-0a05eee60ae8aaa5c",
              "ami-0d3d2ec97a9dceeaa",
              "ami-0655dec31a9336874",
              "ami-0081c3f50b0696fa3",
              "ami-0b521d147f2742a05",
              "ami-08e1b095f9423b547",
              "ami-03bfea50fd0da55f0",
              "ami-07c82f96995e8d411",
              "ami-0ec7451317762948b",
              "ami-0a9ff5f77c7a6db1e",
              "ami-0478340655b60e4aa",
              "ami-0e3ed658950ea624e",
              "ami-0b513f42c1cadf91f",
              "ami-059221fb4aa751c74",
              "ami-0522171e6494ad953",
              "ami-088e83dd1edb11e88",
              "ami-0d445556347d57490",
              "ami-0696038280cb31125",
              "ami-0958221dbf7ec651b",
              "ami-0a784f39d9953debf",
              "ami-03f5ab5191d73ccc8",
              "ami-06f8708da3f7c5e4a",
              "ami-0abb07a5de418a9f5",
              "ami-068ee168e6a8c377c",
              "ami-0a6838989d042f33f",
              "ami-03a0a50f91cefb074",
              "ami-03a29c44626750ad8",
              "ami-03686ce1e0ae9de13",
              "ami-0e8e1fd981351a0a5",
              "ami-0837903d88e502365",
              "ami-0bf4597604ddae3d6",
              "ami-0cd378570fcbe32cf",
              "ami-07e8c0f1cfa0c02a4",
              "ami-05d1ba6f0836b6026",
              "ami-04ab7ff56223df92d",
              "ami-01c60ad784c75bd7e",
              "ami-0fe6e27ac0315869e",
              "ami-06f5017ab28dd01ba",
              "ami-0879377075300bbc2",
              "ami-0af040b6f658432d7",
              "ami-0c15e8576c14fe8f7",
              "ami-031f7887906c0c80e",
              "ami-01b093dc4531cf860",
              "ami-03cb6bc216fc358dd",
              "ami-028d6ba857f54c889",
              "ami-07e8e0567bf07159e",
              "ami-018ae918c152249f0",
              "ami-050fd8a150fcd3dbc",
              "ami-0afa7a0f118d32883",
              "ami-0a4cc8d4f88992d84",
              "ami-02b9b305eec5a6a44",
              "ami-0ce18c955245c5107",
              "ami-0ead684d91ce63db6",
              "ami-034f372c1de1ed4f8",
              "ami-09b411b3d6ce463c0",
              "ami-0f6cea27826dbfc63",
              "ami-0aa2988e101ab796b",
              "ami-0b879606d4a16ad9b",
              "ami-065aefc929bad697f",
              "ami-0bd65340ef52c69fd",
              "ami-09cd53127b759e7f6",
              "ami-0b7d7c16738d7fff5",
              "ami-0ccca963e17f49a78",
              "ami-0fffe7f0a59815689",
              "ami-093cd76be47b2e42f",
              "ami-01370a45235bfeddf",
              "ami-0463eeaa70b8da38e",
              "ami-0dc53029d368b5156",
              "ami-0882c0d6aa7f8d883",
              "ami-0a97cbd575f9bdc1e",
              "ami-053e27215601f835a",
              "ami-082dd28d3a421cefe",
              "ami-058a146357867dbba",
              "ami-0c77dbb773ebb2468",
              "ami-04500ea497ea4c7c7",
              "ami-0e86fdd2f3a112e66",
              "ami-02d484e7ab908b3d5",
              "ami-069bb9e221b80f409",
              "ami-027ac6e6d898e2ce9",
              "ami-06033ec4cfa17096c",
              "ami-04ea4761bf738b46c",
              "ami-08bd5eecc7fd4a4e5",
              "ami-0c2fc03361515af1c",
              "ami-09af61e0be26cdeed",
              "ami-0490b0e5bfdf43ec8",
              "ami-0d72d548a3e30aa3f",
              "ami-008ea9902f28942bd",
              "ami-00d7cebaa316376c2",
              "ami-072c44515469a04e3",
              "ami-0cca42bb266e3591c",
              "ami-00b81df1a22bb0e36",
              "ami-0def938fbac5592d4",
              "ami-0201ea54a2453616b",
              "ami-07462bd75a890a78b",
              "ami-0796d163b02dd4a45",
              "ami-0eb771e500201c2a3",
              "ami-026aba9d8a2fe6c9b",
              "ami-0b9be416a990cc884",
              "ami-0866a342f23b420a3",
              "ami-03b4f3281e20700f3",
              "ami-01410e5030b96eb52",
              "ami-0a7e89926b547d29e",
              "ami-0eedc092d104d5ce5",
              "ami-0508b73a53ec3ffa6",
              "ami-0be120221b79ce750",
              "ami-08f9d38d870cb29f8",
              "ami-0f9ffb761ab18a43e",
              "ami-008a6634f5f5166ef",
              "ami-0baa094130b8e5337",
              "ami-008ba4d2cb1737e20",
              "ami-01ff274d595518fbd",
              "ami-0b140b66be9326c77",
              "ami-01f26fa068cb33177",
              "ami-0674d50628577a0d4",
              "ami-02f2239299fb75c90",
              "ami-0237efcf785cf74d1",
              "ami-0e7ebf2a21f9bdafc",
              "ami-0b355965ceac63059",
              "ami-03ae189da02e85652",
              "ami-0de4084f4e3e577a0",
              "ami-05921f9580ce61690",
              "ami-0f077a58dd5d896d6",
              "ami-07d639c4f97d1632a",
              "ami-0640ee25e76d24867",
              "ami-0d78bcd1e933bb475",
              "ami-08fec1190e9742158",
              "ami-05044a535abdd714f",
              "ami-0cd6d47c6605252eb",
              "ami-0ab4132d272ff5f26",
              "ami-0c6a3409ce9f56984",
              "ami-0776c670057933b8c",
              "ami-0fd2eda206d9f1bef",
              "ami-01d9b0a432848e5c2",
              "ami-0b25135448bb9232a",
              "ami-03e0ddd61f611b9bb",
              "ami-0bbb0623c8d81b816",
              "ami-048a41fc07814ee4a",
              "ami-0cac6398e8839d25e",
              "ami-08baf1fec969519f2",
              "ami-0615f16ac1808e0a8",
              "ami-05dffd2587d0e36e1",
              "ami-0babf4e16e14b8f73",
              "ami-0bcc294eb22584b85",
              "ami-08cc07d2697610cbe",
              "ami-0b3444c3e00b1563c",
              "ami-0cddc5007c5b9231b",
              "ami-0e64a37a3c2791c30",
              "ami-0664e833cbfd58f19",
              "ami-0f1b27bf758cb6618",
              "ami-07fd8c7dcf1ed7040",
              "ami-0a1ef5c78c35eb30f",
              "ami-0c5b5a49a9aea3e58",
              "ami-029fa7ff56fb2c7ec",
              "ami-09733bd035b7d0bdb",
              "ami-04236c671c52a6124",
              "ami-02019b6bea6751d2a",
              "ami-07a21813e4e916953",
              "ami-0c463230d3ad17bce",
              "ami-091c8e24ac8329b48",
              "ami-0a30cd2eeeb3f98ee",
              "ami-0c33befa49035b887",
              "ami-022cf68892d955d32",
              "ami-0077fd05cd80eba50",
              "ami-016ee4a25edeb42f1",
              "ami-045829b5e333e73d3",
              "ami-01d9a653380ff1431",
              "ami-05fd4b70e4ca5f207",
              "ami-0dfc73c7073adb40d",
              "ami-059a77b70b72a3bcf",
              "ami-0ac35d9d67aee67fc",
              "ami-076ee9e86e03fc8a3",
              "ami-0acf9a2b692b11df7",
              "ami-0fbb5e3137e1dc12d",
              "ami-086cb941e4acd2cbb",
              "ami-08e1f4af21174c891",
              "ami-0ea9ff951340da82d",
              "ami-044ab21b18aa1d5bc",
              "ami-0b1636426ffea6966",
              "ami-03254d47e30e9e61d",
              "ami-08fed69a18df0098e",
              "ami-02719006f693f81fb",
              "ami-0fac492f5d7901832",
              "ami-080ce23980b15b456",
              "ami-0eeb03e72075b9bcc",
              "ami-0dee66c9cb37341b1",
              "ami-04f714c40e6566089",
              "ami-01ad94fdf8150776c",
              "ami-06d094a7525e30836",
              "ami-012e67a86f193c358",
              "ami-0bc4953043ba15f2f",
              "ami-0845fadee0743f234",
              "ami-06dfbbc78724653a8",
              "ami-014e91d250f5cdc99",
              "ami-0bc966662ca3f1142",
              "ami-096bb79a925e6f3ec",
              "ami-0809096f464ebe975",
              "ami-0f694e8d7580bf3bd",
              "ami-0a37bb9f4306c91a0",
              "ami-0fa7ffc7a3d571c8a",
              "ami-0c4c2f2bb02ad4a0f",
              "ami-062afb32231530242",
              "ami-067ca5564beac52eb",
              "ami-075e021bdf0e252e5",
              "ami-0e48a5350bcd5d9ae",
              "ami-09ff4e436b885c5a5",
              "ami-0fd7abc104fc66df0",
              "ami-02c9458484d119c00",
              "ami-068f46a4902216631",
              "ami-013cc979af6b7cbcf",
              "ami-013e6ce657f421f67",
              "ami-07d8f28d75ac2bd4f",
              "ami-03af6b3cef90b11b8",
              "ami-0d58bfc80e45bed33",
              "ami-06414f442b62744ba",
              "ami-07ad85f2a7fb7bc4f",
              "ami-0c86dc18308f9a335",
              "ami-0c4ffc38c13c8988f",
              "ami-0d1fd1c81d1912b6f",
              "ami-03073637075541714",
              "ami-0edf3b9882462b188",
              "ami-02e110d63a4f99273",
              "ami-0fe3bc885f9fcfe78",
              "ami-0b3d362ecbf388955",
              "ami-0f4053bf494f6e14a",
              "ami-03255169cc6f5c83b",
              "ami-0c5bb2636aeb7bf80",
              "ami-0126b60c8090aff48",
              "ami-0521d9eb0a617e624",
              "ami-04619fd11be8c8942",
              "ami-032b923001ecf34b7",
              "ami-09ac485232ded8d16",
              "ami-0c5d6072a3e64bf5a",
              "ami-0790bead6f2566ac2",
              "ami-0750600aa10814d98",
              "ami-09f8df019ab8278c8",
              "ami-0615e5ec6d1cde785",
              "ami-02d4b03c7e6d319e5",
              "ami-06e805aace353fc8c",
              "ami-02774e18280537ef6",
              "ami-0b90c78f7d52a796a",
              "ami-0e4b08d6a42c4667e",
              "ami-03e8d990c82fe341d",
              "ami-0326eae296d9dbd2f",
              "ami-0b56448d8155ca38e",
              "ami-015057cdf7903b594",
              "ami-09aca0e1c8f8edc04",
              "ami-04ac07d85fe222216",
              "ami-06171b1c7802f3737",
              "ami-0602020cb7c910e5d",
              "ami-0766adaecf399d47f",
              "ami-030858276549ac063",
              "ami-03fbc9c25c8d8913e",
              "ami-01aab73081c276f67",
              "ami-0d9ee7a1e2f554c0c",
              "ami-09717260ed2632d30",
              "ami-0c379b3df5356b128",
              "ami-0909c2201f8a01bc7",
              "ami-0fa66510e58eb4fe8",
              "ami-0ca6e7b320425ae9e",
              "ami-09e2c44ba5327242d",
              "ami-044a53ae370f1105c",
              "ami-005e24b50c13e208f",
              "ami-008e59b8e52795f1a",
              "ami-00c863d64db53e095",
              "ami-00b754e7d6647eeb8",
              "ami-05dc75c883bb3afe6",
              "ami-0981be45b145f6705",
              "ami-0b868ec8e857c86b4",
              "ami-0e692cbd0f9ca1623",
              "ami-07c4eacaa7cf20c36",
              "ami-06f061bceb29395de",
              "ami-04fd5c761f2b86692",
              "ami-070ea05cb21034fd4",
              "ami-09713432188b75826",
              "ami-07d4257285b63e193",
              "ami-05a0922bb577a8a26",
              "ami-04cbe19a8c35d1189",
              "ami-0c3386c42a07db2b3",
              "ami-03e8e49ac33b0d7a6",
              "ami-054ec3412ea3395b6",
              "ami-0bd93e490dbdf8499",
              "ami-0d4555acff1d5ea4f",
              "ami-094e7d6f3991224c6",
              "ami-0dbaeeaa1b4fbfabf",
              "ami-06f66ddcc78306934",
              "ami-00a7cd6dcc2a262ec",
              "ami-0a448add8f397976e",
              "ami-0c57188070be8834a",
              "ami-0221231f35c2dc140",
              "ami-0a115b34def4235e3",
              "ami-06fe15ad33ee6dff0",
              "ami-0f7314e78a833b973",
              "ami-06c93c186bc1e3b36",
              "ami-0c420b05b21f6ad88",
              "ami-0250d852526b549ec",
              "ami-0854e7720a80acd6a",
              "ami-0aba52bee80dd5dc6",
              "ami-01de830280233ff9e",
              "ami-09b266ebc4d87cdb8",
              "ami-0ffc6b6626408ad95",
              "ami-0ab0b23bd55531428",
              "ami-09532e9b9a90466e3",
              "ami-08bd99a012d3a232b",
              "ami-0a73dfa0e97517d5e",
              "ami-093a14510e9a2eaf0",
              "ami-0f37052eb256508cf",
              "ami-0fe88328dfee980fe",
              "ami-0296f287cd02fa191",
              "ami-0b72af662b21c1b95",
              "ami-0f0b5d169137f6bc4",
              "ami-0d87a9121be70e643",
              "ami-08a602b0877a97d07",
              "ami-0641ff065839ba086",
              "ami-075387cdcc072168e",
              "ami-0daeb1ba3d96ee69e",
              "ami-0abc2969b90d08e85",
              "ami-03391602c7c9a6040",
              "ami-08dde2ab991a05d28",
              "ami-08fcbb6bcfbc5ced8",
              "ami-06b8d9c45a8c22b4a",
              "ami-09230ffe82c419a1a",
              "ami-01d0900c95f344d26",
              "ami-0044f8b27a1d22a8e",
              "ami-02cb4f05f06b30030",
              "ami-093469e041bdfac7b",
              "ami-0abbdf5ae0ce5bc7b",
              "ami-0005e8fc0492f5ef0",
              "ami-0e136896825e728db",
              "ami-0a801379edcb8c143",
              "ami-0aa5a9a5576a7e917",
              "ami-059e809035617df15",
              "ami-0a10627f5b4f17cee",
              "ami-02158039b920d26dc",
              "ami-04f505ad0c55d2dca",
              "ami-038a131c420b929f8",
              "ami-05db173838737d5ae",
              "ami-03592282655ca182f",
              "ami-0a6b36328c3e0b79f",
              "ami-028c702c616082615",
              "ami-0d17578a17ff08fa3",
              "ami-06d3124f3ed3f17d4",
              "ami-0e5ae82df98b14d54",
              "ami-0b3b9235778f6ffe3",
              "ami-0aaeb14db59fb9792",
              "ami-064ed0467c78a6064",
              "ami-0d055c31d198dd70c",
              "ami-0305dd943756852b1",
              "ami-08525a315c0def84c",
              "ami-038bb5af15e419564",
              "ami-03a1d1dd52af68579",
              "ami-002035f95502b8d7c",
              "ami-0e28b4bb6e060328b",
              "ami-06f8c820e68049eeb",
              "ami-051b587f7afacba11",
              "ami-0dbcb46bfb3b20eb5",
              "ami-0a3a9778b269b802d",
              "ami-0e7b2db4e88811680",
              "ami-0c681b8c6cbc8bb14",
              "ami-095bf04b805e0b8e5",
              "ami-02ecc761c6433cc38",
              "ami-0982ef7b6e2e9c4fd",
              "ami-0586ebde12bc00b1a",
              "ami-0edec17ae458805cd",
              "ami-049e21468f475dd97",
              "ami-025b370b4d4af41f6",
              "ami-027c6094804a06556",
              "ami-078cd1628e4dc5326",
              "ami-0cba0168a3f5bcf05",
              "ami-07820f8a57fdf0da7",
              "ami-0a3579c7270625c54",
              "ami-04276dc4891c1a528",
              "ami-0644cc91d06101f7e",
              "ami-0aa55220ae68e1371",
              "ami-04a4675059081d548",
              "ami-05728ed1fe90c73ca",
              "ami-0d88921e93cd546a3",
              "ami-0943f0c7f79b74f18",
              "ami-0c6a9a1355d9736ed",
              "ami-02354e315fa7e2143",
              "ami-026d1bfc9ee642a7d",
              "ami-0afaebdc0735c14d2",
              "ami-02525c28aed8cceb1",
              "ami-0e9536cf65a8c59e2",
              "ami-081c826fbbef52b86",
              "ami-07cc197d91aa71e05",
              "ami-0194405421c137a90",
              "ami-09eaedd4098c97a99",
              "ami-0787e4a74d16e37b7",
              "ami-0e65ee0a96f07cd43",
              "ami-022f0d1a91a02fc8f",
              "ami-0cecc733731de5d88",
              "ami-09b928eee7e2b0fdb",
              "ami-057f1bd5c11fd4db3",
              "ami-0ffbe6e694287ecf4",
              "ami-0365d90d14738e95b",
              "ami-0f83bf4acda63c060",
              "ami-07a896524b27e3048",
              "ami-051c39c8c558da736",
              "ami-0c195a2fb48e87d32",
              "ami-04580620f307b5596",
              "ami-01e22f1c75cc78530",
              "ami-0f8ccaa5c947b8fbe",
              "ami-08e0ca9924195beba",
              "ami-00bf2df4ad9db420c",
              "ami-03c266efe403c25ea",
              "ami-0437d5dbe8fdc3d52",
              "ami-06c86ade46a2fc0b7",
              "ami-05c93a1dbc646faa0",
              "ami-0c808c60d0e8b806c",
              "ami-0686becedbd2e79c6",
              "ami-0339e5057a1faefff",
              "ami-0f5206e42db8480ca",
              "ami-05b1dba0ed8724254",
              "ami-08c537106c1614f71",
              "ami-0e82e47c9d366275d",
              "ami-090da29d5f1b2a3c3",
              "ami-08deb0d06c2603126",
              "ami-045e1aa816801e4a6",
              "ami-0f5fc81aca0b9df5e",
              "ami-02b13156eebd71009",
              "ami-05b9d754a2242c8fb",
              "ami-00e7f4837d4cd11dd",
              "ami-0342761aba3447a81",
              "ami-0968bce62cbe358df",
              "ami-025af9d08b070c4ef",
              "ami-07bd4b7c01a0cf57d",
              "ami-0305eb00dc2f44d1d",
              "ami-0156a24d353e26cb2",
              "ami-02d0ee2e3eabd9434",
              "ami-070f5419a55156af2",
              "ami-0dc59ca71cc473683",
              "ami-04aa2378fa03fda3a",
              "ami-03c3c2dffd521f61d",
              "ami-0f2912322bea65a69",
              "ami-0657f5c60aaa5c504",
              "ami-07a06d109823dc1c3",
              "ami-000b21064a8ce2b6a",
              "ami-09baff37156ba2419",
              "ami-0db6941fbdbc8c40a",
              "ami-000799001b0d34534",
              "ami-0ce1ddef1bac28e2d",
              "ami-09e02ca0a7320f791",
              "ami-0febabe258e4e90ab",
              "ami-0336fc22cabf0068e",
              "ami-0cf5769470872eb3a",
              "ami-0fca4d16584ec8b85",
              "ami-02a4854f9657fce6d",
              "ami-005d8bcae66c38276",
              "ami-030cfb5ff193a8433",
              "ami-03fbe5b526d0ea1b0",
              "ami-0ef35e42912e6c84f",
              "ami-0666666bf4868e6dc",
              "ami-0ee0bfc4a9b44c6ef",
              "ami-051e4487f6bafb6b3",
              "ami-0fed1fd4cb8ce373b",
              "ami-0db65848ef9737e08",
              "ami-053b920e4645670d0",
              "ami-00e0a7d7390d2c24d",
              "ami-0cda572c8a7334766",
              "ami-092d2662acfeb1bd6",
              "ami-091f44ce82e42db80",
              "ami-09dc229f1a25cce5e",
              "ami-0c7694598671ef1b8",
              "ami-0f806ef6be90bc961",
              "ami-00ce3acab29a7a521",
              "ami-0dc86421accf88777",
              "ami-0a1dea035d180fc16",
              "ami-014012e87877414bf",
              "ami-06693bfa5283d9d30",
              "ami-030b4b762b003956a",
              "ami-0e748731bda415b1d",
              "ami-09fbd2495dc72192b",
              "ami-034e22f61807962ad",
              "ami-0cdcac56d729840e3",
              "ami-0e1a2a6e88dfce341",
              "ami-089ced5a27c46d553",
              "ami-0138b3730fc195fdd",
              "ami-0c928c9b5fc562631",
              "ami-014ccc1aafe441add",
              "ami-097c43299c7ccb1b7",
              "ami-0f632470f4310cb90",
              "ami-0a7797d474b446c78",
              "ami-01b197426d88100d6",
              "ami-0bfdd554d87ef7e10",
              "ami-0e98003222cfd6653",
              "ami-008e61f34aa147be7",
              "ami-0beeb23ad871a94e9",
              "ami-063a3d474b678ac70",
              "ami-011e96af07572416e",
              "ami-023596126afe4adb0",
              "ami-0271b5e59a542ce9f",
              "ami-0653918dfc803095f",
              "ami-001a1a335a98175ef",
              "ami-080bf67fee3386344",
              "ami-0641f2608d8b5f3b3",
              "ami-08643cf5a83695b6b",
              "ami-033fe34551b2708ed",
              "ami-06c997da7cdaa6789",
              "ami-08dd261b8b4c70143",
              "ami-08a75be83b83a14c6",
              "ami-0dd2b99a78fac0f82",
              "ami-04514943e49afacca",
              "ami-01df3a6c4097c589a",
              "ami-0060ae1023be97042",
              "ami-01de26c111819c59d",
              "ami-081e7da4b1ab29343",
              "ami-0325b5468bdf7fea1",
              "ami-04d758e3df97df3ec",
              "ami-0a1a55c79a6cead3f",
              "ami-0544cacbb99cb46c6",
              "ami-00f298f546f2a505b",
              "ami-0841d905495aa9795",
              "ami-055cab30d9c6c93d6",
              "ami-06d4eceebb277fd57",
              "ami-040da19f8b13ae33f",
              "ami-0460180a3ca12da85",
              "ami-0a6b731349a293110",
              "ami-0d9863d058a268c58",
              "ami-01c0c6cd9acd8160d",
              "ami-0307bd498f58cd42a",
              "ami-0f42f593e895d477c",
              "ami-0485bc6e70dfb22ed",
              "ami-0a3b8378dc149de18",
              "ami-010f99bd91a28b7ec",
              "ami-0e6a20539396e4981",
              "ami-039b2f721994a2f90",
              "ami-04d166c602356e894",
              "ami-031100c1831801eac",
              "ami-0c49cf81cea453fcd",
              "ami-072ff361e80c67745",
              "ami-0ff7f9ff4ae5ef82e",
              "ami-01657c5de685a0fb8",
              "ami-093794707b66af43b",
              "ami-031dad979c57f7979",
              "ami-0d0f586c95048c0c8",
              "ami-0be7b96c358049e53",
              "ami-0ea092a8a43999663",
              "ami-0c684a9a69d4365c7",
              "ami-02ab9dee89b69b151",
              "ami-06b4b069a0d7a4a01",
              "ami-0297ded783ba6d256",
              "ami-06aec4d26830c3513",
              "ami-0ded6c34335c536b0",
              "ami-0caeb74bc8d51b343",
              "ami-04c17a3ed8ade9957",
              "ami-06279135a0b11dfaa",
              "ami-0cad4b5cf1018af48",
              "ami-09636727b1fdf048a",
              "ami-051e396484acb8386",
              "ami-0bea58be36a994fb5",
              "ami-079a0db61919a8bf5",
              "ami-0ea191b439a013edd",
              "ami-0808e414ffb92744b",
              "ami-006491ac099a9e03e",
              "ami-003c9897c257e9bcf",
              "ami-0b3ceec2578cfb004",
              "ami-0b03f4593770416ae",
              "ami-046492519aacc6824",
              "ami-068bf34b06ad082be",
              "ami-01ba6261c3d240fce",
              "ami-0fc0f67a442614f20",
              "ami-0951982bde6f79d79",
              "ami-000e225c2f880a269",
              "ami-03e71d1854e790593",
              "ami-0dfc097ff15aad5fd",
              "ami-048aef36fcc2b8ef1",
              "ami-02ecdae31e9cf0dbf",
              "ami-0bf13b28921570149",
              "ami-036a20c34686aa1a9",
              "ami-087fee855071b1dad",
              "ami-07c6df57dec1a8fb1",
              "ami-06667f53a959c231f",
              "ami-046b91c7cb44b54d2",
              "ami-04c15c9ebdb635db4",
              "ami-0f5f7cc3e75a0e4fd",
              "ami-0608712ad87ef3ae0",
              "ami-00bb43fbef921543b",
              "ami-0557af9e78122a3ac",
              "ami-0008652717e7f19fb",
              "ami-0377593e8e43bc846",
              "ami-0c849a3c774bac49d",
              "ami-064e244fc7c28d7cb",
              "ami-0959508f406582ff2",
              "ami-0781eda6d2d29dec4",
              "ami-0b3daa8f3ab643b0f",
              "ami-0e09ca120fcc7c61e",
              "ami-08c7ed4e632ef667c",
              "ami-00ab3ddbbf75c8de5",
              "ami-0f5c6489fb4c752c7",
              "ami-0c4495d9a0b14651d",
              "ami-029947f9edcba0566",
              "ami-0c13a1f5aae7477b3",
              "ami-0d812efb27069af0d",
              "ami-0acb7f223767fccbe",
              "ami-0ae9b3a15ddd1ea4d",
              "ami-0c27f098b71afb381",
              "ami-0a50ccec840c8371a",
              "ami-06c63e1d34e5f864e",
              "ami-0212cf74d214775be",
              "ami-0b8df8d2a5adbdbeb",
              "ami-0e3e4aad97ec94932",
              "ami-0517aaac70a93dd22",
              "ami-0677da02cf479d822",
              "ami-04dd3dd3da8372b5e",
              "ami-099d20b35d7522d2a",
              "ami-0c0ab7d720a0ce1f9",
              "ami-07e55f2372229a66d",
              "ami-039df6dc541557186",
              "ami-062705af7c85b9515",
              "ami-0f446e528c6872670",
              "ami-0e06eee94ea34280d",
              "ami-0695ac208ae653367",
              "ami-0e18f6cb5fb9e70b4",
              "ami-07f91610a0cdc692d",
              "ami-0cc78e189058a3cf0",
              "ami-00ebe0d4efbb23670",
              "ami-01a90fcbff0724f95",
              "ami-08d63fe58964bceeb",
              "ami-04d66d52a28ac633e",
              "ami-0599acfae15e28b62",
              "ami-05daf5b05791b15d4",
              "ami-0e58155052c833895",
              "ami-04bb1907f80daacfc",
              "ami-05f854d067bfea215",
              "ami-04448dcaf588c51ea",
              "ami-041bef06ae88e7b47",
              "ami-065b8591d002a6f31",
              "ami-007f9329d893f9123",
              "ami-03f79df20635d1661",
              "ami-0747899959f57ebf0",
              "ami-09615ad668ab7b690",
              "ami-06ba2f1b4cce70109",
              "ami-01132b148ae939dc1",
              "ami-0a813ddc2dd0aa2d1",
              "ami-0ce2ebd30bd0d5aeb",
              "ami-047568ac888cea3c0",
              "ami-077c58a1377711a27",
              "ami-049909e47423407ea",
              "ami-01cae20a9b38a41b4",
              "ami-0533f56bba6b25099",
              "ami-03f889b8bad1939fb",
              "ami-0e9c60c3774bacf99",
              "ami-061cf5019f937ee4a",
              "ami-0595052f0ac93ab5d",
              "ami-06f2fc9c6cb9ec0f0",
              "ami-0ac77ff5d90956034",
              "ami-0876de75cd485f5cd",
              "ami-0bea04435415a3d1c",
              "ami-07b1ed6f932e1fb34",
              "ami-0801763064540b88a",
              "ami-064f88642c31fd415",
              "ami-0908baeac5bf72d64",
              "ami-0f83701944a8cd5fe",
              "ami-0220a37bd098477e1",
              "ami-07e497a9d87fbdca4",
              "ami-085263ccdf6c57d71",
              "ami-013abe3b364f47693",
              "ami-05b2e633651a61cea",
              "ami-0cfd48c6641d1b25a",
              "ami-056b7b8a8c820da37",
              "ami-0d4276892cc01e880",
              "ami-082a87c9a35ad01a3",
              "ami-0acf54cba3cd2aa0b",
              "ami-0072c5d29eb254f23",
              "ami-0d9ddf07b13d36600",
              "ami-0475a39022e6337c2",
              "ami-0226a506702cd39a1",
              "ami-0df085521801a17da",
              "ami-00086cf0f3561c041",
              "ami-043a0051cc702364e",
              "ami-015413a0bb7132b88",
              "ami-02e41d999f7375dc7",
              "ami-02198016694c9c921",
              "ami-0244f1b8615293d48",
              "ami-06839c4184f708189",
              "ami-0c37b4d0a7977215d",
              "ami-08d52402b406cf995",
              "ami-0932395fd4a4d0433",
              "ami-0ef8b5f8b4f37deec",
              "ami-0c338bda849455c03",
              "ami-086df20780d33e339",
              "ami-0597af4f3939a3eaf",
              "ami-0349f25efc8b29b69",
              "ami-0800fc0ca008bfd78",
              "ami-0bd3efa5fa2db64bd",
              "ami-0661ae74d019a8b71",
              "ami-01ed4c35a4dccafb4",
              "ami-00670ba47d87e6aa4",
              "ami-07da18ec51493e586",
              "ami-0b89ef21f6df3311a",
              "ami-0b313b84b29221630",
              "ami-0f12b5e2caf213346",
              "ami-0423e76e3a008df1d",
              "ami-0470f63dbfef01610",
              "ami-0ac71fcadbe363b6d",
              "ami-0565618abf9f3c81d",
              "ami-01502592ca484c65e",
              "ami-03d9451388ed6d8e2",
              "ami-045c2b060a2288ab0",
              "ami-01c3bd986a3b46b44",
              "ami-0892976b5168d7e06",
              "ami-0aabc83f97bbd080f",
              "ami-04c4eb6f0f811c618",
              "ami-09b35eec2bf1bcd0f",
              "ami-05b0e9100ceec2890",
              "ami-0425b370a29f2bfe2",
              "ami-0d7a131b4b72d5c94",
              "ami-06ea5e00ee6ffe9ab",
              "ami-04eb0873df809e388",
              "ami-02d8a89d3f98e27c2",
              "ami-0d053fed5687029d8",
              "ami-095197c731b6adf5a",
              "ami-01f3d0bbdb7613df7",
              "ami-0759e4588a71720ed",
              "ami-030eea1ace6973e8c",
              "ami-068d5004fde24e35a",
              "ami-0a36d97a5eb7c7a10",
              "ami-0748284d9ccfbd92d",
              "ami-00293c3f84b51e9e8",
              "ami-032c38be9a78d268d",
              "ami-06b2a0c29f3ad895c",
              "ami-0d3a00bddaeb9bcc7",
              "ami-022b82a869c2d965e",
              "ami-0ece24f2f4bb048e8",
              "ami-06330e7574042cca6",
              "ami-002cb3c9f54d9c61c",
              "ami-03f360f65382a61ff",
              "ami-0e5ff8d85ba0169f4",
              "ami-08210276952f988bb",
              "ami-07f054c0244fc54d7",
              "ami-0e3f1ecabef9a1a1d",
              "ami-016afdd168bb7ade0",
              "ami-0877e1d3571cf319f",
              "ami-0487996c676dd6c27",
              "ami-06a4639f7f5390a59",
              "ami-0fbcfd6f6174511d9",
              "ami-0e6cdfab52684a0d6",
              "ami-068b32d5124aa0642",
              "ami-0de0befa05f5fb4fc",
              "ami-0fb56d15d654840e1",
              "ami-02e4f857295c181b1",
              "ami-08af88a1d78164a66",
              "ami-0278f2dc797904849",
              "ami-018c1a60420479f16",
              "ami-00510a33f59d4c5fe",
              "ami-0391ff974709c6499",
              "ami-0a56559578d327a15",
              "ami-0526c49578d7b041f",
              "ami-069d2a9995c0383d0",
              "ami-09471f6687b0ecd1a",
              "ami-05613436e71f9a9a8",
              "ami-093b2d243b05ce5df",
              "ami-09b2e27a4254670c8",
              "ami-065980dd9d0773f10",
              "ami-044279ee9b0cc9883",
              "ami-07c99e9656b3f59f8",
              "ami-0af5bac3c2d37ad3f",
              "ami-05c50d04f3e1be1e1",
              "ami-07840ee65e775b874",
              "ami-0505a266c30cf2019",
              "ami-0937c2be1cc689054",
              "ami-02d2c9a5372462240",
              "ami-0b20b505e28787982",
              "ami-04b2c900822731494",
              "ami-04484a2efb5a25eec",
              "ami-08f2865f8ae7eadd3",
              "ami-08e034ff826b7cebf",
              "ami-01e280c7acf8c882d",
              "ami-041b8c8a41b84bcc0",
              "ami-0481e2d1891797c98",
              "ami-0515684d3d08d81da",
              "ami-0a1c418ca1d3721a0",
              "ami-0573db5fe6faf8995",
              "ami-0072faca848813d1e",
              "ami-05ee2c26a7cc807a2",
              "ami-03b69ef7f801906a4",
              "ami-06cbddb162aa041a9",
              "ami-0919124b7770af8d9",
              "ami-0a47fd68cf7034c58",
              "ami-09fe484636519a7fd",
              "ami-0602d9f62b83744f5",
              "ami-0059d599d21636768",
              "ami-0ef07d3677758fee7",
              "ami-06aec0a1241e29730",
              "ami-0075369b2abf46b05",
              "ami-0e75152f8053094c3",
              "ami-0ad4f0f7d4ad36212",
              "ami-0d6342f5703295c0b",
              "ami-0453622f55c377f0a",
              "ami-0e4ac23cca347567f",
              "ami-05db51f0af189f28a",
              "ami-07ec6c0014b0d336c",
              "ami-01c3857b26ed470ed",
              "ami-0770dd3ceac014b9c",
              "ami-0d0a869eeba22c09d",
              "ami-09b55a0676bab30ab",
              "ami-0b76f8dfb7786e77f",
              "ami-02a3b09b057875740",
              "ami-05180b17b033e9a71",
              "ami-04b1ddd35fd71475a",
              "ami-0953277fb8715b50b",
              "ami-08b92c7dd5f33f388",
              "ami-0d5c7546de7618191",
              "ami-028309ed8aadde156",
              "ami-0a39659df3c884664",
              "ami-006aa2afc08a68f09",
              "ami-094457981ec1b29b3",
              "ami-0b41a09993d013ead",
              "ami-007bfdff7f46d2cde",
              "ami-04bdd6b587ee1a690",
              "ami-09fecd5e38c7f4aba",
              "ami-036f6a883a29e6226",
              "ami-0a72de9fab44266d8",
              "ami-06cef0144e66db0b8",
              "ami-0a72254e6960d3dd7",
              "ami-0bf1dfcf36a8a1b32",
              "ami-0b2a5bfa046d1632e",
              "ami-006f21fc4783921c2",
              "ami-0cb5cca71cef12389",
              "ami-068e356eba882c717",
              "ami-03be78f58a231abe0",
              "ami-0937a6ea8521dabef",
              "ami-071b166eaf58a1171",
              "ami-0ea3a87db1bfcc87c",
              "ami-004d397f39352f5b8",
              "ami-0783dbbdfe5ce2254",
              "ami-0f7998771f0e689f0",
              "ami-0b45dbd59193c27fb",
              "ami-085da303487dfcbdb",
              "ami-07b7cb021b4fe4162",
              "ami-05342e0a60d3c4709",
              "ami-0b26dc70f7c1c33fc",
              "ami-01615523cc3156476",
              "ami-098ac09ed716b7eb5",
              "ami-06d7ee092f1f3b461",
              "ami-09478f130aea32cae",
              "ami-001137231a5747a44",
              "ami-0014f7493e6991efb",
              "ami-03bdd511bca6b8b2a",
              "ami-00decd6b53ec21fed",
              "ami-08a113d7676d22efe",
              "ami-045953b14ea3f9084",
              "ami-0ab71076ab9b53b0d",
              "ami-0b3acf3edf2397475",
              "ami-0936db66b42fe5788",
              "ami-038eca64d2a66fe00",
              "ami-0e02fd974b8490519",
              "ami-010b924b79328caa4",
              "ami-09178b50759712550",
              "ami-083d794098c184cb0",
              "ami-02db96a8fe600e515",
              "ami-0097afeb7a464006f",
              "ami-04a85298a5ede3828",
              "ami-04c3821756e95ce29",
              "ami-087389ea992151036",
              "ami-04e4351190a9e9c08",
              "ami-0c1ae01498426f8c2",
              "ami-0721b09bd7ee0deb5",
              "ami-03f8222612a2adffb",
              "ami-0e512f88d2d81777b",
              "ami-0ac0ca05e8633d2d9",
              "ami-0dd5755365261be80",
              "ami-08caf21ef2bc8b5ad",
              "ami-0c390c5cb25fbf1e6",
              "ami-006de642cdc1db76f",
              "ami-042e6d8ad8fa60200",
              "ami-0652e1dffe1f674e2",
              "ami-013dce6c4f855dcc1",
              "ami-08f50f1604fa9e09a",
              "ami-0ac95eadfa1688493",
              "ami-0b4d8b822fb7a0485",
              "ami-032c4096089115bfe",
              "ami-0ee109ff1d62befda",
              "ami-028bd23c9b6ba3d5f",
              "ami-065aa98d69605fde6",
              "ami-02f68a807377466bb",
              "ami-09257bfb7cdd3871d",
              "ami-0e19cdc5aeaa8633c",
              "ami-03d5732a30ad7d674",
              "ami-05d3aadbf9eb3f8d0",
              "ami-048986d246186d223",
              "ami-05729d997a50e6ae5",
              "ami-0ea5ccdc1bda7df2f",
              "ami-0bcb05b6571fee52d",
              "ami-0124b06ef0624285c",
              "ami-0211ad60a7d526b91",
              "ami-07f8f266801062cba",
              "ami-00160f5b97a7b4406",
              "ami-02ee0ad226b8dac8a",
              "ami-07fe02a2cc0309586",
              "ami-0069c5397b5d9dccf",
              "ami-081bd4fff786bdff8",
              "ami-00c4ac84a5c4408d5",
              "ami-07df7799b74bad335",
              "ami-0db62c112f82d79cc",
              "ami-082c258d3e73b6618",
              "ami-061a9dc8252b42e0b",
              "ami-016bd0e7d80783064",
              "ami-0d68d917a2ebb20ff",
              "ami-05552d8ad867e2f82",
              "ami-014879fdf84f3af27",
              "ami-05b2527e4a3bd9fb0",
              "ami-08356d669e21a3156",
              "ami-0afbb33de653417ff",
              "ami-08beea6a728fc9068",
              "ami-02aa42190d2cca076",
              "ami-0c6a96fe51dedfe29",
              "ami-0576a94c12202fd46",
              "ami-0eae9c011ee5784d4",
              "ami-016a3e9b9f78a8971",
              "ami-0a654836aa4e3e239",
              "ami-0afd1313ea88ffbb8",
              "ami-036d8916c1270d993",
              "ami-01803a735e8bea663",
              "ami-00a5b6f93626111bc",
              "ami-02921c3f2807cccb8",
              "ami-00486f22caa4db311",
              "ami-0fe4660a1fca741df",
              "ami-0a6e5ccb308702f9e",
              "ami-06ce226baf7aefc6c",
              "ami-0bd1c8040e1aa99a4",
              "ami-004dc8a3f4afd0153",
              "ami-0c2a5e20ed035feca",
              "ami-0f2c6b90f42c8124a",
              "ami-0dad0d1c6edeba815",
              "ami-04d87a66b5f1c82d1",
              "ami-0da6701b938c81dee",
              "ami-005e59424607cbe06",
              "ami-002659fc557975043",
              "ami-0ffb8924163f035de",
              "ami-074ce8a161bc29918",
              "ami-098b664f8c6b739bb",
              "ami-07b842dcf6f789f29",
              "ami-0e087f2d5071e1378",
              "ami-0985520fccb726207",
              "ami-0cfe25d79abb18a0f",
              "ami-07acd1c4c2614e840",
              "ami-07f05a43ce0379f9e",
              "ami-0a299f6d76b42ad42",
              "ami-0a840952e74514432",
              "ami-0c85e6d9238ec7a2c",
              "ami-076ed19a127620dbe",
              "ami-0a206749363801661",
              "ami-0f68f4c471805e41c",
              "ami-0d3add210497d0b99",
              "ami-0e949830e0f72d4a5",
              "ami-09b197f3943d595d8",
              "ami-0f92f4b325c66569b",
              "ami-08f6827db00e4bd48",
              "ami-0043323611c04ddbf",
              "ami-003e89b40452db24c",
              "ami-0cdd10f960c1795f8",
              "ami-0fc8878fc78021177",
              "ami-0c9c4c4ffec1b52cd",
              "ami-04f759812f83d9b3c",
              "ami-0f72e472a0a9ae1e5",
              "ami-01ab67467126a45fb",
              "ami-084016164b3e148e0",
              "ami-0a7746cb3c0a556c0",
              "ami-0cefaa8d09f5d4eb9",
              "ami-03f2a412d33ede313",
              "ami-047fc68d941531914",
              "ami-091637d7bf1d44606",
              "ami-015d36e4b4cba66df",
              "ami-0083a5412803a67b4",
              "ami-05e2bbff027f32168",
              "ami-0f23579bca0c43233",
              "ami-0433c4450ddc2cbd9",
              "ami-0906e76dffd2d52ba",
              "ami-0ba95f7965ba97d35",
              "ami-04e46643ffb89e84c",
              "ami-0ad87e82a7f1e7f4b",
              "ami-03e88b9bea0bf4515",
              "ami-08f63db601b82ff5f",
              "ami-00eea5f5ca3895c0d",
              "ami-04c8a19d3d19aba09",
              "ami-0e502bbbe5de26d28",
              "ami-04cdf66468a599b61",
              "ami-0844bb36a50579972",
              "ami-002eb9d0092f20557",
              "ami-0be7e44b672fff855",
              "ami-0c9592f87494b911a",
              "ami-04b516ee33e0f07e0",
              "ami-0af950f54ed50c974",
              "ami-01c155a12df04a8d9",
              "ami-010bd92a520165694",
              "ami-09d826d15d9f94398",
              "ami-0841063d76faea97b",
              "ami-01275e31d5d877629",
              "ami-01cc25cab9bf35dee",
              "ami-02c5622a35cc4f437",
              "ami-00943902879f851ed",
              "ami-0a3104db7243b25a2",
              "ami-0867ca61347d3ae60",
              "ami-07805423f3f690250",
              "ami-076528d9a89d62bfc",
              "ami-03698b2f9a9b8dc37",
              "ami-0fd344ed6bc34037b",
              "ami-085039e4e8f829c00",
              "ami-063fcb435b53958b5",
              "ami-0c42adb42b71cacfc",
              "ami-0976461b571bd8723",
              "ami-02c7176596e46bfb9",
              "ami-02c4c0b5ad78ef1cc",
              "ami-02ab1c8cd9a371337",
              "ami-07d67fdc936f8d079",
              "ami-009385989261cf404",
              "ami-0d78918ce699ab9d6",
              "ami-050616643e759c696",
              "ami-0d12c1b6e51f09a2b",
              "ami-0caa9930f47bb736c",
              "ami-0018e826ca3bf3482",
              "ami-066e3cde64b6fc16e",
              "ami-0336dd7bd1651e19c",
              "ami-07daf06eb6eb55a07",
              "ami-08c85dc58bfb5483e",
              "ami-002566eeb7e5cf5fc",
              "ami-018fa0196fe5dcbaf",
              "ami-0badb4b8752c9bbf9",
              "ami-0d8f2c56bcf9b6e03",
              "ami-056192a5994d64df9",
              "ami-0c6c70b45e2e8dc77",
              "ami-038c80ba1d9c263ab",
              "ami-09969dcba4a72e09f",
              "ami-0e629ec45e5b92c01",
              "ami-0aaa6b9bb9e33b0cb",
              "ami-0fd4f87d5687400d1",
              "ami-0cda574c284e05f38",
              "ami-0b98d4bfa3ce9e37d",
              "ami-0444b9f884548f7d8",
              "ami-00df7255cdef2b696",
              "ami-03ab4d501ab553aea",
              "ami-02d9efee540de2464",
              "ami-073107a4144c7e8fa",
              "ami-004a326113a3e3276",
              "ami-07deea92377077e94",
              "ami-03e357ce9ef55c62e",
              "ami-0ea53f649fbebba23",
              "ami-036ad6cb172f5bf10",
              "ami-0c693e8f149436983",
              "ami-0be5c24b3561555b6",
              "ami-087c8f6ef7336bfb8",
              "ami-081e16d341b795c6b",
              "ami-06231cb4c88fa5b5f",
              "ami-09326f10975f09ccc",
              "ami-0e569af829243f127",
              "ami-0f5088790ff99989c",
              "ami-06f859543f7f208ee",
              "ami-065d65fe4516ea586",
              "ami-0db62896ad6e9ead0",
              "ami-05b92d7f278a1bdad",
              "ami-0768af58410e5edf0",
              "ami-017c3c7d6e1e99ed7",
              "ami-057f2685d41770ee2",
              "ami-01674a1d45e8e702b",
              "ami-0aa03cf968f9234d6",
              "ami-0399824e38f79f5ba",
              "ami-093c4081732a2c152",
              "ami-06690915dc4e733b8",
              "ami-0130998c135d1bd70",
              "ami-0c0f459612895b49e",
              "ami-0afd38ac4bf2a8963",
              "ami-0d37282948b3fd346",
              "ami-02885e36c1946de62",
              "ami-0c229990285d59bd5",
              "ami-0e361b261b6879bdc",
              "ami-0edcd9b699e9e9ed2",
              "ami-0feae43fac36bdb3d",
              "ami-0da8c010b6821aac8",
              "ami-096519307cda0313c",
              "ami-02ade8d374c8cf16d",
              "ami-0feab724a75f22a95",
              "ami-0235451f81e0dcb36",
              "ami-0ea1b40b42dd23657",
              "ami-0f42529d620122d1a",
              "ami-0fd1d49466ad5e414",
              "ami-08abca18dee9e30cc",
              "ami-0dc11cd0cf153c4cb",
              "ami-01cfab2ec59e55c25",
              "ami-0d4e69b97911c88aa",
              "ami-055bc2174e27b050e",
              "ami-09952eb2d4dd3f2e2",
              "ami-059ddcf5c8e408012",
              "ami-06cc0e0c03bd6abd9",
              "ami-0b939ee54f0c676de",
              "ami-07ce7adc39b9e28b2",
              "ami-0e66f1d2824238a00",
              "ami-060347326df2488ce",
              "ami-01d04b8b6933d43b7",
              "ami-08603c6ed8cd80b1c",
              "ami-0e8dc166658589a23",
              "ami-023a89e259bf83b69",
              "ami-0fc57f118d3b1f8e7",
              "ami-0cd86dad3b61dec7b",
              "ami-0d8bea77763a12c4b",
              "ami-0c5dd06e0ef0404b8",
              "ami-07dd514585677b2e0",
              "ami-0352228283e0c6670",
              "ami-0a457508601346d0d",
              "ami-006426da7a4991f40",
              "ami-0d813227e6ad9e5ae",
              "ami-0bbce69468c59be20",
              "ami-06516cdf35025f94d",
              "ami-04e976fe8dc779986",
              "ami-06f5731eb51e21864",
              "ami-0a3ddceb7bce822e8",
              "ami-06937de29e4e40410",
              "ami-09c14c2f7df9bdff9",
              "ami-0512e9a0d06fb5024",
              "ami-09fdc62d43fd0e868",
              "ami-08e707b6c8231bce2",
              "ami-0acb5778ac45156b5",
              "ami-0fe67c01dc59cb5f7",
              "ami-04d4dc990926bb20a",
              "ami-0d7cab51099b927d3",
              "ami-060c1e6fb269a2c83",
              "ami-0bdb8fb1d519201d2",
              "ami-060f5832fe6c2ce08",
              "ami-08f7dd895882fd8c5",
              "ami-08a34b2588f4bea4b",
              "ami-0e166187d6d75d2a9",
              "ami-003013a5382b8e779",
              "ami-012c584b30de755e4",
              "ami-0b7fbcb5a444e2adf",
              "ami-0eb54d19bc597aff5",
              "ami-0943ea60eb1805a9f",
              "ami-0e94319fbcfd761ad",
              "ami-0ed43e27f003ccce8",
              "ami-069a3477a806d033c",
              "ami-01c3ac911b0507fb4",
              "ami-04823f377252325e1",
              "ami-0feacb0577b11ec31",
              "ami-0dcbd393a1f748cc0",
              "ami-0053c93f845adfd9b",
              "ami-03794d31e011b5964",
              "ami-06ed103fe0f14e426",
              "ami-0a7a55b294803dd8a",
              "ami-09ca62cab252b9be0",
              "ami-0733b8b53033ec713",
              "ami-0b6e62bab1808c90c",
              "ami-026669ec456129a70",
              "ami-079546cccbb857ed4",
              "ami-0ec13aeecfaa53ec2",
              "ami-06a2b4acacc88730a",
              "ami-01354217038b21843",
              "ami-0ba076a3c9948c582",
              "ami-058826fb22a3707c0",
              "ami-033a4cf1cc72f883d",
              "ami-0bc72fe1574f73439",
              "ami-0989b762580107d37",
              "ami-0879fc1746b8c20ea",
              "ami-027a2579fc1bd8e1a",
              "ami-036d06adf7ae3c219",
              "ami-05af4073edb0fee12",
              "ami-03b28edf5d20f1b3b",
              "ami-0528824e8591f5cde",
              "ami-098a15e03b33cac78",
              "ami-0a8574c3a35679669",
              "ami-08d8f4816941c9984",
              "ami-041342eff49b22e05",
              "ami-0616478530ad86e3d",
              "ami-0cc8215147a0b4069",
              "ami-016bda41812b237ae",
              "ami-03b60f0e1bccd6d89",
              "ami-0da4a0d4f28d43b0e",
              "ami-0e503397bdfceb1ab",
              "ami-0430e6c5e9a001e05",
              "ami-004e8f9ba85e15153",
              "ami-050bb69b1ccdbdc5b",
              "ami-04da3ac7b5a43d8cf",
              "ami-084c08c06bef2bc0b",
              "ami-0b863b17cde3e7c74",
              "ami-0cdbed2c63d2b05f5",
              "ami-016a450b6234a8b46",
              "ami-0ab5f328546b17c06",
              "ami-0d781e813ca625f23",
              "ami-0dca19d308565229b",
              "ami-02e998f83cc31525e",
              "ami-0ffca9db74cb869c0",
              "ami-0f3bcf4c75c995cd1",
              "ami-08979e394e450a24b",
              "ami-0e586f8ab721561f5",
              "ami-0dc1b9f127bb24cfa",
              "ami-08a6c23b0d43b495a",
              "ami-02d54ce8909723ab9",
              "ami-034e1f9ef0c32b258",
              "ami-0f9fb53a91709bc7e",
              "ami-044ec21bdb811ac3e",
              "ami-0a5925efccce8b362",
              "ami-003165e99f161ec49",
              "ami-0d3fb4b5433372a85",
              "ami-0769547f28aeea74a",
              "ami-052bb4daaeff8ca6e",
              "ami-096a04d97dbaab1c6",
              "ami-0186c957a0c2e578a",
              "ami-0a30fb9e5c060b690",
              "ami-081be191d37b4a74c",
              "ami-0c73493f042a5de9b",
              "ami-090031cabfb737b69",
              "ami-06c984a5fb2ddda80",
              "ami-06ed2f51d38b6f9df",
              "ami-01594caf3b0b3dd63",
              "ami-05e4d0bd281e3ea0a",
              "ami-0deda0a7193f77397",
              "ami-035fa3b220c99142e",
              "ami-0bd9d187957b52857",
              "ami-0cefd9cde2ce40bc9",
              "ami-0dc4204e93ea29ec4",
              "ami-09f1c6234b7155969",
              "ami-0ba938eb7672dcaf4",
              "ami-0659ae24ee60d2314",
              "ami-02c16ad5fcb41fe7e",
              "ami-05bd2e100684358ea",
              "ami-0cd581ce41f114ed0",
              "ami-08026ce00de4669ff",
              "ami-0adb1c5f39673d032",
              "ami-03651d8c08c2bccf1",
              "ami-0ff850e649e339011",
              "ami-0202be8deab574363",
              "ami-0029cf69a9636472f",
              "ami-025894247361862a5",
              "ami-06483bc38c5b38153",
              "ami-0892f7a089f7bc6e6",
              "ami-0602c8135517f1be2",
              "ami-08a445327af183bdc",
              "ami-014f1ff690ea5e9eb",
              "ami-0d9bfd7c60001b97c",
              "ami-01564041c8a7b0975",
              "ami-094e7995d9823b590",
              "ami-05d8812c7e5d8989a",
              "ami-04a3710b53843c0ef",
              "ami-0e6e86e0b2a741352",
              "ami-07b74e9833e1f2705",
              "ami-0734659d0f79e2293",
              "ami-049bf90e5486e81b4",
              "ami-0d697161b8502006e",
              "ami-0d7e0b9b147299caf",
              "ami-0816d4231eec32bff",
              "ami-08fa3dc996ba798cf",
              "ami-05f5bfbf7e1ddb463",
              "ami-05f9a912d6af32d1b",
              "ami-0de1bbb768a4a223d",
              "ami-0646d7ec4d366aebe",
              "ami-08dd1ad2b07ca49f0",
              "ami-0492d2b73a22ed135",
              "ami-060c43d979c75f875",
              "ami-0671e5d6f4e3060d1",
              "ami-05b0385268c22559c",
              "ami-00860a6c90ec964b6",
              "ami-0b8f36763c338b1a2",
              "ami-0852c387b462f4240",
              "ami-048b28e441e9b2953",
              "ami-0a9d68b3efc120ee3",
              "ami-0fc14d7e3fd38d849",
              "ami-0bb7694bc76b41f0d",
              "ami-0bc9d6713d47d0442",
              "ami-00df7e744eea810d8",
              "ami-0eb102256c4673b37",
              "ami-035d16ec100086d64",
              "ami-066b19d0341b7b6cc",
              "ami-0450fc5d42c0f4892",
              "ami-098026a1f46690274",
              "ami-0ec4f99d9a613f72c",
              "ami-086a065ee676ac16b",
              "ami-0568896bc1f201fe3",
              "ami-0182052222a093f4c",
              "ami-0c478d5fe13d8a60e",
              "ami-08c2b0f1edc6b2bf1",
              "ami-0b030d58cc00dc999",
              "ami-0b0c1427754adc83f",
              "ami-05b6fe1c40a9e64dd",
              "ami-0a43157c0856de185",
              "ami-0d015e62f09b81f89",
              "ami-01baa108b63cb248f",
              "ami-0d30ddabe8535caff",
              "ami-0f1a15ae2a88254a2",
              "ami-0d79330a1fb01e6b6",
              "ami-0924bd146fa657201",
              "ami-0c1e7eac3be846bc1",
              "ami-0b5f106bb3634b7d9",
              "ami-039f1e3c5a8d570f0",
              "ami-00da0143216a01654",
              "ami-0a45bd98e7428fd8f",
              "ami-0f78c7b2620bcee5a",
              "ami-0bcad12b8b84b2d00",
              "ami-01b8d49b102ba3f47",
              "ami-0dc234c670d25990d",
              "ami-0c217c4025b8ff110",
              "ami-020fd4738440c114a",
              "ami-0c8bb5f7ced15128f",
              "ami-0733b8d260f8c3890",
              "ami-0d072191cb5ad5b6b",
              "ami-057b9eae8bfbbd6e2",
              "ami-07c9b5fe46dfbb1dd",
              "ami-0f36cff2584d6e755",
              "ami-0e6cef91abe3c863b",
              "ami-0b123b683e3587d36",
              "ami-06860d9db30502fb3",
              "ami-0e525b358de6a80b7",
              "ami-0ba987809f89e7033",
              "ami-02455bb81654d8de1",
              "ami-0b432506995411963",
              "ami-08d056b718cde1a8c",
              "ami-01500babda712f0bc",
              "ami-09c4b731421fe984c",
              "ami-0b3151f2a44fa599e",
              "ami-0209588c3c121559b",
              "ami-0089dcd65741e9435",
              "ami-09ffa20e82caa2ebf",
              "ami-0941037e5b687c8c6",
              "ami-0682b207af937bfa4",
              "ami-0868d30fb74021e74",
              "ami-061be5bc45ba3d702",
              "ami-0fc2d775caafe7f77",
              "ami-0f273643abd60958e",
              "ami-0e702406693e5df16",
              "ami-0793645bf4a91d612",
              "ami-0b7e72d6bf112b628",
              "ami-002f8b52e56eed76a",
              "ami-0ea5983e9f8b89252",
              "ami-0c8e61be4b19c5b22",
              "ami-09833e8f7106175fe",
              "ami-0627417ada9620c8a",
              "ami-07fcc85b6b90d457e",
              "ami-02cb047909c100c3d",
              "ami-0a47b4d280681dff4",
              "ami-0160240a6571535e2",
              "ami-021124f4236ba9248",
              "ami-0aa6982e0f6542b3d",
              "ami-041e0aeabd34730e0",
              "ami-0fa0107c4a8501039",
              "ami-0876ad01c0d284cbb",
              "ami-06938b58625bdb66a",
              "ami-0d62b8060baa46999",
              "ami-05c6e809bd1f07689",
              "ami-00454c1547beee3b6",
              "ami-0b884f74007bdfbae",
              "ami-0ef552fdc5a36298b",
              "ami-0cf24639f2b1d1deb",
              "ami-0e11675ed36bdd4ec",
              "ami-0cb387a92904a7ea6",
              "ami-0eff8d62ad358efb8",
              "ami-0058e37a7e3301c64",
              "ami-0419bf9f8e85c453a",
              "ami-0ed82e06393f32328",
              "ami-056717b6e53429791",
              "ami-07575adb4bc34adb7",
              "ami-0ebf719de691693da",
              "ami-00c2b1016d4756ae0",
              "ami-00f9494815f54c929",
              "ami-0398adf0d549f8432",
              "ami-0002025caf0a9ec85",
              "ami-058930b05d57f8e39",
              "ami-090391744b7b92888",
              "ami-0da8e8927067dd185",
              "ami-0f4cd416be3a4d5ec",
              "ami-0f9b2733531720d1b",
              "ami-0eb206a4854cd8945",
              "ami-0aa82f68d92ab5a4d",
              "ami-0478dff7b24f526f6",
              "ami-095afec22c5a9b3d4",
              "ami-091a7e859f78b0793",
              "ami-02620e4b20d828519",
              "ami-03df1cc52bd92cd93",
              "ami-0bc8c130c0d4d87a9",
              "ami-0fffec69a08cbba90",
              "ami-064da71abcd2342f0",
              "ami-01cae3bf45feb2cb1",
              "ami-044d0c0683c46d3cf",
              "ami-0dd94157d36314b6b",
              "ami-0b6b129d310622392",
              "ami-02d164fd07e22819f",
              "ami-04c12d13af4b3135c",
              "ami-04e7e930a3fc29d7d",
              "ami-0d7dfe8eaae41d133",
              "ami-018fb613a47f25a74",
              "ami-040a9c3131b29c9e7",
              "ami-0e7d953df9926d0ed",
              "ami-02d03d2f7f9bdc71c",
              "ami-0ea6112a4c37361b3",
              "ami-03390bbf0afb0c111",
              "ami-029ae0576ffc1803c",
              "ami-026da7ff403225d8e",
              "ami-08213eb288540409b",
              "ami-0e9afc1440af0511c",
              "ami-04260db7670a3287f",
              "ami-07c1c435eedf13f05",
              "ami-0d67238aacc1f0d43",
              "ami-0dc2faeaffbfccf69",
              "ami-07a353c223d0ef7ec",
              "ami-0a29065c0cd111395",
              "ami-09eef8354be4d5ca8",
              "ami-031ea86e8544ae561",
              "ami-0b2180203619ae7f6",
              "ami-06f0d3d6e2b15324b",
              "ami-010fa00d4dda409cc",
              "ami-0d597d8b37d80089c",
              "ami-053c972a261cc2592",
              "ami-0d47c0357b2005cd8",
              "ami-031fe05a4f1b5fd65",
              "ami-086574851c12ce5bc",
              "ami-0b8995c9a7039594c",
              "ami-0c4ee2c5ed8cbbea7",
              "ami-0d3dd1da8ddbd4223",
              "ami-0a653776906bc3166",
              "ami-082c6b59a9dd4f00d",
              "ami-0cd8371a681569dcb",
              "ami-08675566a51b7b305",
              "ami-0587eecaf7db4e780",
              "ami-04d5b173a5a9535e2",
              "ami-05691ad650c32d06a",
              "ami-05038ae56b7c9932a",
              "ami-00466b6a6e198b0d1",
              "ami-074d0f36657878524",
              "ami-0c7b6c3570d7b1f48",
              "ami-04a1948857142646f",
              "ami-017ec6b4e62c74668",
              "ami-0f683b266d46c1cc7",
              "ami-09d791bb749c52a96",
              "ami-0d8a0756df695bb9c",
              "ami-0f494115f630f2ac3",
              "ami-01e39fb414eabfd1c",
              "ami-00c8c778a36c9a1fe",
              "ami-0c5049830f43d3228",
              "ami-02a4322980a1c8d64",
              "ami-030057c8218e89d75",
              "ami-0bac4a235bb4bd05c",
              "ami-0c139f8b9c21b24bf",
              "ami-09cf885e3ebabaae6",
              "ami-0739544dfc480f2d9",
              "ami-0e9c3b1be116cefaa",
              "ami-08845442f5ca68d15",
              "ami-09513208fc98495af",
              "ami-0acfe356442d8e52a",
              "ami-070e0a40a6a63943a",
              "ami-02908c74f468415f1",
              "ami-0e75162666166d512",
              "ami-09c36bdc169da5e7c",
              "ami-0653e3b25752298a5",
              "ami-0c7ae8824d7c550d8",
              "ami-052450404127abe28",
              "ami-04e7e01f84aadf223",
              "ami-0d0b217c73e9b7d94",
              "ami-091b66754574030e3",
              "ami-00ea5696c56ad3c62",
              "ami-0c63b2cddbe004d39",
              "ami-0d755437aca8b9185",
              "ami-04ea6252a58fb49ef",
              "ami-061ef73ef259ec607",
              "ami-0c0ce000f46ead716",
              "ami-061f10d2ea4ae589c",
              "ami-05af6813a7841631e",
              "ami-0702f441cd8058ae7",
              "ami-0ce2d95ac0d27b9c9",
              "ami-0de535fe418651f9a",
              "ami-01e16e1f4a89ec051",
              "ami-083e41887510ffaf3",
              "ami-0b6fe9a94280bd345",
              "ami-07626343183d4525a",
              "ami-027b47a73ba1b7585",
              "ami-0664dd1f5c0c159a7",
              "ami-015692599a6426523",
              "ami-07a78d6b0fa4a1e71",
              "ami-0f6d516b3ced43d09",
              "ami-0318ad427d3d2020b",
              "ami-01891d21a796a7fae",
              "ami-079221f6d9028c6a3",
              "ami-0450a9c288227e352",
              "ami-0a5352729c1f27b00",
              "ami-03de0ddc28da54870",
              "ami-0539abadbdf1986dc",
              "ami-0c54ad609028ea454",
              "ami-057f85049ed30fdd6",
              "ami-0bedeb2b06f7ab532",
              "ami-08d81ee6613c7eb5b",
              "ami-00ec3439ee5d1bb40",
              "ami-08e10f17e8b12b164",
              "ami-03127812658eda13b",
              "ami-0dcc13a9404316b28",
              "ami-00d5bce6244d89f5e",
              "ami-0a43f9ae112781a22",
              "ami-0579f4c310c987fc0",
              "ami-08c329b90fc57e36b",
              "ami-0f36f5f92afa20e50",
              "ami-0292e8afba506b5ae",
              "ami-032bf85f58911d4ca",
              "ami-0f395bb28bd723578",
              "ami-0e333c17a8dbc1fd1",
              "ami-0cf9ff73bc480df98",
              "ami-0d3404d79dc80717e",
              "ami-09e9c14b2e15937a7",
              "ami-00ff97f4de7315e10",
              "ami-06ed631ec044482d0",
              "ami-00e1f9a07626fd92d",
              "ami-054126fe25af8963b",
              "ami-0fb6955b1644bc94f",
              "ami-09e10466edb5779c2",
              "ami-04f4322a1c652ab19",
              "ami-06a3d4a299dea8790",
              "ami-0634b2d6c60acfbb4",
              "ami-0382cce5fd7023271",
              "ami-0a14e1aa933e8e062",
              "ami-046b06a73fb99f5ad",
              "ami-0fd8d4b4aa145fad3",
              "ami-074db94e1b67df832",
              "ami-071daca855e143a6c",
              "ami-0cea222de1d81a1f8",
              "ami-08accf0674cc8d046",
              "ami-07d2ed01a9f6eeda0",
              "ami-0d37617ff4ab96a60",
              "ami-0f6b801d669349350",
              "ami-0ba5c06075b2bef23",
              "ami-0dc41c625e2bde6ae",
              "ami-004d5955d0265fdf1",
              "ami-08f1ee604606227ee",
              "ami-06076e3a35f574205",
              "ami-0ebd8e5fe156198d0",
              "ami-04d59eb1ffbc46b8f",
              "ami-0dbd1d086bfad8564",
              "ami-077e943cb392b5f34",
              "ami-0f166d68f6e9fa30e",
              "ami-097327ef6d3eeb618",
              "ami-0166d884ebb41e86f",
              "ami-0a12f00583f4bab24",
              "ami-056393144d8394a10",
              "ami-096f358dc72b107b1",
              "ami-0c7cb39bf7dfcaf05",
              "ami-077e8d8f5ac15298c",
              "ami-04cfcb9f7b2d85bba",
              "ami-02e2d5d064fdbacee",
              "ami-02c1c990c9cc9390c",
              "ami-0f081da75822e6fde",
              "ami-01e3d3d38116dcfac",
              "ami-0bf724e19024be3e2",
              "ami-0a92011c5149004d1",
              "ami-06216f388e5a7ccc8",
              "ami-08ff98f6c4eb470d6",
              "ami-0728370ee0be74ea9",
              "ami-01e3893f802e4b9b3",
              "ami-0d42548dd6ccc1eac",
              "ami-0dbe60eb28c6a28d8",
              "ami-02d818d33ea7e2dbd",
              "ami-0472dffb9fa5d51f8",
              "ami-0b30026c5be9a99dd",
              "ami-0faf7ae313dd51ccc",
              "ami-07ef28e6602e1c4ed",
              "ami-06d3a8d1250388093",
              "ami-0e5b88dffd0f032c0",
              "ami-0e280c9d798fc0275",
              "ami-0f7b7f8b614e33d9b",
              "ami-02db5f85d5d6a2f6b",
              "ami-0e3d484acade46986",
              "ami-07a97b8035b16aceb",
              "ami-0c16646c85f24652d",
              "ami-0e2e933dd75ee43b6",
              "ami-0ed22372b261f5d80",
              "ami-0d93857f3c351a307",
              "ami-042cc228a69cd254d",
              "ami-0843140b6af9129fd",
              "ami-0c37aec140141b5fa",
              "ami-0f3e6cade3e5cefc9",
              "ami-0a463cb4a83eb9ff2",
              "ami-0cd8562db082e8c1a",
              "ami-0b51b23678b6d25cd",
              "ami-08e15a20d904474d5",
              "ami-0b53169adb5906e18",
              "ami-02e7f1db2c99d8443",
              "ami-062a34ca0a0e753a2",
              "ami-0cd6d2af9f139c4a1",
              "ami-09b16b14f83e8e3c2",
              "ami-0ea56589e1bb87afd",
              "ami-0aa9b9451171266f2",
              "ami-0a5f6ffc8e45f283f",
              "ami-0ff6125c5d2d340bc",
              "ami-05f0150a9c73f21e4",
              "ami-08b1153fd8f530138",
              "ami-0b4722ba247a8b18d",
              "ami-07f84a2726e8268b1",
              "ami-07dc5719b3590394b",
              "ami-05dae47b6b45c635d",
              "ami-0037c0b1505c8923f",
              "ami-0512843d27a5a4f65",
              "ami-03e028143ec43c5b5",
              "ami-0f8d473af12f3b322",
              "ami-0513710d6d8104382",
              "ami-0b9236fcdb1da4264",
              "ami-0d2f2234745b5b15f",
              "ami-01e2f88b0f234d80a",
              "ami-0a88de335259599ea",
              "ami-060f8e492e6808a55",
              "ami-086dc78b123381a69",
              "ami-04d84b2a0baa9ee7c",
              "ami-0d6434bbaeeca7e70",
              "ami-07d90482bd76388d4",
              "ami-049d18f50546b0d01",
              "ami-021d986a76671ee57",
              "ami-0285da07617b00adc",
              "ami-0c2b13f6af89e2f9a",
              "ami-003793ef19739b88a",
              "ami-0a1779724d692c186",
              "ami-059315c6e879ab0a8",
              "ami-0fd57ec4b23995ab6",
              "ami-0ee83572c4e478c96",
              "ami-04a10e17773a0b5d6",
              "ami-0e0c77d988523932c",
              "ami-06a6f165fb7d5a102",
              "ami-0a34df3396814c38d",
              "ami-0ee4f3d215f968402",
              "ami-08f8f078070baec7b",
              "ami-0f09f3dbad76441ee",
              "ami-008d1d4da7773c798",
              "ami-00e4e34c64962c3f7",
              "ami-0afa7fdcdf20587b9",
              "ami-0edbdd62af8461c09",
              "ami-0f97e328f17741d77",
              "ami-0f7257cb7c5977fea",
              "ami-00fb74430d3455502",
              "ami-01771baa8bd820c56",
              "ami-0494fcc6d4d950fad",
              "ami-062303a3c36fc6924",
              "ami-013572c8961717d69",
              "ami-0f931593b1e2393bf",
              "ami-0cd15fa2b121836ba",
              "ami-054d9ec8ad85a3cff",
              "ami-0f047441f39909842",
              "ami-00dda1cb7f1bfc0d4",
              "ami-04e3195c16148fc43",
              "ami-0c3d8219fa5eb406b",
              "ami-0215cb103108409df",
              "ami-0394b73ef166c43fa",
              "ami-0e3e15b90e35c6ff0",
              "ami-067896768de75553a",
              "ami-0375efc5952548126",
              "ami-060f12d92b3ed8e29",
              "ami-0709a4254ee70e1cc",
              "ami-02f06c7377ca8575b",
              "ami-05bfd58f32325c606",
              "ami-01d49307c81eff29f",
              "ami-0450b4d6c78a29f83",
              "ami-043b7676dfd4bc40a",
              "ami-02e8e6b3e3d7a406c",
              "ami-0f8802f8046a2376f",
              "ami-0d6d58abacb0ff1b4",
              "ami-02f98c39bbccb031a",
              "ami-02cb424117e16d970",
              "ami-05b46326509e06fb4",
              "ami-0eb28de25fafa06bd",
              "ami-0f5fe0404a34a48cf",
              "ami-0e9da5fce2b6a5d62",
              "ami-023b632e001504cae",
              "ami-04561d47e425d0ae3",
              "ami-03330b5a6b0d6b035",
              "ami-0fd0ea1fa881d1f65",
              "ami-0c8091225612d9306",
              "ami-0d7a5e772dddc2b14",
              "ami-04cce710194cc2adb",
              "ami-089bdec4b052fc459",
              "ami-0de07e12f5f5208a1",
              "ami-02f39692a8bf1fd98",
              "ami-0ac3790ec03873079",
              "ami-0504d037b9fa792fd",
              "ami-07df391c7cfbaca6c",
              "ami-0948f80d8e83b661e",
              "ami-05e44dab78beb14d1",
              "ami-03fbf6c54b2270bfe",
              "ami-0c3681e810968049a",
              "ami-0fc61ed7d17328bab",
              "ami-0228337f6a589b0ca",
              "ami-01f9000cc70454486",
              "ami-06e4be249f225628d",
              "ami-07b32bf323ab115c0",
              "ami-0093b6afdd1bb3fbc",
              "ami-011181db2a29ec692",
              "ami-06160df20b103ce84",
              "ami-0d294b0f339996635",
              "ami-0d8d84ca6b66e0e7d",
              "ami-0adbed8ae6e681ee3",
              "ami-018b74264a2c58391",
              "ami-061cad6f930c29d50",
              "ami-00dc72dfe3d9050c5",
              "ami-0f9344b1215d71465",
              "ami-0f609fd6e4c22fa6d",
              "ami-035c4020014fb1f4a",
              "ami-078902ae8103daac8",
              "ami-0a10ef1bc2952de50",
              "ami-05a9a48c3fabb9da6",
              "ami-01e626f9baefd7d78",
              "ami-0ab2ddc3fad2f644c",
              "ami-048c65ed345175ba9",
              "ami-0854d4504ea0d7e78",
              "ami-00186408080bb90fb",
              "ami-0c7293b627fab65f1",
              "ami-0e4853a880c3cb14e",
              "ami-016584a7a96d078cf",
              "ami-0bd64d6bcf9f0dd9a",
              "ami-021250a3f4480b425",
              "ami-0c5ffb70fffa3fb15",
              "ami-0a2fb039abf35301b",
              "ami-0d5e8c50a266573d8",
              "ami-033e79fb96f0b0076",
              "ami-02b7ae653c6fee346",
              "ami-08817491f30ac7570",
              "ami-0921f0f9875228052",
              "ami-01f8c0f08d457b169",
              "ami-0ad73397b2999e850",
              "ami-0dcfdb4aa573769c5",
              "ami-070e9b65916117965",
              "ami-03c8f680040f4165e",
              "ami-01a39e80c07416b1d",
              "ami-00899a7f9bbeb56d3",
              "ami-04b2d6dbc041f5de4",
              "ami-04a493e1ba228c956",
              "ami-0f8fb94a02a99e841",
              "ami-0049d9dce1a958c16",
              "ami-088930eef71a15ba6",
              "ami-0ee9794a830a9a1ca",
              "ami-0315da03a97a75622",
              "ami-00cfb97302dbb7887",
              "ami-064478f7fb6d2e14b",
              "ami-0c3cea8583c014e64",
              "ami-06405197188c72adc",
              "ami-0f74222662f9e0da1",
              "ami-0e9af11f56f5c313c",
              "ami-0c93f8abec2751a1d",
              "ami-00999044593c895de",
              "ami-00e98ed6af7df7943",
              "ami-0dbf4f43b3f73b943",
              "ami-03cfb5e1fb4fac428",
              "ami-0198d14cbb7d8d3e6",
              "ami-0c7f6154b28b16ad6",
              "ami-098a0cc221455ddfa",
              "ami-02d511878987482f6",
              "ami-0ddfecbc38159d3db",
              "ami-0b6aa2cba9db9fe7b",
              "ami-09f773f9dc57e223e",
              "ami-0c3cde22b64e2e614",
              "ami-0a15abeb59399b5eb",
              "ami-070a5889f328cb8db",
              "ami-0e466f284267ffac2",
              "ami-095af438e1b7c96de",
              "ami-07784abd3dc67b5d5",
              "ami-0c71abf5f5e561dad",
              "ami-0fd618a7e4141bb9f",
              "ami-0f4f9cd8255e02d98",
              "ami-0157d67f16ac686fa",
              "ami-0af66fa8cca50d398",
              "ami-0b540e3b457f868f8",
              "ami-011d7a14f67648e8e",
              "ami-0e306788ff2473ccb",
              "ami-05df0887f246753f3",
              "ami-0d0de796a87a633f9",
              "ami-001e484a60bb07f8d",
              "ami-0838976217e552b12",
              "ami-0070c4e7ffa867550",
              "ami-0bfc614d1e279860d",
              "ami-021804c9714127132",
              "ami-00aca5396185524be",
              "ami-05210bd26e0f5747b",
              "ami-0967b3e643a0ca18b",
              "ami-0b6283ec1f8027a72",
              "ami-05f0ca90b3152dba6",
              "ami-02fb6502779662e3d",
              "ami-043914305338e6c89",
              "ami-0ff46311241d4b445",
              "ami-0787c3089b410d470",
              "ami-09fbb05d53f76158b",
              "ami-0722cdb04d44d5f85",
              "ami-0a70c637544c0d897",
              "ami-0008068ea35ca2cf5",
              "ami-0b692dbce336d7f26",
              "ami-030925d094a810b77",
              "ami-0736d075b588f3c90",
              "ami-06618a4ec3c10f488",
              "ami-0b97d554bc194c7e3",
              "ami-057250840241d87c2",
              "ami-01bde4b3911037199",
              "ami-0dc4a4084a70fe2ac",
              "ami-024ed2a5191f54514",
              "ami-0181d433061c0acea",
              "ami-006979bd792e46a5b",
              "ami-054fc7493b2a6c44d",
              "ami-0efa8a0fdb2974ecd",
              "ami-0e1ee251e218ad309",
              "ami-0ba166f6da7597acd",
              "ami-0bb1cc064b3b121d6",
              "ami-05b4d91a58801cf23",
              "ami-0552586776e5c9eef",
              "ami-04458e9727a26ae6d",
              "ami-0652e031983b02fb0",
              "ami-0dfa9b0d2fc08314e",
              "ami-0c9ff5eb0bc8b6ad1",
              "ami-030c88545ad29d7ab",
              "ami-002e1308da9830974",
              "ami-0c7b6e5d6d45fbec4",
              "ami-0e03761ca921fe8a0",
              "ami-0e99ef721c038f060",
              "ami-036acc03d387aecca",
              "ami-0c74e0f527ed43851",
              "ami-061e04e3a10342c5a",
              "ami-08550211f7cb5ef8b",
              "ami-0b85b920a5b60a40d",
              "ami-0cae625f3aed2d56e",
              "ami-02eb862d893c8a3f3",
              "ami-0b0be87b2f8b12898",
              "ami-0c0dc7872b44903a6",
              "ami-09987e1d3c5775765",
              "ami-04545cb12f13a4cbc",
              "ami-0092627c3dfedb715",
              "ami-0cd7b0907957b6af6",
              "ami-076468ab43bd42482",
              "ami-0cab0cf8872dfcd64",
              "ami-02f82d50691d50f68",
              "ami-089b262201209d61b",
              "ami-080dc8747c867f93f",
              "ami-0643167de60893460",
              "ami-0bd11784b31d151a0",
              "ami-0521f2244348d0783",
              "ami-0b800e1b3e56dbd72",
              "ami-082fe2b3da6f691ee",
              "ami-022eeea82e6e88fed",
              "ami-036f382a418ac9814",
              "ami-0b360e6f2e37f2930",
              "ami-0a0c92a00a240e57b",
              "ami-0b7448d8c31bff062",
              "ami-02a0e6fe03e10b2b8",
              "ami-0cad128f50250413d",
              "ami-0af3f324392324cf0",
              "ami-0a911457ab274a277",
              "ami-046ea5f4c06d2fa63",
              "ami-0b5f376e39bc54e64",
              "ami-0920f5680446db83d",
              "ami-0dbf5fc7754e71ac6",
              "ami-0f583155a275c9d37",
              "ami-0f5ec6d60125cf4d9",
              "ami-0dba4ba4b7c3a74dc",
              "ami-09df489fc03b50c26",
              "ami-070ac85e76f44872e",
              "ami-0794e7964dbbdea74",
              "ami-0e34a02ab17a20436",
              "ami-0133cc4629a39d582",
              "ami-0aa4d862f217b4b41",
              "ami-0de742e42a229b2be",
              "ami-0eb979ac77e9286fb",
              "ami-0de2d00af74becbbe",
              "ami-002f78a294f33cd6d",
              "ami-07ccf5288bd8652c1",
              "ami-00c1ae06cd84eb4e1",
              "ami-0f20ac5a3c949fad6",
              "ami-06a547b7f9d9a6ac0",
              "ami-086409235ff4baa23",
              "ami-07170e86bf56428f0",
              "ami-08c1b3d16ca5f821f",
              "ami-0acfc128f8638cbab",
              "ami-0fe3fcd2edfff3e50",
              "ami-09338629109b60fda",
              "ami-00c168657c7ace032",
              "ami-09146b7049b26f7c2",
              "ami-0d44cceef6a69506a",
              "ami-09cac915ed14f4bf9",
              "ami-032a3012a58a51d17",
              "ami-0037c3cd920a02c84",
              "ami-01dfb4e74a0934efa",
              "ami-0c6369df190400366",
              "ami-027caca5be3e88153",
              "ami-0c81a7f242222fb7f",
              "ami-0c94a42e8d5cb4d4e",
              "ami-02fda94f8807a0f77",
              "ami-0c66a768272f8c34c",
              "ami-034b9157c4f25bc44",
              "ami-0cf0dc6156697abb3",
              "ami-0e23a3b61487caaf7",
              "ami-082c2d524d59a7d1d",
              "ami-0d9e0f2eebfd3cd75",
              "ami-0d98ee7d99bc5eff7",
              "ami-062370b23c17b3305",
              "ami-0996ac4606e293935",
              "ami-0dfefd18ef5610e1c",
              "ami-0219ff6985e40cff4",
              "ami-05e6f000f4d77f2e9",
              "ami-0bfa6b9805d4a7591",
              "ami-091929675694b0774",
              "ami-0a5550733c1b075a4",
              "ami-03e421e6b2faec016",
              "ami-089ff7ecb8d715075",
              "ami-0420962950363e34b",
              "ami-01e8acf5643964c37",
              "ami-0d3f38632a7a65e9d",
              "ami-087f1becc8d9f43ff",
              "ami-04c62a20190d2fbd6",
              "ami-0c02c040e70407814",
              "ami-00450c106f289c7b2",
              "ami-0de1538ddf3b83083",
              "ami-065cf4ca93f65f035",
              "ami-01307b084895927bb",
              "ami-02c6e5ed94bde4280",
              "ami-06926362afdf31464",
              "ami-0c2fd2c143a3690b8",
              "ami-0aa2f1dfd06173124",
              "ami-09861e7698d83a50c",
              "ami-03c970c11423775b2",
              "ami-07aabc224237735dc",
              "ami-09649833d14b4f8a9",
              "ami-0f436381bee6157df",
              "ami-060d6ff80d899cc74",
              "ami-014fb20f685003281",
              "ami-056167abeda4c7c44",
              "ami-019ae8001d1820061",
              "ami-0dd4e54925bb6e164",
              "ami-0b85bf8b1fd1ce8dc",
              "ami-046ecf04c4b74be67",
              "ami-0de0788267c51e670",
              "ami-0d96a2e7628785fa0",
              "ami-0c8e39f59bfe72f2a",
              "ami-092aabf9b3fbadfff",
              "ami-0e5c5ade06914e3a6",
              "ami-043006609844284f1",
              "ami-0e3feec7bfd5faa80",
              "ami-0cb0cad61ce434526",
              "ami-0dad022c5c51c7a7e",
              "ami-03e3fbf0618f22cdd",
              "ami-0f1104e5b7deabd61",
              "ami-0dc80ee39038e6fcd",
              "ami-07fe515a4eaf78027",
              "ami-070ec7d984b559594",
              "ami-0070e1958f27f2bcb",
              "ami-0dc655be126f18be5",
              "ami-06aaf8b24b28051c4",
              "ami-0d5ec2325cf8e50ec",
              "ami-05c4fa69787f47b9a",
              "ami-0118b82e643243b0a",
              "ami-0473712c02907ea69",
              "ami-04a13379b93d01d0c",
              "ami-021ba8bd221f137f1",
              "ami-0bfa2c090c69b2817",
              "ami-08c7775e57eff6789",
              "ami-0aac6a0adaf9c6d27",
              "ami-03a07f80d4b81ec42",
              "ami-0ec8f22f3b7e9560b",
              "ami-0f9827b03dbd8acec",
              "ami-036c560723924ee2a",
              "ami-0032590ffd0e92954",
              "ami-0b51f04425cd9683d",
              "ami-0a9e8b8b1fbbbc33b",
              "ami-0a072a1a7a3ecded7",
              "ami-0d77928bea384dfbb",
              "ami-0a13bfbdceafabb45",
              "ami-03193f56c2e2ecca8",
              "ami-0d85dfe2669f966b3",
              "ami-0ee2cacc1dfce989d",
              "ami-0bc30121ecc804859",
              "ami-0048b74f9df49ac8e",
              "ami-0c2dbcb0aaa5501ea",
              "ami-04adc6689b3bc5a9c",
              "ami-062193e1d80e90c89",
              "ami-0e0406c187d547fac",
              "ami-0d77c6bd6dc359ad5",
              "ami-041cbcb72f10ac7f5",
              "ami-0844ea98bd2603078",
              "ami-00bd6f4ff7eda175b",
              "ami-06bb2e8f92371c753",
              "ami-0ef07a0d6c6c41107",
              "ami-0d5b77637e2d40f4b",
              "ami-0c11cd0530fd7cac7",
              "ami-049776aa15db5a507",
              "ami-039f05d4b231576ff",
              "ami-04d398a81740de4d4",
              "ami-007c184effc658e3f",
              "ami-07f9a71ddb518de63",
              "ami-0404b67f47d08e0f2",
              "ami-0f386e46c39d473b2",
              "ami-0b484d4d3a3be2933",
              "ami-018a3ed0baea6d36e",
              "ami-098486496bc0f811a",
              "ami-09a7bbd08886aafdf",
              "ami-0921cffe998f29dc7",
              "ami-0a8bf7fd38677149b",
              "ami-0f52d7c4ac1bd8f8a",
              "ami-038acef1dc5074966",
              "ami-011abae98ef4c1bfa",
              "ami-09052aa9bc337c78d",
              "ami-02d2e5c849a61f33c",
              "ami-0bfcf5aa671f35822",
              "ami-002475252e2a14c16",
              "ami-0bb3260cf591eb674",
              "ami-0dda6a3adb84c7085",
              "ami-0f1e7b344a8e0e414",
              "ami-0adeadcd9dcd68914",
              "ami-0c3aa84c920d95f48",
              "ami-0fbc812de7566a9b9",
              "ami-06220c3624a5e7e02",
              "ami-038bd2ae5866ed77a",
              "ami-008aa5d6c43a6539f",
              "ami-0a1fe1cf5079773f2",
              "ami-0358ed78fa7e8574c",
              "ami-0930e6e3c3381674b",
              "ami-0f20ad317e225668e",
              "ami-06ae1aa8a51d93801",
              "ami-039a0330cfe386996",
              "ami-0ebfe0cddba931d53",
              "ami-0c82d4b6e01cc088b",
              "ami-081e5f3721e833ec7",
              "ami-0e455463f65e8f5af",
              "ami-0bd5165532e30707b",
              "ami-030e9412204654b7c",
              "ami-04e4ffec6154768a8",
              "ami-0826bef82b97274b3",
              "ami-0c1684146688c548d",
              "ami-08a5a4c8879fced5d",
              "ami-0d9ef41fbec52cdad",
              "ami-0722e8ca1340aadb1",
              "ami-063df94444d823108",
              "ami-0776c4755d79d7dda",
              "ami-053c5c1aa042f2d6d",
              "ami-079841204fcf86b9a",
              "ami-0df2364194e9c76e2",
              "ami-0f5d2f988908590e0",
              "ami-015592d3b1bbedb56",
              "ami-04a0e36bc406e0166",
              "ami-0b34c2f38b8fcdbcf",
              "ami-07cb5dea9d8f7cdd2",
              "ami-0ce6df7db244a4e2c",
              "ami-022fc14627d3d2c4c",
              "ami-042488f3d655504e5",
              "ami-0880b4593457220c6",
              "ami-0294944a4893b3e11",
              "ami-04a009e4ac10de616",
              "ami-0f5cda850db02c0c6",
              "ami-0634e3dff690c7274",
              "ami-0c2348e2f5938797a",
              "ami-0f9f52387ea8d1888",
              "ami-0aea71c2298f5160c",
              "ami-08a8de505eedb4723",
              "ami-0c28d81c14d7abbcd",
              "ami-013a465a647da6534",
              "ami-065ad0b17e96023d7",
              "ami-07130499cdf40d290",
              "ami-0232a534e7dc03ecb",
              "ami-02bc2c2abb4ee6f65",
              "ami-044f21d85b7af10a3",
              "ami-0b4f938a2459eb512",
              "ami-0712a93855ec54f74",
              "ami-07a93d4aa2941cf58",
              "ami-0ff1d2f682a4b976c",
              "ami-02a18391ce9028f67",
              "ami-08826fa1e92a02294",
              "ami-0e37f9344652e6999",
              "ami-0fe6d1f7d77c1c928",
              "ami-07e9ccaa70797f31e",
              "ami-0fd0f3e76945c3683",
              "ami-0684ffdef5a3910c7",
              "ami-0467ec271fb009085",
              "ami-0a9ae24ef79e084c5",
              "ami-0aaaf7daf3336cd61",
              "ami-06f7657eb5dcce313",
              "ami-07db4adf15d7719d1",
              "ami-07ffafbe4f758f87b",
              "ami-0e1096245a395ac57",
              "ami-0c837197cba96bc8d",
              "ami-00c303c3d0d3a535a",
              "ami-0b8135c0b5460f37d",
              "ami-0f10d2a6e6cdb23b3",
              "ami-0262f2756c5029921",
              "ami-02d8f9b087978bd9e",
              "ami-03e02c7d97eaaa555",
              "ami-01c712ceda75714be",
              "ami-03c9d2c7a353b5d50",
              "ami-07edb786504661946",
              "ami-059a360624ccd1df4",
              "ami-09da9cfda5f0fa93d",
              "ami-0aa9ea38335a5e0a5",
              "ami-097c5d013ed170bad",
              "ami-0b45978fdd4dd41c6",
              "ami-0738806f90f09d113",
              "ami-0d2599c252bb83663",
              "ami-0cefa502740cac845",
              "ami-0cf4351a9d08c9f47",
              "ami-0d3f52677a204aa0c",
              "ami-06d09889171f3eeb8",
              "ami-09bb284884d0956ab",
              "ami-0e26559e003df247a",
              "ami-0ea2de594252f0d31",
              "ami-06fd3717d9fd60cb5",
              "ami-04b370cf6d018877c",
              "ami-031a3b06a4c30a13a",
              "ami-0eb820a6a622df19c",
              "ami-009ee64edb8f08407",
              "ami-036711133540c0ae8",
              "ami-05b36aff3ed6d386f",
              "ami-039d9b5d780b2e954",
              "ami-036aa30b0db445d87",
              "ami-0c44510e905be31a3",
              "ami-0da79fd84ab5dbe27",
              "ami-03d16e8787e859aa2",
              "ami-0217eb0804b9ef41e",
              "ami-009ba60fa4052c1a7",
              "ami-05281723cfb891001",
              "ami-00bd3168feef34ec1",
              "ami-07e5ae14ee133bf18",
              "ami-03082f70e783fd747",
              "ami-0d02196bf96486857",
              "ami-018d6e33b250ff63b",
              "ami-01b740b7a17e1ec7a",
              "ami-0f44ae304489eae84",
              "ami-0352d765d9e3ecc90",
              "ami-0ced077a654307002",
              "ami-03c3931ff07d93334",
              "ami-08ed7fd752ed4a825",
              "ami-0a679dbe2fa600a66",
              "ami-0b0a8f65b817d60e6",
              "ami-06e368b3f4b1b494e",
              "ami-09fcecbdf36af07f7",
              "ami-0b0e11a3ba360fad5",
              "ami-0376a7d2f47e6e13c",
              "ami-053cf71237f7b7d9a",
              "ami-0c5580dc906e9cd48",
              "ami-02527a8d1d3f08a2a",
              "ami-01c66090da87ae58f",
              "ami-06da6c5ca5a01f913",
              "ami-07d3d386d56e91cad",
              "ami-06daf8a880dc6fc72",
              "ami-0a65786efa7009365",
              "ami-0218ed8481e09f059",
              "ami-00f1883f9cd236d98",
              "ami-08b22dbda52df87e5",
              "ami-0577a86f80d4e18b9",
              "ami-01a20530bdd25c430",
              "ami-05aaaf72776a864d3",
              "ami-011b27d0cbc5cc5aa",
              "ami-09e2691b0368c2273",
              "ami-09952ad4d5d2b45b8",
              "ami-0008d591e2547ff2b",
              "ami-042bf6a55c59affc1",
              "ami-0dc09808deb92ccfe",
              "ami-0e123b67d175ee031",
              "ami-0ea94b18e725c5f1a",
              "ami-005ba5190334c04ed",
              "ami-0599ed80e5252f17f",
              "ami-0dd9aac08c9cc7630",
              "ami-033f64deb312e075e",
              "ami-0a57e0e7239f50bba",
              "ami-0ad2acea74f5958c6",
              "ami-0fa8f519f193c98da",
              "ami-048567cc2fce39819",
              "ami-0f6d6ab99f6982f1d",
              "ami-09835fe28827a0185",
              "ami-0ad0db1e8348b07fd",
              "ami-0e8b410d739253a36",
              "ami-068a13ddd1751e7de",
              "ami-0e87ce2e37b0d1366",
              "ami-05618375e5494e025",
              "ami-0538a0821fa5def9a",
              "ami-0ad908f4498a05d38",
              "ami-0f23e10e68fbfad61",
              "ami-0d642f284d540d18f",
              "ami-008d019c1d9df5ff8",
              "ami-09b765a9db61d7c6d",
              "ami-0a6b0cf9818e8f257",
              "ami-09b61b967e6d1f5a4",
              "ami-0cf87b19f61a942cc",
              "ami-04af0c9c9dfa3e07d",
              "ami-08317fc0f3e24172e",
              "ami-06c640af7f0946dfb",
              "ami-0ef60ea97558e7f67",
              "ami-0ebacbae76096c0b2",
              "ami-0f9ccab207cd87698",
              "ami-04252dab505dc3839",
              "ami-0d2181cad8dfabba0",
              "ami-0fabc0554e83271b5",
              "ami-068b851f24fdaac36",
              "ami-0a4edb3d0eb17e1e6",
              "ami-04e79611a090eb43c",
              "ami-08ee36db7cf5a0405",
              "ami-0e9ee85910c58dffa",
              "ami-0d8ce3d2e7911b720",
              "ami-005af10438c204a64",
              "ami-0a98503d72ed518d9",
              "ami-0a1ffbb47c72da88e",
              "ami-03746f26d18a2b884",
              "ami-025103065c715a2bd",
              "ami-00c63aed4bb7051c1",
              "ami-0818aed154a9818d1",
              "ami-002ed812cfb689f30",
              "ami-04f051d3591b5dd86",
              "ami-01b686e9892c9228a",
              "ami-01988beb253fbb967",
              "ami-010e98ad3053f890b",
              "ami-03b627fa94fd6a52e",
              "ami-0fe13a12fa2331529",
              "ami-04c0e3a9fc50c237a",
              "ami-00c556d64c0320b38",
              "ami-0a10fae97f9faa456",
              "ami-046e9df55d9036287",
              "ami-057f9a62dd36cd29e",
              "ami-0a95c223d7873dccf",
              "ami-0ab1aaf5687133e68",
              "ami-00076656a9522cfa5",
              "ami-066cb190346c3f733",
              "ami-0cd263d12148afe26",
              "ami-07eda4d758a9c1a02",
              "ami-03e1bf568179f22b4",
              "ami-0c2bbe1d0cf3a8bbc",
              "ami-0d223b55eb4f80c19",
              "ami-00392d029a18d781f",
              "ami-09c32c9be4b86c826",
              "ami-03afd74f94249b41f",
              "ami-0db7e04eacffe3050",
              "ami-0da4e437fbf24e17f",
              "ami-0b71a16258d043c08",
              "ami-0e303478ba120881b",
              "ami-04513f542d44caa98",
              "ami-0b7ea40af171aab16",
              "ami-0b7bb49d491329f48",
              "ami-0907c0a582883dfaf",
              "ami-0225be683dae9d9bf",
              "ami-0bea04fbc88e6f61c",
              "ami-00b1b0853c5162c3e",
              "ami-084c32b8904f0f43f",
              "ami-04b088aa9f4fe1464",
              "ami-0e56cc0aadffbb9bc",
              "ami-0aa25b7fde1dd8f2f",
              "ami-08d16c282cb37740f",
              "ami-0fcf6fecb3749289c",
              "ami-05c566d4c5e1098aa",
              "ami-0d2eda2590cbef788",
              "ami-036806b86e0163269",
              "ami-0299d7ea21cad7a55",
              "ami-060b7a671f13fd580",
              "ami-0ff846fd43fcc31f4",
              "ami-0b1d56ea96b35651d",
              "ami-0f727ccde9748270d",
              "ami-0ad0839a9e473b225",
              "ami-0a4ff5c3231bab73a",
              "ami-022e4103d646a4d9d",
              "ami-03451ae73b42a227b",
              "ami-03a514c57c33b5581",
              "ami-0896fd8da40bb1cf0",
              "ami-0c28418881c33fcfb",
              "ami-0338a503deac5f662",
              "ami-0b0aaa202dfb3e3a9",
              "ami-04d68b7261d4e60c4",
              "ami-0a780d5bac870126a",
              "ami-03787145a29aacc0a",
              "ami-0ffda2facf5087c17",
              "ami-00a74cd9f0b343057",
              "ami-0098f41e43efa7738",
              "ami-089f51a240a30e8ba",
              "ami-05232644f7d30b02b",
              "ami-06aec93c1c12d4aaa",
              "ami-027ca7a8a7adec9a4",
              "ami-0b30286d3af03d041",
              "ami-0bccaf09409847e13",
              "ami-0bc9240286a0eb999",
              "ami-06b6a421d0020090c",
              "ami-0ae785c972b13904e",
              "ami-0f5bebadd53edfc36",
              "ami-02eaffd09c5a24b97",
              "ami-00930859f392f92f3",
              "ami-027b8899328642388",
              "ami-0ffef2b249daebcb2",
              "ami-05f636f2b523d41db",
              "ami-0bd449ec808d68323",
              "ami-0b4f885958c3d3cb0",
              "ami-09d80e948ff3db8b4",
              "ami-09b0871baa4e0c3f1",
              "ami-00a360593f3c54873",
              "ami-0fd9394fd6e2fe67a",
              "ami-01baf020f221b0994",
              "ami-0ed705bc43e29a672",
              "ami-0e4ecdddb8e55312a",
              "ami-03880abd9452c476d",
              "ami-07851695b7686e1e9",
              "ami-076b01b95d2ab292b",
              "ami-0d7d0eb032ad410a5",
              "ami-0eb646324ff72a651",
              "ami-0a431e797dac2ffd7",
              "ami-0f40a56b1d7974f37",
              "ami-050175bc3e1769995",
              "ami-0aaec6e18a02a76c5",
              "ami-0ed1fa06825339c53",
              "ami-0e134a6166dfc117b",
              "ami-0a23ea321784c83a5",
              "ami-02815d788b67a4530",
              "ami-0742f5155a85bb1b2",
              "ami-0187e4b33b5302181",
              "ami-00c85604e03ec2e13",
              "ami-0057aa31718f4d338",
              "ami-0d7faaaa4ac317cc6",
              "ami-0157c6ffb0a76af3d",
              "ami-07f8746c561d01ef5",
              "ami-033f8edefd2c8bf41",
              "ami-082cc93dc0a8b68d4",
              "ami-0803a85983db181fa",
              "ami-0ed1cc272f2cbf417",
              "ami-053001c9abc4d72f7",
              "ami-07f9d3055e0dadacf",
              "ami-08de39743ac4a2b90",
              "ami-0a6a0b03e9f7e1aa6",
              "ami-025db1aaa76445ab2",
              "ami-03c0860c1927c00b6",
              "ami-0da0e216191a0c915",
              "ami-0cd2ebd86e9e44cec",
              "ami-053bf4840c8743ac8",
              "ami-078f744f214375d1f",
              "ami-0aaddcd52bf4998b1",
              "ami-085f16196cb953a12",
              "ami-0cccf8f7aa6230876",
              "ami-023f10614f7918d0b",
              "ami-0a303e1f719369ae2",
              "ami-0e7a0958f571fab42",
              "ami-07feaf27d06e6f899",
              "ami-0abfca2fb79504a81",
              "ami-0481e23128af9f0ec",
              "ami-07f721182d61510e3",
              "ami-0cee9e711a51b147a",
              "ami-01f75a163cda2b9d5",
              "ami-0aa151cd150e7d08f",
              "ami-0537161db4ee20353",
              "ami-06b67618ed94714d5",
              "ami-06d006c1a2acf4cf2",
              "ami-08f7d67e6ada96f5a",
              "ami-0a556d870edd34be3",
              "ami-0a383149d0a354bd5",
              "ami-0fa4ffcb0cff7b88e",
              "ami-09c4e0c8021d1b477",
              "ami-0ba4dcaab46e8ccff",
              "ami-0fa89c47a2829a0c1",
              "ami-06e213f16fdfbf756",
              "ami-09f2d84b45d1e94df",
              "ami-07a2c23e19a8d1769",
              "ami-0e4aae8712df0e695",
              "ami-035468c74c66d51aa",
              "ami-039606eb49d04373e",
              "ami-0ddd2982d7abbfeb9",
              "ami-0b3452e9ea9336d28",
              "ami-00c9509f7b778a956",
              "ami-0a786e2f80ed6c693",
              "ami-0373f638bb02971a3",
              "ami-00d84bb84f6cae76b",
              "ami-09b73dd2a8d3d12d9",
              "ami-0562d80995843ec54",
              "ami-081964f6cc3f14737",
              "ami-0a9ed22c0100514b1",
              "ami-05e7bdea8598d4691",
              "ami-012d527cd414a8b59",
              "ami-0ff1c857cc07e5058",
              "ami-0067e6136a435002a",
              "ami-0b718102aaa491eac",
              "ami-0201e6237ff33b993",
              "ami-007565ef41a7b87e5",
              "ami-01b2c4cb15cefaffa",
              "ami-0616934b8476940c6",
              "ami-0747413f20da0ff83",
              "ami-0ebc1ac48dfd14136",
              "ami-0571d68822206714c",
              "ami-0e0e48c64e7e3d5df",
              "ami-0d17d97232c08403e",
              "ami-0f9497ddbc9d8b20f",
              "ami-0f2e93b4e72c2c605",
              "ami-05d6edad5808a4739",
              "ami-035fdcccdf7da35f7",
              "ami-0496b0132c52b035c",
              "ami-00a17439181627af0",
              "ami-06e7414772303d5a3",
              "ami-0ea75a24c4b820aa9",
              "ami-03980d47517f69627",
              "ami-06757c5befbe7895b",
              "ami-0d4cc9504286e4c94",
              "ami-0c1c7240d72e08522",
              "ami-03afe7d5c0e0b207e",
              "ami-07d2fcd0ef65931f7",
              "ami-0e4657c2076099a1a",
              "ami-0b68f5b9c35ace3dd",
              "ami-001c19ce74053d399",
              "ami-0a9a03d2efde30b9f",
              "ami-0072768a697a2e36d",
              "ami-096e60e744687636f",
              "ami-00cdfde20263a9562",
              "ami-05b1da95fc3f18cc5",
              "ami-01437aa214a1d9a8f",
              "ami-0b676a29e795ad801",
              "ami-0ec2c3fadf19284f2",
              "ami-0d427bdc0102fbd88",
              "ami-0a9f6c8fa80b560ac",
              "ami-0fd5657d22dd97c7a",
              "ami-087c9f0d21816680c",
              "ami-09740c097b24ac041",
              "ami-017cd1c6bec820e9d",
              "ami-01669c4a7171c09be",
              "ami-0c296b193643182ed",
              "ami-0e51866c4b1e01c77",
              "ami-0ccc4de2e8598e7f5",
              "ami-06d813645fcb860e2",
              "ami-0ffed3fc0a569ca40",
              "ami-0ef2e0173a92036b0",
              "ami-05bdd8d98834ab24d",
              "ami-0428540c26d6e9bd9",
              "ami-0b52416294957448a",
              "ami-03983d5f8f5d5b6b4",
              "ami-0e6ca07e0b9f82f74",
              "ami-091dca52cc0074345",
              "ami-04363d9fcd1561e4b",
              "ami-038626d513ef5f52f",
              "ami-0c9ade34ba0e6b3f4",
              "ami-0240522d3ed3ae5ec",
              "ami-02ddbbb3f7950d441",
              "ami-03ffc0a6404aad6c9",
              "ami-0b5bff6d9495eff69",
              "ami-0112375621f8648d0",
              "ami-0937dc1efb44d63fa",
              "ami-03e297a4cd9d5a588",
              "ami-0d0522ed4db1debd6",
              "ami-05b36976822da904d",
              "ami-0b9ca21888bbf55a3",
              "ami-07c7acd5bb36ff586",
              "ami-0032169ad0446644c",
              "ami-0bdeeb75cb31a0072",
              "ami-026fa9f0a4b479e9e",
              "ami-0a8c8c70e73e44415",
              "ami-02d966cf5cd6b9f56",
              "ami-07862450a34197dc9",
              "ami-0b71e467c9257732b",
              "ami-0e45db50b4ae81945",
              "ami-072ab0514a9c94599",
              "ami-0759df322e0d19ced",
              "ami-06a4106d951ff006e",
              "ami-0ef5706d01bddcaf7",
              "ami-0b57b49c815c053ae",
              "ami-031513233c3d773d0",
              "ami-049888b56c4330399",
              "ami-08979bbfc4a60e3af",
              "ami-082d14bfe4ab599dd",
              "ami-0c539bdcda36fee22",
              "ami-030fc67da515e4a1b",
              "ami-02cfe09c61b48bb66",
              "ami-00544141cb1953215",
              "ami-09f924ce56169b39f",
              "ami-0536bc77a749169e8",
              "ami-02ae71a15d1412367",
              "ami-0f3dec85f2bd0affc",
              "ami-023466cc31f6de27f",
              "ami-072e55e921da99df7",
              "ami-04c3121cec7c80df9",
              "ami-0c27367ac33c1efc5",
              "ami-082358fd2ce578c47",
              "ami-0e6d8701778bd5a59",
              "ami-0908c32fb292f5547",
              "ami-0d3a15d908ca8f45a",
              "ami-0ebf1971695b80c06",
              "ami-068b2ff0d70c88b65",
              "ami-0d9ffadd40e0ed360",
              "ami-0fdf0d779a4359dbd",
              "ami-0c8cfbb08a31a7498",
              "ami-0b60daa2cd0f4bccd",
              "ami-0928983753128490a",
              "ami-0f7431a1d5a8c17be",
              "ami-0e08f69196c780a0e",
              "ami-011e0b50361d93d34",
              "ami-0764ab5b574a02614",
              "ami-0e3241eabf39bcfc7",
              "ami-07cae46406c6654eb",
              "ami-0dae1ec5353a413c3",
              "ami-0f9be4bb82b6005cd",
              "ami-0f8c9b9f3c6947827",
              "ami-0094aa655e4be4a61",
              "ami-0b9b4038f1f04c8d3",
              "ami-0368952da7fa9e4d9",
              "ami-061923cf7ec245013",
              "ami-024fa640cbd6639f1",
              "ami-051a31c807c0211fa",
              "ami-04048b044f751c676",
              "ami-024968676f9870367",
              "ami-015337d0ad30dd67d",
              "ami-07d9eaabe7fc74031",
              "ami-08dca1f5013dde9de",
              "ami-0d7bf5529ab175d51",
              "ami-0e0d0a1f85c1dd7e5",
              "ami-01200823c754ae60f",
              "ami-0bd851d33a645cf1a",
              "ami-0818012d40511914f",
              "ami-0635b2033585e79a6",
              "ami-039ad849a83040210",
              "ami-033de01a764644616",
              "ami-0b4432f906491ff84",
              "ami-0242ec671932839cf",
              "ami-0b3ff34b4e7452e7c",
              "ami-004f6562f18e9339f",
              "ami-096c1912ed14d5af4",
              "ami-0146665e1449bd6c3",
              "ami-0c708ff853dc28300",
              "ami-0df49380752927a5b",
              "ami-016a1ccddd5dc6b51",
              "ami-0ac66ec012f47b035",
              "ami-0c8cdbd26f49ae08b",
              "ami-0bfed594f3143ab04",
              "ami-0561f3624602a6e3b",
              "ami-0da8d509ba1e73a13",
              "ami-02874efc2aad0dc95",
              "ami-0e1f5f507ed2749dc",
              "ami-01dc9243e120b4022",
              "ami-09d4889547ea2a8a8",
              "ami-0cab79349347f5443",
              "ami-0b1ecae416be5be21",
              "ami-017cf4e6070909e7c",
              "ami-04b99b73e2bfd9b3f",
              "ami-07ca2271889002075",
              "ami-03c08c03c746b70d9",
              "ami-0ae9eba7c0145205d",
              "ami-0774b7884da4a0ab1",
              "ami-041e7fa4c4e32190e",
              "ami-030d4e5237896aafb",
              "ami-02e50acb9091a560b",
              "ami-0a9ca7814db2ffd49",
              "ami-0072dd7af9ce2a9f3",
              "ami-0db4c3bd1873af284",
              "ami-0db0e2e87dbefc218",
              "ami-0736be8fd8f6cce04",
              "ami-0caa0d423ecb35ac7",
              "ami-0da34d9101ee8a05b",
              "ami-0a8aa754409828926",
              "ami-00c86d202f9882966",
              "ami-07c698287dbb623eb",
              "ami-0c70b4055799baa14",
              "ami-03eff39f87f49511f",
              "ami-014f181ea599b768b",
              "ami-0cc96fac1a1377b76",
              "ami-091c8eb6129fda65c",
              "ami-0e88aa570ab6665e5",
              "ami-0eb0d633fb20854b6",
              "ami-0732b62d310b80e97",
              "ami-0d3de07923ebbbccb",
              "ami-02863fc2acad2ed33",
              "ami-0a03ca89888cfe0c1",
              "ami-0631c69f39c2cf24f",
              "ami-0e26e067030ec6083",
              "ami-072b0d25e242bc39b",
              "ami-07bb291625e896946",
              "ami-0899ae1157ed07fb7",
              "ami-0cf0f6324dbea0c6e",
              "ami-0710dfb4bf40e7f30",
              "ami-03c64446be75e90a8",
              "ami-0a0e9f86d0117ae99",
              "ami-01047b810630f180a",
              "ami-045d4d9f3903abf20",
              "ami-097b36683d0deb618",
              "ami-0146d8412f0e96ffd",
              "ami-00027f3c7fe3526d2",
              "ami-0341c61ebf9afa7fb",
              "ami-0500f765c25a55e7d",
              "ami-0088ffc3b05ebc415",
              "ami-0e79a93464d5e8b25",
              "ami-08ee6af600c0fdae5",
              "ami-099dc8bf2ddcac710",
              "ami-0515f4f52d92f662b",
              "ami-046aff8a893befc21",
              "ami-0f804e07621dcf31f",
              "ami-0871486f8d05fea33",
              "ami-029d85249ed7454e0",
              "ami-0c07b1391ccaceff1",
              "ami-0a80491d8bf23f8b6",
              "ami-0c0154d23dbba4cb6",
              "ami-0f1fa995b9ce3e1bf",
              "ami-042f52d6c43c2f32a",
              "ami-07af4a1acaec081f0",
              "ami-05d4bdb1bb7492f49",
              "ami-06c873aef183bc196",
              "ami-0bbf39f14ce7ee53b",
              "ami-073969767527f7306",
              "ami-0c77930f83d04972c",
              "ami-08adad6fc76c6c3c4",
              "ami-00b657933e76dfbf5",
              "ami-0e174e3f9c12f7242",
              "ami-0b8626f344ce4b504",
              "ami-0620bc74845e6a3f5",
              "ami-0dab6a5c47c3f3d9f",
              "ami-0bc5e898c4ed6ba72",
              "ami-08d34220236559abd",
              "ami-044a8a18349c564cd",
              "ami-01c30c99d674913a6",
              "ami-0874136696fdcfbe8",
              "ami-089dac7ea312007be",
              "ami-08706cb5f68222d09",
              "ami-051dbf96030345c37",
              "ami-0f0c1a8fd2d3eeeec",
              "ami-0f83e5b645ad73838",
              "ami-059b8780bed8ef9fc",
              "ami-0f0fbb87c52b43695",
              "ami-08fe549e6eeafa912",
              "ami-0be40046176ce44bb",
              "ami-03e3f217995931db6",
              "ami-003c54b69e4fa1de5",
              "ami-038f5eec5240991fb",
              "ami-0e70efddb6f14b5d3",
              "ami-0d4a3feeadd029669",
              "ami-00f6fd26d896bac3a",
              "ami-0ce6d3705bd1ec1f2",
              "ami-043dc53cb98cee1db",
              "ami-0a3ece41edc2b3ba5",
              "ami-0353ea7b8e90869f0",
              "ami-026e9920feda96473",
              "ami-069f3f4f56e924f63",
              "ami-00817751edb162c6f",
              "ami-05e8d5b4cbed8c41f",
              "ami-0d809080c3ef9dda5",
              "ami-004ab2684dee057e5",
              "ami-061e8326d46178289",
              "ami-0711bf1b79c48a808",
              "ami-095d1788fe263bf2f",
              "ami-08fc62dc8f53d0be2",
              "ami-046fa41ed0f00a3d3",
              "ami-0144d15d3017abf5d",
              "ami-095bdb94e20fc362a",
              "ami-0a649b8086032e7a9",
              "ami-0535f3552ff345d48",
              "ami-007701d143aa2759d",
              "ami-0cb2322b35f4293ee",
              "ami-0aed1bbb5c2dddb63",
              "ami-0766e3c08eea2bfcd",
              "ami-0db7f50a0964ff9c1",
              "ami-098993d824832fdea",
              "ami-02ad4b99d5585b4ee",
              "ami-0f665732a3255381e",
              "ami-074c0388aebc9f726",
              "ami-08c22b0d8f8f195d4",
              "ami-05efeeb21f465c083",
              "ami-00776c71ba91dcb4e",
              "ami-01d51995465815f33",
              "ami-0bb1ae2c9ad34e2fa",
              "ami-0eefdc9d7e1c5e747",
              "ami-014eea0e717177489",
              "ami-0a77e24b3b19041ad",
              "ami-01c2a232a970c67a3",
              "ami-0d6c18bcd46fcb4e9",
              "ami-04c0aa505a64f91a6",
              "ami-05f384eecafb8a841",
              "ami-0498a0e45c5761c6e",
              "ami-0e55fc5a60bbfee18",
              "ami-0c377e0c60779dfdd",
              "ami-060879dd876f6d321",
              "ami-0acc9191bd45e65dd",
              "ami-00e57de0f08a5876f",
              "ami-011492b386cf820cc",
              "ami-0b08077395cef90db",
              "ami-094ecf2c90ce6c7eb",
              "ami-0c3face0daf8d338e",
              "ami-008d483e2f39e263f",
              "ami-03ef1511cb04ed209",
              "ami-08aa1e451181082a7",
              "ami-002fc784279d2d0c0",
              "ami-082c8a55ebce5878f",
              "ami-0139f36f3a6544991",
              "ami-056cb8bda4fa261b5",
              "ami-069cce0418a05f094",
              "ami-0a52bcaa02347e017",
              "ami-03ab3003cfbf348a3",
              "ami-08767d508e390222f",
              "ami-07b18db64f4dc0ab3",
              "ami-066f6a3755eaf96ff",
              "ami-0479a46ce5a60f568",
              "ami-06d3fa3aabdc9d499",
              "ami-0434d5dda64988b7f",
              "ami-0e30007b26aacbe5f",
              "ami-0570fee8697a79ba3",
              "ami-00b1e51bdf345783f",
              "ami-0efb9dbffa1b06e72",
              "ami-06c3f564a3023f918",
              "ami-09fba25b5fe480145",
              "ami-0134356daceb661ef",
              "ami-0557d3d4e6dac4b60",
              "ami-0651cac9c8cea9c31",
              "ami-0e3530ebe8c2a738d",
              "ami-0e70d83842c9ebfa0",
              "ami-0c20a67db6e1c7258",
              "ami-0c817137e5e2ed971",
              "ami-000f072d832b9240a",
              "ami-018ee830a0421ec4a",
              "ami-059cc407b34beb12b",
              "ami-05eef2498ab146ec3",
              "ami-051ba1678edd9db34",
              "ami-0c210c9523d1867fa",
              "ami-01c4da02f544e6cfc",
              "ami-066a5c9daf1ae7909",
              "ami-052921bde2a7294e1",
              "ami-099a49a33c5dcbaba",
              "ami-0627e577936e01691",
              "ami-06d15660ccba68f52",
              "ami-0f484d23a3f2dbf0c",
              "ami-035bc8e611075b150",
              "ami-095968ef5a7d2eabb",
              "ami-01e061ec20785cdae",
              "ami-04cfe54a4df01dcc8",
              "ami-0d4d76e9128fd6b52",
              "ami-0e9d7b99f680c7731",
              "ami-0f90b5c9460e9d42b",
              "ami-0587a0f1824983fd4",
              "ami-0c4783e7df00b4d70",
              "ami-02f1e27925a733032",
              "ami-0cc1f96a2feb40ad7",
              "ami-07ebf80c6c1b8fd24",
              "ami-02858b6cd5bcb3448",
              "ami-045c43e01a93d579c",
              "ami-0fe148c1c5e0ca120",
              "ami-0a53b12f8a7d5b986",
              "ami-0df7f1bceacf02212",
              "ami-013159f72526a8005",
              "ami-0d74cda3aca12a24a",
              "ami-09ee60e0024c806fa",
              "ami-0c5c285ea0e303b49",
              "ami-07d147e65601b2e97",
              "ami-017f079db74474170",
              "ami-0f2c34d028c4bd681",
              "ami-0eecbc8cfc3b53714",
              "ami-0b9ec71ebc5be1e64",
              "ami-0b5812e7a84c1b691",
              "ami-0447a12f28fddb066",
              "ami-077d6e819b4eeff01",
              "ami-0b65596e7992917f0",
              "ami-057cc5e3980e13d8a",
              "ami-09c09c1dacf401ce2",
              "ami-034e829df696c78e8",
              "ami-0b8bbd7e775407bfe",
              "ami-06ff028bcc13384b1",
              "ami-031a5278b0539f94d",
              "ami-072992e3a0b57c777",
              "ami-07e3d34160e080089",
              "ami-0680a0c23d26f766e",
              "ami-0e714873bf1bd438d",
              "ami-08f300917b39ab342",
              "ami-005956c5f0f757d37",
              "ami-01e3b5d6c0a246887",
              "ami-0a8cbf901bf9bf0e9",
              "ami-03519daf4cf4ddd45",
              "ami-05ade558e7e3abf9c",
              "ami-0cd62a49f674072d1",
              "ami-07d8ae7ba836a7aa3",
              "ami-0c8c1f3d83a138f98",
              "ami-05de4cd27c3fc4026",
              "ami-05dfa953f04caf777",
              "ami-06d3f7f036bbe57b5",
              "ami-0fb59c1844918a31e",
              "ami-05e7906e066586e9f",
              "ami-012ade4bd53d7fb05",
              "ami-0a3715ec2a3b2bff1",
              "ami-0ddf79365950e4d30",
              "ami-0f9d683da718b822b",
              "ami-05683fb06307ef907",
              "ami-04bf2df1c009b3756",
              "ami-057497b487c963344",
              "ami-01251bde4d9295f7d",
              "ami-02ebbeab52e8a3d03",
              "ami-012e7ed0a301c3e3c",
              "ami-09201649912f8a2d1",
              "ami-0f2c2f43591966096",
              "ami-0ce198e7656a13913",
              "ami-09e79ab903571b4f9",
              "ami-0e1c6692b373a9bdd",
              "ami-015b1966c95b849e6",
              "ami-0de5f22439dee15ce",
              "ami-0d5d61d6ae05d7e6b",
              "ami-0496e7067987ec8f2",
              "ami-06ea3235f114e1cdb",
              "ami-07f39289712b40bd2",
              "ami-0645863e9be4efbc4",
              "ami-09edbbb02478906e3",
              "ami-02b5340b229583722",
              "ami-0a8d588116faa3c03",
              "ami-040e5afd1b110a399",
              "ami-031a4918f3db98a08",
              "ami-0330b1086a2eae50b",
              "ami-00725375bc29d9601",
              "ami-0473c8705eadefc4e",
              "ami-039493b7149952836",
              "ami-00f3ce2af0e47dec2",
              "ami-0083a8b3978ec351b",
              "ami-0017137250e9de09d",
              "ami-0d2db46cf6d089e2f",
              "ami-0d21059d70082e604",
              "ami-04e073cb2a08c149f",
              "ami-00a5600c07bbe74db",
              "ami-0b3634686db724007",
              "ami-017ca584131546f4b",
              "ami-0f221cc5ae3192ab3",
              "ami-041d9f6bd9db3477b",
              "ami-0abb40f77f07ea48e",
              "ami-005fab1369d37e09f",
              "ami-0aa18296415bed59a",
              "ami-016b80359e95d4a06",
              "ami-0979aa8479ee3cca3",
              "ami-0de92030b512f57bd",
              "ami-013334558dbd75b91",
              "ami-0fd6f98c470dd2c39",
              "ami-0708ed47094963842",
              "ami-0094e207c8b2415bf",
              "ami-0698eb730d43672e5",
              "ami-02d7e037f835130a8",
              "ami-0bf3dfc7ba86b5c5f",
              "ami-0ab45a06806540429",
              "ami-0f73ce9a5174b15b7",
              "ami-0c850666a79221bc4",
              "ami-033b2d38d814671e5",
              "ami-02b56395bac3f519b",
              "ami-09a60dd2d092349fe",
              "ami-0762492b5cfcc2369",
              "ami-094bd83ade8e36f22",
              "ami-0d8d570bb10a91d3f",
              "ami-0d093ddeff91d64d2",
              "ami-01b3bcb42e0388e2a",
              "ami-0b0940db28886c2b7",
              "ami-0e3a0142554238172",
              "ami-07370bb72643295f2",
              "ami-0d89cf706758ce79a",
              "ami-0078a6866c791acf0",
              "ami-09df41e080a36148e",
              "ami-0b60224bbaa5a5dc6",
              "ami-02d78a18a86fe8170",
              "ami-06df32aefd577767c",
              "ami-097811edc9d57eeb1",
              "ami-067b52e978635b395",
              "ami-0cf0154d92cbc39c0",
              "ami-038c9319c4dc4bb3e",
              "ami-00263e85b8ad04a3a",
              "ami-0c4c19f8fda04e693",
              "ami-0e95aa87b43db3cd1",
              "ami-0989facffd8f397d4",
              "ami-019cda9769d6ba689",
              "ami-0102ea59a47206427",
              "ami-0ed701284312d9a9d",
              "ami-0d807ed86c7fb1961",
              "ami-05dc1701064b7fa3e",
              "ami-004a14814c235da68",
              "ami-007c074ebdaa88ad5",
              "ami-065edd4e2270fb2e1",
              "ami-0f15db291442ddaf6",
              "ami-0bb01365763b34253",
              "ami-0d527b846be531430",
              "ami-03af8d9b02a4f2d0b",
              "ami-03759108a0d44f46e",
              "ami-0dc397c2d7433db31",
              "ami-07d8c7c3c31bed821",
              "ami-0ed75f52df3188123",
              "ami-0996d6f2b9388f675",
              "ami-0d9e11415af473b52",
              "ami-0ef962ff7a07badbc",
              "ami-0e93dcdbb3ebb5314",
              "ami-0993c2f9aa669839c",
              "ami-0aed6b5387884cbf5",
              "ami-0b327be9f7df00ad8",
              "ami-0633bae7a19c86671",
              "ami-0e400eeff6c9724e4",
              "ami-0fcc383defe6559c9",
              "ami-0078154276236e497",
              "ami-0b74121de916b7be9",
              "ami-0ac3cbd3325838edd",
              "ami-028362b0c3a905ee3",
              "ami-0005b0cfed14f4c67",
              "ami-05a49c2baea2e60e4",
              "ami-0d4fce940260981b2",
              "ami-0cc0a18eb6c19994f",
              "ami-0479a004fd3af7bb2",
              "ami-01fd1fc479e3b1c89",
              "ami-051d9973250605eb3",
              "ami-0933f7263d2b4cde0",
              "ami-038714ece4111a7e9",
              "ami-09ecc684caf159c04",
              "ami-0a2c13bc9f32f4618",
              "ami-0d2a6e21e996cb341",
              "ami-0ecda9511f3f3af21",
              "ami-0410a4a5ab56ef3aa",
              "ami-06184d0b2f6837499",
              "ami-042f76045b6a0de67",
              "ami-043c54222b06fa395",
              "ami-0ea5389f683f85e34",
              "ami-07726e06d6f53922e",
              "ami-099617a56306056c1",
              "ami-0a7fed454c91771a0",
              "ami-0e85bd2e88f9b20bc",
              "ami-06a97f28f518b7d99",
              "ami-0fd62773c0c9f473f",
              "ami-0a694f4e3f50c790d",
              "ami-034e88434dd0b0d70",
              "ami-07fb6134d480f068e",
              "ami-0d712df1b195ab8bc",
              "ami-0b09ba7b3a714bac8",
              "ami-03d43742392af34ef",
              "ami-0e21b348962c1b2ac",
              "ami-01b975fd28eac870e",
              "ami-0602e3001ea6ab0bb",
              "ami-0a4a30c1495e69413",
              "ami-02a95b9421495ed1d",
              "ami-0887be2998ad45e48",
              "ami-08267ab290896d3c9",
              "ami-02442cc70c50e8871",
              "ami-012143dd9f05a73d5",
              "ami-01a297ef7df56914f",
              "ami-012c4a65f5de61805",
              "ami-0b9d66ddb2a9f47d1",
              "ami-0e9cbaea369d34be7",
              "ami-0cff34a042205fb12",
              "ami-05ab0fc0751bc2cb0",
              "ami-0ed76d977ee4988e8",
              "ami-00b15477bbca48fe0",
              "ami-084cb2921e3e83b99",
              "ami-05799f172d80bf1b3",
              "ami-05010d232aebe7cea",
              "ami-0c1eccb9358287afb",
              "ami-0c23fa38f2edd7f77",
              "ami-0a761f237fb0cabc1",
              "ami-0bfe6bbf2334c909f",
              "ami-03ffe92bf93551757",
              "ami-086c4a10ea2446195",
              "ami-06246912a8dceef6c",
              "ami-09b88a44a5e9c479f",
              "ami-0c304c3458893eb73",
              "ami-0f6c9432b26c820b6",
              "ami-0ba96f245b80cd2f1",
              "ami-0281091dc7eafffc7",
              "ami-0409b2dd9db284f90",
              "ami-0e7afa13833e4789f",
              "ami-0d79ad8ca8872870a",
              "ami-09c7b6b9722517663",
              "ami-05b66b15da47edf3b",
              "ami-07ef97b14b7aedeae",
              "ami-072c0f70dfdcd7c05",
              "ami-011c8029a302b193a",
              "ami-060e9b2851caff12c",
              "ami-0189137e7819c8c8d",
              "ami-03b4d4876da689aff",
              "ami-03900f105e4acd341",
              "ami-0eb1ad1fbb9e63cea",
              "ami-083070c2248499659",
              "ami-037f85d3b3b03eb49",
              "ami-0aa9572dfea774cf6",
              "ami-05b9866acb702b072",
              "ami-028c27e2e9869fc0a",
              "ami-025cee9de29a549cf",
              "ami-0c5a1153e981caf70",
              "ami-054767c3238094200",
              "ami-09a714932498b4c3f",
              "ami-07062f939badcc07b",
              "ami-0746ddbae55db367c",
              "ami-09c1d03de366041a4",
              "ami-0f7c8cb4109705734",
              "ami-08e852f6df553818a",
              "ami-0e9eac8b880b0b3d7",
              "ami-0e66f889a2fcdf165",
              "ami-02a27037ee5cc1132",
              "ami-051d587867dcf90e3",
              "ami-04c2df61240cae40c",
              "ami-0318026d2203da0b7",
              "ami-050ef8add3704fcf4",
              "ami-083d7f0949838af0f",
              "ami-0c0a879d756d3c521",
              "ami-03d6745a633571963",
              "ami-04cf27730cce00582",
              "ami-0a184d9e5f327113d",
              "ami-0f162e9a82adaf9fd",
              "ami-05b9ca210ce5af253",
              "ami-0a34bd3cded634e6e",
              "ami-0f529cb29ce2809a8",
              "ami-044c492fd84496685",
              "ami-011972c7f889178c6",
              "ami-00cce29ddff4bbc24",
              "ami-0614bde101db40111",
              "ami-0135a0bce08641589",
              "ami-091a8bccd241d3a61",
              "ami-0f89118d05f2458ed",
              "ami-0230e21960c51068b",
              "ami-09bafe840b08ff72b",
              "ami-0da8333eb21e30ae3",
              "ami-0470e33cd681b2476",
              "ami-04f4d76b51514f287",
              "ami-0e3be68053284464d",
              "ami-01116f0e8a6908170",
              "ami-0722bcd9383c0e182",
              "ami-09999f7899f887388",
              "ami-0bb716e1c79b64738",
              "ami-065c7d555df39554c",
              "ami-028ec195e36f50c0b",
              "ami-04b2519c83e2a7ea5",
              "ami-061188beac5f2106d",
              "ami-0bc8a87a25f37b72a",
              "ami-0f4d3c14307e94296",
              "ami-0f17f8c4985f08852",
              "ami-0fae0e26690640810",
              "ami-0b85720617dddc175",
              "ami-046d9c140f877a4ab",
              "ami-050732912924d1138",
              "ami-064c0c3bb22db25e5",
              "ami-0af42d5241044967c",
              "ami-06fe9e5e98d08b972",
              "ami-044aa86c429013561",
              "ami-09db28afeb460dd0f",
              "ami-0affdca3349afd84d",
              "ami-02c2c5aa93b5e1614",
              "ami-0c7eadfbb3ea302c6",
              "ami-09d99b053c0d70a4e",
              "ami-0612ac7e231f18e9e",
              "ami-0ae4cd0b7e525bdd2",
              "ami-0b14274ceefbd5243",
              "ami-05495fb424527a2cf",
              "ami-050be3bf5fd059458",
              "ami-0a40c4b579a9852f3",
              "ami-01609873f8bd19299",
              "ami-0d2ea21b643d05132",
              "ami-0019557982de70e9d",
              "ami-00ecdb0ed7596d3dc",
              "ami-0f6ba0f8731b0c184",
              "ami-0530cdb7163b7f6d8",
              "ami-025b68c5bbdb6cc8b",
              "ami-0d0e74761b4cc8a53",
              "ami-09b019ee1a9a522ab",
              "ami-04c2bd9f92d48075f",
              "ami-01f27686b71de2c99",
              "ami-0e8935196aadd1278",
              "ami-0ff8723a6a019c2b1",
              "ami-0cd4ec972e767f775",
              "ami-0f3e90187f7a688bc",
              "ami-029cdef307a7df6e6",
              "ami-0763f1857ea203ce8",
              "ami-0b09e51e226d0c14a",
              "ami-07e5f16f7afab95cd",
              "ami-0c80f25b3a8692e69",
              "ami-036200641fdf355c9",
              "ami-03e3e3b2af09e5a97",
              "ami-0b0cfed640e8bc2a5",
              "ami-04e22788d221605eb",
              "ami-02228ded0354ecf11",
              "ami-018d27aa8c143f3b7",
              "ami-027b1ffdef93097a4",
              "ami-038560211c96b4760",
              "ami-0d4e46f8c3f1af902",
              "ami-08fd645b7b77e170d",
              "ami-008bfbb21a3dce962",
              "ami-06083acbb57dd3f35",
              "ami-0b81ffd6552a1f009",
              "ami-00e9bcc7ca153e950",
              "ami-0014fa0fc5c93f1ef",
              "ami-02ab0f3388a55415a",
              "ami-06c63d4b0a17db523",
              "ami-07daeaeae7bd277ee",
              "ami-0dc47403ab5486d25",
              "ami-0748ad94c34c3c929",
              "ami-0d546a3396bdb92f0",
              "ami-0931f44be3c8a660f",
              "ami-02c21546281aec510",
              "ami-052165cc4440efe6d",
              "ami-085d3e86dcdd0f6f3",
              "ami-09e49482572e7fdae",
              "ami-07b0faced54072dd7",
              "ami-028ce8714093f51ac",
              "ami-09f480727cdfb4ab2",
              "ami-01cffaa56010d5381",
              "ami-075b969c5d32c6e43",
              "ami-09cc24aaa4d323c80",
              "ami-0efa415a97775dbeb",
              "ami-0deffd2d26dcf70d0",
              "ami-03f8832451df65190",
              "ami-0673ded2e50d8d37e",
              "ami-0e437158245e93db7",
              "ami-018c3d92a8a0ae9ea",
              "ami-04c8df1d77f10a5c3",
              "ami-055b9eb9de21f790f",
              "ami-0d91932ccf7cb8ee4",
              "ami-00eafaf54d74f1f5e",
              "ami-0b1737e7f3ceedba7",
              "ami-0ecfab04056b7edf2",
              "ami-0ff03d1d6b9c6a2ab",
              "ami-0fa6cd5aefbf02afe",
              "ami-0471c182b97e75f62",
              "ami-0885c838c1bed4d18",
              "ami-0adb4960e9093ed1f",
              "ami-0bcbd6818baf5547f",
              "ami-0a03968949ee4e012",
              "ami-024fbf55b51b6f872",
              "ami-0c0f60f8753a1596d",
              "ami-0cf4476a95306f5fd",
              "ami-0509c28a9ad3dd09f",
              "ami-0f502125a15f97e64",
              "ami-05d901c7a8dd58014",
              "ami-0860a7c70b697e10f",
              "ami-091b0b9054c33d9ef",
              "ami-04ae79bf35ea8b8b0",
              "ami-0e54601559529c5ea",
              "ami-0afd671c5f4cca626",
              "ami-0c945a23fdc582b90",
              "ami-0a4e9ce11c91b18a5",
              "ami-06a60fa364b96a854",
              "ami-072432ad186efcc98",
              "ami-026cd69708098e00d",
              "ami-008528dbac76466d8",
              "ami-0c8aff657ad1b78fd",
              "ami-008572ef07ec795c5",
              "ami-03df4494ed433a06c",
              "ami-0584dcc9f4a4b4036",
              "ami-0202f1d4888cb5ebd",
              "ami-002966cfcda724757",
              "ami-03b87b418bb7fbb6f",
              "ami-0637ae5860ef3099e",
              "ami-0ce7ac18a662f8a8f",
              "ami-00d23f0cf9232b77c",
              "ami-073e041151a39314f",
              "ami-04655e6da8951ba94",
              "ami-02eb2adc6bc1a81f9",
              "ami-007289a38e125f07f",
              "ami-0296e0267ea1fc836",
              "ami-0671c4c5c1aa721e3",
              "ami-0dd45200cd5f8ed37",
              "ami-03b5297d565ef30a6",
              "ami-08c90bce7369e0949",
              "ami-09e535032b747eca6",
              "ami-0292503f80fe49021",
              "ami-07f561d75caa5d7af",
              "ami-00755bfcb84b21491",
              "ami-0e606febc24481477",
              "ami-0f0c326cdb138ccd4",
              "ami-0c1d51956ab19585e",
              "ami-067b6fcd1ef7156ed",
              "ami-08804058ce83e33d8",
              "ami-022de9ee5d3ef2d4d",
              "ami-0018565f29337046f",
              "ami-01fcd914481476d89",
              "ami-0154284fb7a1d4a1c",
              "ami-0484ef321a1476a40",
              "ami-0d3d4c864a8f8609e",
              "ami-02076bc494866cf32",
              "ami-0a23b2315bcdd1506",
              "ami-085147ec06ab3231c",
              "ami-0e8a04527af2e4ec4",
              "ami-0700e3a975b098ae6",
              "ami-058bcb62a01aff57a",
              "ami-0022465a6f3ad5603",
              "ami-01712dedd3b75127b",
              "ami-0ecdbf70698c1a095",
              "ami-0e4881f3db6b4f80d",
              "ami-0b0bc41a50e8cd33e",
              "ami-08ee35f16bf1fce06",
              "ami-04f961af28a4d7cae",
              "ami-0fafbc04b0c4e891c",
              "ami-0918a29082873b131",
              "ami-04adb0084e85aef06",
              "ami-064053d8e9881b716",
              "ami-0f60dd7a4b0689ada",
              "ami-0ca0a3bcf7a9057c0",
              "ami-0a6607f198fb57965",
              "ami-09059f0c1ca798d97",
              "ami-058cbbf4f0f545ce1",
              "ami-0adc72c37fdeed4bb",
              "ami-02f97b8f1add67761",
              "ami-09c4950d7d8db3eb1",
              "ami-07acbafad6d5be197",
              "ami-0bacd199fe5e094f8",
              "ami-0c6c5cc893c9c2809",
              "ami-0e7db32ee52bb185b",
              "ami-0eb64c49a2299a148",
              "ami-08504c94e8b160536",
              "ami-03f2b7d9cdedf07a9",
              "ami-01257ca6966b29ebd",
              "ami-057f1cb823eb5ccd2",
              "ami-05d6ea63c8166b135",
              "ami-026fcafad52b5905a",
              "ami-08559915bab43e34d",
              "ami-001c88c8b4d1bfceb",
              "ami-0ad5ae74178095226",
              "ami-0478fbee44135c046",
              "ami-0f429b42a6474899e",
              "ami-054d2f7b2eee7051f",
              "ami-0c65c069a6de5d64f",
              "ami-040fc16658a1dccad",
              "ami-09ef6f4a6e5912f8d",
              "ami-085ab19ff1f528958",
              "ami-089617314eb51e463",
              "ami-0fa6534618579494b",
              "ami-05a68d18c85780a96",
              "ami-02d7ec3c2d3c2f9d4",
              "ami-095707908a113fbdd",
              "ami-0cafc899994f802dc",
              "ami-05bc9a675eec5905b",
              "ami-04d2c638a7791eb97",
              "ami-03ddcc9626d4fa0fe",
              "ami-0c25adba251f23d73",
              "ami-0890de539763e4a3a",
              "ami-0e63f0727d6dd1538",
              "ami-0f05279086cf991db",
              "ami-0cc3f94e5ded3aa7d",
              "ami-02a9d49a561e27183",
              "ami-0525d567c3c10c75c",
              "ami-0c574153eb7f34629",
              "ami-0642fd6cf528b9ff3",
              "ami-0ddfc20cb7cf370e9",
              "ami-01b24543316b0ef0d",
              "ami-06cfdf2b31f206e35",
              "ami-0126031ff66e7f966",
              "ami-0ea9d1a3fc5813972",
              "ami-0cbf11dae95144010",
              "ami-0f57de1e98a4e6791",
              "ami-0524b4491227054e5",
              "ami-0e13e0df31e6aa478",
              "ami-062a9e244aed4fd93",
              "ami-0af0b95bc21b60a92",
              "ami-0fe689c23de747c52",
              "ami-05cd6adee7f180175",
              "ami-096903a9475fa1786",
              "ami-090be1a5506deb35f",
              "ami-067bea8b5cf1ed699",
              "ami-012fb01cff3741c57",
              "ami-0c89b8901b77a2861",
              "ami-0ad35792022313104",
              "ami-08389f34003e8b4d9",
              "ami-062f57c60b7bf5938",
              "ami-0db43acc85e357c11",
              "ami-09306f96d6319a221",
              "ami-0613d69583777a3f2",
              "ami-0cfc6fa943dbbaf8c",
              "ami-058c0a48082407a15",
              "ami-0afdced43bf6fc356",
              "ami-08ed8efde1e94461a",
              "ami-0bf237aceb999770b",
              "ami-00c75256f216df13a",
              "ami-0a8ea0edf121328d5",
              "ami-0f4b03a641f5c1c02",
              "ami-07c455d7f856f1d8c",
              "ami-0995fa752abc78efe",
              "ami-049dbde7be899c071",
              "ami-066ba4c95689e49f7",
              "ami-0b83679383c2b0e47",
              "ami-0a84bf3b43eca7bb3",
              "ami-0fd16fd39a62e2b7b",
              "ami-0a325575e6250a468",
              "ami-0d5f917749ed274c5",
              "ami-09d576af59b699740",
              "ami-083e95bad0a75b52e",
              "ami-05d25f32e28e7af68",
              "ami-0b7311d50ab8369c6",
              "ami-097abfbabfd9c35c1",
              "ami-0a2e235a915f05c0c",
              "ami-027530b82c18e83e6",
              "ami-0cbb1ff434c71e51d",
              "ami-0e77b2c064a6af590",
              "ami-000a47b17ec7fe1b6",
              "ami-038ae6d7b257b165f",
              "ami-0884f3b946a2cd8a3",
              "ami-00914393bbf4a77c0",
              "ami-016c864516e65c357",
              "ami-02d064283915d5ba6",
              "ami-0ff6694ed13c89fcd",
              "ami-0d9462a653c34dab7",
              "ami-01fffbd2e169cd78a",
              "ami-0dea9881b64637562",
              "ami-01ee9bf1eba051789",
              "ami-0d857e540b7eaee28",
              "ami-08f80ef53a022d2f3",
              "ami-0062c151c558a2fce",
              "ami-0b0d3c5eb0c4af050",
              "ami-0b4861d0eaaffc2f6",
              "ami-026efee1f67b99f62",
              "ami-0051db455437db533",
              "ami-075a05ec5819946a3",
              "ami-0d46c1c9561aab904",
              "ami-0361dc268daa6508c",
              "ami-0db155bbd35d28b64",
              "ami-0a99a9902a20b434d",
              "ami-05695932c5299858a",
              "ami-0696f394a6c1fb605",
              "ami-006522bd928eec54a",
              "ami-056a0d659b0c97c42",
              "ami-01dd5176775728365",
              "ami-0484b39dd56f70080",
              "ami-0a9f7ec082fe809fd",
              "ami-00b39cb984abcf7a5",
              "ami-0f19bc3c24013d109",
              "ami-05d3ef54d951a3740",
              "ami-0bd619ccd3dfef7cf",
              "ami-05e318f36cee54a0c",
              "ami-09bd1c6cb76779f64",
              "ami-0dcc12dc265bbcecf",
              "ami-0fb85f5246711ae73",
              "ami-0a246fa0bdfb58591",
              "ami-05fe82872665bc22e",
              "ami-0486b9f2110fa47fc",
              "ami-080af20f61c982f14",
              "ami-0452e69433d148109",
              "ami-0d2c05791c6e2f626",
              "ami-0655cac0674d66519",
              "ami-0ba81c24d6760df2f",
              "ami-06e97f96b7fddd9d2",
              "ami-02c33248a7891a7d4",
              "ami-08262dc804fd0c41d",
              "ami-09e9e41717596eb75",
              "ami-0b7178232a3690fc5",
              "ami-04d4af1c72490f8bf",
              "ami-0a0b07a6450977000",
              "ami-0df107aae5ac13cab",
              "ami-09794fd23391ec1fb",
              "ami-04bfa0c84b5572f20",
              "ami-0fdc43819e8553edc",
              "ami-053447d3af9454f17",
              "ami-0879c5ab00ffe49f6",
              "ami-0be90ecf8a5009b0d",
              "ami-07f7794783c9a008e",
              "ami-0fb0c4bc405588f05",
              "ami-0f858bd869e5af867",
              "ami-0095b0424dc517962",
              "ami-0c86d0a0428506e3b",
              "ami-084d18cf7753fe2be",
              "ami-0c27911105cfb8db0",
              "ami-081089dc4c9cc5c50",
              "ami-0d129efbf8ecdc44d",
              "ami-08934b7ea37b505a7",
              "ami-04d58427c111aedd8",
              "ami-00c6616a5caf3f17e",
              "ami-05051ad9142f3a0c1",
              "ami-0177e5d95aeffcd64",
              "ami-03f0838036f271e8b",
              "ami-09fde4d38e12c407b",
              "ami-012a7ebd19f81b318",
              "ami-0e3cd81331192b656",
              "ami-0854eca7ab25c0830",
              "ami-0abd443389575c528",
              "ami-00d296f9c3e188299",
              "ami-0c3abca774d2489aa",
              "ami-0bb00e728f56a421b",
              "ami-04a1d9e8d827edba0",
              "ami-0275dae9644b7c80f",
              "ami-06dc86e6fd003335f",
              "ami-0268afdc8029e1a7b",
              "ami-010e62f04730a5a01",
              "ami-005136f1190a5c6b7",
              "ami-0bc39a8a83b7f96f8",
              "ami-08bd9dbddb2c49d1b",
              "ami-0782f95712fdffcf1",
              "ami-022d8b4fa0f52a52a",
              "ami-0c1b36aa00721b4aa",
              "ami-0ec2ed3e19c030dc5",
              "ami-04b1149c344b796a4",
              "ami-0dc3964d780a9dcf8",
              "ami-013975b4f0721623a",
              "ami-056eb374d750328d2",
              "ami-0d9c825a2a8fb4468",
              "ami-034b0dc11329fdc43",
              "ami-09b11853c5b4bda53",
              "ami-06f9e8050f5ccf3c5",
              "ami-0e860237b08b0c690",
              "ami-0be1a57ae9b8c5213",
              "ami-07c00c046b2c42e72",
              "ami-01e074f40dfb9999d",
              "ami-05a773170736575cd",
              "ami-0bfada6ff2c1b0727",
              "ami-0cdd48af66bb90a73",
              "ami-02668109f29af216b",
              "ami-0ffd0dc6624a9623e",
              "ami-0586e1607ba5c9d6d",
              "ami-0df108a89659c662a",
              "ami-0edf51f406a3197fe",
              "ami-039ab925335d9c383",
              "ami-0a4fdec01bdd67934",
              "ami-0c40c3d3e522d2061",
              "ami-085fb6cde0cbbf9af",
              "ami-0f729fd84c5e26a8d",
              "ami-064d960b174ba00cd",
              "ami-0217a85e28e625474",
              "ami-06d206ad35402b7dc",
              "ami-0e62429c45640d1dc",
              "ami-0291a5aeded4fd8fd",
              "ami-03f2d4879f5ca4299",
              "ami-055c242d89deb39da",
              "ami-0fc9b4cd6181b595c",
              "ami-0f724ccabccceb69e",
              "ami-0e22cd77bb5322fcc",
              "ami-08eb011c32ba7cdf3",
              "ami-030132e3fbe43fd51",
              "ami-03f71141f8bf47701",
              "ami-095a215144c9ff0ec",
              "ami-041504109ee98ddd7",
              "ami-01581a1df59e009c3",
              "ami-01afdaaa568317f62",
              "ami-062a2b4b93aaf43a0",
              "ami-08a65b6849b5d0131",
              "ami-08ba9d4095c4af6fa",
              "ami-096122757b4163b0e",
              "ami-03917b03841a40767",
              "ami-04d27ba348641f8ba",
              "ami-04b04a98a2467baaa",
              "ami-0459575a051de0f99",
              "ami-0bdb7df2cd74ce84d",
              "ami-0a0d6a03f6dc52533",
              "ami-062bf06fa98502dd1",
              "ami-09c8136c83f807dde",
              "ami-00eaee8420c6c3fdf",
              "ami-0f6ef96dde4bd6dfc",
              "ami-0189f13fab230f8ac",
              "ami-081cd852d68ac4a2e",
              "ami-0868abecf4e02337c",
              "ami-02f358d9d7600448c",
              "ami-08ba13d00a578d89c",
              "ami-0a12cf2ae5212495a",
              "ami-0280c743bec0dcd58",
              "ami-090c6dce65eb76543",
              "ami-03e3c7b94c6ee0eff",
              "ami-04a98238f9dfd7340",
              "ami-085430f6129e0b555",
              "ami-0b01c9cd8d7c14fc3",
              "ami-0ec5a5a7fb3e1385d",
              "ami-04e9876d682b7a173",
              "ami-09e6858f53fcfd10e",
              "ami-02cfa92e3b75827f2",
              "ami-03f0532ffd412ddea",
              "ami-03aa5b53da3a8f3a5",
              "ami-00cc3a9d0429ec1eb",
              "ami-029c183a8d189333e",
              "ami-022b7b051e77bd01f",
              "ami-082a3ef32d3851a0b",
              "ami-03d085fb800bdd01d",
              "ami-02c38cbf60c6ee3ae",
              "ami-054e1221fabe7f7e9",
              "ami-0df7627bbe8f3277f",
              "ami-0ab8f8e38b4416d60",
              "ami-014e86ad36b46cbb2",
              "ami-04445de3f01b3c029",
              "ami-007fe3d695ada555b",
              "ami-0d303061d38963a20",
              "ami-0871ec2af4dfe7d5f",
              "ami-07a2352caff9ae3d6",
              "ami-0d3e29a759119ea7f",
              "ami-0f004734920056386",
              "ami-0cd21dfafdb5a3734",
              "ami-06fdeba9a825e7a50",
              "ami-0bfb2571af4190d71",
              "ami-01949da3fad4f1d7d",
              "ami-02284ec52f3347d38",
              "ami-06dc55b6b6dae9ac7",
              "ami-0ff927095b44625db",
              "ami-061b2cebfaa4a8548",
              "ami-061a81638ffa0c0a9",
              "ami-0e8b2780d80e835ad",
              "ami-09ff3107ef7f5adf8",
              "ami-04e9959371e21a009",
              "ami-0b38bee6f7b5b465a",
              "ami-0c8aa45be931eab0c",
              "ami-0f8bec9930c757f13",
              "ami-08eb5dfaf1a970188",
              "ami-0442c90b033272515",
              "ami-07ce989c6c81d3640",
              "ami-0971858571355bc96",
              "ami-0dae0b32f98a70786",
              "ami-0774eedf296ea69ad",
              "ami-068d86c950255a512",
              "ami-074ee04de447633ed",
              "ami-04d8d6ea8ecbd56c5",
              "ami-0019a69d42fe0aa74",
              "ami-07ccf582cc901d949",
              "ami-0ce933e2ae91880d3",
              "ami-00ce3f0a3e3a4fb46",
              "ami-0cea4e86e7efbbda4",
              "ami-0d6b4f51881ba4505",
              "ami-0e4e16ef7f2d81805",
              "ami-053ca1f5c20e2ee2a",
              "ami-01ca4c783963f8da6",
              "ami-0e0e0907440857f75",
              "ami-0001f4d3a3854bffe",
              "ami-08c362d161bb64f29",
              "ami-07ec627fcec51e445",
              "ami-0cda17db032eb04d7",
              "ami-0b8836f2d7c3ff12f",
              "ami-06725336b7dcaadd7",
              "ami-083bbff3417d484ab",
              "ami-0bd71d304cef5e93c",
              "ami-0cfcbd8cd1dcf0b86",
              "ami-06691c98d1cb2d9c9",
              "ami-04727b3ccd066f962",
              "ami-0229b20de901562bb",
              "ami-0ea67014c6099985b",
              "ami-0ee6300fe3827e0ff",
              "ami-0b667ccbbae9214e3",
              "ami-0ba278efdac40967a",
              "ami-0a4f8e480180edde5",
              "ami-07e2a96e251e970bd",
              "ami-00831fe0c42624267",
              "ami-0f292b41ae5745da4",
              "ami-0aa7097e049a46ec0",
              "ami-0d5612595295301aa",
              "ami-0fdd4ba3603834a13",
              "ami-08ef31ada399bf695",
              "ami-0810ff22cf07d8a3e",
              "ami-092926ecdf14cad91",
              "ami-0275fc4613c552736",
              "ami-0f0e9f79b1988fb8d",
              "ami-0f8d47e5d33f89277",
              "ami-0d02eb4d2f098a443",
              "ami-07e65fc19a8ba50e8",
              "ami-0d11b8f93f0c2b73e",
              "ami-08af74429b0d457dd",
              "ami-054b83bc2b10e08f4",
              "ami-02d03682382206884",
              "ami-0dab7dcee8a36446e",
              "ami-0237f398887b6aedd",
              "ami-0311e6fae7f656243",
              "ami-08e0b8ba241ce9fab",
              "ami-07745f152a07b1baa",
              "ami-0b28c9972555539ab",
              "ami-04022f6a31c1025c6",
              "ami-05fd05134d0bad85f",
              "ami-0a2dbbc5b39e924ef",
              "ami-024d0ed2932981621",
              "ami-063f7e0e1084ba55f",
              "ami-0db518a8b39b20e05",
              "ami-0e0e7b909aea48186",
              "ami-0ee4e92e70c6b59e0",
              "ami-0d1c3706c6325d8f2",
              "ami-073e6ec3b43ea6dcd",
              "ami-0fe00d4d7f42b9730",
              "ami-0312d67ff59a3db34",
              "ami-018357f9d2b0080a4",
              "ami-0039e2ea395af55dc",
              "ami-0187e7c79ea2da866",
              "ami-0c755107e5d43cc54",
              "ami-0b500c907db10508b",
              "ami-0199feda432f770ab",
              "ami-0fc792676049a4904",
              "ami-040c7ad0a93be494e",
              "ami-08a8699a57b628e0b",
              "ami-0f07fe0d8c26237d9",
              "ami-06db296e602e9aaed",
              "ami-051e9b73b747d9b12",
              "ami-08b30a0131829fe78",
              "ami-0214264276c6d16b2",
              "ami-00c9ea0fa19811160",
              "ami-05e2ee03c0875dc20",
              "ami-053b083651dbce1f9",
              "ami-0be4bf0cba9fec44d",
              "ami-0f22398555ebe46ed",
              "ami-0e29dfc2f1554d3fa",
              "ami-04fc6e097ab1d4800",
              "ami-0f1d2f32b259d87e2",
              "ami-0a149d8ef38cec2ad",
              "ami-0ecc3f15d882ae4e9",
              "ami-00da012e14b85baf4",
              "ami-01ef3849bbece23d0",
              "ami-0a6fc0e044035a344",
              "ami-05e01dd2a38d33c55",
              "ami-054decaefc73f48c4",
              "ami-0bc627821a6585bf2",
              "ami-0649738132126c5a7",
              "ami-0894b041d231df10b",
              "ami-06c3cf8fe698b259b",
              "ami-0fff11b225820620d",
              "ami-07b9f412d68cafe18",
              "ami-082d4969f85cbf73a",
              "ami-04a37b8584690e036",
              "ami-0d0b71c6846c37918",
              "ami-0196d7f277f037a75",
              "ami-0ec1bded6fae6a81c",
              "ami-0909d7d3b677ab7f0",
              "ami-08565c3019e3ba049",
              "ami-04905b1cc92c9c8ea",
              "ami-0efc80b44966d8854",
              "ami-064b3d0099e6a1891",
              "ami-075b991827a08a780",
              "ami-09c17daf62754272a",
              "ami-0cc930713667ebb1b",
              "ami-0ea2ac11318e24677",
              "ami-0dae45b322e48a882",
              "ami-0542e585e66b360b4",
              "ami-0263cdfa933edfd1b",
              "ami-04a15a9b4b5d47186",
              "ami-0532152c0ca6929f2",
              "ami-00c95e32502324c9f",
              "ami-05863f207454fe3e1",
              "ami-0f9b8b390501e7aec",
              "ami-0bd41e7a313dd3a21",
              "ami-00a6142d081c26e68",
              "ami-0c9ffecfe02ef4aa3",
              "ami-09ef448af1a702ab1",
              "ami-05708978d838a4e0c",
              "ami-00f8477a01865a4fb",
              "ami-0bed77f43b4430656",
              "ami-07a38239a4c4ac6a7",
              "ami-0edcba3a98df83cf1",
              "ami-0cbdcf267d3ec64f3",
              "ami-05de220da5be39e78",
              "ami-0e5786bde4fe8b322",
              "ami-006a4680d2f5a0c87",
              "ami-02bd8460ed5d1fa05",
              "ami-04713319c998bbbe4",
              "ami-08cad316bb9aaa881",
              "ami-0ccab22fc1fda009a",
              "ami-0abad460a99d44157",
              "ami-013dfdb315879a8a8",
              "ami-0289829d1d138ae01",
              "ami-05a1689372ab62327",
              "ami-0db960e929a6c75da",
              "ami-083bbe1d32cab3103",
              "ami-057237b1f5d7ce777",
              "ami-074f5670f2ceb01d7",
              "ami-05684aef3cfe3c5e0",
              "ami-03fac0a0bdd7d5908",
              "ami-07fd6cdebfd02ef6e",
              "ami-07f1b9fd15f519b43",
              "ami-0fcd1667c6b3c46e9",
              "ami-0a2a94baf8854e9ee",
              "ami-036155d77a8c328a4",
              "ami-0e264ffc244566713",
              "ami-055a5bbcbce2b9721",
              "ami-07c76bb6b27614a68",
              "ami-07fbddb7f8e087b8a",
              "ami-0d964bbe7f00d555c",
              "ami-0221587a94af49ba3",
              "ami-0891059d702f9d296",
              "ami-02e24b3b14e5ec8ad",
              "ami-0a30d28512a0590d1",
              "ami-074a8afa12ae4e6b1",
              "ami-0d097b872bb6e48a0",
              "ami-0a4b9e66a5e1b755f",
              "ami-030d20e9a88f275f4",
              "ami-0b8f93d262bf462a8",
              "ami-09d1402140e38989e",
              "ami-02896d30e2df003ee",
              "ami-0ffd576873bdaa262",
              "ami-0a6471945deb62778",
              "ami-0b6b7d4cd9ca0ffce",
              "ami-00d77a3fbae71c6a6",
              "ami-0cd0d8bcaacadcce8",
              "ami-00f37da74e74f933a",
              "ami-052962f07e6e1c134",
              "ami-09b39a669dfb00e4f",
              "ami-09e5e3e5ed5898487",
              "ami-07d79454a19e15d40",
              "ami-067c840a5dce7fe27",
              "ami-0fee6e6300019359b",
              "ami-008ab31273984feb4",
              "ami-0d9c7adc50f0c3f04",
              "ami-0e80f1d31941f6010",
              "ami-00f4cff050d28ee2d",
              "ami-0981d2926d2260939",
              "ami-0e9f7f3edab94472d",
              "ami-060b0d94200e25e1e",
              "ami-07731db175995663b",
              "ami-0add0cc829a6b4d39",
              "ami-0fbb5a6bf94d896fe",
              "ami-063b7644d740b4556",
              "ami-04c669aaa1a5835c4",
              "ami-0964299f1ebfbc102",
              "ami-01dd24c5258ea6839",
              "ami-02c966dc9e6bd6d7d",
              "ami-05772a5becc12d753",
              "ami-0cabd6d5c247d76b1",
              "ami-060245f7db2e15478",
              "ami-038cc0f38ef1e3176",
              "ami-077ecf5a4ef338c4c",
              "ami-07e4111a8a919ac1e",
              "ami-09d9649009e305138",
              "ami-03807add4352f6e91",
              "ami-05bc2d5c9ce03d871",
              "ami-0714f528f4e0edc29",
              "ami-0a3cc2d1b33c32028",
              "ami-0cb0e70f44e1a4bb5",
              "ami-044c7d2b7e4e07da3",
              "ami-0fd0c5c864e80fa27",
              "ami-06f1fab1ab342f0f7",
              "ami-02eb9e430d1344eb0",
              "ami-0599ca51ac25031f0",
              "ami-0198ed39c4126360d",
              "ami-08000729e0abd026b",
              "ami-0d574adddea45c74c",
              "ami-0e379f44ecbc2fe6d",
              "ami-0d536f075196e2b14",
              "ami-09eaa3e1ad812d6ce",
              "ami-0342f84350dbf5bbb",
              "ami-0f71f9a58554b179a",
              "ami-0b0e80f215a18fbc6",
              "ami-0ba43169c2fa608ea",
              "ami-0027662c1f7a5a550",
              "ami-08f97681b0eee9570",
              "ami-0db512a685cffd85a",
              "ami-099ca099d30b065bb",
              "ami-02913db388613c3e1",
              "ami-0d5edf18f0c03742e",
              "ami-08e789bb5ca3b9bfd",
              "ami-0ad544c349815b4c2",
              "ami-0221849fbc831f5ac",
              "ami-0dcda12636908e4ce",
              "ami-044fb1c16d0a4096a",
              "ami-02392f21e5cf8fcff",
              "ami-0a23ff683009c9e29",
              "ami-01f10fff0cfb26295",
              "ami-0bf61ded2ded51784",
              "ami-00832e7236c24281e",
              "ami-06b37b182941ed228",
              "ami-0b7f1d57770573a75",
              "ami-0e322d16aeb09ff85",
              "ami-04a56cb1908b6ce94",
              "ami-0c709282458d1114c",
              "ami-073c3d075aeb53d1f",
              "ami-0c1bc87ff613a979b",
              "ami-03b7b0e3088a72394",
              "ami-010dbb7183ab64b39",
              "ami-0062e5b0411e77c1a",
              "ami-0112fbd4a4e198f3e",
              "ami-08a4d85769014678c",
              "ami-0005138d5fd1f49ea",
              "ami-0402c421f192a940a",
              "ami-087123350194271de",
              "ami-0b8e1790b9d212eb3",
              "ami-0bea2eb225b8ea3a9",
              "ami-09f66c29456af08ef",
              "ami-0910c975f780cc958",
              "ami-01a0fd623b2794217",
              "ami-09b649eb60ee3fc00",
              "ami-06331d2d1815a4f96",
              "ami-0df89fbcf9b9ca564",
              "ami-0ea85b17a6e688324",
              "ami-06d999a3e67327cc8",
              "ami-097db5f67022aee1c",
              "ami-08cf01d95454cdc7b",
              "ami-059bca0b956bb33df",
              "ami-0945b7901de178e8b",
              "ami-0e8201760ca51b764",
              "ami-0666e15f40369ccad",
              "ami-0a3a8320da2e07918",
              "ami-009c0b51e33ea21fb",
              "ami-0782bb1f265e182df",
              "ami-0c077d112d7bc2e01",
              "ami-07f7b727519642056",
              "ami-0e7803b38e69fa51a",
              "ami-04bad2df7afd2eca2",
              "ami-01085e0de9ded96b2",
              "ami-0dd46cda1753841c6",
              "ami-09667808bf8ebbc9a",
              "ami-0606b806cad2dcdfb",
              "ami-0ba4a7e6194743907",
              "ami-01d122c735b3ceae1",
              "ami-0b372e63bb5976536",
              "ami-0ca9df523740db6e4",
              "ami-056a47e216b470ce3",
              "ami-00688cd8e2b6d2152",
              "ami-0256ac397ea3738d9",
              "ami-0a19d85caae09e69b",
              "ami-08d877dddd63d4f11",
              "ami-0e4af994480d249c6",
              "ami-047d504b1c9897a71",
              "ami-086657d1961a2ec5c",
              "ami-02aa59d9a8ed82406",
              "ami-04e3e9e7e8b1f907b",
              "ami-048c6e622f9a92a7c",
              "ami-0c0c10b8c6c781c24",
              "ami-0f820f5bcdfb4e8aa",
              "ami-0044f4a284b106604",
              "ami-0a8bf4e187339e2c1",
              "ami-0c5cdf93d467beca8",
              "ami-09f6bc049f323302c",
              "ami-010ec3313c5e141f8",
              "ami-005b754faac73f0cc",
              "ami-0a9b1c1807b1a40ab",
              "ami-09ad3a49fb13389a0",
              "ami-01b6a163133c31994",
              "ami-04645af6384529c5d",
              "ami-00f1adebe5ab9a431",
              "ami-0ea42cc96a8375851",
              "ami-04c2ed5ff15a580f4",
              "ami-0319af5ceda066b2b",
              "ami-05b2ec7aefdb33aec",
              "ami-07d33eb1e8394281c",
              "ami-0c2e6edd3691fe65c",
              "ami-0513f8fd61e93fb32",
              "ami-0db9723e5010a1931",
              "ami-00d53fae1c3c5db44",
              "ami-0da155208e2cf4d29",
              "ami-0c1e6517e571a6f94",
              "ami-0ef011182d14e066f",
              "ami-02b0cb00364378afd",
              "ami-04062f61e4896bb7b",
              "ami-08b241f9a2d4462bf",
              "ami-02eaa5ee08df4c880",
              "ami-08741800b7fdae874",
              "ami-07cbbe9f215c384e4",
              "ami-0cca3c1a9b7001b95",
              "ami-0700e5a02c317b1dd",
              "ami-0a05dcad6f9c8ad87",
              "ami-09cb49f910ef3dae4",
              "ami-06c1cf562901dc520",
              "ami-08703e6b762c8fe9b",
              "ami-028ac8f20402db58d",
              "ami-0e3717a4138420a56",
              "ami-08413070d0c9b73de",
              "ami-0790ee7450d8ff8c2",
              "ami-0e4ecdc2e8169d6a0",
              "ami-02592ee0f656034ed",
              "ami-016a2facf8a1a9e7a",
              "ami-0b1d55a5581ee2a70",
              "ami-000c29347a81f0935",
              "ami-0ae92bdfaf0d5515c",
              "ami-01be89269d32f2a16",
              "ami-0ac67bdf79918b7ee",
              "ami-07946a0e316925a29",
              "ami-04a15305837aaafe7",
              "ami-08291e8bff49fd7a7",
              "ami-07ca6e6af3ac5174a",
              "ami-0f4984ca26ef695da",
              "ami-088c85b958ee82281",
              "ami-037b617a7ca58620f",
              "ami-0faa6b20eff91ea0e",
              "ami-0262ebfbcf7a8d562",
              "ami-058fa898e60a65408",
              "ami-021f94faabd2740ff",
              "ami-0d2692b6acea72ee6",
              "ami-043f9106e7f451340",
              "ami-094beaac92afd72eb",
              "ami-000721b659ba73311",
              "ami-0d888cb5eaaba12d4",
              "ami-014cc26f091950263",
              "ami-0e080da108f456eda",
              "ami-03dca38e5c1e0917f",
              "ami-0544b9ae9c97b1e91",
              "ami-0cec5733258f3ab67",
              "ami-063eabb923a96278c",
              "ami-007e10e59d483c88b",
              "ami-0a5de0d5c67cd43ec",
              "ami-000e2889902116b8b",
              "ami-00e6bcb44a28a0094",
              "ami-03407c56032b79b69",
              "ami-029bf6db917e4ffe0",
              "ami-0a0aa02de2fe94318",
              "ami-071f6655fc40aa045",
              "ami-00ac367e2e13364ea",
              "ami-0aa5c40a84e63cf64",
              "ami-07579b5c38d1e2b2f",
              "ami-07948654437614ea8",
              "ami-06967cc029f9eb22d",
              "ami-08e058bfdef6c2314",
              "ami-007d3d2779321ef5d",
              "ami-0f53fffe7f6f6485e",
              "ami-00f667fe315d683eb",
              "ami-0e6af33a5c87557e6",
              "ami-09155a5dc3c532de1",
              "ami-0a5a7fb4de6992be0",
              "ami-018a894b44e99c344",
              "ami-0410a80d323371237",
              "ami-001b8c7e420a9f22a",
              "ami-0644de45344ce867e",
              "ami-082d0eed361133cbd",
              "ami-01d152acba5840ba2",
              "ami-0d03d45f7645e75b0",
              "ami-0a183946b284a9841",
              "ami-07fac902ed2f0fc4f",
              "ami-05af3f57a0b59fb78",
              "ami-061cb445fd6f9f1c3",
              "ami-0982ec8396e1eed49",
              "ami-0d0bdfafa362d672b",
              "ami-07cfa41232fa69ce7",
              "ami-0e3b15323d1f8841e",
              "ami-0ac23e964ec8bc294",
              "ami-024c55e771f0dd323",
              "ami-00ca5520ca30fefa9",
              "ami-023773ddf63cd056e",
              "ami-0f9341c8396d04fb6",
              "ami-0d3ba07a8cb2c1992",
              "ami-0953bf1177d0e7c27",
              "ami-07f3c92f3619b1e7d",
              "ami-04ab198099108fb5a",
              "ami-028541a9cd4c7d3dd",
              "ami-08bed185ef7610459",
              "ami-04088b0e5470cb5ee",
              "ami-08f19c77370086cc5",
              "ami-0c2f6d8b7f7b4b4b3",
              "ami-0123864e6b77f6910",
              "ami-0e16063c7e3ffb69f",
              "ami-0f73d6427810fcfe4",
              "ami-0b49979b5e0145f0f",
              "ami-0348a9585c014e179",
              "ami-0853bfd9e8ffb153a",
              "ami-0d1144fd4b8a86cc8",
              "ami-03d0c9b97e2b44e9f",
              "ami-0b3046001e1ba9a99",
              "ami-07a81e5dda92b8057",
              "ami-0be923111f1070c66",
              "ami-0bdcfdd8d265c44e3",
              "ami-0fd8f2a99f0ed84f3",
              "ami-0b99c7725b9484f9e",
              "ami-0015459583d6b893b",
              "ami-024813a5925fd29a5",
              "ami-031f8f67a53de53fe",
              "ami-02389426198baf430",
              "ami-0a14b1f0e7427a4bb",
              "ami-0f21d1eb3339ebd6a",
              "ami-000e99acc047832ae",
              "ami-0dda5b096adab0d1a",
              "ami-0670058400a934447",
              "ami-03f59e90c8855694e",
              "ami-021cade0f478e2285",
              "ami-04e5d5b1d656350ec",
              "ami-036d7db163b95d948",
              "ami-0949cc8bd5d646a1e",
              "ami-094722e052c1cb2b1",
              "ami-060fce4261e22196c",
              "ami-0eba844a3a01f7e0e",
              "ami-07083d1dc5c33cb83",
              "ami-08e11f14a85a5cc04",
              "ami-025e650f40d9cca3b",
              "ami-0b483c03275a8eb1c",
              "ami-081c3a6f477c10d7f",
              "ami-0ec90fed147b04d93",
              "ami-06bcd24fa9d564043",
              "ami-0a6a95102e6427079",
              "ami-058a3814d52b8405e",
              "ami-0169259405d6c12f5",
              "ami-01e3a3f1cf993d591",
              "ami-0d0fd657a45fe71db",
              "ami-0edf5efdf0f07ab82",
              "ami-06b38a5bad2335f48",
              "ami-03ddb3b270dc4ed10",
              "ami-050c12ce7e9f7ade4",
              "ami-052cbb6c6b301cd42",
              "ami-09621183b4eb29112",
              "ami-084739c5ecba0598a",
              "ami-0e142d18bfa93cb67",
              "ami-08c126f78e4f475e7",
              "ami-007f8ebeeb34aa607",
              "ami-07fd952f339baff04",
              "ami-065df6263542ad4dc",
              "ami-0c729c6b5e463a57f",
              "ami-01c3909e7a73df374",
              "ami-0c30656d68a63388d",
              "ami-005c7beba306a80fa",
              "ami-01c07289f885d1eba",
              "ami-07d6f9a032cbc18d8",
              "ami-08647dfaaef26e3c0",
              "ami-0bf990ce4848b32c7",
              "ami-0dfc9b88be4ce785d",
              "ami-02c46d3c58044ab78",
              "ami-0f144862e40d89793",
              "ami-04d85f3257a637d1a",
              "ami-04860196592cca19b",
              "ami-040096cf38a6cd755",
              "ami-03f513bc5dbe42698",
              "ami-0d6e2dd28e86e0215",
              "ami-0bf94811aabe2cb0d",
              "ami-0341af8d0f72b15b7",
              "ami-0eacc5b7915ba9921",
              "ami-08f94b5becebd0c16",
              "ami-0d2e8ef01c8b6708d",
              "ami-00d989679386e538a",
              "ami-06eec8c54f8a637e9",
              "ami-0a80c5ae873c08c64",
              "ami-04322e867758d97a8",
              "ami-0fda456670ecdda47",
              "ami-051dfee3fa484ecce",
              "ami-00e782930f1c3dbc7",
              "ami-0a6994bbf532d5707",
              "ami-000f5933bbd6f9d8c",
              "ami-0cf72d39ece5fe7b8",
              "ami-04317bb153d6a8fff",
              "ami-0e18648a2d5b5e83c",
              "ami-066e4cfcc460304e0",
              "ami-0357da922b040bdb4",
              "ami-07b4793624603016a",
              "ami-083a49c48835f0950",
              "ami-030aaec5744e6c7ca",
              "ami-040d0c5384bc73c29",
              "ami-0931a091166af6710",
              "ami-0129228e381db3c19",
              "ami-0c17675a8d4ed257c",
              "ami-0e7a9e6f255d7be08",
              "ami-0ac4c75c2be95fa5b",
              "ami-091d255a70355ea32",
              "ami-0fd605cd5ce229c06",
              "ami-03d13a91f57a566ca",
              "ami-0bf28a8d370c40493",
              "ami-0b9ab605517ac2edb",
              "ami-03326a7861c20a568",
              "ami-049a422c3e20d2629",
              "ami-023da939fba791387",
              "ami-02ab6c03242b116fc",
              "ami-02e3175aa8341822d",
              "ami-0caa7a54d55340411",
              "ami-06312bdf2dbbec090",
              "ami-091d0656c3ed54ed0",
              "ami-070f0f4be06dbb829",
              "ami-07a4ca6378fc2ea97",
              "ami-044853a71b65d2587",
              "ami-0b029f9457fab4745",
              "ami-0ef0efc3845ce3628",
              "ami-02ac5d7c3782115fb",
              "ami-0c8980f62de3a3872",
              "ami-067eb63c8c654a20e",
              "ami-00b5d9df287e34650",
              "ami-073e1009f68968264",
              "ami-0c785a604a11c637d",
              "ami-0e00a7f59c8569790",
              "ami-0a50bd398a414958d",
              "ami-0d143ad35f29ad632",
              "ami-060e32be63fa1b286",
              "ami-0cf953afde70921a2",
              "ami-06b7212503b9d9637",
              "ami-0ef148f6ae69767d7",
              "ami-0b1abd2bf8810487c",
              "ami-00721e9f7f8235dba",
              "ami-00ff6216daa4b0a69",
              "ami-009439dd94a072078",
              "ami-011ef6369d18bfef8",
              "ami-02e6e900ea2744911",
              "ami-06d389b9376614da5",
              "ami-09c3eb35bb3be46a4",
              "ami-02071c0110dc365ba",
              "ami-0f07478f5c5eb9e20",
              "ami-011629621cf3704b7",
              "ami-01a5f8cc81dbe2ae6",
              "ami-0f9656f23e5473c8a",
              "ami-058cf6710e7c81666",
              "ami-0ba552b797192de92",
              "ami-0633d5aebf19881aa",
              "ami-09120fbeb577169f6",
              "ami-006952bcb27ff0e20",
              "ami-0cbfa6ae8b7820648",
              "ami-009648cf312f3b45b",
              "ami-098f3355716dc7c52",
              "ami-0d3ecaf4f3318c714",
              "ami-04fe7f4c75aac7196",
              "ami-033bd2c2a3431923e",
              "ami-09e019927c13e4ebf",
              "ami-01d0ada8fadfa1b23",
              "ami-0b1c1ec505e46b6b7",
              "ami-0ef05fb2aeb69a58c",
              "ami-0f057a2d5e6508fd9",
              "ami-0c2f55c583793a6e3",
              "ami-0de3404dd360f188d",
              "ami-0e3bf47d38477b7dd",
              "ami-05e7076999942b771",
              "ami-04d798cecbffb56cf",
              "ami-0743b76146d16abd8",
              "ami-0e9397b89caff4a44",
              "ami-0a12bec33b17f91dc",
              "ami-070dea08cb759fbc0",
              "ami-04839e010921e6616",
              "ami-06a6ae8e069f8a59f",
              "ami-0de357a4669ba974a",
              "ami-099a427fe821b724f",
              "ami-048c379f5bba88a25",
              "ami-0855ac0953ce57170",
              "ami-01a95791787491309",
              "ami-0ecfd3591e2b55b33",
              "ami-08e9294e68d099f31",
              "ami-026b01d701f834f62",
              "ami-0015655f9c173defa",
              "ami-08817fa20d3358dc2",
              "ami-035af8c71b59c60be",
              "ami-07ff4b514d53412e7",
              "ami-0e067df7af2a3a460",
              "ami-0cb807e1540647d46",
              "ami-0bd9eb7ab6a3abd0e",
              "ami-0a42d8f3e62d459a1",
              "ami-04b5e0d8e4ab95895",
              "ami-0e4913efa4e4dfbac",
              "ami-0c3e78ebade79f61f",
              "ami-091ac5a07c21e8219",
              "ami-0b26c4019999836f4",
              "ami-0a64e905ce2358aa7",
              "ami-0d58818ac385b1082",
              "ami-05651b45e99d63d02",
              "ami-020ab18fde5d18db3",
              "ami-0e28b4eba094cbc14",
              "ami-097fdf9acb4efc4d1",
              "ami-0e2520e97af25d4d2",
              "ami-07c82cf49d29d00d3",
              "ami-05434b46982e8fd37",
              "ami-02cab9c49307ca317",
              "ami-0710ab5d4cdc43281",
              "ami-0a42bb2a79ecdb1a6",
              "ami-0da4037e7ce5f2099",
              "ami-0d1ca7565b637e9a5",
              "ami-0889b8a448de4fc44",
              "ami-0295b1ab1c6e6f31c",
              "ami-0183732d8e0fd56c7",
              "ami-02bef3a92ed0d150c",
              "ami-0d7805fed18723d71",
              "ami-0ae68f24ed5b07baf",
              "ami-05de310b944d67cde",
              "ami-0fa3a092a8bd8eea4",
              "ami-03103e7ded4c02ef8",
              "ami-0cb7ecbcb6479720a",
              "ami-0d848603d9bf30b76",
              "ami-0b6b4a5c5952ba214",
              "ami-02744b942f4094210",
              "ami-0dcc47340ec3a0e45",
              "ami-0856113449f34cfde",
              "ami-0c4b21993c3e2204d",
              "ami-09ad440333f13c98c",
              "ami-0fdbb5ed63b75d9b0",
              "ami-055890176469a0022",
              "ami-0469fae53034443f5",
              "ami-0a1c8bb84bc80d610",
              "ami-0d5852862d4fccda2",
              "ami-0deed0d9f589f9468",
              "ami-0d95ea0e61c0cf5ec",
              "ami-0ada74605d078a4fa",
              "ami-01205fca7acc01ef5",
              "ami-0b4e9d7246704847c",
              "ami-086510d086218c5ca",
              "ami-0b6f791fc54125a8a",
              "ami-0ac369c3b2206d2ea",
              "ami-00d9ec5bd9dca5cc1",
              "ami-0f1df80b72dd76fc2",
              "ami-05365e1c400d72c7c",
              "ami-0e2a2336e934f9933",
              "ami-08cf9a375d9d99710",
              "ami-0b6ed78e2f6089b22",
              "ami-0ec0ede7bb9144978",
              "ami-0f1b5301ee73cc375",
              "ami-0d34e28a29a4dbe46",
              "ami-0d49a79da2974a6b4",
              "ami-0d9ea9006d0eef7f3",
              "ami-0be8cdcd729e1bf1b",
              "ami-02f3b810c27155291",
              "ami-0cb4cc675759be330",
              "ami-06106b3d8a0dc6b71",
              "ami-02e059fcebf4e299a",
              "ami-03037eb9c87b2f402",
              "ami-0b22373393cab5a6b",
              "ami-07ab6583dd6eb2669",
              "ami-076655da3a2b249eb",
              "ami-0f00132d5c154c99a",
              "ami-07db6073db4220e53",
              "ami-0687dcc95245c4709",
              "ami-0ed2563205803080b",
              "ami-02ea573ff14d2ef09",
              "ami-0f7550bcfb4d842da",
              "ami-03efc1a6cab2bf26b",
              "ami-0988c6c849882506a",
              "ami-0df642b57edc13071",
              "ami-04e0df8ae25b21f9d",
              "ami-072abadaef662d6e3",
              "ami-006b4a7e44b5f647d",
              "ami-071f57213a4d0af56",
              "ami-0556cfc195004ba96",
              "ami-0813f2a9ee28f42b4",
              "ami-070f2e3fc60bb34d1",
              "ami-0d7c4d21157d329b2",
              "ami-0cd79a3a3a3c30d8e",
              "ami-069f710d672a87d07",
              "ami-033ea52f19ce48998",
              "ami-0c2a98be00f0b5bb4",
              "ami-081d30a9317dccfee",
              "ami-0ee584cda3924b5f9",
              "ami-05efff832aff86ec7",
              "ami-068b2ab1a539f3abb",
              "ami-06016d6b78ec83843",
              "ami-0c81596bdb3394f11",
              "ami-04224e9b8e778d0d4",
              "ami-0ae351e60c74426cc",
              "ami-09481290ccf9528f7",
              "ami-0a5044768ebf7ed50",
              "ami-074d7facdfdfd9ee2",
              "ami-06a0182645f40c0c3",
              "ami-00925cf783e2e8fa0",
              "ami-0b69100abbf75258c",
              "ami-074811debc0b11bdf",
              "ami-01e5f909b3c234383",
              "ami-0806d00f91b138a84",
              "ami-0248780049c4e1cc5",
              "ami-0273d9161012f8560",
              "ami-0876e262a8a405f32",
              "ami-00d748c3e3bd6ee00",
              "ami-0114a52d64d50b1c4",
              "ami-097ad9663dbf28175",
              "ami-016c121786ab1ef8d",
              "ami-089ceb27761c01ff7",
              "ami-05d7aeeab8c0a7491",
              "ami-0fa9be5ed3acf47dd",
              "ami-0da81c669e80e7c7c",
              "ami-08e82bd1f85810c0d",
              "ami-0eb36b51d4fed94eb",
              "ami-081f4f49765fd24b4",
              "ami-030ffbf2e7d0cd224",
              "ami-05cbfed30b4782b40",
              "ami-0a45a51e3586dab47",
              "ami-089a72bada391fb86",
              "ami-01c04caba8ca400a8",
              "ami-038866dcad08bf34c",
              "ami-0fdc8ae52df07df6c",
              "ami-06cb4c3659565e8a9",
              "ami-037cdd28c259eae30",
              "ami-092a7108ef202f332",
              "ami-0d670fb8bf2bc0f52",
              "ami-09c75dc19e546b392",
              "ami-04b10f082d4869bec",
              "ami-0451c86ef30d07cce",
              "ami-03e5f0d9549848183",
              "ami-0937dcc711d38ef3f",
              "ami-0a1e457fa445726bd",
              "ami-0d4c0e46eb46325cb",
              "ami-0c6c683094db433fe",
              "ami-0220cdfeb5a9b4c37",
              "ami-09243352e7fc54770",
              "ami-098343fe9c805b8af",
              "ami-03dd063b05c3082f1",
              "ami-0581583c3d7507d9e",
              "ami-0641d7ca885530589",
              "ami-0cc424ec58256ea88",
              "ami-0ed1bb8f2ab0edffb",
              "ami-0cf93a71ce62543c9",
              "ami-0ca6ffa4213dc77f2",
              "ami-07ea3711278500c23",
              "ami-0d7ca8ee944a099f2",
              "ami-025eac2c200340eb9",
              "ami-079e67cfc9e104a86",
              "ami-022cfbda7739bc41e",
              "ami-0fa43a3addd37af21",
              "ami-0f4d0d43cacb028e6",
              "ami-01063e5b5a42d2d56",
              "ami-0d44333ec22892866",
              "ami-0660f9b63932616a8",
              "ami-0eba9192611c17ec5",
              "ami-015ffd0b83e9268c9",
              "ami-00bff19bfcbbc5842",
              "ami-0b3a0bf0f67902079",
              "ami-0415fd48f8e6c8e29",
              "ami-04c58adaba2392fd6",
              "ami-0087c7c63d1b3978e",
              "ami-02d9e5c288aba5af5",
              "ami-007862493aa8721a7",
              "ami-0823edb0c94157ff4",
              "ami-0cb4b6a940244dd2f",
              "ami-0821b7c6568999205",
              "ami-0fa6a7a4decdae641",
              "ami-03df30097bba5a113",
              "ami-0fa9b3e10e6328f2e",
              "ami-0cbf90dbb31e6a01c",
              "ami-03f098f94306cb094",
              "ami-0b21c6dd42acfc5c5",
              "ami-03d30a2d068503301",
              "ami-0507c9e0992dcf642",
              "ami-063ea4d4f71f8dc0a",
              "ami-009a1d17f5d49f562",
              "ami-0f0f2a8eef1715621",
              "ami-0730256907c340627",
              "ami-0427b5520c37ee8ac",
              "ami-04134aa332a77a723",
              "ami-0165dfaa447593a07",
              "ami-0765f5a8bcc2fa216",
              "ami-0997ac17dd5177b7b",
              "ami-07db046f957d190c2",
              "ami-098874502303c4de5",
              "ami-05dea1bb164627e70",
              "ami-0c733e3a0866f56e0",
              "ami-07ffe4e02cf5c2bd0",
              "ami-0e17a6861b2574143",
              "ami-0ebc950615f039fee",
              "ami-0c0ab9fe2ccfcdf48",
              "ami-0a021a9b06ea20c99",
              "ami-0bec3ebbbbc832b61",
              "ami-02b9e2847d6d95fd6",
              "ami-05881e30b8d9fe9a1",
              "ami-02f629b57b9ce7790",
              "ami-04ca898456f594805",
              "ami-0e1b22c783812a7df",
              "ami-07f7a41f452e8238d",
              "ami-0789a6a583102f23b",
              "ami-09a5d99c0403664ce",
              "ami-06cd76bb520220b07",
              "ami-014054844dcfda02f",
              "ami-0ad42f4f66f6c1cc9",
              "ami-0a44f0b8c32f84cf6",
              "ami-00a5aa934dc5052b4",
              "ami-030d6be698b87daff",
              "ami-0235fe7ec27b760ab",
              "ami-0a5c128a5a963fc45",
              "ami-076010dfccc0fd3fd",
              "ami-01746192457921c78",
              "ami-08eeaa96f835ac258",
              "ami-0bd46f3eaedf3ec22",
              "ami-00b3aa8a93dd09c13",
              "ami-05fdace0a0558770b",
              "ami-0c5cb6ba4b1edf0bb",
              "ami-0bc6e84391ec20816",
              "ami-043b38221c5017851",
              "ami-04611067ce944d00f",
              "ami-082eb7dd6f3ebd317",
              "ami-0097ff784fc658868",
              "ami-03eee1d7dd8da520c",
              "ami-071297e5ec8e9e49e",
              "ami-01efaa5ad568e5085",
              "ami-0fded8ae70424c152",
              "ami-00aec8f0c70278cda",
              "ami-06bcd1131b2f55803",
              "ami-08b0e86cc971ef5cd",
              "ami-00864324b20a3099e",
              "ami-043356758473efe92",
              "ami-0b7c3be99909df6ef",
              "ami-01ef9f6a829ae3956",
              "ami-00cc7c0cc22c258fd",
              "ami-0ccacbf180ed01af6",
              "ami-0147366ed5d293883",
              "ami-0f535a2041e9b94c8",
              "ami-0b2c8ee36792079df",
              "ami-031f1c573badfa635",
              "ami-02ddc1d9f44c566c2",
              "ami-011ac103bd318c4f0",
              "ami-04ae4fe63b64488ea",
              "ami-09b6c1c1739feda4e",
              "ami-031b934c434e46bd3",
              "ami-0f663717a7c08c996",
              "ami-0ccd8c68c1d1d1c74",
              "ami-03f8da3f2e1264b68",
              "ami-0aa7cdd4c9117b58c",
              "ami-06df89dda1fd670c9",
              "ami-0af7cca77a16367b4",
              "ami-06a138a42b3e30a60",
              "ami-0b9ad0eead2a32cc7",
              "ami-0611fbe0863bb53b9",
              "ami-010fbc248ee0e4562",
              "ami-09a22504d1e1e3402",
              "ami-0b33930d70f5980c9",
              "ami-0ee0785a8037613c6",
              "ami-0033bb982aefe9f2c",
              "ami-06c35298f89c82dd4",
              "ami-09aaebebb5cfccd9d",
              "ami-05b4e19c522358378",
              "ami-06e90a5cd628e3ab3",
              "ami-0c8c6d35f8c5b1986",
              "ami-0a88b337e360ea24f",
              "ami-002b87b23f4dd0241",
              "ami-0ce7d3a0f569a6456",
              "ami-01031fefaa8873439",
              "ami-009248f492627523a",
              "ami-0aa1389c41d4b86a4",
              "ami-0e7438b1ede96835f",
              "ami-0e6199adca764ae52",
              "ami-05454532e6ae9c7cc",
              "ami-0fc614612283b923b",
              "ami-0a3534b0a706ed32e",
              "ami-0c6fedcf1b3a9215e",
              "ami-0d7429f2b8bd56560",
              "ami-0bf172592b16a4f46",
              "ami-0a3655483bb7c501e",
              "ami-08cf333ae35cf4484",
              "ami-0f00d7a3cda457ef7",
              "ami-05ae1bd8f9f36f672",
              "ami-047efa08a0e67a311",
              "ami-03390cab5183cd3b8",
              "ami-0cbcfe7b85f523cfe",
              "ami-086b6a7d8d4ddb97a",
              "ami-00f3ecf98861b2ab3",
              "ami-07b9856eda96150f2",
              "ami-023e8bdc65498fa08",
              "ami-0cf239b484b4fb6a9",
              "ami-0672bbfeafae92bcc",
              "ami-068d4881da5d83bc6",
              "ami-051617f51127a7638",
              "ami-0a09264b79ce22c59",
              "ami-0086e1fa1a40fe3d0",
              "ami-062d6d472d24beeda",
              "ami-0fa62abdb493452d3",
              "ami-037c232aef0fe3a1c",
              "ami-00796998f258969fd",
              "ami-0688537d4903f3e1b",
              "ami-06d55c1a2171542b4",
              "ami-03af36556bb63168f",
              "ami-016b7abd24a81f942",
              "ami-076e0402e15e4612d",
              "ami-0a55a1606ef9fde63",
              "ami-0a2e60e477c6faf7a",
              "ami-0a6596f4886f3218d",
              "ami-0637dc50b29d484e9",
              "ami-08f8cd5fc93c6e394",
              "ami-02b6a0004976b14f3",
              "ami-0981e97c791827331",
              "ami-0d01ca46dc1c075ef",
              "ami-0f30f098dbb75aecf",
              "ami-0e9e3b37094364144",
              "ami-071640bc386221267",
              "ami-0701fb452ad73a864",
              "ami-0f893a4e3c989dccc",
              "ami-0ba6adde3ea0f2269",
              "ami-06886fb9a55ee48b1",
              "ami-041d4c14ca70920a8",
              "ami-0ab50c7daf6a38cd7",
              "ami-05a8a28e5c8b74642",
              "ami-087bda89547e089dc",
              "ami-096a418446cd1eeb1",
              "ami-009f971485befe66a",
              "ami-008d194619d177765",
              "ami-00afc9e848e32b1ca",
              "ami-09a519ca165b96403",
              "ami-072086f00061760ac",
              "ami-036af9ebeeeb45f39",
              "ami-07ec55882c2130682",
              "ami-05f009513cd58ac90",
              "ami-0e8e48fd9ec56107b",
              "ami-06f2f23b8b95143c4",
              "ami-0173208fc6cb1b35c",
              "ami-09b446829cd433b33",
              "ami-0829a92071e001c0b",
              "ami-0c72ae15adce33add",
              "ami-08054ad76abc0136b",
              "ami-09cacb23abc99a93c",
              "ami-041ef8bb0329464f1",
              "ami-075c8ba2cfb66e947",
              "ami-08468dd791a828565",
              "ami-0b173ae0d9e71699a",
              "ami-0d04d24ded1feab86",
              "ami-02adc3bc85d80de1a",
              "ami-0072f3cbed4acac8b",
              "ami-03bd8dc4be3758ba6",
              "ami-0bff97c23699e823b",
              "ami-0c52c0fd84b667177",
              "ami-0d05d1e2b029ff4f3",
              "ami-03c05b06602bd35ff",
              "ami-0f0f51d1277078ee9",
              "ami-0da0bc3b7bc37c6cd",
              "ami-0b6cf649d31f93fde",
              "ami-0c1047421394bcfde",
              "ami-0d07f1d788e79c3d0",
              "ami-002e1514fe9de7717",
              "ami-003fbe61119d3c395",
              "ami-0d441d984f96118fd",
              "ami-0cdbe0dc76a6f46c0",
              "ami-09a4c839c993eb38c",
              "ami-07002f02d8aceb7e5",
              "ami-0262764417ac0cd11",
              "ami-0491616c2fae48d18",
              "ami-0cb5129dfe43de3fe",
              "ami-0d6bb3db3983cfe67",
              "ami-008b5cd740233ef97",
              "ami-0a1c7b5ab317e3222",
              "ami-0b4dca5ef41499e90",
              "ami-06febf4af5c2b9bce",
              "ami-03f83026b7a12edee",
              "ami-047e4f5508cd808d8",
              "ami-0bcb91b940beabd39",
              "ami-0996d43e7ace9c492",
              "ami-03017c3b5978aac48",
              "ami-0c1aa76ffbe6500ed",
              "ami-006189b8c9223b8aa",
              "ami-0f7d4084ffb0044ed",
              "ami-0dd9c78c8d711f5cc",
              "ami-005828e8b512b416f",
              "ami-0e17a69a410a0c444",
              "ami-07941ad569267fdbb",
              "ami-0637096045f23d6f8",
              "ami-004d52805f219ba65",
              "ami-0907aae2df6be88ec",
              "ami-03cfcd08655084b49",
              "ami-028d4f38684e0cf00",
              "ami-0a4293c378af43cd2",
              "ami-0af3666a060cbba53",
              "ami-0590d0dd683026eab",
              "ami-09cecd1599de89661",
              "ami-097b25a921eacf44d",
              "ami-08b2eaef7fc91ffda",
              "ami-04860ed7d96aeaad0",
              "ami-0aebfd2455447f620",
              "ami-0bd9507b833e99362",
              "ami-0b86904c5e6963fe5",
              "ami-08c4d084621c551d3",
              "ami-0bc130afc92f19e17",
              "ami-0d4091a7993be2d20",
              "ami-07f7291d85e789e66",
              "ami-0468eedeff86ab5f8",
              "ami-02c24ff9b521f7420",
              "ami-02b379b90ec530edb",
              "ami-0736c61944cafd09d",
              "ami-0baf6935ac1437a89",
              "ami-011b50997ca64a56e",
              "ami-074eaf8f4df307004",
              "ami-0fe55fb4de8359a87",
              "ami-0891b2c303e0c2f6a",
              "ami-041eb3ade4c8b74c3",
              "ami-0f6fa08be8f1568eb",
              "ami-0bd2fde2ceed19e29",
              "ami-0c1360237c6472cbf",
              "ami-02630224546475963",
              "ami-0b135a7f92a09634b",
              "ami-0f41eae8beb2a0913",
              "ami-037de51ab40a3445e",
              "ami-0f7ab9ecef024c5a0",
              "ami-09a31002e482fbc1e",
              "ami-056a07eb5b1d13734",
              "ami-0c8cc1bba12e9df95",
              "ami-0b9723333432ce277",
              "ami-0375fdcca6899127e",
              "ami-04633c40d3679642f",
              "ami-097714f9518565c21",
              "ami-0c20297a2c00b0528",
              "ami-03a57d339b58b2f23",
              "ami-011d655005fe854e9",
              "ami-0e4294a5b9d5de425",
              "ami-0250a8315b099785d",
              "ami-0df43677df38d8575",
              "ami-0f924059fd117b39a",
              "ami-0552b791b2b781365",
              "ami-071b2c3fa90abc635",
              "ami-033633fb2f759fec6",
              "ami-08f3e25abb82c7b6b",
              "ami-09008b0273c204073",
              "ami-027bc06acd42eb592",
              "ami-0a70bda9bb4c7a33c",
              "ami-0552f2f960799613c",
              "ami-08ffaf481668f6ddc",
              "ami-0bfd6caf983dfa170",
              "ami-0506a55ead9634eaf",
              "ami-0b7ba8c436202594d",
              "ami-024f71a598be85a0e",
              "ami-047d174bade2e00a4",
              "ami-091e3cc6a05fc7364",
              "ami-0d7ece284a8c81118",
              "ami-0e3ee45826d806fa6",
              "ami-0ebd51cfa32723877",
              "ami-0488efe564eca84c5",
              "ami-0b8180a3ca79396bd",
              "ami-04cc7db0336c77251",
              "ami-03fcc4db6c27d04b3",
              "ami-073c0a6d39897e10a",
              "ami-01414c8f12e23e23e",
              "ami-0dea9d81b60adf228",
              "ami-06b0f4632ef4492e3",
              "ami-0fcdacdc45b318db8",
              "ami-032c2ed84a5f4edb5",
              "ami-0d50c49d6ac391c4c",
              "ami-0930422194ff34568",
              "ami-0803031634662243d",
              "ami-07e8cc5c76663c0f6",
              "ami-04e3253865938cd82",
              "ami-087abec0d9621ab11",
              "ami-053f53a76f73935fc",
              "ami-06c26f1f913630747",
              "ami-0bd34b66f40fad6d5",
              "ami-0dbe6bb6e1fcab540",
              "ami-0836c93b1872c4cfb",
              "ami-0cb7687e2c4666992",
              "ami-069bb81ebe145a2fc",
              "ami-0cfc7a76b4549bc09",
              "ami-0f2bc543ee096457b",
              "ami-038348ec28c136c2d",
              "ami-076bd415a505453a3",
              "ami-0c179ca015d301829",
              "ami-024dc99a04d4ad910",
              "ami-0d7caf050c1d47a03",
              "ami-07a2db9224529a3e7",
              "ami-026f7e23ceac5df71",
              "ami-0840a97dc3a51c7db",
              "ami-0d0cb260a06e4f170",
              "ami-0da0b28dd0271ac4e",
              "ami-0e71e78ca871f967c",
              "ami-00b6a8a2bd28daf19",
              "ami-0a6bfb6ec493fec48",
              "ami-0aba92643213491b9",
              "ami-0188aefe575daa95b",
              "ami-003df8267238f9c29",
              "ami-0ac070b987fcd8405",
              "ami-007f1823177b53728",
              "ami-0912f71e06545ad88",
              "ami-0d7b208dc5b0fe76a",
              "ami-0d785c1c5809bab6e",
              "ami-0a08ded67c78aa042",
              "ami-09026acd0550a0b26",
              "ami-093d515507f40b998",
              "ami-07ff2c707460be344",
              "ami-09b63652e33cabfab",
              "ami-01b28060c2ff0c243",
              "ami-03e506c52b9936916",
              "ami-0961c86446b1fa877",
              "ami-08297b1ca1447333d",
              "ami-01fdacf91b88fb911",
              "ami-070351ff866a707a0",
              "ami-0718313b8ec88cc56",
              "ami-0e6e977f520eb3fcd",
              "ami-095c78cd9f79dc0d6",
              "ami-0df4242c663d23e4c",
              "ami-0c814df738f3c9fd5",
              "ami-62a5970d",
              "ami-f4b88a9b",
              "ami-55e7d53a",
              "ami-d886b5b7",
              "ami-fd8ab992",
              "ami-7e87b411",
              "ami-6284b70d",
              "ami-f380b39c",
              "ami-921d2efd",
              "ami-f73d0e98",
              "ami-e330038c",
              "ami-c64774a9",
              "ami-0e4b7861",
              "ami-06b1a64ab30690802",
              "ami-043871a624a63c4b3",
              "ami-0b54a1bd3d82929e6",
              "ami-08870f6ce8227e90f",
              "ami-0ec7be770210af7c0",
              "ami-0b0716fcaea88201a",
              "ami-089ec7b68449d9901",
              "ami-0d4df01e7ce675d31",
              "ami-09b24e0ab54195077",
              "ami-09ee2c39a22de1d14",
              "ami-8a3106e5",
              "ami-bd3c0bd2",
              "ami-ebf1c584",
              "ami-288db847",
              "ami-a681abc9",
              "ami-a186acce",
              "ami-d783a9b8",
              "ami-cf82a8a0",
              "ami-e581ab8a",
              "ami-bc83a9d3",
              "ami-5a8da735",
              "ami-e682a889",
              "ami-2980aa46",
              "ami-043b10a9558329143",
              "ami-0011ad0da6d79e2cb",
              "ami-0c02e090cf3212999",
              "ami-05d6e59d70fd9b787",
              "ami-0d6bed688e1e635e0",
              "ami-4e113b21",
              "ami-d31339bc",
              "ami-c51339aa",
              "ami-e7123888",
              "ami-34163c5b",
              "ami-37052f58",
              "ami-4f230920",
              "ami-4e230921",
              "ami-072e0468",
              "ami-a72f05c8",
              "ami-4d230922",
              "ami-682f0507",
              "ami-2e557f41",
              "ami-672f0508",
              "ami-3e280251",
              "ami-41644e2e",
              "ami-7a91ba15",
              "ami-05d89895df5cb8f59",
              "ami-d5d0fbba",
              "ami-7ccae113",
              "ami-afc8e3c0",
              "ami-05cfe46a",
              "ami-7dcae112",
              "ami-3cf5de53",
              "ami-53fad13c",
              "ami-47efc428",
              "ami-371f3458",
              "ami-c31b30ac",
              "ami-0c8a6bf281179c3ba",
              "ami-0fce8c70d048719f4",
              "ami-014f89aad9256d002",
              "ami-05247ccd8ba04d440",
              "ami-0aa10b91c994a481d",
              "ami-0170b3b5f0da11164",
              "ami-05cacae33320746bb",
              "ami-29240d46",
              "ami-18230a77",
              "ami-0eebb4db80f4455cc",
              "ami-6f301e00",
              "ami-44301e2b",
              "ami-a8a884c7",
              "ami-80af83ef",
              "ami-d4ae82bb",
              "ami-d7ae82b8",
              "ami-0d1fc0b84400b8f66",
              "ami-f01e339f",
              "ami-c7072aa8",
              "ami-3d715c52",
              "ami-31715c5e",
              "ami-34715c5b",
              "ami-62765b0d",
              "ami-10775a7f",
              "ami-2f1a3840",
              "ami-2e1a3841",
              "ami-1544667a",
              "ami-424a682d",
              "ami-7d95b612",
              "ami-b595b6da",
              "ami-6595b60a",
              "ami-3784a758",
              "ami-ce8ba8a1",
              "ami-4786a528",
              "ami-e58aa98a",
              "ami-9c84a7f3",
              "ami-83b291ec",
              "ami-22b2914d",
              "ami-daad8eb5",
              "ami-70a98a1f",
              "ami-3da58652",
              "ami-faa58695",
              "ami-f1a4879e",
              "ami-10a6857f",
              "ami-50ddfe3f",
              "ami-7fd5f610",
              "ami-a9d4f7c6",
              "ami-76d6f519",
              "ami-ebd6f584",
              "ami-79d6f516",
              "ami-4fd0f320",
              "ami-abd1f2c4",
              "ami-0cd3f063",
              "ami-a8d1f2c7",
              "ami-2bf3d044",
              "ami-a95474c6",
              "ami-e055748f",
              "ami-e255748d",
              "ami-68557407",
              "ami-3255745d",
              "ami-e356708c",
              "ami-9c7056f3",
              "ami-4ffadd20",
              "ami-f9fbdc96",
              "ami-8bfadde4",
              "ami-68fadd07",
              "ami-f4fadd9b",
              "ami-16614679",
              "ami-3c604753",
              "ami-b46f48db",
              "ami-b96f48d6",
              "ami-fd604792",
              "ami-eb6f4884",
              "ami-1b240074",
              "ami-bd7a5ed2",
              "ami-72f7d21d",
              "ami-c4ebceab",
              "ami-72edc81d",
              "ami-7db7ed12",
              "ami-7eb4ee11",
              "ami-a28dd7cd",
              "ami-368bd159",
              "ami-9c88d2f3",
              "ami-3e9ec451",
              "ami-ac98c2c3",
              "ami-6799c308",
              "ami-339bc15c",
              "ami-e69ec489",
              "ami-089ec467",
              "ami-e99fc586",
              "ami-1b99c374",
              "ami-1a99c375",
              "ami-26643e49",
              "ami-d298c2bd",
              "ami-319ac05e",
              "ami-3a732955",
              "ami-2b570d44",
              "ami-e5441e8a",
              "ami-28560c47",
              "ami-24550f4b",
              "ami-571b4138",
              "ami-3ab2e955",
              "ami-d5752eba",
              "ami-59386336",
              "ami-5338633c",
              "ami-6f0f5400",
              "ami-8be3bbe4",
              "ami-2149114e",
              "ami-24164e4b",
              "ami-7e1e4611",
              "ami-9c1f47f3",
              "ami-fa1d4595",
              "ami-bf1b43d0",
              "ami-f11d459e",
              "ami-95fda4fa",
              "ami-4ad88125",
              "ami-1d89d772",
              "ami-0b3f4aad2015b0e15",
              "ami-0664ac894e7fb1334",
              "ami-5684da39",
              "ami-0aa404acbef61f788",
              "ami-3487d95b",
              "ami-0c89d763",
              "ami-0f4375352bd3a575b",
              "ami-00403fadf61784e2a",
              "ami-7c87d913",
              "ami-7f88d610",
              "ami-0789431a010cc097d",
              "ami-9e91cff1",
              "ami-359ec25a",
              "ami-959fc3fa",
              "ami-6b633f04",
              "ami-2e623e41",
              "ami-b27d21dd",
              "ami-2e461a41",
              "ami-f1227e9e",
              "ami-8a104ce5",
              "ami-dd1945b2",
              "ami-331f435c",
              "ami-e81e4287",
              "ami-da1945b5",
              "ami-6b1e4204",
              "ami-1ecc9171",
              "ami-f5bde09a",
              "ami-4583de2a",
              "ami-9d83def2",
              "ami-e480dd8b",
              "ami-de86dbb1",
              "ami-a285d8cd",
              "ami-6c8ad703",
              "ami-a09ec3cf",
              "ami-239ec34c",
              "ami-ae7528c1",
              "ami-5c085533",
              "ami-d10855be",
              "ami-a80e53c7",
              "ami-a10d50ce",
              "ami-a40d50cb",
              "ami-6ffdae00",
              "ami-15d0837a",
              "ami-6bd58604",
              "ami-ca8ad9a5",
              "ami-8f1447e0",
              "ami-0015466f",
              "ami-8280d0ed",
              "ami-3b9fcf54",
              "ami-c7f9a8a8",
              "ami-0ca1f063",
              "ami-7fa1f010",
              "ami-6f85d400",
              "ami-8286d7ed",
              "ami-d95f0eb6",
              "ami-715d0c1e",
              "ami-a65809c9",
              "ami-235b0a4c",
              "ami-626c3a0d",
              "ami-00491f6f",
              "ami-0e5d0b61",
              "ami-b95a0cd6",
              "ami-29550346",
              "ami-39520456",
              "ami-2a550345",
              "ami-7b500614",
              "ami-f454029b",
              "ami-f22a7c9d",
              "ami-a22c7acd",
              "ami-e02d7b8f",
              "ami-532a7c3c",
              "ami-f62a7c99",
              "ami-452a7c2a",
              "ami-362f7959",
              "ami-3b2f7954",
              "ami-872d7be8",
              "ami-6c2e7803",
              "ami-d02d7bbf",
              "ami-672d7b08",
              "ami-033f696c",
              "ami-0a3e6865",
              "ami-491a4c26",
              "ami-d11640be",
              "ami-531a4c3c",
              "ami-c2e9bead",
              "ami-de1543b1",
              "ami-cae9bea5",
              "ami-d6e9beb9",
              "ami-e271268d",
              "ami-5270273d",
              "ami-2374234c",
              "ami-3f732450",
              "ami-e071268f",
              "ami-9f2275f0",
              "ami-4222752d",
              "ami-0026716f",
              "ami-06267169",
              "ami-d92275b6",
              "ami-a2386fcd",
              "ami-05194e6a",
              "ami-d00651bf",
              "ami-3f184f50",
              "ami-fa144395",
              "ami-39164156",
              "ami-951443fa",
              "ami-0216416d",
              "ami-b1efbbde",
              "ami-bfebbfd0",
              "ami-d6cf9bb9",
              "ami-efcc9880",
              "ami-d9cf9bb6",
              "ami-06cd9969",
              "ami-d2cc98bd",
              "ami-d5cc98ba",
              "ami-eccd9983",
              "ami-a8c094c7",
              "ami-abc094c4",
              "ami-77cc9818",
              "ami-0ec19561",
              "ami-77c09418",
              "ami-f4db8f9b",
              "ami-3bda8e54",
              "ami-ffc49090",
              "ami-c3c490ac",
              "ami-fedb8f91",
              "ami-b8d88cd7",
              "ami-c8db8fa7",
              "ami-d7da8eb8",
              "ami-a84c18c7",
              "ami-f14e1a9e",
              "ami-1552067a",
              "ami-85297dea",
              "ami-40297d2f",
              "ami-af2f7bc0",
              "ami-d2287cbd",
              "ami-55297d3a",
              "ami-5a287c35",
              "ami-d4287cbb",
              "ami-ab2d79c4",
              "ami-792f7b16",
              "ami-ad2d79c2",
              "ami-c62e7aa9",
              "ami-e1287c8e",
              "ami-c92e7aa6",
              "ami-3a2e7a55",
              "ami-8e2f7be1",
              "ami-402f7b2f",
              "ami-c80b5fa7",
              "ami-d00450bf",
              "ami-0c184c63",
              "ami-92194dfd",
              "ami-4c045023",
              "ami-48194d27",
              "ami-0a1f4b65",
              "ami-1bafe474",
              "ami-88a8e3e7",
              "ami-782d6617",
              "ami-4529622a",
              "ami-27054e48",
              "ami-511b503e",
              "ami-4e1b5021",
              "ami-25054e4a",
              "ami-ad054ec2",
              "ami-1e014a71",
              "ami-81074cee",
              "ami-70074c1f",
              "ami-2a0c4745",
              "ami-640d460b",
              "ami-6103480e",
              "ami-1f034870",
              "ami-4a014a25",
              "ami-b30c47dc",
              "ami-840249eb",
              "ami-620c470d",
              "ami-3e0a4151",
              "ami-360b4059",
              "ami-fd0a4192",
              "ami-260b4049",
              "ami-d50843ba",
              "ami-230b404c",
              "ami-0ac68e65",
              "ami-79c78f16",
              "ami-06c68e69",
              "ami-e22a628d",
              "ami-6a024a05",
              "ami-19f6bf76",
              "ami-08084067",
              "ami-25f3ba4a",
              "ami-27e8a148",
              "ami-6ce8a103",
              "ami-889dd4e7",
              "ami-e4d29c8b",
              "ami-6fb5fb00",
              "ami-16b7f979",
              "ami-33b7f95c",
              "ami-11b4fa7e",
              "ami-32b7f95d",
              "ami-61c38c0e",
              "ami-4dc08f22",
              "ami-d4c18ebb",
              "ami-d5c18eba",
              "ami-7bc48b14",
              "ami-dbc08fb4",
              "ami-369ad559",
              "ami-0597d86a",
              "ami-a199d6ce",
              "ami-1f99d670",
              "ami-1d99d672",
              "ami-b4622ddb",
              "ami-6b612e04",
              "ami-ff602f90",
              "ami-68a8e407",
              "ami-a0aee2cf",
              "ami-85a7ebea",
              "ami-40c8842f",
              "ami-68bcf007",
              "ami-1597db7a",
              "ami-5b90dc34",
              "ami-8190dcee",
              "ami-1797db78",
              "ami-0c96da63",
              "ami-0a9ad665",
              "ami-3799d558",
              "ami-949fd3fb",
              "ami-b982ced6",
              "ami-b19dd1de",
              "ami-6e9cd001",
              "ami-a77f33c8",
              "ami-9e7e32f1",
              "ami-e07d318f",
              "ami-0ed09d61",
              "ami-bdd09dd2",
              "ami-2ed19c41",
              "ami-a2d29fcd",
              "ami-b0d09ddf",
              "ami-efd29f80",
              "ami-27206d48",
              "ami-8ae3a1e5",
              "ami-8fdd9fe0",
              "ami-bcdf9dd3",
              "ami-76df9d19",
              "ami-09dc9e66",
              "ami-a9eba8c6",
              "ami-27df9c48",
              "ami-515e1d3e",
              "ami-5f5e1d30",
              "ami-b15a19de",
              "ami-76591a19",
              "ami-445e1d2b",
              "ami-61cc8d0e",
              "ami-9fcc8df0",
              "ami-6dc38202",
              "ami-e3c2838c",
              "ami-4fc58420",
              "ami-abc382c4",
              "ami-a97432c6",
              "ami-46733529",
              "ami-08773167",
              "ami-cf7234a0",
              "ami-146b2d7b",
              "ami-977630f8",
              "ami-31682e5e",
              "ami-61682e0e",
              "ami-49763026",
              "ami-48763027",
              "ami-8b7731e4",
              "ami-bf6f29d0",
              "ami-5c6b2d33",
              "ami-e06d2b8f",
              "ami-a26f29cd",
              "ami-316e285e",
              "ami-956d2bfa",
              "ami-406b2d2f",
              "ami-3cf8bf53",
              "ami-5b074134",
              "ami-dd0442b2",
              "ami-e204428d",
              "ami-e6044289",
              "ami-74c1861b",
              "ami-edcd8a82",
              "ami-aac384c5",
              "ami-2ec08741",
              "ami-45c1862a",
              "ami-92c087fd",
              "ami-29024646",
              "ami-040d496b",
              "ami-5401453b",
              "ami-6100440e",
              "ami-6506420a",
              "ami-d60743b9",
              "ami-07044068",
              "ami-56074339",
              "ami-96ffbaf9",
              "ami-08f9bc67",
              "ami-82febbed",
              "ami-83febbec",
              "ami-bbf0b5d4",
              "ami-defdb8b1",
              "ami-dffdb8b0",
              "ami-bef0b5d1",
              "ami-28f6b347",
              "ami-2abffa45",
              "ami-a7bffac8",
              "ami-abbffac4",
              "ami-25bcf94a",
              "ami-4bbffa24",
              "ami-a6aad0c9",
              "ami-a1aad0ce",
              "ami-d7abd1b8",
              "ami-97a9d3f8",
              "ami-03aad06c",
              "ami-96a9d3f9",
              "ami-ffa8d290",
              "ami-bdaad0d2",
              "ami-a5b4ceca",
              "ami-dfb4ceb0",
              "ami-6db4ce02",
              "ami-0cb1cb63",
              "ami-bdb1cbd2",
              "ami-a0b4cecf",
              "ami-5db6cc32",
              "ami-65b4ce0a",
              "ami-7abdc715",
              "ami-b4b2c8db",
              "ami-76bdc719",
              "ami-d5b2c8ba",
              "ami-d4b2c8bb",
              "ami-8fbcc6e0",
              "ami-6fbec400",
              "ami-f6106a99",
              "ami-ee1d6781",
              "ami-0d186262",
              "ami-3a1c6655",
              "ami-751c661a",
              "ami-7259211d",
              "ami-10661e7f",
              "ami-39661e56",
              "ami-82671fed",
              "ami-e058208f",
              "ami-54ef963b",
              "ami-5ee09931",
              "ami-dfe198b0",
              "ami-a6ec95c9",
              "ami-f2e0999d",
              "ami-67a0d908",
              "ami-0cbac363",
              "ami-55bec73a",
              "ami-01bac36e",
              "ami-30bcc55f",
              "ami-81bdc4ee",
              "ami-8ebac3e1",
              "ami-7ebec711",
              "ami-7ebfc611",
              "ami-c8b9c0a7",
              "ami-c9b9c0a6",
              "ami-29463f46",
              "ami-3e463f51",
              "ami-21b8c14e",
              "ami-47b9c028",
              "ami-78bbc217",
              "ami-3f433a50",
              "ami-307e005f",
              "ami-0f017f60",
              "ami-2e166841",
              "ami-ac1866c3",
              "ami-ed176982",
              "ami-bf1668d0",
              "ami-b81866d7",
              "ami-78186617",
              "ami-a61b65c9",
              "ami-3116685e",
              "ami-7d176912",
              "ami-e7196788",
              "ami-be1866d1",
              "ami-3318665c",
              "ami-f017699f",
              "ami-3516685a",
              "ami-c41b65ab",
              "ami-971b65f8",
              "ami-761d6319",
              "ami-e0215f8f",
              "ami-36215f59",
              "ami-40205e2f",
              "ami-47205e28",
              "ami-22225c4d",
              "ami-ce205ea1",
              "ami-bee49bd1",
              "ami-c2e49bad",
              "ami-7989f616",
              "ami-4f8bf420",
              "ami-7f89f610",
              "ami-3c89f653",
              "ami-2f8cf340",
              "ami-438bf42c",
              "ami-6abec105",
              "ami-c4403fab",
              "ami-38bfc057",
              "ami-0a710e65",
              "ami-546d123b",
              "ami-1f720d70",
              "ami-11700f7e",
              "ami-446f102b",
              "ami-f64b3699",
              "ami-394f3256",
              "ami-1c4d3073",
              "ami-a24c31cd",
              "ami-554f323a",
              "ami-9b522ff4",
              "ami-09562b66",
              "ami-68512c07",
              "ami-80502def",
              "ami-c64c31a9",
              "ami-66562b09",
              "ami-f5512c9a",
              "ami-985429f7",
              "ami-3d542952",
              "ami-4b572a24",
              "ami-81572aee",
              "ami-f6502d99",
              "ami-d4572abb",
              "ami-275e2348",
              "ami-206b164f",
              "ami-328ffd5d",
              "ami-338cfe5c",
              "ami-3b8cfe54",
              "ami-dd8af8b2",
              "ami-dc8af8b3",
              "ami-db8af8b4",
              "ami-0322506c",
              "ami-83c2b1ec",
              "ami-85c1b2ea",
              "ami-52c7b43d",
              "ami-f5c6b59a",
              "ami-0bc2b164",
              "ami-f2c6b59d",
              "ami-5d4c3f32",
              "ami-d8483bb7",
              "ami-fe493a91",
              "ami-b54b38da",
              "ami-9b493af4",
              "ami-fa4b3895",
              "ami-3b453654",
              "ami-76453619",
              "ami-7d453612",
              "ami-e545368a",
              "ami-954536fa",
              "ami-f6463599",
              "ami-4541322a",
              "ami-a14132ce",
              "ami-3443305b",
              "ami-d94132b6",
              "ami-175c2f78",
              "ami-4d5b2822",
              "ami-9e5b28f1",
              "ami-815625ee",
              "ami-bc5427d3",
              "ami-9f5b28f0",
              "ami-8c5625e3",
              "ami-da5427b5",
              "ami-e15b288e",
              "ami-b05526df",
              "ami-ca0675a5",
              "ami-57047738",
              "ami-8f0774e0",
              "ami-0400736b",
              "ami-f004779f",
              "ami-0000736f",
              "ami-e8314287",
              "ami-39324156",
              "ami-e533408a",
              "ami-7fd5a510",
              "ami-f5d8a89a",
              "ami-3dd5a552",
              "ami-d6d4a4b9",
              "ami-f7d8a898",
              "ami-79d8a816",
              "ami-ae4737c1",
              "ami-544a3a3b",
              "ami-5c493933",
              "ami-29473746",
              "ami-e548388a",
              "ami-634c3c0c",
              "ami-a84737c7",
              "ami-574a3a38",
              "ami-6f4c3c00",
              "ami-66483809",
              "ami-bf4131d0",
              "ami-3344345c",
              "ami-8c4333e3",
              "ami-1246367d",
              "ami-68453507",
              "ami-f560109a",
              "ami-927f0ffd",
              "ami-3ed2a351",
              "ami-27453448",
              "ami-954534fa",
              "ami-904534ff",
              "ami-1145347e",
              "ami-914534fe",
              "ami-a81667c7",
              "ami-d41362bb",
              "ami-b11968de",
              "ami-7019681f",
              "ami-5f136230",
              "ami-7219681d",
              "ami-d01667bf",
              "ami-c01968af",
              "ami-fd2c5d92",
              "ami-e31a6b8c",
              "ami-c11968ae",
              "ami-7c196813",
              "ami-4d1b6a22",
              "ami-ef1a6b80",
              "ami-611b6a0e",
              "ami-dc2352b3",
              "ami-48dcaa27",
              "ami-09d1a766",
              "ami-f9daac96",
              "ami-25dea84a",
              "ami-57daac38",
              "ami-66dfa909",
              "ami-1baadc74",
              "ami-38a8de57",
              "ami-4b96e024",
              "ami-d5afd9ba",
              "ami-06c0b769",
              "ami-54ceb93b",
              "ami-17c0b778",
              "ami-04c3b46b",
              "ami-97cfb8f8",
              "ami-cbceb9a4",
              "ami-05c3b46a",
              "ami-c8ceb9a7",
              "ami-19c3b476",
              "ami-c6c0b7a9",
              "ami-2ec3b441",
              "ami-f6ceb999",
              "ami-57c4b338",
              "ami-2fc3b440",
              "ami-eecfb881",
              "ami-b6c5b2d9",
              "ami-a4d9aecb",
              "ami-9fc7b0f0",
              "ami-3cc7b053",
              "ami-9bd8aff4",
              "ami-f2c7b09d",
              "ami-b4c6b1db",
              "ami-89fb8ce6",
              "ami-91fb8cfe",
              "ami-7ffe8910",
              "ami-9baddaf4",
              "ami-a46611cb",
              "ami-bf780fd0",
              "ami-f164139e",
              "ami-3d780f52",
              "ami-7567101a",
              "ami-c2790ead",
              "ami-c0790eaf",
              "ami-937b0cfc",
              "ami-077d0a68",
              "ami-738afe1c",
              "ami-4488fc2b",
              "ami-4d88fc22",
              "ami-34b4c05b",
              "ami-93b5c1fc",
              "ami-64b7c30b",
              "ami-1db5c172",
              "ami-1eb0c471",
              "ami-67b7c308",
              "ami-76b4c019",
              "ami-74b6c21b",
              "ami-9bb4c0f4",
              "ami-d64c38b9",
              "ami-0044306f",
              "ami-1d463272",
              "ami-ac4236c3",
              "ami-ef403480",
              "ami-59463236",
              "ami-39473356",
              "ami-cd4632a2",
              "ami-155b2f7a",
              "ami-c04531af",
              "ami-fe473391",
              "ami-cf4430a0",
              "ami-da4531b5",
              "ami-e5780c8a",
              "ami-e372068c",
              "ami-f47d099b",
              "aki-0a364265",
              "aki-f033479f",
              "ami-c8c2b7a7",
              "ami-cec2b7a1",
              "ami-cacbbea5",
              "ami-cbcbbea4",
              "ami-66cbbe09",
              "ami-dccdb8b3",
              "ami-e7c2b788",
              "ami-ebc3b684",
              "ami-cac4b1a5",
              "ami-bf90e5d0",
              "ami-afa8ddc0",
              "ami-c69ce9a9",
              "ami-339de85c",
              "ami-b7aadfd8",
              "ami-a392e7cc",
              "ami-489de827",
              "ami-0495e06b",
              "ami-5d90e532",
              "ami-8a4336e5",
              "ami-8b4336e4",
              "ami-864f3ae9",
              "ami-4f483d20",
              "ami-874f3ae8",
              "ami-915227fe",
              "ami-c65722a9",
              "ami-725c291d",
              "ami-8c6a1fe3",
              "ami-a35227cc",
              "ami-bc5227d3",
              "ami-1a6b1e75",
              "ami-aa6a1fc5",
              "ami-7b502514",
              "ami-455f2a2a",
              "ami-336b1e5c",
              "ami-cb6a1fa4",
              "ami-e9502586",
              "ami-36572259",
              "ami-6b5f2a04",
              "ami-ff720790",
              "ami-48730627",
              "ami-1b700574",
              "ami-21285d4e",
              "ami-cf295ca0",
              "ami-19215476",
              "ami-ce2b5ea1",
              "ami-2af19b45",
              "ami-17f19b78",
              "ami-15f19b7a",
              "ami-cfb5dfa0",
              "ami-4d88e222",
              "ami-c7b4dea8",
              "ami-c38fe5ac",
              "ami-c6b4dea9",
              "ami-428ee42d",
              "ami-d98ee4b6",
              "ami-cf8ce6a0",
              "ami-d188e2be",
              "ami-e48de78b",
              "ami-d088e2bf",
              "ami-ce8ce6a1",
              "ami-b48ae0db",
              "ami-e38de78c",
              "ami-cd8ce6a2",
              "ami-6388e20c",
              "ami-e08ce68f",
              "ami-6088e20f",
              "ami-e2b9d38d",
              "ami-fdbed492",
              "ami-ffbdd790",
              "ami-98b2d8f7",
              "ami-b9b6dcd6",
              "ami-f7bdd798",
              "ami-d3b6dcbc",
              "ami-e2b6dc8d",
              "ami-e0b6dc8f",
              "ami-80bed4ef",
              "ami-f5a9c39a",
              "ami-a5543eca",
              "ami-69a8c206",
              "ami-68711b07",
              "ami-957d17fa",
              "ami-2f7a1040",
              "ami-91650ffe",
              "ami-7248221d",
              "ami-9c670df3",
              "ami-2e7a1041",
              "ami-fb7d1794",
              "ami-a27c16cd",
              "ami-fa7d1795",
              "ami-a17c16ce",
              "ami-5d7a1032",
              "ami-6548220a",
              "ami-0e650f61",
              "ami-07640e68",
              "ami-bf046ed0",
              "ami-b3056fdc",
              "ami-6e1d7701",
              "ami-b01c76df",
              "ami-ef1b7180",
              "ami-291e7446",
              "aki-67385208",
              "aki-a7305ac8",
              "ami-a6d1bac9",
              "ami-e32a408c",
              "ami-edc9a282",
              "ami-e3c1aa8c",
              "ami-6ae58e05",
              "ami-e1e18a8e"
            ],
            "name_regex": null,
            "owners": [
              "amazon"
            ],
            "sort_ascending": false
          },
          "sensitive_attributes": []
        }
      ]
    },
    {
      "mode": "data",
      "type": "aws_subnet_ids",
      "name": "default_subnets",
      "provider": "provider[\"registry.terraform.io/hashicorp/aws\"]",
      "instances": [
        {
          "schema_version": 0,
          "attributes": {
            "filter": null,
            "id": "vpc-7caf4517",
            "ids": [
              "subnet-166b2a5a",
              "subnet-61938309",
              "subnet-7bf27900"
            ],
            "tags": null,
            "vpc_id": "vpc-7caf4517"
          },
          "sensitive_attributes": []
        }
      ]
    },
    {
      "mode": "managed",
      "type": "aws_default_vpc",
      "name": "default",
      "provider": "provider[\"registry.terraform.io/hashicorp/aws\"]",
      "instances": [
        {
          "schema_version": 1,
          "attributes": {
            "arn": "arn:aws:ec2:ap-south-1:785798706630:vpc/vpc-7caf4517",
            "assign_generated_ipv6_cidr_block": false,
            "cidr_block": "172.31.0.0/16",
            "default_network_acl_id": "acl-9d8b56f6",
            "default_route_table_id": "rtb-9fd67ef4",
            "default_security_group_id": "sg-cd0956ab",
            "dhcp_options_id": "dopt-0a8c5d61",
            "enable_classiclink": false,
            "enable_classiclink_dns_support": false,
            "enable_dns_hostnames": true,
            "enable_dns_support": true,
            "id": "vpc-7caf4517",
            "instance_tenancy": "default",
            "ipv4_ipam_pool_id": null,
            "ipv4_netmask_length": null,
            "ipv6_association_id": "",
            "ipv6_cidr_block": "",
            "ipv6_cidr_block_network_border_group": "",
            "ipv6_ipam_pool_id": "",
            "ipv6_netmask_length": 0,
            "main_route_table_id": "rtb-9fd67ef4",
            "owner_id": "785798706630",
            "tags": {},
            "tags_all": {}
          },
          "sensitive_attributes": [],
          "private": "eyJzY2hlbWFfdmVyc2lvbiI6IjEifQ=="
        }
      ]
    },
    {
      "mode": "managed",
      "type": "aws_instance",
      "name": "nginx_server",
      "provider": "provider[\"registry.terraform.io/hashicorp/aws\"]",
      "instances": [
        {
          "index_key": 0,
          "status": "tainted",
          "schema_version": 1,
          "attributes": {
            "ami": "ami-0651f1bab1a933ae5",
            "arn": "arn:aws:ec2:ap-south-1:785798706630:instance/i-0e8e2489d36454700",
            "associate_public_ip_address": true,
            "availability_zone": "ap-south-1b",
            "capacity_reservation_specification": [
              {
                "capacity_reservation_preference": "open",
                "capacity_reservation_target": []
              }
            ],
            "cpu_core_count": 1,
            "cpu_threads_per_core": 1,
            "credit_specification": [
              {
                "cpu_credits": "standard"
              }
            ],
            "disable_api_termination": false,
            "ebs_block_device": [],
            "ebs_optimized": false,
            "enclave_options": [
              {
                "enabled": false
              }
            ],
            "ephemeral_block_device": [],
            "get_password_data": false,
            "hibernation": false,
            "host_id": null,
            "iam_instance_profile": "",
            "id": "i-0e8e2489d36454700",
            "instance_initiated_shutdown_behavior": "stop",
            "instance_state": "running",
            "instance_type": "t2.micro",
            "ipv6_address_count": 0,
            "ipv6_addresses": [],
            "key_name": "terraform",
            "launch_template": [],
            "metadata_options": [
              {
                "http_endpoint": "enabled",
                "http_put_response_hop_limit": 1,
                "http_tokens": "optional",
                "instance_metadata_tags": "disabled"
              }
            ],
            "monitoring": false,
            "network_interface": [],
            "outpost_arn": "",
            "password_data": "",
            "placement_group": "",
            "placement_partition_number": null,
            "primary_network_interface_id": "eni-0488d2b229ca51d58",
            "private_dns": "ip-172-31-10-3.ap-south-1.compute.internal",
            "private_ip": "172.31.10.3",
            "public_dns": "ec2-13-233-147-51.ap-south-1.compute.amazonaws.com",
            "public_ip": "13.233.147.51",
            "root_block_device": [
              {
                "delete_on_termination": true,
                "device_name": "/dev/xvda",
                "encrypted": false,
                "iops": 100,
                "kms_key_id": "",
                "tags": {},
                "throughput": 0,
                "volume_id": "vol-046ba46503a1dceb5",
                "volume_size": 8,
                "volume_type": "gp2"
              }
            ],
            "secondary_private_ips": [],
            "security_groups": [
              "nginx_server_sg"
            ],
            "source_dest_check": true,
            "subnet_id": "subnet-166b2a5a",
            "tags": {
              "Name": "nginx-machine-0"
            },
            "tags_all": {
              "Name": "nginx-machine-0"
            },
            "tenancy": "default",
            "timeouts": null,
            "user_data": null,
            "user_data_base64": null,
            "volume_tags": null,
            "vpc_security_group_ids": [
              "sg-0835b4237c71bdf1c"
            ]
          },
          "sensitive_attributes": [],
          "private": "eyJlMmJmYjczMC1lY2FhLTExZTYtOGY4OC0zNDM2M2JjN2M0YzAiOnsiY3JlYXRlIjo2MDAwMDAwMDAwMDAsImRlbGV0ZSI6MTIwMDAwMDAwMDAwMCwidXBkYXRlIjo2MDAwMDAwMDAwMDB9LCJzY2hlbWFfdmVyc2lvbiI6IjEifQ==",
          "dependencies": [
            "aws_security_group.nginx_server_sg",
            "data.aws_ami.aws_linux_2_latest",
            "data.aws_subnet_ids.default_subnets"
          ]
        },
        {
          "index_key": 1,
          "status": "tainted",
          "schema_version": 1,
          "attributes": {
            "ami": "ami-0651f1bab1a933ae5",
            "arn": "arn:aws:ec2:ap-south-1:785798706630:instance/i-0dc1674b7e5b011af",
            "associate_public_ip_address": true,
            "availability_zone": "ap-south-1b",
            "capacity_reservation_specification": [
              {
                "capacity_reservation_preference": "open",
                "capacity_reservation_target": []
              }
            ],
            "cpu_core_count": 1,
            "cpu_threads_per_core": 1,
            "credit_specification": [
              {
                "cpu_credits": "standard"
              }
            ],
            "disable_api_termination": false,
            "ebs_block_device": [],
            "ebs_optimized": false,
            "enclave_options": [
              {
                "enabled": false
              }
            ],
            "ephemeral_block_device": [],
            "get_password_data": false,
            "hibernation": false,
            "host_id": null,
            "iam_instance_profile": "",
            "id": "i-0dc1674b7e5b011af",
            "instance_initiated_shutdown_behavior": "stop",
            "instance_state": "running",
            "instance_type": "t2.micro",
            "ipv6_address_count": 0,
            "ipv6_addresses": [],
            "key_name": "terraform",
            "launch_template": [],
            "metadata_options": [
              {
                "http_endpoint": "enabled",
                "http_put_response_hop_limit": 1,
                "http_tokens": "optional",
                "instance_metadata_tags": "disabled"
              }
            ],
            "monitoring": false,
            "network_interface": [],
            "outpost_arn": "",
            "password_data": "",
            "placement_group": "",
            "placement_partition_number": null,
            "primary_network_interface_id": "eni-0017d11b3f09f8d73",
            "private_dns": "ip-172-31-11-70.ap-south-1.compute.internal",
            "private_ip": "172.31.11.70",
            "public_dns": "ec2-3-111-40-26.ap-south-1.compute.amazonaws.com",
            "public_ip": "3.111.40.26",
            "root_block_device": [
              {
                "delete_on_termination": true,
                "device_name": "/dev/xvda",
                "encrypted": false,
                "iops": 100,
                "kms_key_id": "",
                "tags": {},
                "throughput": 0,
                "volume_id": "vol-0798540842653db57",
                "volume_size": 8,
                "volume_type": "gp2"
              }
            ],
            "secondary_private_ips": [],
            "security_groups": [
              "nginx_server_sg"
            ],
            "source_dest_check": true,
            "subnet_id": "subnet-166b2a5a",
            "tags": {
              "Name": "nginx-machine-1"
            },
            "tags_all": {
              "Name": "nginx-machine-1"
            },
            "tenancy": "default",
            "timeouts": null,
            "user_data": null,
            "user_data_base64": null,
            "volume_tags": null,
            "vpc_security_group_ids": [
              "sg-0835b4237c71bdf1c"
            ]
          },
          "sensitive_attributes": [],
          "private": "eyJlMmJmYjczMC1lY2FhLTExZTYtOGY4OC0zNDM2M2JjN2M0YzAiOnsiY3JlYXRlIjo2MDAwMDAwMDAwMDAsImRlbGV0ZSI6MTIwMDAwMDAwMDAwMCwidXBkYXRlIjo2MDAwMDAwMDAwMDB9LCJzY2hlbWFfdmVyc2lvbiI6IjEifQ==",
          "dependencies": [
            "aws_security_group.nginx_server_sg",
            "data.aws_ami.aws_linux_2_latest",
            "data.aws_subnet_ids.default_subnets"
          ]
        }
      ]
    },
    {
      "mode": "managed",
      "type": "aws_security_group",
      "name": "nginx_server_sg",
      "provider": "provider[\"registry.terraform.io/hashicorp/aws\"]",
      "instances": [
        {
          "schema_version": 1,
          "attributes": {
            "arn": "arn:aws:ec2:ap-south-1:785798706630:security-group/sg-0835b4237c71bdf1c",
            "description": "Managed by Terraform",
            "egress": [
              {
                "cidr_blocks": [
                  "0.0.0.0/0"
                ],
                "description": "",
                "from_port": 0,
                "ipv6_cidr_blocks": [],
                "prefix_list_ids": [],
                "protocol": "-1",
                "security_groups": [],
                "self": false,
                "to_port": 0
              }
            ],
            "id": "sg-0835b4237c71bdf1c",
            "ingress": [
              {
                "cidr_blocks": [
                  "0.0.0.0/0"
                ],
                "description": "",
                "from_port": 22,
                "ipv6_cidr_blocks": [],
                "prefix_list_ids": [],
                "protocol": "tcp",
                "security_groups": [],
                "self": false,
                "to_port": 22
              },
              {
                "cidr_blocks": [
                  "0.0.0.0/0"
                ],
                "description": "",
                "from_port": 80,
                "ipv6_cidr_blocks": [],
                "prefix_list_ids": [],
                "protocol": "tcp",
                "security_groups": [],
                "self": false,
                "to_port": 80
              }
            ],
            "name": "nginx_server_sg",
            "name_prefix": "",
            "owner_id": "785798706630",
            "revoke_rules_on_delete": false,
            "tags": {
              "name": "http_server_sg"
            },
            "tags_all": {
              "name": "http_server_sg"
            },
            "timeouts": null,
            "vpc_id": "vpc-7caf4517"
          },
          "sensitive_attributes": [],
          "private": "eyJlMmJmYjczMC1lY2FhLTExZTYtOGY4OC0zNDM2M2JjN2M0YzAiOnsiY3JlYXRlIjo2MDAwMDAwMDAwMDAsImRlbGV0ZSI6OTAwMDAwMDAwMDAwfSwic2NoZW1hX3ZlcnNpb24iOiIxIn0=",
          "dependencies": [
            "aws_default_vpc.default"
          ]
        }
      ]
    }
  ]
}
